{
  "version": 4,
  "terraform_version": "1.0.7",
  "serial": 1134,
  "lineage": "b3d9bd55-0c54-034f-947e-eee3294b0dea",
  "outputs": {},
  "resources": [
    {
      "mode": "data",
      "type": "aws_availability_zones",
      "name": "available",
      "provider": "provider[\"registry.terraform.io/hashicorp/aws\"]",
      "instances": [
        {
          "schema_version": 0,
          "attributes": {
            "all_availability_zones": null,
            "exclude_names": null,
            "exclude_zone_ids": null,
            "filter": null,
            "group_names": [
              "us-west-2"
            ],
            "id": "us-west-2",
            "names": [
              "us-west-2a",
              "us-west-2b",
              "us-west-2c",
              "us-west-2d"
            ],
            "state": null,
            "zone_ids": [
              "usw2-az2",
              "usw2-az1",
              "usw2-az3",
              "usw2-az4"
            ]
          },
          "sensitive_attributes": []
        }
      ]
    },
    {
      "mode": "data",
      "type": "aws_eks_cluster",
      "name": "cluster",
      "provider": "provider[\"registry.terraform.io/hashicorp/aws\"]",
      "instances": [
        {
          "schema_version": 0,
          "attributes": {
            "arn": "arn:aws:eks:us-west-2:100072912756:cluster/swimstack-Cg",
            "certificate_authority": [
              {
                "data": "LS0tLS1CRUdJTiBDRVJUSUZJQ0FURS0tLS0tCk1JSUM1ekNDQWMrZ0F3SUJBZ0lCQURBTkJna3Foa2lHOXcwQkFRc0ZBREFWTVJNd0VRWURWUVFERXdwcmRXSmwKY201bGRHVnpNQjRYRFRJeE1Ea3lOREF4TVRVME9Wb1hEVE14TURreU1qQXhNVFUwT1Zvd0ZURVRNQkVHQTFVRQpBeE1LYTNWaVpYSnVaWFJsY3pDQ0FTSXdEUVlKS29aSWh2Y05BUUVCQlFBRGdnRVBBRENDQVFvQ2dnRUJBTGJSCkd5RnA5UnRJNjNFbmNRMkduVlZQNnpPOUV3WmFFUTU4Rk1lcEw4KzB5OHRpR3FwY25EbEdTT1dZWXo0WVBBQWsKbi9tYm1ON1EyOUNsTzFOdWwwWjg5S29WWHB5S3czUmJ2cEp0cFFiUHg0Y1UvOW9zUXYzbURLdDZrL0lvN00ycgpoOTBpR0FNM3pNZHhBS3BncDBCQytRQ0JRNXVvUWg3Ym0yMWxBZUpCN016N3ZCL3VjOFdIaVh0Z21yeld3bFovCkZMSWhQZHhBVHFFNTZSMFllVlREeS9oaDl1NHpGSTRMU29XbkhNNHFMODRlbDZOZXp4cTNNdDRIdkdxeS9SRnUKcVppczJQM2o1elJWaDV5TkJBcHh4bTRYVlpkQjJZVU5MMkdxOVdydGk3eDluZXFPUWhWb2pZWUJ6aEdML2RLKwpTZkJXOWRPejhSQU0zamYrS3JVQ0F3RUFBYU5DTUVBd0RnWURWUjBQQVFIL0JBUURBZ0trTUE4R0ExVWRFd0VCCi93UUZNQU1CQWY4d0hRWURWUjBPQkJZRUZOc1ZhUFBERkc2M084cGUrL2RuT3lrL0VwOGtNQTBHQ1NxR1NJYjMKRFFFQkN3VUFBNElCQVFCWG5mVG4xWk1IaGt5Q3ZVTFJESGRFdGJmTnU0YXB1bnk5eDlJK3NCcER0YVFoWnlldQpTSkl2YnRVeWdlOXNBZEhYajBvck1uR0p5NkdTTlUwclEzVFIycVdCNTlhZ1N1NU5SNi9LcjliTURSVUlVYXd3CmdDWUFBZmJxY0lLU1U1bkU5dlhjRGZodFlyNXpnMCtOZlp1cnZkWGVvK1lpL2RPN2djKzFKTlZDREEvMFZvTVcKbUUxd0RpOU5JaHIvejRqa05GcnhmcUl4ekpzWldJZVkySW1wamJMdEJJWmVFQUZSOEhqZ2prNzhxWk5sNC9NLwpQRDU0RmRhU1JZK3A1eVBudmwzMHRMMDFaNDVvWGRQV3QrMFkzMjhMTHd4ZXcwOW9yY3JiT1d1OTNNd2FTY1dNCmJDTjVjOU1tbldqbmNBRTA1STFzQXdDR1k5SXQvY1hOdEczWgotLS0tLUVORCBDRVJUSUZJQ0FURS0tLS0tCg=="
              }
            ],
            "created_at": "2021-09-24 01:09:06.043 +0000 UTC",
            "enabled_cluster_log_types": [],
            "endpoint": "https://08AC8DEE9EAF63392FAA2F7CBBD5D151.gr7.us-west-2.eks.amazonaws.com",
            "id": "swimstack-Cg",
            "identity": [
              {
                "oidc": [
                  {
                    "issuer": "https://oidc.eks.us-west-2.amazonaws.com/id/08AC8DEE9EAF63392FAA2F7CBBD5D151"
                  }
                ]
              }
            ],
            "kubernetes_network_config": [
              {
                "service_ipv4_cidr": "172.20.0.0/16"
              }
            ],
            "name": "swimstack-Cg",
            "platform_version": "eks.2",
            "role_arn": "arn:aws:iam::100072912756:role/swimstack-Cg20210924010900792500000003",
            "status": "ACTIVE",
            "tags": {
              "Environment": "swimstack"
            },
            "version": "1.21",
            "vpc_config": [
              {
                "cluster_security_group_id": "sg-0e057bf64f2f1631f",
                "endpoint_private_access": false,
                "endpoint_public_access": true,
                "public_access_cidrs": [
                  "0.0.0.0/0"
                ],
                "security_group_ids": [
                  "sg-0bc2ce99f41049f5a"
                ],
                "subnet_ids": [
                  "subnet-0169f8679038e22ec",
                  "subnet-03e68b3ab00c2c270",
                  "subnet-088145e863c945c40"
                ],
                "vpc_id": "vpc-0be2cf936ff8e3417"
              }
            ]
          },
          "sensitive_attributes": []
        }
      ]
    },
    {
      "mode": "data",
      "type": "aws_eks_cluster_auth",
      "name": "cluster",
      "provider": "provider[\"registry.terraform.io/hashicorp/aws\"]",
      "instances": [
        {
          "schema_version": 0,
          "attributes": {
            "id": "swimstack-Cg",
            "name": "swimstack-Cg",
            "token": "k8s-aws-v1.aHR0cHM6Ly9zdHMuYW1hem9uYXdzLmNvbS8_QWN0aW9uPUdldENhbGxlcklkZW50aXR5JlZlcnNpb249MjAxMS0wNi0xNSZYLUFtei1BbGdvcml0aG09QVdTNC1ITUFDLVNIQTI1NiZYLUFtei1DcmVkZW50aWFsPUFLSUFST1RHUE81MkJIREZYUVVSJTJGMjAyMTA5MjQlMkZ1cy1lYXN0LTElMkZzdHMlMkZhd3M0X3JlcXVlc3QmWC1BbXotRGF0ZT0yMDIxMDkyNFQwMTIwMDJaJlgtQW16LUV4cGlyZXM9MCZYLUFtei1TaWduZWRIZWFkZXJzPWhvc3QlM0J4LWs4cy1hd3MtaWQmWC1BbXotU2lnbmF0dXJlPTgzNGI5YWQ1ODg1ZGI1ZjVmNjRkYTc1ZDM2NWUwNmM4NzQ0M2VmYjhjYjRlYzMwMGMxZjI4NTc1ODU2YTc4NTU"
          },
          "sensitive_attributes": []
        }
      ]
    },
    {
      "mode": "managed",
      "type": "aws_ecr_repository",
      "name": "devops-practical",
      "provider": "provider[\"registry.terraform.io/hashicorp/aws\"]",
      "instances": [
        {
          "schema_version": 0,
          "attributes": {
            "arn": "arn:aws:ecr:us-west-2:100072912756:repository/devops-practical",
            "encryption_configuration": [
              {
                "encryption_type": "AES256",
                "kms_key": ""
              }
            ],
            "id": "devops-practical",
            "image_scanning_configuration": [
              {
                "scan_on_push": true
              }
            ],
            "image_tag_mutability": "MUTABLE",
            "name": "devops-practical",
            "registry_id": "100072912756",
            "repository_url": "100072912756.dkr.ecr.us-west-2.amazonaws.com/devops-practical",
            "tags": null,
            "tags_all": {},
            "timeouts": null
          },
          "sensitive_attributes": [],
          "private": "eyJlMmJmYjczMC1lY2FhLTExZTYtOGY4OC0zNDM2M2JjN2M0YzAiOnsiZGVsZXRlIjoxMjAwMDAwMDAwMDAwfX0="
        }
      ]
    },
    {
      "mode": "managed",
      "type": "helm_release",
      "name": "cert_manager",
      "provider": "provider[\"registry.terraform.io/hashicorp/helm\"]",
      "instances": [
        {
          "schema_version": 0,
          "attributes": {
            "atomic": false,
            "chart": "cert-manager",
            "cleanup_on_fail": false,
            "create_namespace": true,
            "dependency_update": false,
            "description": null,
            "devel": null,
            "disable_crd_hooks": false,
            "disable_openapi_validation": false,
            "disable_webhooks": false,
            "force_update": false,
            "id": "cert-manager",
            "keyring": null,
            "lint": false,
            "manifest": null,
            "max_history": 0,
            "metadata": [
              {
                "app_version": "v1.5.3",
                "chart": "cert-manager",
                "name": "cert-manager",
                "namespace": "cert-manager",
                "revision": 1,
                "values": "{\"installCRDs\":true}",
                "version": "v1.5.3"
              }
            ],
            "name": "cert-manager",
            "namespace": "cert-manager",
            "postrender": [],
            "recreate_pods": false,
            "render_subchart_notes": true,
            "replace": false,
            "repository": "https://charts.jetstack.io",
            "repository_ca_file": null,
            "repository_cert_file": null,
            "repository_key_file": null,
            "repository_password": null,
            "repository_username": null,
            "reset_values": false,
            "reuse_values": false,
            "set": [
              {
                "name": "installCRDs",
                "type": "",
                "value": "true"
              }
            ],
            "set_sensitive": [],
            "skip_crds": false,
            "status": "deployed",
            "timeout": 300,
            "values": null,
            "verify": false,
            "version": "v1.5.3",
            "wait": true,
            "wait_for_jobs": false
          },
          "sensitive_attributes": [],
          "private": "bnVsbA==",
          "dependencies": [
            "data.aws_availability_zones.available",
            "data.aws_eks_cluster.cluster",
            "data.aws_eks_cluster_auth.cluster",
            "module.eks.aws_autoscaling_group.workers",
            "module.eks.aws_autoscaling_group.workers_launch_template",
            "module.eks.aws_cloudwatch_log_group.this",
            "module.eks.aws_eks_cluster.this",
            "module.eks.aws_iam_instance_profile.workers",
            "module.eks.aws_iam_instance_profile.workers_launch_template",
            "module.eks.aws_iam_openid_connect_provider.oidc_provider",
            "module.eks.aws_iam_policy.cluster_elb_sl_role_creation",
            "module.eks.aws_iam_role.cluster",
            "module.eks.aws_iam_role.workers",
            "module.eks.aws_iam_role_policy_attachment.cluster_AmazonEKSClusterPolicy",
            "module.eks.aws_iam_role_policy_attachment.cluster_AmazonEKSServicePolicy",
            "module.eks.aws_iam_role_policy_attachment.cluster_AmazonEKSVPCResourceControllerPolicy",
            "module.eks.aws_iam_role_policy_attachment.cluster_elb_sl_role_creation",
            "module.eks.aws_iam_role_policy_attachment.workers_AmazonEC2ContainerRegistryReadOnly",
            "module.eks.aws_iam_role_policy_attachment.workers_AmazonEKSWorkerNodePolicy",
            "module.eks.aws_iam_role_policy_attachment.workers_AmazonEKS_CNI_Policy",
            "module.eks.aws_iam_role_policy_attachment.workers_additional_policies",
            "module.eks.aws_launch_configuration.workers",
            "module.eks.aws_launch_template.workers_launch_template",
            "module.eks.aws_security_group.cluster",
            "module.eks.aws_security_group.workers",
            "module.eks.aws_security_group_rule.cluster_egress_internet",
            "module.eks.aws_security_group_rule.cluster_https_worker_ingress",
            "module.eks.aws_security_group_rule.cluster_primary_ingress_workers",
            "module.eks.aws_security_group_rule.cluster_private_access_cidrs_source",
            "module.eks.aws_security_group_rule.cluster_private_access_sg_source",
            "module.eks.aws_security_group_rule.workers_egress_internet",
            "module.eks.aws_security_group_rule.workers_ingress_cluster",
            "module.eks.aws_security_group_rule.workers_ingress_cluster_https",
            "module.eks.aws_security_group_rule.workers_ingress_cluster_kubelet",
            "module.eks.aws_security_group_rule.workers_ingress_cluster_primary",
            "module.eks.aws_security_group_rule.workers_ingress_self",
            "module.eks.data.aws_ami.eks_worker",
            "module.eks.data.aws_ami.eks_worker_windows",
            "module.eks.data.aws_caller_identity.current",
            "module.eks.data.aws_iam_instance_profile.custom_worker_group_iam_instance_profile",
            "module.eks.data.aws_iam_instance_profile.custom_worker_group_launch_template_iam_instance_profile",
            "module.eks.data.aws_iam_policy_document.cluster_assume_role_policy",
            "module.eks.data.aws_iam_policy_document.cluster_elb_sl_role_creation",
            "module.eks.data.aws_iam_policy_document.workers_assume_role_policy",
            "module.eks.data.aws_iam_role.custom_cluster_iam_role",
            "module.eks.data.aws_partition.current",
            "module.eks.data.http.wait_for_cluster",
            "module.eks.kubernetes_config_map.aws_auth",
            "module.eks.local_file.kubeconfig",
            "module.eks.module.fargate.aws_eks_fargate_profile.this",
            "module.eks.module.fargate.aws_iam_role.eks_fargate_pod",
            "module.eks.module.fargate.aws_iam_role_policy_attachment.eks_fargate_pod",
            "module.eks.module.fargate.data.aws_iam_policy_document.eks_fargate_pod_assume_role",
            "module.eks.module.fargate.data.aws_iam_role.custom_fargate_iam_role",
            "module.eks.module.fargate.data.aws_partition.current",
            "module.eks.module.node_groups.aws_eks_node_group.workers",
            "module.eks.module.node_groups.aws_launch_template.workers",
            "module.eks.module.node_groups.data.cloudinit_config.workers_userdata",
            "module.vpc.aws_cloudwatch_log_group.flow_log",
            "module.vpc.aws_customer_gateway.this",
            "module.vpc.aws_db_subnet_group.database",
            "module.vpc.aws_default_network_acl.this",
            "module.vpc.aws_default_route_table.default",
            "module.vpc.aws_default_security_group.this",
            "module.vpc.aws_default_vpc.this",
            "module.vpc.aws_egress_only_internet_gateway.this",
            "module.vpc.aws_eip.nat",
            "module.vpc.aws_elasticache_subnet_group.elasticache",
            "module.vpc.aws_flow_log.this",
            "module.vpc.aws_iam_policy.vpc_flow_log_cloudwatch",
            "module.vpc.aws_iam_role.vpc_flow_log_cloudwatch",
            "module.vpc.aws_iam_role_policy_attachment.vpc_flow_log_cloudwatch",
            "module.vpc.aws_internet_gateway.this",
            "module.vpc.aws_nat_gateway.this",
            "module.vpc.aws_network_acl.database",
            "module.vpc.aws_network_acl.elasticache",
            "module.vpc.aws_network_acl.intra",
            "module.vpc.aws_network_acl.outpost",
            "module.vpc.aws_network_acl.private",
            "module.vpc.aws_network_acl.public",
            "module.vpc.aws_network_acl.redshift",
            "module.vpc.aws_network_acl_rule.database_inbound",
            "module.vpc.aws_network_acl_rule.database_outbound",
            "module.vpc.aws_network_acl_rule.elasticache_inbound",
            "module.vpc.aws_network_acl_rule.elasticache_outbound",
            "module.vpc.aws_network_acl_rule.intra_inbound",
            "module.vpc.aws_network_acl_rule.intra_outbound",
            "module.vpc.aws_network_acl_rule.outpost_inbound",
            "module.vpc.aws_network_acl_rule.outpost_outbound",
            "module.vpc.aws_network_acl_rule.private_inbound",
            "module.vpc.aws_network_acl_rule.private_outbound",
            "module.vpc.aws_network_acl_rule.public_inbound",
            "module.vpc.aws_network_acl_rule.public_outbound",
            "module.vpc.aws_network_acl_rule.redshift_inbound",
            "module.vpc.aws_network_acl_rule.redshift_outbound",
            "module.vpc.aws_redshift_subnet_group.redshift",
            "module.vpc.aws_route.database_internet_gateway",
            "module.vpc.aws_route.database_ipv6_egress",
            "module.vpc.aws_route.database_nat_gateway",
            "module.vpc.aws_route.private_ipv6_egress",
            "module.vpc.aws_route.private_nat_gateway",
            "module.vpc.aws_route.public_internet_gateway",
            "module.vpc.aws_route.public_internet_gateway_ipv6",
            "module.vpc.aws_route_table.database",
            "module.vpc.aws_route_table.elasticache",
            "module.vpc.aws_route_table.intra",
            "module.vpc.aws_route_table.private",
            "module.vpc.aws_route_table.public",
            "module.vpc.aws_route_table.redshift",
            "module.vpc.aws_route_table_association.database",
            "module.vpc.aws_route_table_association.elasticache",
            "module.vpc.aws_route_table_association.intra",
            "module.vpc.aws_route_table_association.outpost",
            "module.vpc.aws_route_table_association.private",
            "module.vpc.aws_route_table_association.public",
            "module.vpc.aws_route_table_association.redshift",
            "module.vpc.aws_route_table_association.redshift_public",
            "module.vpc.aws_subnet.database",
            "module.vpc.aws_subnet.elasticache",
            "module.vpc.aws_subnet.intra",
            "module.vpc.aws_subnet.outpost",
            "module.vpc.aws_subnet.private",
            "module.vpc.aws_subnet.public",
            "module.vpc.aws_subnet.redshift",
            "module.vpc.aws_vpc.this",
            "module.vpc.aws_vpc_dhcp_options.this",
            "module.vpc.aws_vpc_dhcp_options_association.this",
            "module.vpc.aws_vpc_ipv4_cidr_block_association.this",
            "module.vpc.aws_vpn_gateway.this",
            "module.vpc.aws_vpn_gateway_attachment.this",
            "module.vpc.aws_vpn_gateway_route_propagation.intra",
            "module.vpc.aws_vpn_gateway_route_propagation.private",
            "module.vpc.aws_vpn_gateway_route_propagation.public",
            "module.vpc.data.aws_iam_policy_document.flow_log_cloudwatch_assume_role",
            "module.vpc.data.aws_iam_policy_document.vpc_flow_log_cloudwatch",
            "random_id.cluster-suffix"
          ]
        }
      ]
    },
    {
      "mode": "managed",
      "type": "helm_release",
      "name": "ingress-nginx",
      "provider": "provider[\"registry.terraform.io/hashicorp/helm\"]",
      "instances": [
        {
          "schema_version": 0,
          "attributes": {
            "atomic": false,
            "chart": "ingress-nginx",
            "cleanup_on_fail": false,
            "create_namespace": false,
            "dependency_update": false,
            "description": null,
            "devel": null,
            "disable_crd_hooks": false,
            "disable_openapi_validation": false,
            "disable_webhooks": false,
            "force_update": false,
            "id": "ingress-nginx",
            "keyring": null,
            "lint": false,
            "manifest": null,
            "max_history": 0,
            "metadata": [
              {
                "app_version": "1.0.1",
                "chart": "ingress-nginx",
                "name": "ingress-nginx",
                "namespace": "default",
                "revision": 1,
                "values": "{}",
                "version": "4.0.2"
              }
            ],
            "name": "ingress-nginx",
            "namespace": "default",
            "postrender": [],
            "recreate_pods": false,
            "render_subchart_notes": true,
            "replace": false,
            "repository": "https://kubernetes.github.io/ingress-nginx",
            "repository_ca_file": null,
            "repository_cert_file": null,
            "repository_key_file": null,
            "repository_password": null,
            "repository_username": null,
            "reset_values": false,
            "reuse_values": false,
            "set": [],
            "set_sensitive": [],
            "skip_crds": false,
            "status": "deployed",
            "timeout": 300,
            "values": null,
            "verify": false,
            "version": "4.0.2",
            "wait": true,
            "wait_for_jobs": false
          },
          "sensitive_attributes": [],
          "private": "bnVsbA==",
          "dependencies": [
            "data.aws_availability_zones.available",
            "data.aws_eks_cluster.cluster",
            "data.aws_eks_cluster_auth.cluster",
            "module.eks.aws_autoscaling_group.workers",
            "module.eks.aws_autoscaling_group.workers_launch_template",
            "module.eks.aws_cloudwatch_log_group.this",
            "module.eks.aws_eks_cluster.this",
            "module.eks.aws_iam_instance_profile.workers",
            "module.eks.aws_iam_instance_profile.workers_launch_template",
            "module.eks.aws_iam_openid_connect_provider.oidc_provider",
            "module.eks.aws_iam_policy.cluster_elb_sl_role_creation",
            "module.eks.aws_iam_role.cluster",
            "module.eks.aws_iam_role.workers",
            "module.eks.aws_iam_role_policy_attachment.cluster_AmazonEKSClusterPolicy",
            "module.eks.aws_iam_role_policy_attachment.cluster_AmazonEKSServicePolicy",
            "module.eks.aws_iam_role_policy_attachment.cluster_AmazonEKSVPCResourceControllerPolicy",
            "module.eks.aws_iam_role_policy_attachment.cluster_elb_sl_role_creation",
            "module.eks.aws_iam_role_policy_attachment.workers_AmazonEC2ContainerRegistryReadOnly",
            "module.eks.aws_iam_role_policy_attachment.workers_AmazonEKSWorkerNodePolicy",
            "module.eks.aws_iam_role_policy_attachment.workers_AmazonEKS_CNI_Policy",
            "module.eks.aws_iam_role_policy_attachment.workers_additional_policies",
            "module.eks.aws_launch_configuration.workers",
            "module.eks.aws_launch_template.workers_launch_template",
            "module.eks.aws_security_group.cluster",
            "module.eks.aws_security_group.workers",
            "module.eks.aws_security_group_rule.cluster_egress_internet",
            "module.eks.aws_security_group_rule.cluster_https_worker_ingress",
            "module.eks.aws_security_group_rule.cluster_primary_ingress_workers",
            "module.eks.aws_security_group_rule.cluster_private_access_cidrs_source",
            "module.eks.aws_security_group_rule.cluster_private_access_sg_source",
            "module.eks.aws_security_group_rule.workers_egress_internet",
            "module.eks.aws_security_group_rule.workers_ingress_cluster",
            "module.eks.aws_security_group_rule.workers_ingress_cluster_https",
            "module.eks.aws_security_group_rule.workers_ingress_cluster_kubelet",
            "module.eks.aws_security_group_rule.workers_ingress_cluster_primary",
            "module.eks.aws_security_group_rule.workers_ingress_self",
            "module.eks.data.aws_ami.eks_worker",
            "module.eks.data.aws_ami.eks_worker_windows",
            "module.eks.data.aws_caller_identity.current",
            "module.eks.data.aws_iam_instance_profile.custom_worker_group_iam_instance_profile",
            "module.eks.data.aws_iam_instance_profile.custom_worker_group_launch_template_iam_instance_profile",
            "module.eks.data.aws_iam_policy_document.cluster_assume_role_policy",
            "module.eks.data.aws_iam_policy_document.cluster_elb_sl_role_creation",
            "module.eks.data.aws_iam_policy_document.workers_assume_role_policy",
            "module.eks.data.aws_iam_role.custom_cluster_iam_role",
            "module.eks.data.aws_partition.current",
            "module.eks.data.http.wait_for_cluster",
            "module.eks.kubernetes_config_map.aws_auth",
            "module.eks.local_file.kubeconfig",
            "module.eks.module.fargate.aws_eks_fargate_profile.this",
            "module.eks.module.fargate.aws_iam_role.eks_fargate_pod",
            "module.eks.module.fargate.aws_iam_role_policy_attachment.eks_fargate_pod",
            "module.eks.module.fargate.data.aws_iam_policy_document.eks_fargate_pod_assume_role",
            "module.eks.module.fargate.data.aws_iam_role.custom_fargate_iam_role",
            "module.eks.module.fargate.data.aws_partition.current",
            "module.eks.module.node_groups.aws_eks_node_group.workers",
            "module.eks.module.node_groups.aws_launch_template.workers",
            "module.eks.module.node_groups.data.cloudinit_config.workers_userdata",
            "module.vpc.aws_cloudwatch_log_group.flow_log",
            "module.vpc.aws_customer_gateway.this",
            "module.vpc.aws_db_subnet_group.database",
            "module.vpc.aws_default_network_acl.this",
            "module.vpc.aws_default_route_table.default",
            "module.vpc.aws_default_security_group.this",
            "module.vpc.aws_default_vpc.this",
            "module.vpc.aws_egress_only_internet_gateway.this",
            "module.vpc.aws_eip.nat",
            "module.vpc.aws_elasticache_subnet_group.elasticache",
            "module.vpc.aws_flow_log.this",
            "module.vpc.aws_iam_policy.vpc_flow_log_cloudwatch",
            "module.vpc.aws_iam_role.vpc_flow_log_cloudwatch",
            "module.vpc.aws_iam_role_policy_attachment.vpc_flow_log_cloudwatch",
            "module.vpc.aws_internet_gateway.this",
            "module.vpc.aws_nat_gateway.this",
            "module.vpc.aws_network_acl.database",
            "module.vpc.aws_network_acl.elasticache",
            "module.vpc.aws_network_acl.intra",
            "module.vpc.aws_network_acl.outpost",
            "module.vpc.aws_network_acl.private",
            "module.vpc.aws_network_acl.public",
            "module.vpc.aws_network_acl.redshift",
            "module.vpc.aws_network_acl_rule.database_inbound",
            "module.vpc.aws_network_acl_rule.database_outbound",
            "module.vpc.aws_network_acl_rule.elasticache_inbound",
            "module.vpc.aws_network_acl_rule.elasticache_outbound",
            "module.vpc.aws_network_acl_rule.intra_inbound",
            "module.vpc.aws_network_acl_rule.intra_outbound",
            "module.vpc.aws_network_acl_rule.outpost_inbound",
            "module.vpc.aws_network_acl_rule.outpost_outbound",
            "module.vpc.aws_network_acl_rule.private_inbound",
            "module.vpc.aws_network_acl_rule.private_outbound",
            "module.vpc.aws_network_acl_rule.public_inbound",
            "module.vpc.aws_network_acl_rule.public_outbound",
            "module.vpc.aws_network_acl_rule.redshift_inbound",
            "module.vpc.aws_network_acl_rule.redshift_outbound",
            "module.vpc.aws_redshift_subnet_group.redshift",
            "module.vpc.aws_route.database_internet_gateway",
            "module.vpc.aws_route.database_ipv6_egress",
            "module.vpc.aws_route.database_nat_gateway",
            "module.vpc.aws_route.private_ipv6_egress",
            "module.vpc.aws_route.private_nat_gateway",
            "module.vpc.aws_route.public_internet_gateway",
            "module.vpc.aws_route.public_internet_gateway_ipv6",
            "module.vpc.aws_route_table.database",
            "module.vpc.aws_route_table.elasticache",
            "module.vpc.aws_route_table.intra",
            "module.vpc.aws_route_table.private",
            "module.vpc.aws_route_table.public",
            "module.vpc.aws_route_table.redshift",
            "module.vpc.aws_route_table_association.database",
            "module.vpc.aws_route_table_association.elasticache",
            "module.vpc.aws_route_table_association.intra",
            "module.vpc.aws_route_table_association.outpost",
            "module.vpc.aws_route_table_association.private",
            "module.vpc.aws_route_table_association.public",
            "module.vpc.aws_route_table_association.redshift",
            "module.vpc.aws_route_table_association.redshift_public",
            "module.vpc.aws_subnet.database",
            "module.vpc.aws_subnet.elasticache",
            "module.vpc.aws_subnet.intra",
            "module.vpc.aws_subnet.outpost",
            "module.vpc.aws_subnet.private",
            "module.vpc.aws_subnet.public",
            "module.vpc.aws_subnet.redshift",
            "module.vpc.aws_vpc.this",
            "module.vpc.aws_vpc_dhcp_options.this",
            "module.vpc.aws_vpc_dhcp_options_association.this",
            "module.vpc.aws_vpc_ipv4_cidr_block_association.this",
            "module.vpc.aws_vpn_gateway.this",
            "module.vpc.aws_vpn_gateway_attachment.this",
            "module.vpc.aws_vpn_gateway_route_propagation.intra",
            "module.vpc.aws_vpn_gateway_route_propagation.private",
            "module.vpc.aws_vpn_gateway_route_propagation.public",
            "module.vpc.data.aws_iam_policy_document.flow_log_cloudwatch_assume_role",
            "module.vpc.data.aws_iam_policy_document.vpc_flow_log_cloudwatch",
            "random_id.cluster-suffix"
          ]
        }
      ]
    },
    {
      "mode": "managed",
      "type": "helm_release",
      "name": "letsencrypt",
      "provider": "provider[\"registry.terraform.io/hashicorp/helm\"]",
      "instances": [
        {
          "schema_version": 0,
          "attributes": {
            "atomic": false,
            "chart": "./letsencrypt",
            "cleanup_on_fail": false,
            "create_namespace": true,
            "dependency_update": false,
            "description": null,
            "devel": null,
            "disable_crd_hooks": false,
            "disable_openapi_validation": false,
            "disable_webhooks": false,
            "force_update": false,
            "id": "letsencrypt",
            "keyring": null,
            "lint": false,
            "manifest": null,
            "max_history": 0,
            "metadata": [
              {
                "app_version": "1.16.0",
                "chart": "letsencrypt",
                "name": "letsencrypt",
                "namespace": "swimlane",
                "revision": 1,
                "values": "{}",
                "version": "0.1.0"
              }
            ],
            "name": "letsencrypt",
            "namespace": "swimlane",
            "postrender": [],
            "recreate_pods": false,
            "render_subchart_notes": true,
            "replace": false,
            "repository": null,
            "repository_ca_file": null,
            "repository_cert_file": null,
            "repository_key_file": null,
            "repository_password": null,
            "repository_username": null,
            "reset_values": false,
            "reuse_values": false,
            "set": [],
            "set_sensitive": [],
            "skip_crds": false,
            "status": "deployed",
            "timeout": 300,
            "values": null,
            "verify": false,
            "version": "0.1.0",
            "wait": true,
            "wait_for_jobs": false
          },
          "sensitive_attributes": [],
          "private": "bnVsbA==",
          "dependencies": [
            "data.aws_availability_zones.available",
            "data.aws_eks_cluster.cluster",
            "data.aws_eks_cluster_auth.cluster",
            "helm_release.cert_manager",
            "module.eks.aws_autoscaling_group.workers",
            "module.eks.aws_autoscaling_group.workers_launch_template",
            "module.eks.aws_cloudwatch_log_group.this",
            "module.eks.aws_eks_cluster.this",
            "module.eks.aws_iam_instance_profile.workers",
            "module.eks.aws_iam_instance_profile.workers_launch_template",
            "module.eks.aws_iam_openid_connect_provider.oidc_provider",
            "module.eks.aws_iam_policy.cluster_elb_sl_role_creation",
            "module.eks.aws_iam_role.cluster",
            "module.eks.aws_iam_role.workers",
            "module.eks.aws_iam_role_policy_attachment.cluster_AmazonEKSClusterPolicy",
            "module.eks.aws_iam_role_policy_attachment.cluster_AmazonEKSServicePolicy",
            "module.eks.aws_iam_role_policy_attachment.cluster_AmazonEKSVPCResourceControllerPolicy",
            "module.eks.aws_iam_role_policy_attachment.cluster_elb_sl_role_creation",
            "module.eks.aws_iam_role_policy_attachment.workers_AmazonEC2ContainerRegistryReadOnly",
            "module.eks.aws_iam_role_policy_attachment.workers_AmazonEKSWorkerNodePolicy",
            "module.eks.aws_iam_role_policy_attachment.workers_AmazonEKS_CNI_Policy",
            "module.eks.aws_iam_role_policy_attachment.workers_additional_policies",
            "module.eks.aws_launch_configuration.workers",
            "module.eks.aws_launch_template.workers_launch_template",
            "module.eks.aws_security_group.cluster",
            "module.eks.aws_security_group.workers",
            "module.eks.aws_security_group_rule.cluster_egress_internet",
            "module.eks.aws_security_group_rule.cluster_https_worker_ingress",
            "module.eks.aws_security_group_rule.cluster_primary_ingress_workers",
            "module.eks.aws_security_group_rule.cluster_private_access_cidrs_source",
            "module.eks.aws_security_group_rule.cluster_private_access_sg_source",
            "module.eks.aws_security_group_rule.workers_egress_internet",
            "module.eks.aws_security_group_rule.workers_ingress_cluster",
            "module.eks.aws_security_group_rule.workers_ingress_cluster_https",
            "module.eks.aws_security_group_rule.workers_ingress_cluster_kubelet",
            "module.eks.aws_security_group_rule.workers_ingress_cluster_primary",
            "module.eks.aws_security_group_rule.workers_ingress_self",
            "module.eks.data.aws_ami.eks_worker",
            "module.eks.data.aws_ami.eks_worker_windows",
            "module.eks.data.aws_caller_identity.current",
            "module.eks.data.aws_iam_instance_profile.custom_worker_group_iam_instance_profile",
            "module.eks.data.aws_iam_instance_profile.custom_worker_group_launch_template_iam_instance_profile",
            "module.eks.data.aws_iam_policy_document.cluster_assume_role_policy",
            "module.eks.data.aws_iam_policy_document.cluster_elb_sl_role_creation",
            "module.eks.data.aws_iam_policy_document.workers_assume_role_policy",
            "module.eks.data.aws_iam_role.custom_cluster_iam_role",
            "module.eks.data.aws_partition.current",
            "module.eks.data.http.wait_for_cluster",
            "module.eks.kubernetes_config_map.aws_auth",
            "module.eks.local_file.kubeconfig",
            "module.eks.module.fargate.aws_eks_fargate_profile.this",
            "module.eks.module.fargate.aws_iam_role.eks_fargate_pod",
            "module.eks.module.fargate.aws_iam_role_policy_attachment.eks_fargate_pod",
            "module.eks.module.fargate.data.aws_iam_policy_document.eks_fargate_pod_assume_role",
            "module.eks.module.fargate.data.aws_iam_role.custom_fargate_iam_role",
            "module.eks.module.fargate.data.aws_partition.current",
            "module.eks.module.node_groups.aws_eks_node_group.workers",
            "module.eks.module.node_groups.aws_launch_template.workers",
            "module.eks.module.node_groups.data.cloudinit_config.workers_userdata",
            "module.vpc.aws_cloudwatch_log_group.flow_log",
            "module.vpc.aws_customer_gateway.this",
            "module.vpc.aws_db_subnet_group.database",
            "module.vpc.aws_default_network_acl.this",
            "module.vpc.aws_default_route_table.default",
            "module.vpc.aws_default_security_group.this",
            "module.vpc.aws_default_vpc.this",
            "module.vpc.aws_egress_only_internet_gateway.this",
            "module.vpc.aws_eip.nat",
            "module.vpc.aws_elasticache_subnet_group.elasticache",
            "module.vpc.aws_flow_log.this",
            "module.vpc.aws_iam_policy.vpc_flow_log_cloudwatch",
            "module.vpc.aws_iam_role.vpc_flow_log_cloudwatch",
            "module.vpc.aws_iam_role_policy_attachment.vpc_flow_log_cloudwatch",
            "module.vpc.aws_internet_gateway.this",
            "module.vpc.aws_nat_gateway.this",
            "module.vpc.aws_network_acl.database",
            "module.vpc.aws_network_acl.elasticache",
            "module.vpc.aws_network_acl.intra",
            "module.vpc.aws_network_acl.outpost",
            "module.vpc.aws_network_acl.private",
            "module.vpc.aws_network_acl.public",
            "module.vpc.aws_network_acl.redshift",
            "module.vpc.aws_network_acl_rule.database_inbound",
            "module.vpc.aws_network_acl_rule.database_outbound",
            "module.vpc.aws_network_acl_rule.elasticache_inbound",
            "module.vpc.aws_network_acl_rule.elasticache_outbound",
            "module.vpc.aws_network_acl_rule.intra_inbound",
            "module.vpc.aws_network_acl_rule.intra_outbound",
            "module.vpc.aws_network_acl_rule.outpost_inbound",
            "module.vpc.aws_network_acl_rule.outpost_outbound",
            "module.vpc.aws_network_acl_rule.private_inbound",
            "module.vpc.aws_network_acl_rule.private_outbound",
            "module.vpc.aws_network_acl_rule.public_inbound",
            "module.vpc.aws_network_acl_rule.public_outbound",
            "module.vpc.aws_network_acl_rule.redshift_inbound",
            "module.vpc.aws_network_acl_rule.redshift_outbound",
            "module.vpc.aws_redshift_subnet_group.redshift",
            "module.vpc.aws_route.database_internet_gateway",
            "module.vpc.aws_route.database_ipv6_egress",
            "module.vpc.aws_route.database_nat_gateway",
            "module.vpc.aws_route.private_ipv6_egress",
            "module.vpc.aws_route.private_nat_gateway",
            "module.vpc.aws_route.public_internet_gateway",
            "module.vpc.aws_route.public_internet_gateway_ipv6",
            "module.vpc.aws_route_table.database",
            "module.vpc.aws_route_table.elasticache",
            "module.vpc.aws_route_table.intra",
            "module.vpc.aws_route_table.private",
            "module.vpc.aws_route_table.public",
            "module.vpc.aws_route_table.redshift",
            "module.vpc.aws_route_table_association.database",
            "module.vpc.aws_route_table_association.elasticache",
            "module.vpc.aws_route_table_association.intra",
            "module.vpc.aws_route_table_association.outpost",
            "module.vpc.aws_route_table_association.private",
            "module.vpc.aws_route_table_association.public",
            "module.vpc.aws_route_table_association.redshift",
            "module.vpc.aws_route_table_association.redshift_public",
            "module.vpc.aws_subnet.database",
            "module.vpc.aws_subnet.elasticache",
            "module.vpc.aws_subnet.intra",
            "module.vpc.aws_subnet.outpost",
            "module.vpc.aws_subnet.private",
            "module.vpc.aws_subnet.public",
            "module.vpc.aws_subnet.redshift",
            "module.vpc.aws_vpc.this",
            "module.vpc.aws_vpc_dhcp_options.this",
            "module.vpc.aws_vpc_dhcp_options_association.this",
            "module.vpc.aws_vpc_ipv4_cidr_block_association.this",
            "module.vpc.aws_vpn_gateway.this",
            "module.vpc.aws_vpn_gateway_attachment.this",
            "module.vpc.aws_vpn_gateway_route_propagation.intra",
            "module.vpc.aws_vpn_gateway_route_propagation.private",
            "module.vpc.aws_vpn_gateway_route_propagation.public",
            "module.vpc.data.aws_iam_policy_document.flow_log_cloudwatch_assume_role",
            "module.vpc.data.aws_iam_policy_document.vpc_flow_log_cloudwatch",
            "random_id.cluster-suffix"
          ]
        }
      ]
    },
    {
      "mode": "managed",
      "type": "random_id",
      "name": "cluster-suffix",
      "provider": "provider[\"registry.terraform.io/hashicorp/random\"]",
      "instances": [
        {
          "schema_version": 0,
          "attributes": {
            "b64_std": "Cg==",
            "b64_url": "Cg",
            "byte_length": 1,
            "dec": "10",
            "hex": "0a",
            "id": "Cg",
            "keepers": null,
            "prefix": null
          },
          "sensitive_attributes": [],
          "private": "bnVsbA==",
          "create_before_destroy": true
        }
      ]
    },
    {
      "module": "module.eks",
      "mode": "data",
      "type": "aws_ami",
      "name": "eks_worker",
      "provider": "provider[\"registry.terraform.io/hashicorp/aws\"]",
      "instances": [
        {
          "index_key": 0,
          "schema_version": 0,
          "attributes": {
            "architecture": "x86_64",
            "arn": "arn:aws:ec2:us-west-2::image/ami-0cb182e3037115aa0",
            "block_device_mappings": [
              {
                "device_name": "/dev/xvda",
                "ebs": {
                  "delete_on_termination": "true",
                  "encrypted": "false",
                  "iops": "0",
                  "snapshot_id": "snap-0d7f3912be255d01e",
                  "throughput": "0",
                  "volume_size": "20",
                  "volume_type": "gp2"
                },
                "no_device": "",
                "virtual_name": ""
              }
            ],
            "creation_date": "2021-09-14T21:50:12.000Z",
            "description": "EKS Kubernetes Worker AMI with AmazonLinux2 image, (k8s: 1.21.2, docker: 19.03.13ce-1.amzn2, containerd: 1.4.6-2.amzn2)",
            "ena_support": true,
            "executable_users": null,
            "filter": [
              {
                "name": "name",
                "values": [
                  "amazon-eks-node-1.21-v*"
                ]
              }
            ],
            "hypervisor": "xen",
            "id": "ami-0cb182e3037115aa0",
            "image_id": "ami-0cb182e3037115aa0",
            "image_location": "amazon/amazon-eks-node-1.21-v20210914",
            "image_owner_alias": "amazon",
            "image_type": "machine",
            "kernel_id": null,
            "most_recent": true,
            "name": "amazon-eks-node-1.21-v20210914",
            "name_regex": null,
            "owner_id": "602401143452",
            "owners": [
              "amazon"
            ],
            "platform": null,
            "platform_details": "Linux/UNIX",
            "product_codes": [],
            "public": true,
            "ramdisk_id": null,
            "root_device_name": "/dev/xvda",
            "root_device_type": "ebs",
            "root_snapshot_id": "snap-0d7f3912be255d01e",
            "sriov_net_support": "simple",
            "state": "available",
            "state_reason": {
              "code": "UNSET",
              "message": "UNSET"
            },
            "tags": {},
            "usage_operation": "RunInstances",
            "virtualization_type": "hvm"
          },
          "sensitive_attributes": []
        }
      ]
    },
    {
      "module": "module.eks",
      "mode": "data",
      "type": "aws_caller_identity",
      "name": "current",
      "provider": "provider[\"registry.terraform.io/hashicorp/aws\"]",
      "instances": [
        {
          "schema_version": 0,
          "attributes": {
            "account_id": "100072912756",
            "arn": "arn:aws:iam::100072912756:root",
            "id": "100072912756",
            "user_id": "100072912756"
          },
          "sensitive_attributes": []
        }
      ]
    },
    {
      "module": "module.eks",
      "mode": "data",
      "type": "aws_iam_policy_document",
      "name": "cluster_assume_role_policy",
      "provider": "provider[\"registry.terraform.io/hashicorp/aws\"]",
      "instances": [
        {
          "schema_version": 0,
          "attributes": {
            "id": "2764486067",
            "json": "{\n  \"Version\": \"2012-10-17\",\n  \"Statement\": [\n    {\n      \"Sid\": \"EKSClusterAssumeRole\",\n      \"Effect\": \"Allow\",\n      \"Action\": \"sts:AssumeRole\",\n      \"Principal\": {\n        \"Service\": \"eks.amazonaws.com\"\n      }\n    }\n  ]\n}",
            "override_json": null,
            "override_policy_documents": null,
            "policy_id": null,
            "source_json": null,
            "source_policy_documents": null,
            "statement": [
              {
                "actions": [
                  "sts:AssumeRole"
                ],
                "condition": [],
                "effect": "Allow",
                "not_actions": [],
                "not_principals": [],
                "not_resources": [],
                "principals": [
                  {
                    "identifiers": [
                      "eks.amazonaws.com"
                    ],
                    "type": "Service"
                  }
                ],
                "resources": [],
                "sid": "EKSClusterAssumeRole"
              }
            ],
            "version": "2012-10-17"
          },
          "sensitive_attributes": []
        }
      ]
    },
    {
      "module": "module.eks",
      "mode": "data",
      "type": "aws_iam_policy_document",
      "name": "cluster_elb_sl_role_creation",
      "provider": "provider[\"registry.terraform.io/hashicorp/aws\"]",
      "instances": [
        {
          "index_key": 0,
          "schema_version": 0,
          "attributes": {
            "id": "3709839417",
            "json": "{\n  \"Version\": \"2012-10-17\",\n  \"Statement\": [\n    {\n      \"Sid\": \"\",\n      \"Effect\": \"Allow\",\n      \"Action\": [\n        \"ec2:DescribeInternetGateways\",\n        \"ec2:DescribeAddresses\",\n        \"ec2:DescribeAccountAttributes\"\n      ],\n      \"Resource\": \"*\"\n    }\n  ]\n}",
            "override_json": null,
            "override_policy_documents": null,
            "policy_id": null,
            "source_json": null,
            "source_policy_documents": null,
            "statement": [
              {
                "actions": [
                  "ec2:DescribeAccountAttributes",
                  "ec2:DescribeAddresses",
                  "ec2:DescribeInternetGateways"
                ],
                "condition": [],
                "effect": "Allow",
                "not_actions": [],
                "not_principals": [],
                "not_resources": [],
                "principals": [],
                "resources": [
                  "*"
                ],
                "sid": ""
              }
            ],
            "version": "2012-10-17"
          },
          "sensitive_attributes": []
        }
      ]
    },
    {
      "module": "module.eks",
      "mode": "data",
      "type": "aws_iam_policy_document",
      "name": "workers_assume_role_policy",
      "provider": "provider[\"registry.terraform.io/hashicorp/aws\"]",
      "instances": [
        {
          "schema_version": 0,
          "attributes": {
            "id": "3778018924",
            "json": "{\n  \"Version\": \"2012-10-17\",\n  \"Statement\": [\n    {\n      \"Sid\": \"EKSWorkerAssumeRole\",\n      \"Effect\": \"Allow\",\n      \"Action\": \"sts:AssumeRole\",\n      \"Principal\": {\n        \"Service\": \"ec2.amazonaws.com\"\n      }\n    }\n  ]\n}",
            "override_json": null,
            "override_policy_documents": null,
            "policy_id": null,
            "source_json": null,
            "source_policy_documents": null,
            "statement": [
              {
                "actions": [
                  "sts:AssumeRole"
                ],
                "condition": [],
                "effect": "Allow",
                "not_actions": [],
                "not_principals": [],
                "not_resources": [],
                "principals": [
                  {
                    "identifiers": [
                      "ec2.amazonaws.com"
                    ],
                    "type": "Service"
                  }
                ],
                "resources": [],
                "sid": "EKSWorkerAssumeRole"
              }
            ],
            "version": "2012-10-17"
          },
          "sensitive_attributes": []
        }
      ]
    },
    {
      "module": "module.eks",
      "mode": "data",
      "type": "aws_partition",
      "name": "current",
      "provider": "provider[\"registry.terraform.io/hashicorp/aws\"]",
      "instances": [
        {
          "schema_version": 0,
          "attributes": {
            "dns_suffix": "amazonaws.com",
            "id": "aws",
            "partition": "aws",
            "reverse_dns_prefix": "com.amazonaws"
          },
          "sensitive_attributes": []
        }
      ]
    },
    {
      "module": "module.eks",
      "mode": "data",
      "type": "http",
      "name": "wait_for_cluster",
      "provider": "provider[\"registry.terraform.io/terraform-aws-modules/http\"]",
      "instances": [
        {
          "index_key": 0,
          "schema_version": 0,
          "attributes": {
            "body": "ok",
            "ca_certificate": "-----BEGIN CERTIFICATE-----\nMIIC5zCCAc+gAwIBAgIBADANBgkqhkiG9w0BAQsFADAVMRMwEQYDVQQDEwprdWJl\ncm5ldGVzMB4XDTIxMDkyNDAxMTU0OVoXDTMxMDkyMjAxMTU0OVowFTETMBEGA1UE\nAxMKa3ViZXJuZXRlczCCASIwDQYJKoZIhvcNAQEBBQADggEPADCCAQoCggEBALbR\nGyFp9RtI63EncQ2GnVVP6zO9EwZaEQ58FMepL8+0y8tiGqpcnDlGSOWYYz4YPAAk\nn/mbmN7Q29ClO1Nul0Z89KoVXpyKw3RbvpJtpQbPx4cU/9osQv3mDKt6k/Io7M2r\nh90iGAM3zMdxAKpgp0BC+QCBQ5uoQh7bm21lAeJB7Mz7vB/uc8WHiXtgmrzWwlZ/\nFLIhPdxATqE56R0YeVTDy/hh9u4zFI4LSoWnHM4qL84el6Nezxq3Mt4HvGqy/RFu\nqZis2P3j5zRVh5yNBApxxm4XVZdB2YUNL2Gq9Wrti7x9neqOQhVojYYBzhGL/dK+\nSfBW9dOz8RAM3jf+KrUCAwEAAaNCMEAwDgYDVR0PAQH/BAQDAgKkMA8GA1UdEwEB\n/wQFMAMBAf8wHQYDVR0OBBYEFNsVaPPDFG63O8pe+/dnOyk/Ep8kMA0GCSqGSIb3\nDQEBCwUAA4IBAQBXnfTn1ZMHhkyCvULRDHdEtbfNu4apuny9x9I+sBpDtaQhZyeu\nSJIvbtUyge9sAdHXj0orMnGJy6GSNU0rQ3TR2qWB59agSu5NR6/Kr9bMDRUIUaww\ngCYAAfbqcIKSU5nE9vXcDfhtYr5zg0+NfZurvdXeo+Yi/dO7gc+1JNVCDA/0VoMW\nmE1wDi9NIhr/z4jkNFrxfqIxzJsZWIeY2ImpjbLtBIZeEAFR8Hjgjk78qZNl4/M/\nPD54FdaSRY+p5yPnvl30tL01Z45oXdPWt+0Y328LLwxew09orcrbOWu93MwaScWM\nbCN5c9MmnWjncAE05I1sAwCGY9It/cXNtG3Z\n-----END CERTIFICATE-----\n",
            "id": "https://08AC8DEE9EAF63392FAA2F7CBBD5D151.gr7.us-west-2.eks.amazonaws.com/healthz",
            "insecure": false,
            "request_headers": null,
            "response_headers": {
              "Cache-Control": "no-cache, private",
              "Content-Length": "2",
              "Content-Type": "text/plain; charset=utf-8",
              "Date": "Fri, 24 Sep 2021 01:20:02 GMT",
              "X-Content-Type-Options": "nosniff",
              "X-Kubernetes-Pf-Flowschema-Uid": "1cf60b33-2109-4bef-b24a-bec4f95d74f4",
              "X-Kubernetes-Pf-Prioritylevel-Uid": "5fa6ef78-d8da-4f5b-9494-a92bd571bb7e"
            },
            "timeout": 300,
            "url": "https://08AC8DEE9EAF63392FAA2F7CBBD5D151.gr7.us-west-2.eks.amazonaws.com/healthz"
          },
          "sensitive_attributes": []
        }
      ]
    },
    {
      "module": "module.eks",
      "mode": "managed",
      "type": "aws_autoscaling_group",
      "name": "workers",
      "provider": "provider[\"registry.terraform.io/hashicorp/aws\"]",
      "instances": [
        {
          "index_key": 0,
          "schema_version": 0,
          "attributes": {
            "arn": "arn:aws:autoscaling:us-west-2:100072912756:autoScalingGroup:d36ad979-d4d6-4c1b-967b-93feadd764ff:autoScalingGroupName/swimstack-Cg-nodegroup-12021092401194157050000000f",
            "availability_zones": [
              "us-west-2a",
              "us-west-2b",
              "us-west-2c"
            ],
            "capacity_rebalance": false,
            "default_cooldown": 300,
            "desired_capacity": 3,
            "enabled_metrics": null,
            "force_delete": false,
            "force_delete_warm_pool": false,
            "health_check_grace_period": 300,
            "health_check_type": "EC2",
            "id": "swimstack-Cg-nodegroup-12021092401194157050000000f",
            "initial_lifecycle_hook": [],
            "instance_refresh": [],
            "launch_configuration": "swimstack-Cg-nodegroup-12021092401193141710000000e",
            "launch_template": [],
            "load_balancers": null,
            "max_instance_lifetime": 0,
            "max_size": 3,
            "metrics_granularity": "1Minute",
            "min_elb_capacity": null,
            "min_size": 1,
            "mixed_instances_policy": [],
            "name": "swimstack-Cg-nodegroup-12021092401194157050000000f",
            "name_prefix": "swimstack-Cg-nodegroup-1",
            "placement_group": "",
            "protect_from_scale_in": false,
            "service_linked_role_arn": "arn:aws:iam::100072912756:role/aws-service-role/autoscaling.amazonaws.com/AWSServiceRoleForAutoScaling",
            "suspended_processes": [
              "AZRebalance"
            ],
            "tag": [
              {
                "key": "Environment",
                "propagate_at_launch": true,
                "value": "swimstack"
              },
              {
                "key": "Name",
                "propagate_at_launch": true,
                "value": "swimstack-Cg-nodegroup-1-eks_asg"
              },
              {
                "key": "k8s.io/cluster/swimstack-Cg",
                "propagate_at_launch": true,
                "value": "owned"
              },
              {
                "key": "kubernetes.io/cluster/swimstack-Cg",
                "propagate_at_launch": true,
                "value": "owned"
              }
            ],
            "tags": null,
            "target_group_arns": null,
            "termination_policies": [],
            "timeouts": null,
            "vpc_zone_identifier": [
              "subnet-0169f8679038e22ec",
              "subnet-03e68b3ab00c2c270",
              "subnet-088145e863c945c40"
            ],
            "wait_for_capacity_timeout": "10m",
            "wait_for_elb_capacity": null,
            "warm_pool": []
          },
          "sensitive_attributes": [],
          "private": "eyJlMmJmYjczMC1lY2FhLTExZTYtOGY4OC0zNDM2M2JjN2M0YzAiOnsiZGVsZXRlIjo2MDAwMDAwMDAwMDB9fQ==",
          "dependencies": [
            "data.aws_availability_zones.available",
            "module.eks.aws_cloudwatch_log_group.this",
            "module.eks.aws_eks_cluster.this",
            "module.eks.aws_iam_instance_profile.workers",
            "module.eks.aws_iam_role.cluster",
            "module.eks.aws_iam_role.workers",
            "module.eks.aws_iam_role_policy_attachment.cluster_AmazonEKSClusterPolicy",
            "module.eks.aws_iam_role_policy_attachment.cluster_AmazonEKSServicePolicy",
            "module.eks.aws_iam_role_policy_attachment.cluster_AmazonEKSVPCResourceControllerPolicy",
            "module.eks.aws_iam_role_policy_attachment.workers_AmazonEC2ContainerRegistryReadOnly",
            "module.eks.aws_iam_role_policy_attachment.workers_AmazonEKSWorkerNodePolicy",
            "module.eks.aws_iam_role_policy_attachment.workers_AmazonEKS_CNI_Policy",
            "module.eks.aws_iam_role_policy_attachment.workers_additional_policies",
            "module.eks.aws_launch_configuration.workers",
            "module.eks.aws_security_group.cluster",
            "module.eks.aws_security_group.workers",
            "module.eks.aws_security_group_rule.cluster_egress_internet",
            "module.eks.aws_security_group_rule.cluster_https_worker_ingress",
            "module.eks.aws_security_group_rule.cluster_primary_ingress_workers",
            "module.eks.aws_security_group_rule.workers_egress_internet",
            "module.eks.aws_security_group_rule.workers_ingress_cluster",
            "module.eks.aws_security_group_rule.workers_ingress_cluster_https",
            "module.eks.aws_security_group_rule.workers_ingress_cluster_kubelet",
            "module.eks.aws_security_group_rule.workers_ingress_cluster_primary",
            "module.eks.aws_security_group_rule.workers_ingress_self",
            "module.eks.data.aws_ami.eks_worker",
            "module.eks.data.aws_ami.eks_worker_windows",
            "module.eks.data.aws_iam_instance_profile.custom_worker_group_iam_instance_profile",
            "module.eks.data.aws_iam_policy_document.cluster_assume_role_policy",
            "module.eks.data.aws_iam_policy_document.workers_assume_role_policy",
            "module.eks.data.aws_iam_role.custom_cluster_iam_role",
            "module.eks.data.aws_partition.current",
            "module.vpc.aws_cloudwatch_log_group.flow_log",
            "module.vpc.aws_customer_gateway.this",
            "module.vpc.aws_db_subnet_group.database",
            "module.vpc.aws_default_network_acl.this",
            "module.vpc.aws_default_route_table.default",
            "module.vpc.aws_default_security_group.this",
            "module.vpc.aws_default_vpc.this",
            "module.vpc.aws_egress_only_internet_gateway.this",
            "module.vpc.aws_eip.nat",
            "module.vpc.aws_elasticache_subnet_group.elasticache",
            "module.vpc.aws_flow_log.this",
            "module.vpc.aws_iam_policy.vpc_flow_log_cloudwatch",
            "module.vpc.aws_iam_role.vpc_flow_log_cloudwatch",
            "module.vpc.aws_iam_role_policy_attachment.vpc_flow_log_cloudwatch",
            "module.vpc.aws_internet_gateway.this",
            "module.vpc.aws_nat_gateway.this",
            "module.vpc.aws_network_acl.database",
            "module.vpc.aws_network_acl.elasticache",
            "module.vpc.aws_network_acl.intra",
            "module.vpc.aws_network_acl.outpost",
            "module.vpc.aws_network_acl.private",
            "module.vpc.aws_network_acl.public",
            "module.vpc.aws_network_acl.redshift",
            "module.vpc.aws_network_acl_rule.database_inbound",
            "module.vpc.aws_network_acl_rule.database_outbound",
            "module.vpc.aws_network_acl_rule.elasticache_inbound",
            "module.vpc.aws_network_acl_rule.elasticache_outbound",
            "module.vpc.aws_network_acl_rule.intra_inbound",
            "module.vpc.aws_network_acl_rule.intra_outbound",
            "module.vpc.aws_network_acl_rule.outpost_inbound",
            "module.vpc.aws_network_acl_rule.outpost_outbound",
            "module.vpc.aws_network_acl_rule.private_inbound",
            "module.vpc.aws_network_acl_rule.private_outbound",
            "module.vpc.aws_network_acl_rule.public_inbound",
            "module.vpc.aws_network_acl_rule.public_outbound",
            "module.vpc.aws_network_acl_rule.redshift_inbound",
            "module.vpc.aws_network_acl_rule.redshift_outbound",
            "module.vpc.aws_redshift_subnet_group.redshift",
            "module.vpc.aws_route.database_internet_gateway",
            "module.vpc.aws_route.database_ipv6_egress",
            "module.vpc.aws_route.database_nat_gateway",
            "module.vpc.aws_route.private_ipv6_egress",
            "module.vpc.aws_route.private_nat_gateway",
            "module.vpc.aws_route.public_internet_gateway",
            "module.vpc.aws_route.public_internet_gateway_ipv6",
            "module.vpc.aws_route_table.database",
            "module.vpc.aws_route_table.elasticache",
            "module.vpc.aws_route_table.intra",
            "module.vpc.aws_route_table.private",
            "module.vpc.aws_route_table.public",
            "module.vpc.aws_route_table.redshift",
            "module.vpc.aws_route_table_association.database",
            "module.vpc.aws_route_table_association.elasticache",
            "module.vpc.aws_route_table_association.intra",
            "module.vpc.aws_route_table_association.outpost",
            "module.vpc.aws_route_table_association.private",
            "module.vpc.aws_route_table_association.public",
            "module.vpc.aws_route_table_association.redshift",
            "module.vpc.aws_route_table_association.redshift_public",
            "module.vpc.aws_subnet.database",
            "module.vpc.aws_subnet.elasticache",
            "module.vpc.aws_subnet.intra",
            "module.vpc.aws_subnet.outpost",
            "module.vpc.aws_subnet.private",
            "module.vpc.aws_subnet.public",
            "module.vpc.aws_subnet.redshift",
            "module.vpc.aws_vpc.this",
            "module.vpc.aws_vpc_dhcp_options.this",
            "module.vpc.aws_vpc_dhcp_options_association.this",
            "module.vpc.aws_vpc_ipv4_cidr_block_association.this",
            "module.vpc.aws_vpn_gateway.this",
            "module.vpc.aws_vpn_gateway_attachment.this",
            "module.vpc.aws_vpn_gateway_route_propagation.intra",
            "module.vpc.aws_vpn_gateway_route_propagation.private",
            "module.vpc.aws_vpn_gateway_route_propagation.public",
            "module.vpc.data.aws_iam_policy_document.flow_log_cloudwatch_assume_role",
            "module.vpc.data.aws_iam_policy_document.vpc_flow_log_cloudwatch",
            "random_id.cluster-suffix"
          ],
          "create_before_destroy": true
        }
      ]
    },
    {
      "module": "module.eks",
      "mode": "managed",
      "type": "aws_eks_cluster",
      "name": "this",
      "provider": "provider[\"registry.terraform.io/hashicorp/aws\"]",
      "instances": [
        {
          "index_key": 0,
          "schema_version": 0,
          "attributes": {
            "arn": "arn:aws:eks:us-west-2:100072912756:cluster/swimstack-Cg",
            "certificate_authority": [
              {
                "data": "LS0tLS1CRUdJTiBDRVJUSUZJQ0FURS0tLS0tCk1JSUM1ekNDQWMrZ0F3SUJBZ0lCQURBTkJna3Foa2lHOXcwQkFRc0ZBREFWTVJNd0VRWURWUVFERXdwcmRXSmwKY201bGRHVnpNQjRYRFRJeE1Ea3lOREF4TVRVME9Wb1hEVE14TURreU1qQXhNVFUwT1Zvd0ZURVRNQkVHQTFVRQpBeE1LYTNWaVpYSnVaWFJsY3pDQ0FTSXdEUVlKS29aSWh2Y05BUUVCQlFBRGdnRVBBRENDQVFvQ2dnRUJBTGJSCkd5RnA5UnRJNjNFbmNRMkduVlZQNnpPOUV3WmFFUTU4Rk1lcEw4KzB5OHRpR3FwY25EbEdTT1dZWXo0WVBBQWsKbi9tYm1ON1EyOUNsTzFOdWwwWjg5S29WWHB5S3czUmJ2cEp0cFFiUHg0Y1UvOW9zUXYzbURLdDZrL0lvN00ycgpoOTBpR0FNM3pNZHhBS3BncDBCQytRQ0JRNXVvUWg3Ym0yMWxBZUpCN016N3ZCL3VjOFdIaVh0Z21yeld3bFovCkZMSWhQZHhBVHFFNTZSMFllVlREeS9oaDl1NHpGSTRMU29XbkhNNHFMODRlbDZOZXp4cTNNdDRIdkdxeS9SRnUKcVppczJQM2o1elJWaDV5TkJBcHh4bTRYVlpkQjJZVU5MMkdxOVdydGk3eDluZXFPUWhWb2pZWUJ6aEdML2RLKwpTZkJXOWRPejhSQU0zamYrS3JVQ0F3RUFBYU5DTUVBd0RnWURWUjBQQVFIL0JBUURBZ0trTUE4R0ExVWRFd0VCCi93UUZNQU1CQWY4d0hRWURWUjBPQkJZRUZOc1ZhUFBERkc2M084cGUrL2RuT3lrL0VwOGtNQTBHQ1NxR1NJYjMKRFFFQkN3VUFBNElCQVFCWG5mVG4xWk1IaGt5Q3ZVTFJESGRFdGJmTnU0YXB1bnk5eDlJK3NCcER0YVFoWnlldQpTSkl2YnRVeWdlOXNBZEhYajBvck1uR0p5NkdTTlUwclEzVFIycVdCNTlhZ1N1NU5SNi9LcjliTURSVUlVYXd3CmdDWUFBZmJxY0lLU1U1bkU5dlhjRGZodFlyNXpnMCtOZlp1cnZkWGVvK1lpL2RPN2djKzFKTlZDREEvMFZvTVcKbUUxd0RpOU5JaHIvejRqa05GcnhmcUl4ekpzWldJZVkySW1wamJMdEJJWmVFQUZSOEhqZ2prNzhxWk5sNC9NLwpQRDU0RmRhU1JZK3A1eVBudmwzMHRMMDFaNDVvWGRQV3QrMFkzMjhMTHd4ZXcwOW9yY3JiT1d1OTNNd2FTY1dNCmJDTjVjOU1tbldqbmNBRTA1STFzQXdDR1k5SXQvY1hOdEczWgotLS0tLUVORCBDRVJUSUZJQ0FURS0tLS0tCg=="
              }
            ],
            "created_at": "2021-09-24 01:09:06.043 +0000 UTC",
            "enabled_cluster_log_types": null,
            "encryption_config": [],
            "endpoint": "https://08AC8DEE9EAF63392FAA2F7CBBD5D151.gr7.us-west-2.eks.amazonaws.com",
            "id": "swimstack-Cg",
            "identity": [
              {
                "oidc": [
                  {
                    "issuer": "https://oidc.eks.us-west-2.amazonaws.com/id/08AC8DEE9EAF63392FAA2F7CBBD5D151"
                  }
                ]
              }
            ],
            "kubernetes_network_config": [
              {
                "service_ipv4_cidr": "172.20.0.0/16"
              }
            ],
            "name": "swimstack-Cg",
            "platform_version": "eks.2",
            "role_arn": "arn:aws:iam::100072912756:role/swimstack-Cg20210924010900792500000003",
            "status": "ACTIVE",
            "tags": {
              "Environment": "swimstack"
            },
            "tags_all": {
              "Environment": "swimstack"
            },
            "timeouts": {
              "create": "30m",
              "delete": "15m",
              "update": "60m"
            },
            "version": "1.21",
            "vpc_config": [
              {
                "cluster_security_group_id": "sg-0e057bf64f2f1631f",
                "endpoint_private_access": false,
                "endpoint_public_access": true,
                "public_access_cidrs": [
                  "0.0.0.0/0"
                ],
                "security_group_ids": [
                  "sg-0bc2ce99f41049f5a"
                ],
                "subnet_ids": [
                  "subnet-0169f8679038e22ec",
                  "subnet-03e68b3ab00c2c270",
                  "subnet-088145e863c945c40"
                ],
                "vpc_id": "vpc-0be2cf936ff8e3417"
              }
            ]
          },
          "sensitive_attributes": [],
          "private": "eyJlMmJmYjczMC1lY2FhLTExZTYtOGY4OC0zNDM2M2JjN2M0YzAiOnsiY3JlYXRlIjoxODAwMDAwMDAwMDAwLCJkZWxldGUiOjkwMDAwMDAwMDAwMCwidXBkYXRlIjozNjAwMDAwMDAwMDAwfX0=",
          "dependencies": [
            "data.aws_availability_zones.available",
            "module.eks.aws_cloudwatch_log_group.this",
            "module.eks.aws_iam_role.cluster",
            "module.eks.aws_iam_role_policy_attachment.cluster_AmazonEKSClusterPolicy",
            "module.eks.aws_iam_role_policy_attachment.cluster_AmazonEKSServicePolicy",
            "module.eks.aws_iam_role_policy_attachment.cluster_AmazonEKSVPCResourceControllerPolicy",
            "module.eks.aws_security_group.cluster",
            "module.eks.aws_security_group.workers",
            "module.eks.aws_security_group_rule.cluster_egress_internet",
            "module.eks.aws_security_group_rule.cluster_https_worker_ingress",
            "module.eks.data.aws_iam_policy_document.cluster_assume_role_policy",
            "module.eks.data.aws_iam_role.custom_cluster_iam_role",
            "module.eks.data.aws_partition.current",
            "module.vpc.aws_cloudwatch_log_group.flow_log",
            "module.vpc.aws_customer_gateway.this",
            "module.vpc.aws_db_subnet_group.database",
            "module.vpc.aws_default_network_acl.this",
            "module.vpc.aws_default_route_table.default",
            "module.vpc.aws_default_security_group.this",
            "module.vpc.aws_default_vpc.this",
            "module.vpc.aws_egress_only_internet_gateway.this",
            "module.vpc.aws_eip.nat",
            "module.vpc.aws_elasticache_subnet_group.elasticache",
            "module.vpc.aws_flow_log.this",
            "module.vpc.aws_iam_policy.vpc_flow_log_cloudwatch",
            "module.vpc.aws_iam_role.vpc_flow_log_cloudwatch",
            "module.vpc.aws_iam_role_policy_attachment.vpc_flow_log_cloudwatch",
            "module.vpc.aws_internet_gateway.this",
            "module.vpc.aws_nat_gateway.this",
            "module.vpc.aws_network_acl.database",
            "module.vpc.aws_network_acl.elasticache",
            "module.vpc.aws_network_acl.intra",
            "module.vpc.aws_network_acl.outpost",
            "module.vpc.aws_network_acl.private",
            "module.vpc.aws_network_acl.public",
            "module.vpc.aws_network_acl.redshift",
            "module.vpc.aws_network_acl_rule.database_inbound",
            "module.vpc.aws_network_acl_rule.database_outbound",
            "module.vpc.aws_network_acl_rule.elasticache_inbound",
            "module.vpc.aws_network_acl_rule.elasticache_outbound",
            "module.vpc.aws_network_acl_rule.intra_inbound",
            "module.vpc.aws_network_acl_rule.intra_outbound",
            "module.vpc.aws_network_acl_rule.outpost_inbound",
            "module.vpc.aws_network_acl_rule.outpost_outbound",
            "module.vpc.aws_network_acl_rule.private_inbound",
            "module.vpc.aws_network_acl_rule.private_outbound",
            "module.vpc.aws_network_acl_rule.public_inbound",
            "module.vpc.aws_network_acl_rule.public_outbound",
            "module.vpc.aws_network_acl_rule.redshift_inbound",
            "module.vpc.aws_network_acl_rule.redshift_outbound",
            "module.vpc.aws_redshift_subnet_group.redshift",
            "module.vpc.aws_route.database_internet_gateway",
            "module.vpc.aws_route.database_ipv6_egress",
            "module.vpc.aws_route.database_nat_gateway",
            "module.vpc.aws_route.private_ipv6_egress",
            "module.vpc.aws_route.private_nat_gateway",
            "module.vpc.aws_route.public_internet_gateway",
            "module.vpc.aws_route.public_internet_gateway_ipv6",
            "module.vpc.aws_route_table.database",
            "module.vpc.aws_route_table.elasticache",
            "module.vpc.aws_route_table.intra",
            "module.vpc.aws_route_table.private",
            "module.vpc.aws_route_table.public",
            "module.vpc.aws_route_table.redshift",
            "module.vpc.aws_route_table_association.database",
            "module.vpc.aws_route_table_association.elasticache",
            "module.vpc.aws_route_table_association.intra",
            "module.vpc.aws_route_table_association.outpost",
            "module.vpc.aws_route_table_association.private",
            "module.vpc.aws_route_table_association.public",
            "module.vpc.aws_route_table_association.redshift",
            "module.vpc.aws_route_table_association.redshift_public",
            "module.vpc.aws_subnet.database",
            "module.vpc.aws_subnet.elasticache",
            "module.vpc.aws_subnet.intra",
            "module.vpc.aws_subnet.outpost",
            "module.vpc.aws_subnet.private",
            "module.vpc.aws_subnet.public",
            "module.vpc.aws_subnet.redshift",
            "module.vpc.aws_vpc.this",
            "module.vpc.aws_vpc_dhcp_options.this",
            "module.vpc.aws_vpc_dhcp_options_association.this",
            "module.vpc.aws_vpc_ipv4_cidr_block_association.this",
            "module.vpc.aws_vpn_gateway.this",
            "module.vpc.aws_vpn_gateway_attachment.this",
            "module.vpc.aws_vpn_gateway_route_propagation.intra",
            "module.vpc.aws_vpn_gateway_route_propagation.private",
            "module.vpc.aws_vpn_gateway_route_propagation.public",
            "module.vpc.data.aws_iam_policy_document.flow_log_cloudwatch_assume_role",
            "module.vpc.data.aws_iam_policy_document.vpc_flow_log_cloudwatch",
            "random_id.cluster-suffix"
          ],
          "create_before_destroy": true
        }
      ]
    },
    {
      "module": "module.eks",
      "mode": "managed",
      "type": "aws_iam_instance_profile",
      "name": "workers",
      "provider": "provider[\"registry.terraform.io/hashicorp/aws\"]",
      "instances": [
        {
          "index_key": 0,
          "schema_version": 0,
          "attributes": {
            "arn": "arn:aws:iam::100072912756:instance-profile/swimstack-Cg2021092401192927330000000a",
            "create_date": "2021-09-24T01:19:29Z",
            "id": "swimstack-Cg2021092401192927330000000a",
            "name": "swimstack-Cg2021092401192927330000000a",
            "name_prefix": "swimstack-Cg",
            "path": "/",
            "role": "swimstack-Cg20210924011927216200000009",
            "tags": {
              "Environment": "swimstack"
            },
            "tags_all": {
              "Environment": "swimstack"
            },
            "unique_id": "AIPAROTGPO52DUNSF7HKW"
          },
          "sensitive_attributes": [],
          "private": "bnVsbA==",
          "dependencies": [
            "data.aws_availability_zones.available",
            "module.eks.aws_cloudwatch_log_group.this",
            "module.eks.aws_eks_cluster.this",
            "module.eks.aws_iam_role.cluster",
            "module.eks.aws_iam_role.workers",
            "module.eks.aws_iam_role_policy_attachment.cluster_AmazonEKSClusterPolicy",
            "module.eks.aws_iam_role_policy_attachment.cluster_AmazonEKSServicePolicy",
            "module.eks.aws_iam_role_policy_attachment.cluster_AmazonEKSVPCResourceControllerPolicy",
            "module.eks.aws_security_group.cluster",
            "module.eks.aws_security_group.workers",
            "module.eks.aws_security_group_rule.cluster_egress_internet",
            "module.eks.aws_security_group_rule.cluster_https_worker_ingress",
            "module.eks.data.aws_iam_policy_document.cluster_assume_role_policy",
            "module.eks.data.aws_iam_policy_document.workers_assume_role_policy",
            "module.eks.data.aws_iam_role.custom_cluster_iam_role",
            "module.eks.data.aws_partition.current",
            "module.vpc.aws_cloudwatch_log_group.flow_log",
            "module.vpc.aws_customer_gateway.this",
            "module.vpc.aws_db_subnet_group.database",
            "module.vpc.aws_default_network_acl.this",
            "module.vpc.aws_default_route_table.default",
            "module.vpc.aws_default_security_group.this",
            "module.vpc.aws_default_vpc.this",
            "module.vpc.aws_egress_only_internet_gateway.this",
            "module.vpc.aws_eip.nat",
            "module.vpc.aws_elasticache_subnet_group.elasticache",
            "module.vpc.aws_flow_log.this",
            "module.vpc.aws_iam_policy.vpc_flow_log_cloudwatch",
            "module.vpc.aws_iam_role.vpc_flow_log_cloudwatch",
            "module.vpc.aws_iam_role_policy_attachment.vpc_flow_log_cloudwatch",
            "module.vpc.aws_internet_gateway.this",
            "module.vpc.aws_nat_gateway.this",
            "module.vpc.aws_network_acl.database",
            "module.vpc.aws_network_acl.elasticache",
            "module.vpc.aws_network_acl.intra",
            "module.vpc.aws_network_acl.outpost",
            "module.vpc.aws_network_acl.private",
            "module.vpc.aws_network_acl.public",
            "module.vpc.aws_network_acl.redshift",
            "module.vpc.aws_network_acl_rule.database_inbound",
            "module.vpc.aws_network_acl_rule.database_outbound",
            "module.vpc.aws_network_acl_rule.elasticache_inbound",
            "module.vpc.aws_network_acl_rule.elasticache_outbound",
            "module.vpc.aws_network_acl_rule.intra_inbound",
            "module.vpc.aws_network_acl_rule.intra_outbound",
            "module.vpc.aws_network_acl_rule.outpost_inbound",
            "module.vpc.aws_network_acl_rule.outpost_outbound",
            "module.vpc.aws_network_acl_rule.private_inbound",
            "module.vpc.aws_network_acl_rule.private_outbound",
            "module.vpc.aws_network_acl_rule.public_inbound",
            "module.vpc.aws_network_acl_rule.public_outbound",
            "module.vpc.aws_network_acl_rule.redshift_inbound",
            "module.vpc.aws_network_acl_rule.redshift_outbound",
            "module.vpc.aws_redshift_subnet_group.redshift",
            "module.vpc.aws_route.database_internet_gateway",
            "module.vpc.aws_route.database_ipv6_egress",
            "module.vpc.aws_route.database_nat_gateway",
            "module.vpc.aws_route.private_ipv6_egress",
            "module.vpc.aws_route.private_nat_gateway",
            "module.vpc.aws_route.public_internet_gateway",
            "module.vpc.aws_route.public_internet_gateway_ipv6",
            "module.vpc.aws_route_table.database",
            "module.vpc.aws_route_table.elasticache",
            "module.vpc.aws_route_table.intra",
            "module.vpc.aws_route_table.private",
            "module.vpc.aws_route_table.public",
            "module.vpc.aws_route_table.redshift",
            "module.vpc.aws_route_table_association.database",
            "module.vpc.aws_route_table_association.elasticache",
            "module.vpc.aws_route_table_association.intra",
            "module.vpc.aws_route_table_association.outpost",
            "module.vpc.aws_route_table_association.private",
            "module.vpc.aws_route_table_association.public",
            "module.vpc.aws_route_table_association.redshift",
            "module.vpc.aws_route_table_association.redshift_public",
            "module.vpc.aws_subnet.database",
            "module.vpc.aws_subnet.elasticache",
            "module.vpc.aws_subnet.intra",
            "module.vpc.aws_subnet.outpost",
            "module.vpc.aws_subnet.private",
            "module.vpc.aws_subnet.public",
            "module.vpc.aws_subnet.redshift",
            "module.vpc.aws_vpc.this",
            "module.vpc.aws_vpc_dhcp_options.this",
            "module.vpc.aws_vpc_dhcp_options_association.this",
            "module.vpc.aws_vpc_ipv4_cidr_block_association.this",
            "module.vpc.aws_vpn_gateway.this",
            "module.vpc.aws_vpn_gateway_attachment.this",
            "module.vpc.aws_vpn_gateway_route_propagation.intra",
            "module.vpc.aws_vpn_gateway_route_propagation.private",
            "module.vpc.aws_vpn_gateway_route_propagation.public",
            "module.vpc.data.aws_iam_policy_document.flow_log_cloudwatch_assume_role",
            "module.vpc.data.aws_iam_policy_document.vpc_flow_log_cloudwatch",
            "random_id.cluster-suffix"
          ],
          "create_before_destroy": true
        }
      ]
    },
    {
      "module": "module.eks",
      "mode": "managed",
      "type": "aws_iam_policy",
      "name": "cluster_elb_sl_role_creation",
      "provider": "provider[\"registry.terraform.io/hashicorp/aws\"]",
      "instances": [
        {
          "index_key": 0,
          "schema_version": 0,
          "attributes": {
            "arn": "arn:aws:iam::100072912756:policy/swimstack-Cg-elb-sl-role-creation20210924010900796100000004",
            "description": "Permissions for EKS to create AWSServiceRoleForElasticLoadBalancing service-linked role",
            "id": "arn:aws:iam::100072912756:policy/swimstack-Cg-elb-sl-role-creation20210924010900796100000004",
            "name": "swimstack-Cg-elb-sl-role-creation20210924010900796100000004",
            "name_prefix": "swimstack-Cg-elb-sl-role-creation",
            "path": "/",
            "policy": "{\n  \"Version\": \"2012-10-17\",\n  \"Statement\": [\n    {\n      \"Sid\": \"\",\n      \"Effect\": \"Allow\",\n      \"Action\": [\n        \"ec2:DescribeInternetGateways\",\n        \"ec2:DescribeAddresses\",\n        \"ec2:DescribeAccountAttributes\"\n      ],\n      \"Resource\": \"*\"\n    }\n  ]\n}",
            "policy_id": "ANPAROTGPO52FLXPV4N6B",
            "tags": {
              "Environment": "swimstack"
            },
            "tags_all": {
              "Environment": "swimstack"
            }
          },
          "sensitive_attributes": [],
          "private": "bnVsbA==",
          "dependencies": [
            "data.aws_availability_zones.available",
            "module.eks.data.aws_iam_policy_document.cluster_elb_sl_role_creation",
            "module.vpc.aws_cloudwatch_log_group.flow_log",
            "module.vpc.aws_customer_gateway.this",
            "module.vpc.aws_db_subnet_group.database",
            "module.vpc.aws_default_network_acl.this",
            "module.vpc.aws_default_route_table.default",
            "module.vpc.aws_default_security_group.this",
            "module.vpc.aws_default_vpc.this",
            "module.vpc.aws_egress_only_internet_gateway.this",
            "module.vpc.aws_eip.nat",
            "module.vpc.aws_elasticache_subnet_group.elasticache",
            "module.vpc.aws_flow_log.this",
            "module.vpc.aws_iam_policy.vpc_flow_log_cloudwatch",
            "module.vpc.aws_iam_role.vpc_flow_log_cloudwatch",
            "module.vpc.aws_iam_role_policy_attachment.vpc_flow_log_cloudwatch",
            "module.vpc.aws_internet_gateway.this",
            "module.vpc.aws_nat_gateway.this",
            "module.vpc.aws_network_acl.database",
            "module.vpc.aws_network_acl.elasticache",
            "module.vpc.aws_network_acl.intra",
            "module.vpc.aws_network_acl.outpost",
            "module.vpc.aws_network_acl.private",
            "module.vpc.aws_network_acl.public",
            "module.vpc.aws_network_acl.redshift",
            "module.vpc.aws_network_acl_rule.database_inbound",
            "module.vpc.aws_network_acl_rule.database_outbound",
            "module.vpc.aws_network_acl_rule.elasticache_inbound",
            "module.vpc.aws_network_acl_rule.elasticache_outbound",
            "module.vpc.aws_network_acl_rule.intra_inbound",
            "module.vpc.aws_network_acl_rule.intra_outbound",
            "module.vpc.aws_network_acl_rule.outpost_inbound",
            "module.vpc.aws_network_acl_rule.outpost_outbound",
            "module.vpc.aws_network_acl_rule.private_inbound",
            "module.vpc.aws_network_acl_rule.private_outbound",
            "module.vpc.aws_network_acl_rule.public_inbound",
            "module.vpc.aws_network_acl_rule.public_outbound",
            "module.vpc.aws_network_acl_rule.redshift_inbound",
            "module.vpc.aws_network_acl_rule.redshift_outbound",
            "module.vpc.aws_redshift_subnet_group.redshift",
            "module.vpc.aws_route.database_internet_gateway",
            "module.vpc.aws_route.database_ipv6_egress",
            "module.vpc.aws_route.database_nat_gateway",
            "module.vpc.aws_route.private_ipv6_egress",
            "module.vpc.aws_route.private_nat_gateway",
            "module.vpc.aws_route.public_internet_gateway",
            "module.vpc.aws_route.public_internet_gateway_ipv6",
            "module.vpc.aws_route_table.database",
            "module.vpc.aws_route_table.elasticache",
            "module.vpc.aws_route_table.intra",
            "module.vpc.aws_route_table.private",
            "module.vpc.aws_route_table.public",
            "module.vpc.aws_route_table.redshift",
            "module.vpc.aws_route_table_association.database",
            "module.vpc.aws_route_table_association.elasticache",
            "module.vpc.aws_route_table_association.intra",
            "module.vpc.aws_route_table_association.outpost",
            "module.vpc.aws_route_table_association.private",
            "module.vpc.aws_route_table_association.public",
            "module.vpc.aws_route_table_association.redshift",
            "module.vpc.aws_route_table_association.redshift_public",
            "module.vpc.aws_subnet.database",
            "module.vpc.aws_subnet.elasticache",
            "module.vpc.aws_subnet.intra",
            "module.vpc.aws_subnet.outpost",
            "module.vpc.aws_subnet.private",
            "module.vpc.aws_subnet.public",
            "module.vpc.aws_subnet.redshift",
            "module.vpc.aws_vpc.this",
            "module.vpc.aws_vpc_dhcp_options.this",
            "module.vpc.aws_vpc_dhcp_options_association.this",
            "module.vpc.aws_vpc_ipv4_cidr_block_association.this",
            "module.vpc.aws_vpn_gateway.this",
            "module.vpc.aws_vpn_gateway_attachment.this",
            "module.vpc.aws_vpn_gateway_route_propagation.intra",
            "module.vpc.aws_vpn_gateway_route_propagation.private",
            "module.vpc.aws_vpn_gateway_route_propagation.public",
            "module.vpc.data.aws_iam_policy_document.flow_log_cloudwatch_assume_role",
            "module.vpc.data.aws_iam_policy_document.vpc_flow_log_cloudwatch",
            "random_id.cluster-suffix"
          ]
        }
      ]
    },
    {
      "module": "module.eks",
      "mode": "managed",
      "type": "aws_iam_role",
      "name": "cluster",
      "provider": "provider[\"registry.terraform.io/hashicorp/aws\"]",
      "instances": [
        {
          "index_key": 0,
          "schema_version": 0,
          "attributes": {
            "arn": "arn:aws:iam::100072912756:role/swimstack-Cg20210924010900792500000003",
            "assume_role_policy": "{\"Version\":\"2012-10-17\",\"Statement\":[{\"Sid\":\"EKSClusterAssumeRole\",\"Effect\":\"Allow\",\"Principal\":{\"Service\":\"eks.amazonaws.com\"},\"Action\":\"sts:AssumeRole\"}]}",
            "create_date": "2021-09-24T01:09:01Z",
            "description": "",
            "force_detach_policies": true,
            "id": "swimstack-Cg20210924010900792500000003",
            "inline_policy": [
              {
                "name": "",
                "policy": ""
              }
            ],
            "managed_policy_arns": [],
            "max_session_duration": 3600,
            "name": "swimstack-Cg20210924010900792500000003",
            "name_prefix": "swimstack-Cg",
            "path": "/",
            "permissions_boundary": null,
            "tags": {
              "Environment": "swimstack"
            },
            "tags_all": {
              "Environment": "swimstack"
            },
            "unique_id": "AROAROTGPO52LIAM3ZUOK"
          },
          "sensitive_attributes": [],
          "private": "bnVsbA==",
          "dependencies": [
            "data.aws_availability_zones.available",
            "module.eks.data.aws_iam_policy_document.cluster_assume_role_policy",
            "module.vpc.aws_cloudwatch_log_group.flow_log",
            "module.vpc.aws_customer_gateway.this",
            "module.vpc.aws_db_subnet_group.database",
            "module.vpc.aws_default_network_acl.this",
            "module.vpc.aws_default_route_table.default",
            "module.vpc.aws_default_security_group.this",
            "module.vpc.aws_default_vpc.this",
            "module.vpc.aws_egress_only_internet_gateway.this",
            "module.vpc.aws_eip.nat",
            "module.vpc.aws_elasticache_subnet_group.elasticache",
            "module.vpc.aws_flow_log.this",
            "module.vpc.aws_iam_policy.vpc_flow_log_cloudwatch",
            "module.vpc.aws_iam_role.vpc_flow_log_cloudwatch",
            "module.vpc.aws_iam_role_policy_attachment.vpc_flow_log_cloudwatch",
            "module.vpc.aws_internet_gateway.this",
            "module.vpc.aws_nat_gateway.this",
            "module.vpc.aws_network_acl.database",
            "module.vpc.aws_network_acl.elasticache",
            "module.vpc.aws_network_acl.intra",
            "module.vpc.aws_network_acl.outpost",
            "module.vpc.aws_network_acl.private",
            "module.vpc.aws_network_acl.public",
            "module.vpc.aws_network_acl.redshift",
            "module.vpc.aws_network_acl_rule.database_inbound",
            "module.vpc.aws_network_acl_rule.database_outbound",
            "module.vpc.aws_network_acl_rule.elasticache_inbound",
            "module.vpc.aws_network_acl_rule.elasticache_outbound",
            "module.vpc.aws_network_acl_rule.intra_inbound",
            "module.vpc.aws_network_acl_rule.intra_outbound",
            "module.vpc.aws_network_acl_rule.outpost_inbound",
            "module.vpc.aws_network_acl_rule.outpost_outbound",
            "module.vpc.aws_network_acl_rule.private_inbound",
            "module.vpc.aws_network_acl_rule.private_outbound",
            "module.vpc.aws_network_acl_rule.public_inbound",
            "module.vpc.aws_network_acl_rule.public_outbound",
            "module.vpc.aws_network_acl_rule.redshift_inbound",
            "module.vpc.aws_network_acl_rule.redshift_outbound",
            "module.vpc.aws_redshift_subnet_group.redshift",
            "module.vpc.aws_route.database_internet_gateway",
            "module.vpc.aws_route.database_ipv6_egress",
            "module.vpc.aws_route.database_nat_gateway",
            "module.vpc.aws_route.private_ipv6_egress",
            "module.vpc.aws_route.private_nat_gateway",
            "module.vpc.aws_route.public_internet_gateway",
            "module.vpc.aws_route.public_internet_gateway_ipv6",
            "module.vpc.aws_route_table.database",
            "module.vpc.aws_route_table.elasticache",
            "module.vpc.aws_route_table.intra",
            "module.vpc.aws_route_table.private",
            "module.vpc.aws_route_table.public",
            "module.vpc.aws_route_table.redshift",
            "module.vpc.aws_route_table_association.database",
            "module.vpc.aws_route_table_association.elasticache",
            "module.vpc.aws_route_table_association.intra",
            "module.vpc.aws_route_table_association.outpost",
            "module.vpc.aws_route_table_association.private",
            "module.vpc.aws_route_table_association.public",
            "module.vpc.aws_route_table_association.redshift",
            "module.vpc.aws_route_table_association.redshift_public",
            "module.vpc.aws_subnet.database",
            "module.vpc.aws_subnet.elasticache",
            "module.vpc.aws_subnet.intra",
            "module.vpc.aws_subnet.outpost",
            "module.vpc.aws_subnet.private",
            "module.vpc.aws_subnet.public",
            "module.vpc.aws_subnet.redshift",
            "module.vpc.aws_vpc.this",
            "module.vpc.aws_vpc_dhcp_options.this",
            "module.vpc.aws_vpc_dhcp_options_association.this",
            "module.vpc.aws_vpc_ipv4_cidr_block_association.this",
            "module.vpc.aws_vpn_gateway.this",
            "module.vpc.aws_vpn_gateway_attachment.this",
            "module.vpc.aws_vpn_gateway_route_propagation.intra",
            "module.vpc.aws_vpn_gateway_route_propagation.private",
            "module.vpc.aws_vpn_gateway_route_propagation.public",
            "module.vpc.data.aws_iam_policy_document.flow_log_cloudwatch_assume_role",
            "module.vpc.data.aws_iam_policy_document.vpc_flow_log_cloudwatch",
            "random_id.cluster-suffix"
          ],
          "create_before_destroy": true
        }
      ]
    },
    {
      "module": "module.eks",
      "mode": "managed",
      "type": "aws_iam_role",
      "name": "workers",
      "provider": "provider[\"registry.terraform.io/hashicorp/aws\"]",
      "instances": [
        {
          "index_key": 0,
          "schema_version": 0,
          "attributes": {
            "arn": "arn:aws:iam::100072912756:role/swimstack-Cg20210924011927216200000009",
            "assume_role_policy": "{\"Version\":\"2012-10-17\",\"Statement\":[{\"Sid\":\"EKSWorkerAssumeRole\",\"Effect\":\"Allow\",\"Principal\":{\"Service\":\"ec2.amazonaws.com\"},\"Action\":\"sts:AssumeRole\"}]}",
            "create_date": "2021-09-24T01:19:27Z",
            "description": "",
            "force_detach_policies": true,
            "id": "swimstack-Cg20210924011927216200000009",
            "inline_policy": [
              {
                "name": "",
                "policy": ""
              }
            ],
            "managed_policy_arns": [],
            "max_session_duration": 3600,
            "name": "swimstack-Cg20210924011927216200000009",
            "name_prefix": "swimstack-Cg",
            "path": "/",
            "permissions_boundary": null,
            "tags": {
              "Environment": "swimstack"
            },
            "tags_all": {
              "Environment": "swimstack"
            },
            "unique_id": "AROAROTGPO52JOHU2P445"
          },
          "sensitive_attributes": [],
          "private": "bnVsbA==",
          "dependencies": [
            "data.aws_availability_zones.available",
            "module.eks.aws_cloudwatch_log_group.this",
            "module.eks.aws_eks_cluster.this",
            "module.eks.aws_iam_role.cluster",
            "module.eks.aws_iam_role_policy_attachment.cluster_AmazonEKSClusterPolicy",
            "module.eks.aws_iam_role_policy_attachment.cluster_AmazonEKSServicePolicy",
            "module.eks.aws_iam_role_policy_attachment.cluster_AmazonEKSVPCResourceControllerPolicy",
            "module.eks.aws_security_group.cluster",
            "module.eks.aws_security_group.workers",
            "module.eks.aws_security_group_rule.cluster_egress_internet",
            "module.eks.aws_security_group_rule.cluster_https_worker_ingress",
            "module.eks.data.aws_iam_policy_document.cluster_assume_role_policy",
            "module.eks.data.aws_iam_policy_document.workers_assume_role_policy",
            "module.eks.data.aws_iam_role.custom_cluster_iam_role",
            "module.eks.data.aws_partition.current",
            "module.vpc.aws_cloudwatch_log_group.flow_log",
            "module.vpc.aws_customer_gateway.this",
            "module.vpc.aws_db_subnet_group.database",
            "module.vpc.aws_default_network_acl.this",
            "module.vpc.aws_default_route_table.default",
            "module.vpc.aws_default_security_group.this",
            "module.vpc.aws_default_vpc.this",
            "module.vpc.aws_egress_only_internet_gateway.this",
            "module.vpc.aws_eip.nat",
            "module.vpc.aws_elasticache_subnet_group.elasticache",
            "module.vpc.aws_flow_log.this",
            "module.vpc.aws_iam_policy.vpc_flow_log_cloudwatch",
            "module.vpc.aws_iam_role.vpc_flow_log_cloudwatch",
            "module.vpc.aws_iam_role_policy_attachment.vpc_flow_log_cloudwatch",
            "module.vpc.aws_internet_gateway.this",
            "module.vpc.aws_nat_gateway.this",
            "module.vpc.aws_network_acl.database",
            "module.vpc.aws_network_acl.elasticache",
            "module.vpc.aws_network_acl.intra",
            "module.vpc.aws_network_acl.outpost",
            "module.vpc.aws_network_acl.private",
            "module.vpc.aws_network_acl.public",
            "module.vpc.aws_network_acl.redshift",
            "module.vpc.aws_network_acl_rule.database_inbound",
            "module.vpc.aws_network_acl_rule.database_outbound",
            "module.vpc.aws_network_acl_rule.elasticache_inbound",
            "module.vpc.aws_network_acl_rule.elasticache_outbound",
            "module.vpc.aws_network_acl_rule.intra_inbound",
            "module.vpc.aws_network_acl_rule.intra_outbound",
            "module.vpc.aws_network_acl_rule.outpost_inbound",
            "module.vpc.aws_network_acl_rule.outpost_outbound",
            "module.vpc.aws_network_acl_rule.private_inbound",
            "module.vpc.aws_network_acl_rule.private_outbound",
            "module.vpc.aws_network_acl_rule.public_inbound",
            "module.vpc.aws_network_acl_rule.public_outbound",
            "module.vpc.aws_network_acl_rule.redshift_inbound",
            "module.vpc.aws_network_acl_rule.redshift_outbound",
            "module.vpc.aws_redshift_subnet_group.redshift",
            "module.vpc.aws_route.database_internet_gateway",
            "module.vpc.aws_route.database_ipv6_egress",
            "module.vpc.aws_route.database_nat_gateway",
            "module.vpc.aws_route.private_ipv6_egress",
            "module.vpc.aws_route.private_nat_gateway",
            "module.vpc.aws_route.public_internet_gateway",
            "module.vpc.aws_route.public_internet_gateway_ipv6",
            "module.vpc.aws_route_table.database",
            "module.vpc.aws_route_table.elasticache",
            "module.vpc.aws_route_table.intra",
            "module.vpc.aws_route_table.private",
            "module.vpc.aws_route_table.public",
            "module.vpc.aws_route_table.redshift",
            "module.vpc.aws_route_table_association.database",
            "module.vpc.aws_route_table_association.elasticache",
            "module.vpc.aws_route_table_association.intra",
            "module.vpc.aws_route_table_association.outpost",
            "module.vpc.aws_route_table_association.private",
            "module.vpc.aws_route_table_association.public",
            "module.vpc.aws_route_table_association.redshift",
            "module.vpc.aws_route_table_association.redshift_public",
            "module.vpc.aws_subnet.database",
            "module.vpc.aws_subnet.elasticache",
            "module.vpc.aws_subnet.intra",
            "module.vpc.aws_subnet.outpost",
            "module.vpc.aws_subnet.private",
            "module.vpc.aws_subnet.public",
            "module.vpc.aws_subnet.redshift",
            "module.vpc.aws_vpc.this",
            "module.vpc.aws_vpc_dhcp_options.this",
            "module.vpc.aws_vpc_dhcp_options_association.this",
            "module.vpc.aws_vpc_ipv4_cidr_block_association.this",
            "module.vpc.aws_vpn_gateway.this",
            "module.vpc.aws_vpn_gateway_attachment.this",
            "module.vpc.aws_vpn_gateway_route_propagation.intra",
            "module.vpc.aws_vpn_gateway_route_propagation.private",
            "module.vpc.aws_vpn_gateway_route_propagation.public",
            "module.vpc.data.aws_iam_policy_document.flow_log_cloudwatch_assume_role",
            "module.vpc.data.aws_iam_policy_document.vpc_flow_log_cloudwatch",
            "random_id.cluster-suffix"
          ],
          "create_before_destroy": true
        }
      ]
    },
    {
      "module": "module.eks",
      "mode": "managed",
      "type": "aws_iam_role_policy_attachment",
      "name": "cluster_AmazonEKSClusterPolicy",
      "provider": "provider[\"registry.terraform.io/hashicorp/aws\"]",
      "instances": [
        {
          "index_key": 0,
          "schema_version": 0,
          "attributes": {
            "id": "swimstack-Cg20210924010900792500000003-20210924010903585100000008",
            "policy_arn": "arn:aws:iam::aws:policy/AmazonEKSClusterPolicy",
            "role": "swimstack-Cg20210924010900792500000003"
          },
          "sensitive_attributes": [],
          "private": "bnVsbA==",
          "dependencies": [
            "data.aws_availability_zones.available",
            "module.eks.aws_iam_role.cluster",
            "module.eks.data.aws_iam_policy_document.cluster_assume_role_policy",
            "module.eks.data.aws_partition.current",
            "module.vpc.aws_cloudwatch_log_group.flow_log",
            "module.vpc.aws_customer_gateway.this",
            "module.vpc.aws_db_subnet_group.database",
            "module.vpc.aws_default_network_acl.this",
            "module.vpc.aws_default_route_table.default",
            "module.vpc.aws_default_security_group.this",
            "module.vpc.aws_default_vpc.this",
            "module.vpc.aws_egress_only_internet_gateway.this",
            "module.vpc.aws_eip.nat",
            "module.vpc.aws_elasticache_subnet_group.elasticache",
            "module.vpc.aws_flow_log.this",
            "module.vpc.aws_iam_policy.vpc_flow_log_cloudwatch",
            "module.vpc.aws_iam_role.vpc_flow_log_cloudwatch",
            "module.vpc.aws_iam_role_policy_attachment.vpc_flow_log_cloudwatch",
            "module.vpc.aws_internet_gateway.this",
            "module.vpc.aws_nat_gateway.this",
            "module.vpc.aws_network_acl.database",
            "module.vpc.aws_network_acl.elasticache",
            "module.vpc.aws_network_acl.intra",
            "module.vpc.aws_network_acl.outpost",
            "module.vpc.aws_network_acl.private",
            "module.vpc.aws_network_acl.public",
            "module.vpc.aws_network_acl.redshift",
            "module.vpc.aws_network_acl_rule.database_inbound",
            "module.vpc.aws_network_acl_rule.database_outbound",
            "module.vpc.aws_network_acl_rule.elasticache_inbound",
            "module.vpc.aws_network_acl_rule.elasticache_outbound",
            "module.vpc.aws_network_acl_rule.intra_inbound",
            "module.vpc.aws_network_acl_rule.intra_outbound",
            "module.vpc.aws_network_acl_rule.outpost_inbound",
            "module.vpc.aws_network_acl_rule.outpost_outbound",
            "module.vpc.aws_network_acl_rule.private_inbound",
            "module.vpc.aws_network_acl_rule.private_outbound",
            "module.vpc.aws_network_acl_rule.public_inbound",
            "module.vpc.aws_network_acl_rule.public_outbound",
            "module.vpc.aws_network_acl_rule.redshift_inbound",
            "module.vpc.aws_network_acl_rule.redshift_outbound",
            "module.vpc.aws_redshift_subnet_group.redshift",
            "module.vpc.aws_route.database_internet_gateway",
            "module.vpc.aws_route.database_ipv6_egress",
            "module.vpc.aws_route.database_nat_gateway",
            "module.vpc.aws_route.private_ipv6_egress",
            "module.vpc.aws_route.private_nat_gateway",
            "module.vpc.aws_route.public_internet_gateway",
            "module.vpc.aws_route.public_internet_gateway_ipv6",
            "module.vpc.aws_route_table.database",
            "module.vpc.aws_route_table.elasticache",
            "module.vpc.aws_route_table.intra",
            "module.vpc.aws_route_table.private",
            "module.vpc.aws_route_table.public",
            "module.vpc.aws_route_table.redshift",
            "module.vpc.aws_route_table_association.database",
            "module.vpc.aws_route_table_association.elasticache",
            "module.vpc.aws_route_table_association.intra",
            "module.vpc.aws_route_table_association.outpost",
            "module.vpc.aws_route_table_association.private",
            "module.vpc.aws_route_table_association.public",
            "module.vpc.aws_route_table_association.redshift",
            "module.vpc.aws_route_table_association.redshift_public",
            "module.vpc.aws_subnet.database",
            "module.vpc.aws_subnet.elasticache",
            "module.vpc.aws_subnet.intra",
            "module.vpc.aws_subnet.outpost",
            "module.vpc.aws_subnet.private",
            "module.vpc.aws_subnet.public",
            "module.vpc.aws_subnet.redshift",
            "module.vpc.aws_vpc.this",
            "module.vpc.aws_vpc_dhcp_options.this",
            "module.vpc.aws_vpc_dhcp_options_association.this",
            "module.vpc.aws_vpc_ipv4_cidr_block_association.this",
            "module.vpc.aws_vpn_gateway.this",
            "module.vpc.aws_vpn_gateway_attachment.this",
            "module.vpc.aws_vpn_gateway_route_propagation.intra",
            "module.vpc.aws_vpn_gateway_route_propagation.private",
            "module.vpc.aws_vpn_gateway_route_propagation.public",
            "module.vpc.data.aws_iam_policy_document.flow_log_cloudwatch_assume_role",
            "module.vpc.data.aws_iam_policy_document.vpc_flow_log_cloudwatch",
            "random_id.cluster-suffix"
          ],
          "create_before_destroy": true
        }
      ]
    },
    {
      "module": "module.eks",
      "mode": "managed",
      "type": "aws_iam_role_policy_attachment",
      "name": "cluster_AmazonEKSServicePolicy",
      "provider": "provider[\"registry.terraform.io/hashicorp/aws\"]",
      "instances": [
        {
          "index_key": 0,
          "schema_version": 0,
          "attributes": {
            "id": "swimstack-Cg20210924010900792500000003-20210924010903579100000007",
            "policy_arn": "arn:aws:iam::aws:policy/AmazonEKSServicePolicy",
            "role": "swimstack-Cg20210924010900792500000003"
          },
          "sensitive_attributes": [],
          "private": "bnVsbA==",
          "dependencies": [
            "data.aws_availability_zones.available",
            "module.eks.aws_iam_role.cluster",
            "module.eks.data.aws_iam_policy_document.cluster_assume_role_policy",
            "module.eks.data.aws_partition.current",
            "module.vpc.aws_cloudwatch_log_group.flow_log",
            "module.vpc.aws_customer_gateway.this",
            "module.vpc.aws_db_subnet_group.database",
            "module.vpc.aws_default_network_acl.this",
            "module.vpc.aws_default_route_table.default",
            "module.vpc.aws_default_security_group.this",
            "module.vpc.aws_default_vpc.this",
            "module.vpc.aws_egress_only_internet_gateway.this",
            "module.vpc.aws_eip.nat",
            "module.vpc.aws_elasticache_subnet_group.elasticache",
            "module.vpc.aws_flow_log.this",
            "module.vpc.aws_iam_policy.vpc_flow_log_cloudwatch",
            "module.vpc.aws_iam_role.vpc_flow_log_cloudwatch",
            "module.vpc.aws_iam_role_policy_attachment.vpc_flow_log_cloudwatch",
            "module.vpc.aws_internet_gateway.this",
            "module.vpc.aws_nat_gateway.this",
            "module.vpc.aws_network_acl.database",
            "module.vpc.aws_network_acl.elasticache",
            "module.vpc.aws_network_acl.intra",
            "module.vpc.aws_network_acl.outpost",
            "module.vpc.aws_network_acl.private",
            "module.vpc.aws_network_acl.public",
            "module.vpc.aws_network_acl.redshift",
            "module.vpc.aws_network_acl_rule.database_inbound",
            "module.vpc.aws_network_acl_rule.database_outbound",
            "module.vpc.aws_network_acl_rule.elasticache_inbound",
            "module.vpc.aws_network_acl_rule.elasticache_outbound",
            "module.vpc.aws_network_acl_rule.intra_inbound",
            "module.vpc.aws_network_acl_rule.intra_outbound",
            "module.vpc.aws_network_acl_rule.outpost_inbound",
            "module.vpc.aws_network_acl_rule.outpost_outbound",
            "module.vpc.aws_network_acl_rule.private_inbound",
            "module.vpc.aws_network_acl_rule.private_outbound",
            "module.vpc.aws_network_acl_rule.public_inbound",
            "module.vpc.aws_network_acl_rule.public_outbound",
            "module.vpc.aws_network_acl_rule.redshift_inbound",
            "module.vpc.aws_network_acl_rule.redshift_outbound",
            "module.vpc.aws_redshift_subnet_group.redshift",
            "module.vpc.aws_route.database_internet_gateway",
            "module.vpc.aws_route.database_ipv6_egress",
            "module.vpc.aws_route.database_nat_gateway",
            "module.vpc.aws_route.private_ipv6_egress",
            "module.vpc.aws_route.private_nat_gateway",
            "module.vpc.aws_route.public_internet_gateway",
            "module.vpc.aws_route.public_internet_gateway_ipv6",
            "module.vpc.aws_route_table.database",
            "module.vpc.aws_route_table.elasticache",
            "module.vpc.aws_route_table.intra",
            "module.vpc.aws_route_table.private",
            "module.vpc.aws_route_table.public",
            "module.vpc.aws_route_table.redshift",
            "module.vpc.aws_route_table_association.database",
            "module.vpc.aws_route_table_association.elasticache",
            "module.vpc.aws_route_table_association.intra",
            "module.vpc.aws_route_table_association.outpost",
            "module.vpc.aws_route_table_association.private",
            "module.vpc.aws_route_table_association.public",
            "module.vpc.aws_route_table_association.redshift",
            "module.vpc.aws_route_table_association.redshift_public",
            "module.vpc.aws_subnet.database",
            "module.vpc.aws_subnet.elasticache",
            "module.vpc.aws_subnet.intra",
            "module.vpc.aws_subnet.outpost",
            "module.vpc.aws_subnet.private",
            "module.vpc.aws_subnet.public",
            "module.vpc.aws_subnet.redshift",
            "module.vpc.aws_vpc.this",
            "module.vpc.aws_vpc_dhcp_options.this",
            "module.vpc.aws_vpc_dhcp_options_association.this",
            "module.vpc.aws_vpc_ipv4_cidr_block_association.this",
            "module.vpc.aws_vpn_gateway.this",
            "module.vpc.aws_vpn_gateway_attachment.this",
            "module.vpc.aws_vpn_gateway_route_propagation.intra",
            "module.vpc.aws_vpn_gateway_route_propagation.private",
            "module.vpc.aws_vpn_gateway_route_propagation.public",
            "module.vpc.data.aws_iam_policy_document.flow_log_cloudwatch_assume_role",
            "module.vpc.data.aws_iam_policy_document.vpc_flow_log_cloudwatch",
            "random_id.cluster-suffix"
          ],
          "create_before_destroy": true
        }
      ]
    },
    {
      "module": "module.eks",
      "mode": "managed",
      "type": "aws_iam_role_policy_attachment",
      "name": "cluster_AmazonEKSVPCResourceControllerPolicy",
      "provider": "provider[\"registry.terraform.io/hashicorp/aws\"]",
      "instances": [
        {
          "index_key": 0,
          "schema_version": 0,
          "attributes": {
            "id": "swimstack-Cg20210924010900792500000003-20210924010903573900000005",
            "policy_arn": "arn:aws:iam::aws:policy/AmazonEKSVPCResourceController",
            "role": "swimstack-Cg20210924010900792500000003"
          },
          "sensitive_attributes": [],
          "private": "bnVsbA==",
          "dependencies": [
            "data.aws_availability_zones.available",
            "module.eks.aws_iam_role.cluster",
            "module.eks.data.aws_iam_policy_document.cluster_assume_role_policy",
            "module.eks.data.aws_partition.current",
            "module.vpc.aws_cloudwatch_log_group.flow_log",
            "module.vpc.aws_customer_gateway.this",
            "module.vpc.aws_db_subnet_group.database",
            "module.vpc.aws_default_network_acl.this",
            "module.vpc.aws_default_route_table.default",
            "module.vpc.aws_default_security_group.this",
            "module.vpc.aws_default_vpc.this",
            "module.vpc.aws_egress_only_internet_gateway.this",
            "module.vpc.aws_eip.nat",
            "module.vpc.aws_elasticache_subnet_group.elasticache",
            "module.vpc.aws_flow_log.this",
            "module.vpc.aws_iam_policy.vpc_flow_log_cloudwatch",
            "module.vpc.aws_iam_role.vpc_flow_log_cloudwatch",
            "module.vpc.aws_iam_role_policy_attachment.vpc_flow_log_cloudwatch",
            "module.vpc.aws_internet_gateway.this",
            "module.vpc.aws_nat_gateway.this",
            "module.vpc.aws_network_acl.database",
            "module.vpc.aws_network_acl.elasticache",
            "module.vpc.aws_network_acl.intra",
            "module.vpc.aws_network_acl.outpost",
            "module.vpc.aws_network_acl.private",
            "module.vpc.aws_network_acl.public",
            "module.vpc.aws_network_acl.redshift",
            "module.vpc.aws_network_acl_rule.database_inbound",
            "module.vpc.aws_network_acl_rule.database_outbound",
            "module.vpc.aws_network_acl_rule.elasticache_inbound",
            "module.vpc.aws_network_acl_rule.elasticache_outbound",
            "module.vpc.aws_network_acl_rule.intra_inbound",
            "module.vpc.aws_network_acl_rule.intra_outbound",
            "module.vpc.aws_network_acl_rule.outpost_inbound",
            "module.vpc.aws_network_acl_rule.outpost_outbound",
            "module.vpc.aws_network_acl_rule.private_inbound",
            "module.vpc.aws_network_acl_rule.private_outbound",
            "module.vpc.aws_network_acl_rule.public_inbound",
            "module.vpc.aws_network_acl_rule.public_outbound",
            "module.vpc.aws_network_acl_rule.redshift_inbound",
            "module.vpc.aws_network_acl_rule.redshift_outbound",
            "module.vpc.aws_redshift_subnet_group.redshift",
            "module.vpc.aws_route.database_internet_gateway",
            "module.vpc.aws_route.database_ipv6_egress",
            "module.vpc.aws_route.database_nat_gateway",
            "module.vpc.aws_route.private_ipv6_egress",
            "module.vpc.aws_route.private_nat_gateway",
            "module.vpc.aws_route.public_internet_gateway",
            "module.vpc.aws_route.public_internet_gateway_ipv6",
            "module.vpc.aws_route_table.database",
            "module.vpc.aws_route_table.elasticache",
            "module.vpc.aws_route_table.intra",
            "module.vpc.aws_route_table.private",
            "module.vpc.aws_route_table.public",
            "module.vpc.aws_route_table.redshift",
            "module.vpc.aws_route_table_association.database",
            "module.vpc.aws_route_table_association.elasticache",
            "module.vpc.aws_route_table_association.intra",
            "module.vpc.aws_route_table_association.outpost",
            "module.vpc.aws_route_table_association.private",
            "module.vpc.aws_route_table_association.public",
            "module.vpc.aws_route_table_association.redshift",
            "module.vpc.aws_route_table_association.redshift_public",
            "module.vpc.aws_subnet.database",
            "module.vpc.aws_subnet.elasticache",
            "module.vpc.aws_subnet.intra",
            "module.vpc.aws_subnet.outpost",
            "module.vpc.aws_subnet.private",
            "module.vpc.aws_subnet.public",
            "module.vpc.aws_subnet.redshift",
            "module.vpc.aws_vpc.this",
            "module.vpc.aws_vpc_dhcp_options.this",
            "module.vpc.aws_vpc_dhcp_options_association.this",
            "module.vpc.aws_vpc_ipv4_cidr_block_association.this",
            "module.vpc.aws_vpn_gateway.this",
            "module.vpc.aws_vpn_gateway_attachment.this",
            "module.vpc.aws_vpn_gateway_route_propagation.intra",
            "module.vpc.aws_vpn_gateway_route_propagation.private",
            "module.vpc.aws_vpn_gateway_route_propagation.public",
            "module.vpc.data.aws_iam_policy_document.flow_log_cloudwatch_assume_role",
            "module.vpc.data.aws_iam_policy_document.vpc_flow_log_cloudwatch",
            "random_id.cluster-suffix"
          ],
          "create_before_destroy": true
        }
      ]
    },
    {
      "module": "module.eks",
      "mode": "managed",
      "type": "aws_iam_role_policy_attachment",
      "name": "cluster_elb_sl_role_creation",
      "provider": "provider[\"registry.terraform.io/hashicorp/aws\"]",
      "instances": [
        {
          "index_key": 0,
          "schema_version": 0,
          "attributes": {
            "id": "swimstack-Cg20210924010900792500000003-20210924010903578800000006",
            "policy_arn": "arn:aws:iam::100072912756:policy/swimstack-Cg-elb-sl-role-creation20210924010900796100000004",
            "role": "swimstack-Cg20210924010900792500000003"
          },
          "sensitive_attributes": [],
          "private": "bnVsbA==",
          "dependencies": [
            "data.aws_availability_zones.available",
            "module.eks.aws_iam_policy.cluster_elb_sl_role_creation",
            "module.eks.aws_iam_role.cluster",
            "module.eks.data.aws_iam_policy_document.cluster_assume_role_policy",
            "module.eks.data.aws_iam_policy_document.cluster_elb_sl_role_creation",
            "module.vpc.aws_cloudwatch_log_group.flow_log",
            "module.vpc.aws_customer_gateway.this",
            "module.vpc.aws_db_subnet_group.database",
            "module.vpc.aws_default_network_acl.this",
            "module.vpc.aws_default_route_table.default",
            "module.vpc.aws_default_security_group.this",
            "module.vpc.aws_default_vpc.this",
            "module.vpc.aws_egress_only_internet_gateway.this",
            "module.vpc.aws_eip.nat",
            "module.vpc.aws_elasticache_subnet_group.elasticache",
            "module.vpc.aws_flow_log.this",
            "module.vpc.aws_iam_policy.vpc_flow_log_cloudwatch",
            "module.vpc.aws_iam_role.vpc_flow_log_cloudwatch",
            "module.vpc.aws_iam_role_policy_attachment.vpc_flow_log_cloudwatch",
            "module.vpc.aws_internet_gateway.this",
            "module.vpc.aws_nat_gateway.this",
            "module.vpc.aws_network_acl.database",
            "module.vpc.aws_network_acl.elasticache",
            "module.vpc.aws_network_acl.intra",
            "module.vpc.aws_network_acl.outpost",
            "module.vpc.aws_network_acl.private",
            "module.vpc.aws_network_acl.public",
            "module.vpc.aws_network_acl.redshift",
            "module.vpc.aws_network_acl_rule.database_inbound",
            "module.vpc.aws_network_acl_rule.database_outbound",
            "module.vpc.aws_network_acl_rule.elasticache_inbound",
            "module.vpc.aws_network_acl_rule.elasticache_outbound",
            "module.vpc.aws_network_acl_rule.intra_inbound",
            "module.vpc.aws_network_acl_rule.intra_outbound",
            "module.vpc.aws_network_acl_rule.outpost_inbound",
            "module.vpc.aws_network_acl_rule.outpost_outbound",
            "module.vpc.aws_network_acl_rule.private_inbound",
            "module.vpc.aws_network_acl_rule.private_outbound",
            "module.vpc.aws_network_acl_rule.public_inbound",
            "module.vpc.aws_network_acl_rule.public_outbound",
            "module.vpc.aws_network_acl_rule.redshift_inbound",
            "module.vpc.aws_network_acl_rule.redshift_outbound",
            "module.vpc.aws_redshift_subnet_group.redshift",
            "module.vpc.aws_route.database_internet_gateway",
            "module.vpc.aws_route.database_ipv6_egress",
            "module.vpc.aws_route.database_nat_gateway",
            "module.vpc.aws_route.private_ipv6_egress",
            "module.vpc.aws_route.private_nat_gateway",
            "module.vpc.aws_route.public_internet_gateway",
            "module.vpc.aws_route.public_internet_gateway_ipv6",
            "module.vpc.aws_route_table.database",
            "module.vpc.aws_route_table.elasticache",
            "module.vpc.aws_route_table.intra",
            "module.vpc.aws_route_table.private",
            "module.vpc.aws_route_table.public",
            "module.vpc.aws_route_table.redshift",
            "module.vpc.aws_route_table_association.database",
            "module.vpc.aws_route_table_association.elasticache",
            "module.vpc.aws_route_table_association.intra",
            "module.vpc.aws_route_table_association.outpost",
            "module.vpc.aws_route_table_association.private",
            "module.vpc.aws_route_table_association.public",
            "module.vpc.aws_route_table_association.redshift",
            "module.vpc.aws_route_table_association.redshift_public",
            "module.vpc.aws_subnet.database",
            "module.vpc.aws_subnet.elasticache",
            "module.vpc.aws_subnet.intra",
            "module.vpc.aws_subnet.outpost",
            "module.vpc.aws_subnet.private",
            "module.vpc.aws_subnet.public",
            "module.vpc.aws_subnet.redshift",
            "module.vpc.aws_vpc.this",
            "module.vpc.aws_vpc_dhcp_options.this",
            "module.vpc.aws_vpc_dhcp_options_association.this",
            "module.vpc.aws_vpc_ipv4_cidr_block_association.this",
            "module.vpc.aws_vpn_gateway.this",
            "module.vpc.aws_vpn_gateway_attachment.this",
            "module.vpc.aws_vpn_gateway_route_propagation.intra",
            "module.vpc.aws_vpn_gateway_route_propagation.private",
            "module.vpc.aws_vpn_gateway_route_propagation.public",
            "module.vpc.data.aws_iam_policy_document.flow_log_cloudwatch_assume_role",
            "module.vpc.data.aws_iam_policy_document.vpc_flow_log_cloudwatch",
            "random_id.cluster-suffix"
          ]
        }
      ]
    },
    {
      "module": "module.eks",
      "mode": "managed",
      "type": "aws_iam_role_policy_attachment",
      "name": "workers_AmazonEC2ContainerRegistryReadOnly",
      "provider": "provider[\"registry.terraform.io/hashicorp/aws\"]",
      "instances": [
        {
          "index_key": 0,
          "schema_version": 0,
          "attributes": {
            "id": "swimstack-Cg20210924011927216200000009-2021092401192971740000000b",
            "policy_arn": "arn:aws:iam::aws:policy/AmazonEC2ContainerRegistryReadOnly",
            "role": "swimstack-Cg20210924011927216200000009"
          },
          "sensitive_attributes": [],
          "private": "bnVsbA==",
          "dependencies": [
            "data.aws_availability_zones.available",
            "module.eks.aws_cloudwatch_log_group.this",
            "module.eks.aws_eks_cluster.this",
            "module.eks.aws_iam_role.cluster",
            "module.eks.aws_iam_role.workers",
            "module.eks.aws_iam_role_policy_attachment.cluster_AmazonEKSClusterPolicy",
            "module.eks.aws_iam_role_policy_attachment.cluster_AmazonEKSServicePolicy",
            "module.eks.aws_iam_role_policy_attachment.cluster_AmazonEKSVPCResourceControllerPolicy",
            "module.eks.aws_security_group.cluster",
            "module.eks.aws_security_group.workers",
            "module.eks.aws_security_group_rule.cluster_egress_internet",
            "module.eks.aws_security_group_rule.cluster_https_worker_ingress",
            "module.eks.data.aws_iam_policy_document.cluster_assume_role_policy",
            "module.eks.data.aws_iam_policy_document.workers_assume_role_policy",
            "module.eks.data.aws_iam_role.custom_cluster_iam_role",
            "module.eks.data.aws_partition.current",
            "module.vpc.aws_cloudwatch_log_group.flow_log",
            "module.vpc.aws_customer_gateway.this",
            "module.vpc.aws_db_subnet_group.database",
            "module.vpc.aws_default_network_acl.this",
            "module.vpc.aws_default_route_table.default",
            "module.vpc.aws_default_security_group.this",
            "module.vpc.aws_default_vpc.this",
            "module.vpc.aws_egress_only_internet_gateway.this",
            "module.vpc.aws_eip.nat",
            "module.vpc.aws_elasticache_subnet_group.elasticache",
            "module.vpc.aws_flow_log.this",
            "module.vpc.aws_iam_policy.vpc_flow_log_cloudwatch",
            "module.vpc.aws_iam_role.vpc_flow_log_cloudwatch",
            "module.vpc.aws_iam_role_policy_attachment.vpc_flow_log_cloudwatch",
            "module.vpc.aws_internet_gateway.this",
            "module.vpc.aws_nat_gateway.this",
            "module.vpc.aws_network_acl.database",
            "module.vpc.aws_network_acl.elasticache",
            "module.vpc.aws_network_acl.intra",
            "module.vpc.aws_network_acl.outpost",
            "module.vpc.aws_network_acl.private",
            "module.vpc.aws_network_acl.public",
            "module.vpc.aws_network_acl.redshift",
            "module.vpc.aws_network_acl_rule.database_inbound",
            "module.vpc.aws_network_acl_rule.database_outbound",
            "module.vpc.aws_network_acl_rule.elasticache_inbound",
            "module.vpc.aws_network_acl_rule.elasticache_outbound",
            "module.vpc.aws_network_acl_rule.intra_inbound",
            "module.vpc.aws_network_acl_rule.intra_outbound",
            "module.vpc.aws_network_acl_rule.outpost_inbound",
            "module.vpc.aws_network_acl_rule.outpost_outbound",
            "module.vpc.aws_network_acl_rule.private_inbound",
            "module.vpc.aws_network_acl_rule.private_outbound",
            "module.vpc.aws_network_acl_rule.public_inbound",
            "module.vpc.aws_network_acl_rule.public_outbound",
            "module.vpc.aws_network_acl_rule.redshift_inbound",
            "module.vpc.aws_network_acl_rule.redshift_outbound",
            "module.vpc.aws_redshift_subnet_group.redshift",
            "module.vpc.aws_route.database_internet_gateway",
            "module.vpc.aws_route.database_ipv6_egress",
            "module.vpc.aws_route.database_nat_gateway",
            "module.vpc.aws_route.private_ipv6_egress",
            "module.vpc.aws_route.private_nat_gateway",
            "module.vpc.aws_route.public_internet_gateway",
            "module.vpc.aws_route.public_internet_gateway_ipv6",
            "module.vpc.aws_route_table.database",
            "module.vpc.aws_route_table.elasticache",
            "module.vpc.aws_route_table.intra",
            "module.vpc.aws_route_table.private",
            "module.vpc.aws_route_table.public",
            "module.vpc.aws_route_table.redshift",
            "module.vpc.aws_route_table_association.database",
            "module.vpc.aws_route_table_association.elasticache",
            "module.vpc.aws_route_table_association.intra",
            "module.vpc.aws_route_table_association.outpost",
            "module.vpc.aws_route_table_association.private",
            "module.vpc.aws_route_table_association.public",
            "module.vpc.aws_route_table_association.redshift",
            "module.vpc.aws_route_table_association.redshift_public",
            "module.vpc.aws_subnet.database",
            "module.vpc.aws_subnet.elasticache",
            "module.vpc.aws_subnet.intra",
            "module.vpc.aws_subnet.outpost",
            "module.vpc.aws_subnet.private",
            "module.vpc.aws_subnet.public",
            "module.vpc.aws_subnet.redshift",
            "module.vpc.aws_vpc.this",
            "module.vpc.aws_vpc_dhcp_options.this",
            "module.vpc.aws_vpc_dhcp_options_association.this",
            "module.vpc.aws_vpc_ipv4_cidr_block_association.this",
            "module.vpc.aws_vpn_gateway.this",
            "module.vpc.aws_vpn_gateway_attachment.this",
            "module.vpc.aws_vpn_gateway_route_propagation.intra",
            "module.vpc.aws_vpn_gateway_route_propagation.private",
            "module.vpc.aws_vpn_gateway_route_propagation.public",
            "module.vpc.data.aws_iam_policy_document.flow_log_cloudwatch_assume_role",
            "module.vpc.data.aws_iam_policy_document.vpc_flow_log_cloudwatch",
            "random_id.cluster-suffix"
          ],
          "create_before_destroy": true
        }
      ]
    },
    {
      "module": "module.eks",
      "mode": "managed",
      "type": "aws_iam_role_policy_attachment",
      "name": "workers_AmazonEKSWorkerNodePolicy",
      "provider": "provider[\"registry.terraform.io/hashicorp/aws\"]",
      "instances": [
        {
          "index_key": 0,
          "schema_version": 0,
          "attributes": {
            "id": "swimstack-Cg20210924011927216200000009-2021092401192974800000000d",
            "policy_arn": "arn:aws:iam::aws:policy/AmazonEKSWorkerNodePolicy",
            "role": "swimstack-Cg20210924011927216200000009"
          },
          "sensitive_attributes": [],
          "private": "bnVsbA==",
          "dependencies": [
            "data.aws_availability_zones.available",
            "module.eks.aws_cloudwatch_log_group.this",
            "module.eks.aws_eks_cluster.this",
            "module.eks.aws_iam_role.cluster",
            "module.eks.aws_iam_role.workers",
            "module.eks.aws_iam_role_policy_attachment.cluster_AmazonEKSClusterPolicy",
            "module.eks.aws_iam_role_policy_attachment.cluster_AmazonEKSServicePolicy",
            "module.eks.aws_iam_role_policy_attachment.cluster_AmazonEKSVPCResourceControllerPolicy",
            "module.eks.aws_security_group.cluster",
            "module.eks.aws_security_group.workers",
            "module.eks.aws_security_group_rule.cluster_egress_internet",
            "module.eks.aws_security_group_rule.cluster_https_worker_ingress",
            "module.eks.data.aws_iam_policy_document.cluster_assume_role_policy",
            "module.eks.data.aws_iam_policy_document.workers_assume_role_policy",
            "module.eks.data.aws_iam_role.custom_cluster_iam_role",
            "module.eks.data.aws_partition.current",
            "module.vpc.aws_cloudwatch_log_group.flow_log",
            "module.vpc.aws_customer_gateway.this",
            "module.vpc.aws_db_subnet_group.database",
            "module.vpc.aws_default_network_acl.this",
            "module.vpc.aws_default_route_table.default",
            "module.vpc.aws_default_security_group.this",
            "module.vpc.aws_default_vpc.this",
            "module.vpc.aws_egress_only_internet_gateway.this",
            "module.vpc.aws_eip.nat",
            "module.vpc.aws_elasticache_subnet_group.elasticache",
            "module.vpc.aws_flow_log.this",
            "module.vpc.aws_iam_policy.vpc_flow_log_cloudwatch",
            "module.vpc.aws_iam_role.vpc_flow_log_cloudwatch",
            "module.vpc.aws_iam_role_policy_attachment.vpc_flow_log_cloudwatch",
            "module.vpc.aws_internet_gateway.this",
            "module.vpc.aws_nat_gateway.this",
            "module.vpc.aws_network_acl.database",
            "module.vpc.aws_network_acl.elasticache",
            "module.vpc.aws_network_acl.intra",
            "module.vpc.aws_network_acl.outpost",
            "module.vpc.aws_network_acl.private",
            "module.vpc.aws_network_acl.public",
            "module.vpc.aws_network_acl.redshift",
            "module.vpc.aws_network_acl_rule.database_inbound",
            "module.vpc.aws_network_acl_rule.database_outbound",
            "module.vpc.aws_network_acl_rule.elasticache_inbound",
            "module.vpc.aws_network_acl_rule.elasticache_outbound",
            "module.vpc.aws_network_acl_rule.intra_inbound",
            "module.vpc.aws_network_acl_rule.intra_outbound",
            "module.vpc.aws_network_acl_rule.outpost_inbound",
            "module.vpc.aws_network_acl_rule.outpost_outbound",
            "module.vpc.aws_network_acl_rule.private_inbound",
            "module.vpc.aws_network_acl_rule.private_outbound",
            "module.vpc.aws_network_acl_rule.public_inbound",
            "module.vpc.aws_network_acl_rule.public_outbound",
            "module.vpc.aws_network_acl_rule.redshift_inbound",
            "module.vpc.aws_network_acl_rule.redshift_outbound",
            "module.vpc.aws_redshift_subnet_group.redshift",
            "module.vpc.aws_route.database_internet_gateway",
            "module.vpc.aws_route.database_ipv6_egress",
            "module.vpc.aws_route.database_nat_gateway",
            "module.vpc.aws_route.private_ipv6_egress",
            "module.vpc.aws_route.private_nat_gateway",
            "module.vpc.aws_route.public_internet_gateway",
            "module.vpc.aws_route.public_internet_gateway_ipv6",
            "module.vpc.aws_route_table.database",
            "module.vpc.aws_route_table.elasticache",
            "module.vpc.aws_route_table.intra",
            "module.vpc.aws_route_table.private",
            "module.vpc.aws_route_table.public",
            "module.vpc.aws_route_table.redshift",
            "module.vpc.aws_route_table_association.database",
            "module.vpc.aws_route_table_association.elasticache",
            "module.vpc.aws_route_table_association.intra",
            "module.vpc.aws_route_table_association.outpost",
            "module.vpc.aws_route_table_association.private",
            "module.vpc.aws_route_table_association.public",
            "module.vpc.aws_route_table_association.redshift",
            "module.vpc.aws_route_table_association.redshift_public",
            "module.vpc.aws_subnet.database",
            "module.vpc.aws_subnet.elasticache",
            "module.vpc.aws_subnet.intra",
            "module.vpc.aws_subnet.outpost",
            "module.vpc.aws_subnet.private",
            "module.vpc.aws_subnet.public",
            "module.vpc.aws_subnet.redshift",
            "module.vpc.aws_vpc.this",
            "module.vpc.aws_vpc_dhcp_options.this",
            "module.vpc.aws_vpc_dhcp_options_association.this",
            "module.vpc.aws_vpc_ipv4_cidr_block_association.this",
            "module.vpc.aws_vpn_gateway.this",
            "module.vpc.aws_vpn_gateway_attachment.this",
            "module.vpc.aws_vpn_gateway_route_propagation.intra",
            "module.vpc.aws_vpn_gateway_route_propagation.private",
            "module.vpc.aws_vpn_gateway_route_propagation.public",
            "module.vpc.data.aws_iam_policy_document.flow_log_cloudwatch_assume_role",
            "module.vpc.data.aws_iam_policy_document.vpc_flow_log_cloudwatch",
            "random_id.cluster-suffix"
          ],
          "create_before_destroy": true
        }
      ]
    },
    {
      "module": "module.eks",
      "mode": "managed",
      "type": "aws_iam_role_policy_attachment",
      "name": "workers_AmazonEKS_CNI_Policy",
      "provider": "provider[\"registry.terraform.io/hashicorp/aws\"]",
      "instances": [
        {
          "index_key": 0,
          "schema_version": 0,
          "attributes": {
            "id": "swimstack-Cg20210924011927216200000009-2021092401192973670000000c",
            "policy_arn": "arn:aws:iam::aws:policy/AmazonEKS_CNI_Policy",
            "role": "swimstack-Cg20210924011927216200000009"
          },
          "sensitive_attributes": [],
          "private": "bnVsbA==",
          "dependencies": [
            "data.aws_availability_zones.available",
            "module.eks.aws_cloudwatch_log_group.this",
            "module.eks.aws_eks_cluster.this",
            "module.eks.aws_iam_role.cluster",
            "module.eks.aws_iam_role.workers",
            "module.eks.aws_iam_role_policy_attachment.cluster_AmazonEKSClusterPolicy",
            "module.eks.aws_iam_role_policy_attachment.cluster_AmazonEKSServicePolicy",
            "module.eks.aws_iam_role_policy_attachment.cluster_AmazonEKSVPCResourceControllerPolicy",
            "module.eks.aws_security_group.cluster",
            "module.eks.aws_security_group.workers",
            "module.eks.aws_security_group_rule.cluster_egress_internet",
            "module.eks.aws_security_group_rule.cluster_https_worker_ingress",
            "module.eks.data.aws_iam_policy_document.cluster_assume_role_policy",
            "module.eks.data.aws_iam_policy_document.workers_assume_role_policy",
            "module.eks.data.aws_iam_role.custom_cluster_iam_role",
            "module.eks.data.aws_partition.current",
            "module.vpc.aws_cloudwatch_log_group.flow_log",
            "module.vpc.aws_customer_gateway.this",
            "module.vpc.aws_db_subnet_group.database",
            "module.vpc.aws_default_network_acl.this",
            "module.vpc.aws_default_route_table.default",
            "module.vpc.aws_default_security_group.this",
            "module.vpc.aws_default_vpc.this",
            "module.vpc.aws_egress_only_internet_gateway.this",
            "module.vpc.aws_eip.nat",
            "module.vpc.aws_elasticache_subnet_group.elasticache",
            "module.vpc.aws_flow_log.this",
            "module.vpc.aws_iam_policy.vpc_flow_log_cloudwatch",
            "module.vpc.aws_iam_role.vpc_flow_log_cloudwatch",
            "module.vpc.aws_iam_role_policy_attachment.vpc_flow_log_cloudwatch",
            "module.vpc.aws_internet_gateway.this",
            "module.vpc.aws_nat_gateway.this",
            "module.vpc.aws_network_acl.database",
            "module.vpc.aws_network_acl.elasticache",
            "module.vpc.aws_network_acl.intra",
            "module.vpc.aws_network_acl.outpost",
            "module.vpc.aws_network_acl.private",
            "module.vpc.aws_network_acl.public",
            "module.vpc.aws_network_acl.redshift",
            "module.vpc.aws_network_acl_rule.database_inbound",
            "module.vpc.aws_network_acl_rule.database_outbound",
            "module.vpc.aws_network_acl_rule.elasticache_inbound",
            "module.vpc.aws_network_acl_rule.elasticache_outbound",
            "module.vpc.aws_network_acl_rule.intra_inbound",
            "module.vpc.aws_network_acl_rule.intra_outbound",
            "module.vpc.aws_network_acl_rule.outpost_inbound",
            "module.vpc.aws_network_acl_rule.outpost_outbound",
            "module.vpc.aws_network_acl_rule.private_inbound",
            "module.vpc.aws_network_acl_rule.private_outbound",
            "module.vpc.aws_network_acl_rule.public_inbound",
            "module.vpc.aws_network_acl_rule.public_outbound",
            "module.vpc.aws_network_acl_rule.redshift_inbound",
            "module.vpc.aws_network_acl_rule.redshift_outbound",
            "module.vpc.aws_redshift_subnet_group.redshift",
            "module.vpc.aws_route.database_internet_gateway",
            "module.vpc.aws_route.database_ipv6_egress",
            "module.vpc.aws_route.database_nat_gateway",
            "module.vpc.aws_route.private_ipv6_egress",
            "module.vpc.aws_route.private_nat_gateway",
            "module.vpc.aws_route.public_internet_gateway",
            "module.vpc.aws_route.public_internet_gateway_ipv6",
            "module.vpc.aws_route_table.database",
            "module.vpc.aws_route_table.elasticache",
            "module.vpc.aws_route_table.intra",
            "module.vpc.aws_route_table.private",
            "module.vpc.aws_route_table.public",
            "module.vpc.aws_route_table.redshift",
            "module.vpc.aws_route_table_association.database",
            "module.vpc.aws_route_table_association.elasticache",
            "module.vpc.aws_route_table_association.intra",
            "module.vpc.aws_route_table_association.outpost",
            "module.vpc.aws_route_table_association.private",
            "module.vpc.aws_route_table_association.public",
            "module.vpc.aws_route_table_association.redshift",
            "module.vpc.aws_route_table_association.redshift_public",
            "module.vpc.aws_subnet.database",
            "module.vpc.aws_subnet.elasticache",
            "module.vpc.aws_subnet.intra",
            "module.vpc.aws_subnet.outpost",
            "module.vpc.aws_subnet.private",
            "module.vpc.aws_subnet.public",
            "module.vpc.aws_subnet.redshift",
            "module.vpc.aws_vpc.this",
            "module.vpc.aws_vpc_dhcp_options.this",
            "module.vpc.aws_vpc_dhcp_options_association.this",
            "module.vpc.aws_vpc_ipv4_cidr_block_association.this",
            "module.vpc.aws_vpn_gateway.this",
            "module.vpc.aws_vpn_gateway_attachment.this",
            "module.vpc.aws_vpn_gateway_route_propagation.intra",
            "module.vpc.aws_vpn_gateway_route_propagation.private",
            "module.vpc.aws_vpn_gateway_route_propagation.public",
            "module.vpc.data.aws_iam_policy_document.flow_log_cloudwatch_assume_role",
            "module.vpc.data.aws_iam_policy_document.vpc_flow_log_cloudwatch",
            "random_id.cluster-suffix"
          ],
          "create_before_destroy": true
        }
      ]
    },
    {
      "module": "module.eks",
      "mode": "managed",
      "type": "aws_launch_configuration",
      "name": "workers",
      "provider": "provider[\"registry.terraform.io/hashicorp/aws\"]",
      "instances": [
        {
          "index_key": 0,
          "schema_version": 0,
          "attributes": {
            "arn": "arn:aws:autoscaling:us-west-2:100072912756:launchConfiguration:0249bff3-b52c-4e8b-995f-4b5b40d136b6:launchConfigurationName/swimstack-Cg-nodegroup-12021092401193141710000000e",
            "associate_public_ip_address": false,
            "ebs_block_device": [],
            "ebs_optimized": false,
            "enable_monitoring": true,
            "ephemeral_block_device": [],
            "iam_instance_profile": "swimstack-Cg2021092401192927330000000a",
            "id": "swimstack-Cg-nodegroup-12021092401193141710000000e",
            "image_id": "ami-0cb182e3037115aa0",
            "instance_type": "t2.small",
            "key_name": "",
            "metadata_options": [
              {
                "http_endpoint": "enabled",
                "http_put_response_hop_limit": 1,
                "http_tokens": "optional"
              }
            ],
            "name": "swimstack-Cg-nodegroup-12021092401193141710000000e",
            "name_prefix": "swimstack-Cg-nodegroup-1",
            "placement_tenancy": "",
            "root_block_device": [
              {
                "delete_on_termination": true,
                "encrypted": false,
                "iops": 0,
                "throughput": 0,
                "volume_size": 100,
                "volume_type": "gp2"
              }
            ],
            "security_groups": [
              "sg-075e957f5d14be2dc"
            ],
            "spot_price": "",
            "user_data": null,
            "user_data_base64": "IyEvYmluL2Jhc2ggLWUKCiMgQWxsb3cgdXNlciBzdXBwbGllZCBwcmUgdXNlcmRhdGEgY29kZQoKCiMgQm9vdHN0cmFwIGFuZCBqb2luIHRoZSBjbHVzdGVyCi9ldGMvZWtzL2Jvb3RzdHJhcC5zaCAtLWI2NC1jbHVzdGVyLWNhICdMUzB0TFMxQ1JVZEpUaUJEUlZKVVNVWkpRMEZVUlMwdExTMHRDazFKU1VNMWVrTkRRV01yWjBGM1NVSkJaMGxDUVVSQlRrSm5hM0ZvYTJsSE9YY3dRa0ZSYzBaQlJFRldUVkpOZDBWUldVUldVVkZFUlhkd2NtUlhTbXdLWTIwMWJHUkhWbnBOUWpSWVJGUkplRTFFYTNsT1JFRjRUVlJWTUU5V2IxaEVWRTE0VFVScmVVMXFRWGhOVkZVd1QxWnZkMFpVUlZSTlFrVkhRVEZWUlFwQmVFMUxZVE5XYVZwWVNuVmFXRkpzWTNwRFEwRlRTWGRFVVZsS1MyOWFTV2gyWTA1QlVVVkNRbEZCUkdkblJWQkJSRU5EUVZGdlEyZG5SVUpCVEdKU0NrZDVSbkE1VW5SSk5qTkZibU5STWtkdVZsWlFObnBQT1VWM1dtRkZVVFU0UmsxbGNFdzRLekI1T0hScFIzRndZMjVFYkVkVFQxZFpXWG8wV1ZCQlFXc0tiaTl0WW0xT04xRXlPVU5zVHpGT2RXd3dXamc1UzI5V1dIQjVTM2N6VW1KMmNFcDBjRkZpVUhnMFkxVXZPVzl6VVhZemJVUkxkRFpyTDBsdk4wMHljZ3BvT1RCcFIwRk5NM3BOWkhoQlMzQm5jREJDUXl0UlEwSlJOWFZ2VVdnM1ltMHlNV3hCWlVwQ04wMTZOM1pDTDNWak9GZElhVmgwWjIxeWVsZDNiRm92Q2taTVNXaFFaSGhCVkhGRk5UWlNNRmxsVmxSRWVTOW9hRGwxTkhwR1NUUk1VMjlYYmtoTk5IRk1PRFJsYkRaT1pYcDRjVE5OZERSSWRrZHhlUzlTUm5VS2NWcHBjekpRTTJvMWVsSldhRFY1VGtKQmNIaDRiVFJZVmxwa1FqSlpWVTVNTWtkeE9WZHlkR2szZURsdVpYRlBVV2hXYjJwWldVSjZhRWRNTDJSTEt3cFRaa0pYT1dSUGVqaFNRVTB6YW1ZclMzSlZRMEYzUlVGQllVNURUVVZCZDBSbldVUldVakJRUVZGSUwwSkJVVVJCWjB0clRVRTRSMEV4VldSRmQwVkNDaTkzVVVaTlFVMUNRV1k0ZDBoUldVUldVakJQUWtKWlJVWk9jMVpoVUZCRVJrYzJNMDg0Y0dVckwyUnVUM2xyTDBWd09HdE5RVEJIUTFOeFIxTkpZak1LUkZGRlFrTjNWVUZCTkVsQ1FWRkNXRzVtVkc0eFdrMUlhR3Q1UTNaVlRGSkVTR1JGZEdKbVRuVTBZWEIxYm5rNWVEbEpLM05DY0VSMFlWRm9XbmxsZFFwVFNrbDJZblJWZVdkbE9YTkJaRWhZYWpCdmNrMXVSMHA1TmtkVFRsVXdjbEV6VkZJeWNWZENOVGxoWjFOMU5VNVNOaTlMY2psaVRVUlNWVWxWWVhkM0NtZERXVUZCWm1KeFkwbExVMVUxYmtVNWRsaGpSR1pvZEZseU5YcG5NQ3RPWmxwMWNuWmtXR1Z2SzFscEwyUlBOMmRqS3pGS1RsWkRSRUV2TUZadlRWY0tiVVV4ZDBScE9VNUphSEl2ZWpScWEwNUdjbmhtY1VsNGVrcHpXbGRKWlZreVNXMXdhbUpNZEVKSldtVkZRVVpTT0VocVoycHJOemh4V2s1c05DOU5Md3BRUkRVMFJtUmhVMUpaSzNBMWVWQnVkbXd6TUhSTU1ERmFORFZ2V0dSUVYzUXJNRmt6TWpoTVRIZDRaWGN3T1c5eVkzSmlUMWQxT1ROTmQyRlRZMWROQ21KRFRqVmpPVTF0YmxkcWJtTkJSVEExU1RGelFYZERSMWs1U1hRdlkxaE9kRWN6V2dvdExTMHRMVVZPUkNCRFJWSlVTVVpKUTBGVVJTMHRMUzB0Q2c9PScgLS1hcGlzZXJ2ZXItZW5kcG9pbnQgJ2h0dHBzOi8vMDhBQzhERUU5RUFGNjMzOTJGQUEyRjdDQkJENUQxNTEuZ3I3LnVzLXdlc3QtMi5la3MuYW1hem9uYXdzLmNvbScgIC0ta3ViZWxldC1leHRyYS1hcmdzICIiICdzd2ltc3RhY2stQ2cnCgojIEFsbG93IHVzZXIgc3VwcGxpZWQgdXNlcmRhdGEgY29kZQoK",
            "vpc_classic_link_id": "",
            "vpc_classic_link_security_groups": null
          },
          "sensitive_attributes": [],
          "private": "bnVsbA==",
          "dependencies": [
            "data.aws_availability_zones.available",
            "module.eks.aws_cloudwatch_log_group.this",
            "module.eks.aws_eks_cluster.this",
            "module.eks.aws_iam_instance_profile.workers",
            "module.eks.aws_iam_role.cluster",
            "module.eks.aws_iam_role.workers",
            "module.eks.aws_iam_role_policy_attachment.cluster_AmazonEKSClusterPolicy",
            "module.eks.aws_iam_role_policy_attachment.cluster_AmazonEKSServicePolicy",
            "module.eks.aws_iam_role_policy_attachment.cluster_AmazonEKSVPCResourceControllerPolicy",
            "module.eks.aws_iam_role_policy_attachment.workers_AmazonEC2ContainerRegistryReadOnly",
            "module.eks.aws_iam_role_policy_attachment.workers_AmazonEKSWorkerNodePolicy",
            "module.eks.aws_iam_role_policy_attachment.workers_AmazonEKS_CNI_Policy",
            "module.eks.aws_iam_role_policy_attachment.workers_additional_policies",
            "module.eks.aws_security_group.cluster",
            "module.eks.aws_security_group.workers",
            "module.eks.aws_security_group_rule.cluster_egress_internet",
            "module.eks.aws_security_group_rule.cluster_https_worker_ingress",
            "module.eks.aws_security_group_rule.cluster_primary_ingress_workers",
            "module.eks.aws_security_group_rule.workers_egress_internet",
            "module.eks.aws_security_group_rule.workers_ingress_cluster",
            "module.eks.aws_security_group_rule.workers_ingress_cluster_https",
            "module.eks.aws_security_group_rule.workers_ingress_cluster_kubelet",
            "module.eks.aws_security_group_rule.workers_ingress_cluster_primary",
            "module.eks.aws_security_group_rule.workers_ingress_self",
            "module.eks.data.aws_ami.eks_worker",
            "module.eks.data.aws_ami.eks_worker_windows",
            "module.eks.data.aws_iam_instance_profile.custom_worker_group_iam_instance_profile",
            "module.eks.data.aws_iam_policy_document.cluster_assume_role_policy",
            "module.eks.data.aws_iam_policy_document.workers_assume_role_policy",
            "module.eks.data.aws_iam_role.custom_cluster_iam_role",
            "module.eks.data.aws_partition.current",
            "module.vpc.aws_cloudwatch_log_group.flow_log",
            "module.vpc.aws_customer_gateway.this",
            "module.vpc.aws_db_subnet_group.database",
            "module.vpc.aws_default_network_acl.this",
            "module.vpc.aws_default_route_table.default",
            "module.vpc.aws_default_security_group.this",
            "module.vpc.aws_default_vpc.this",
            "module.vpc.aws_egress_only_internet_gateway.this",
            "module.vpc.aws_eip.nat",
            "module.vpc.aws_elasticache_subnet_group.elasticache",
            "module.vpc.aws_flow_log.this",
            "module.vpc.aws_iam_policy.vpc_flow_log_cloudwatch",
            "module.vpc.aws_iam_role.vpc_flow_log_cloudwatch",
            "module.vpc.aws_iam_role_policy_attachment.vpc_flow_log_cloudwatch",
            "module.vpc.aws_internet_gateway.this",
            "module.vpc.aws_nat_gateway.this",
            "module.vpc.aws_network_acl.database",
            "module.vpc.aws_network_acl.elasticache",
            "module.vpc.aws_network_acl.intra",
            "module.vpc.aws_network_acl.outpost",
            "module.vpc.aws_network_acl.private",
            "module.vpc.aws_network_acl.public",
            "module.vpc.aws_network_acl.redshift",
            "module.vpc.aws_network_acl_rule.database_inbound",
            "module.vpc.aws_network_acl_rule.database_outbound",
            "module.vpc.aws_network_acl_rule.elasticache_inbound",
            "module.vpc.aws_network_acl_rule.elasticache_outbound",
            "module.vpc.aws_network_acl_rule.intra_inbound",
            "module.vpc.aws_network_acl_rule.intra_outbound",
            "module.vpc.aws_network_acl_rule.outpost_inbound",
            "module.vpc.aws_network_acl_rule.outpost_outbound",
            "module.vpc.aws_network_acl_rule.private_inbound",
            "module.vpc.aws_network_acl_rule.private_outbound",
            "module.vpc.aws_network_acl_rule.public_inbound",
            "module.vpc.aws_network_acl_rule.public_outbound",
            "module.vpc.aws_network_acl_rule.redshift_inbound",
            "module.vpc.aws_network_acl_rule.redshift_outbound",
            "module.vpc.aws_redshift_subnet_group.redshift",
            "module.vpc.aws_route.database_internet_gateway",
            "module.vpc.aws_route.database_ipv6_egress",
            "module.vpc.aws_route.database_nat_gateway",
            "module.vpc.aws_route.private_ipv6_egress",
            "module.vpc.aws_route.private_nat_gateway",
            "module.vpc.aws_route.public_internet_gateway",
            "module.vpc.aws_route.public_internet_gateway_ipv6",
            "module.vpc.aws_route_table.database",
            "module.vpc.aws_route_table.elasticache",
            "module.vpc.aws_route_table.intra",
            "module.vpc.aws_route_table.private",
            "module.vpc.aws_route_table.public",
            "module.vpc.aws_route_table.redshift",
            "module.vpc.aws_route_table_association.database",
            "module.vpc.aws_route_table_association.elasticache",
            "module.vpc.aws_route_table_association.intra",
            "module.vpc.aws_route_table_association.outpost",
            "module.vpc.aws_route_table_association.private",
            "module.vpc.aws_route_table_association.public",
            "module.vpc.aws_route_table_association.redshift",
            "module.vpc.aws_route_table_association.redshift_public",
            "module.vpc.aws_subnet.database",
            "module.vpc.aws_subnet.elasticache",
            "module.vpc.aws_subnet.intra",
            "module.vpc.aws_subnet.outpost",
            "module.vpc.aws_subnet.private",
            "module.vpc.aws_subnet.public",
            "module.vpc.aws_subnet.redshift",
            "module.vpc.aws_vpc.this",
            "module.vpc.aws_vpc_dhcp_options.this",
            "module.vpc.aws_vpc_dhcp_options_association.this",
            "module.vpc.aws_vpc_ipv4_cidr_block_association.this",
            "module.vpc.aws_vpn_gateway.this",
            "module.vpc.aws_vpn_gateway_attachment.this",
            "module.vpc.aws_vpn_gateway_route_propagation.intra",
            "module.vpc.aws_vpn_gateway_route_propagation.private",
            "module.vpc.aws_vpn_gateway_route_propagation.public",
            "module.vpc.data.aws_iam_policy_document.flow_log_cloudwatch_assume_role",
            "module.vpc.data.aws_iam_policy_document.vpc_flow_log_cloudwatch",
            "random_id.cluster-suffix"
          ],
          "create_before_destroy": true
        }
      ]
    },
    {
      "module": "module.eks",
      "mode": "managed",
      "type": "aws_security_group",
      "name": "cluster",
      "provider": "provider[\"registry.terraform.io/hashicorp/aws\"]",
      "instances": [
        {
          "index_key": 0,
          "schema_version": 1,
          "attributes": {
            "arn": "arn:aws:ec2:us-west-2:100072912756:security-group/sg-0bc2ce99f41049f5a",
            "description": "EKS cluster security group.",
            "egress": [],
            "id": "sg-0bc2ce99f41049f5a",
            "ingress": [],
            "name": "swimstack-Cg20210924010900760900000001",
            "name_prefix": "swimstack-Cg",
            "owner_id": "100072912756",
            "revoke_rules_on_delete": false,
            "tags": {
              "Environment": "swimstack",
              "Name": "swimstack-Cg-eks_cluster_sg"
            },
            "tags_all": {
              "Environment": "swimstack",
              "Name": "swimstack-Cg-eks_cluster_sg"
            },
            "timeouts": null,
            "vpc_id": "vpc-0be2cf936ff8e3417"
          },
          "sensitive_attributes": [],
          "private": "eyJlMmJmYjczMC1lY2FhLTExZTYtOGY4OC0zNDM2M2JjN2M0YzAiOnsiY3JlYXRlIjo2MDAwMDAwMDAwMDAsImRlbGV0ZSI6OTAwMDAwMDAwMDAwfSwic2NoZW1hX3ZlcnNpb24iOiIxIn0=",
          "dependencies": [
            "data.aws_availability_zones.available",
            "module.vpc.aws_cloudwatch_log_group.flow_log",
            "module.vpc.aws_customer_gateway.this",
            "module.vpc.aws_db_subnet_group.database",
            "module.vpc.aws_default_network_acl.this",
            "module.vpc.aws_default_route_table.default",
            "module.vpc.aws_default_security_group.this",
            "module.vpc.aws_default_vpc.this",
            "module.vpc.aws_egress_only_internet_gateway.this",
            "module.vpc.aws_eip.nat",
            "module.vpc.aws_elasticache_subnet_group.elasticache",
            "module.vpc.aws_flow_log.this",
            "module.vpc.aws_iam_policy.vpc_flow_log_cloudwatch",
            "module.vpc.aws_iam_role.vpc_flow_log_cloudwatch",
            "module.vpc.aws_iam_role_policy_attachment.vpc_flow_log_cloudwatch",
            "module.vpc.aws_internet_gateway.this",
            "module.vpc.aws_nat_gateway.this",
            "module.vpc.aws_network_acl.database",
            "module.vpc.aws_network_acl.elasticache",
            "module.vpc.aws_network_acl.intra",
            "module.vpc.aws_network_acl.outpost",
            "module.vpc.aws_network_acl.private",
            "module.vpc.aws_network_acl.public",
            "module.vpc.aws_network_acl.redshift",
            "module.vpc.aws_network_acl_rule.database_inbound",
            "module.vpc.aws_network_acl_rule.database_outbound",
            "module.vpc.aws_network_acl_rule.elasticache_inbound",
            "module.vpc.aws_network_acl_rule.elasticache_outbound",
            "module.vpc.aws_network_acl_rule.intra_inbound",
            "module.vpc.aws_network_acl_rule.intra_outbound",
            "module.vpc.aws_network_acl_rule.outpost_inbound",
            "module.vpc.aws_network_acl_rule.outpost_outbound",
            "module.vpc.aws_network_acl_rule.private_inbound",
            "module.vpc.aws_network_acl_rule.private_outbound",
            "module.vpc.aws_network_acl_rule.public_inbound",
            "module.vpc.aws_network_acl_rule.public_outbound",
            "module.vpc.aws_network_acl_rule.redshift_inbound",
            "module.vpc.aws_network_acl_rule.redshift_outbound",
            "module.vpc.aws_redshift_subnet_group.redshift",
            "module.vpc.aws_route.database_internet_gateway",
            "module.vpc.aws_route.database_ipv6_egress",
            "module.vpc.aws_route.database_nat_gateway",
            "module.vpc.aws_route.private_ipv6_egress",
            "module.vpc.aws_route.private_nat_gateway",
            "module.vpc.aws_route.public_internet_gateway",
            "module.vpc.aws_route.public_internet_gateway_ipv6",
            "module.vpc.aws_route_table.database",
            "module.vpc.aws_route_table.elasticache",
            "module.vpc.aws_route_table.intra",
            "module.vpc.aws_route_table.private",
            "module.vpc.aws_route_table.public",
            "module.vpc.aws_route_table.redshift",
            "module.vpc.aws_route_table_association.database",
            "module.vpc.aws_route_table_association.elasticache",
            "module.vpc.aws_route_table_association.intra",
            "module.vpc.aws_route_table_association.outpost",
            "module.vpc.aws_route_table_association.private",
            "module.vpc.aws_route_table_association.public",
            "module.vpc.aws_route_table_association.redshift",
            "module.vpc.aws_route_table_association.redshift_public",
            "module.vpc.aws_subnet.database",
            "module.vpc.aws_subnet.elasticache",
            "module.vpc.aws_subnet.intra",
            "module.vpc.aws_subnet.outpost",
            "module.vpc.aws_subnet.private",
            "module.vpc.aws_subnet.public",
            "module.vpc.aws_subnet.redshift",
            "module.vpc.aws_vpc.this",
            "module.vpc.aws_vpc_dhcp_options.this",
            "module.vpc.aws_vpc_dhcp_options_association.this",
            "module.vpc.aws_vpc_ipv4_cidr_block_association.this",
            "module.vpc.aws_vpn_gateway.this",
            "module.vpc.aws_vpn_gateway_attachment.this",
            "module.vpc.aws_vpn_gateway_route_propagation.intra",
            "module.vpc.aws_vpn_gateway_route_propagation.private",
            "module.vpc.aws_vpn_gateway_route_propagation.public",
            "module.vpc.data.aws_iam_policy_document.flow_log_cloudwatch_assume_role",
            "module.vpc.data.aws_iam_policy_document.vpc_flow_log_cloudwatch",
            "random_id.cluster-suffix"
          ],
          "create_before_destroy": true
        }
      ]
    },
    {
      "module": "module.eks",
      "mode": "managed",
      "type": "aws_security_group",
      "name": "workers",
      "provider": "provider[\"registry.terraform.io/hashicorp/aws\"]",
      "instances": [
        {
          "index_key": 0,
          "schema_version": 1,
          "attributes": {
            "arn": "arn:aws:ec2:us-west-2:100072912756:security-group/sg-075e957f5d14be2dc",
            "description": "Security group for all nodes in the cluster.",
            "egress": [],
            "id": "sg-075e957f5d14be2dc",
            "ingress": [],
            "name": "swimstack-Cg20210924010900761000000002",
            "name_prefix": "swimstack-Cg",
            "owner_id": "100072912756",
            "revoke_rules_on_delete": false,
            "tags": {
              "Environment": "swimstack",
              "Name": "swimstack-Cg-eks_worker_sg",
              "kubernetes.io/cluster/swimstack-Cg": "owned"
            },
            "tags_all": {
              "Environment": "swimstack",
              "Name": "swimstack-Cg-eks_worker_sg",
              "kubernetes.io/cluster/swimstack-Cg": "owned"
            },
            "timeouts": null,
            "vpc_id": "vpc-0be2cf936ff8e3417"
          },
          "sensitive_attributes": [],
          "private": "eyJlMmJmYjczMC1lY2FhLTExZTYtOGY4OC0zNDM2M2JjN2M0YzAiOnsiY3JlYXRlIjo2MDAwMDAwMDAwMDAsImRlbGV0ZSI6OTAwMDAwMDAwMDAwfSwic2NoZW1hX3ZlcnNpb24iOiIxIn0=",
          "dependencies": [
            "data.aws_availability_zones.available",
            "module.vpc.aws_cloudwatch_log_group.flow_log",
            "module.vpc.aws_customer_gateway.this",
            "module.vpc.aws_db_subnet_group.database",
            "module.vpc.aws_default_network_acl.this",
            "module.vpc.aws_default_route_table.default",
            "module.vpc.aws_default_security_group.this",
            "module.vpc.aws_default_vpc.this",
            "module.vpc.aws_egress_only_internet_gateway.this",
            "module.vpc.aws_eip.nat",
            "module.vpc.aws_elasticache_subnet_group.elasticache",
            "module.vpc.aws_flow_log.this",
            "module.vpc.aws_iam_policy.vpc_flow_log_cloudwatch",
            "module.vpc.aws_iam_role.vpc_flow_log_cloudwatch",
            "module.vpc.aws_iam_role_policy_attachment.vpc_flow_log_cloudwatch",
            "module.vpc.aws_internet_gateway.this",
            "module.vpc.aws_nat_gateway.this",
            "module.vpc.aws_network_acl.database",
            "module.vpc.aws_network_acl.elasticache",
            "module.vpc.aws_network_acl.intra",
            "module.vpc.aws_network_acl.outpost",
            "module.vpc.aws_network_acl.private",
            "module.vpc.aws_network_acl.public",
            "module.vpc.aws_network_acl.redshift",
            "module.vpc.aws_network_acl_rule.database_inbound",
            "module.vpc.aws_network_acl_rule.database_outbound",
            "module.vpc.aws_network_acl_rule.elasticache_inbound",
            "module.vpc.aws_network_acl_rule.elasticache_outbound",
            "module.vpc.aws_network_acl_rule.intra_inbound",
            "module.vpc.aws_network_acl_rule.intra_outbound",
            "module.vpc.aws_network_acl_rule.outpost_inbound",
            "module.vpc.aws_network_acl_rule.outpost_outbound",
            "module.vpc.aws_network_acl_rule.private_inbound",
            "module.vpc.aws_network_acl_rule.private_outbound",
            "module.vpc.aws_network_acl_rule.public_inbound",
            "module.vpc.aws_network_acl_rule.public_outbound",
            "module.vpc.aws_network_acl_rule.redshift_inbound",
            "module.vpc.aws_network_acl_rule.redshift_outbound",
            "module.vpc.aws_redshift_subnet_group.redshift",
            "module.vpc.aws_route.database_internet_gateway",
            "module.vpc.aws_route.database_ipv6_egress",
            "module.vpc.aws_route.database_nat_gateway",
            "module.vpc.aws_route.private_ipv6_egress",
            "module.vpc.aws_route.private_nat_gateway",
            "module.vpc.aws_route.public_internet_gateway",
            "module.vpc.aws_route.public_internet_gateway_ipv6",
            "module.vpc.aws_route_table.database",
            "module.vpc.aws_route_table.elasticache",
            "module.vpc.aws_route_table.intra",
            "module.vpc.aws_route_table.private",
            "module.vpc.aws_route_table.public",
            "module.vpc.aws_route_table.redshift",
            "module.vpc.aws_route_table_association.database",
            "module.vpc.aws_route_table_association.elasticache",
            "module.vpc.aws_route_table_association.intra",
            "module.vpc.aws_route_table_association.outpost",
            "module.vpc.aws_route_table_association.private",
            "module.vpc.aws_route_table_association.public",
            "module.vpc.aws_route_table_association.redshift",
            "module.vpc.aws_route_table_association.redshift_public",
            "module.vpc.aws_subnet.database",
            "module.vpc.aws_subnet.elasticache",
            "module.vpc.aws_subnet.intra",
            "module.vpc.aws_subnet.outpost",
            "module.vpc.aws_subnet.private",
            "module.vpc.aws_subnet.public",
            "module.vpc.aws_subnet.redshift",
            "module.vpc.aws_vpc.this",
            "module.vpc.aws_vpc_dhcp_options.this",
            "module.vpc.aws_vpc_dhcp_options_association.this",
            "module.vpc.aws_vpc_ipv4_cidr_block_association.this",
            "module.vpc.aws_vpn_gateway.this",
            "module.vpc.aws_vpn_gateway_attachment.this",
            "module.vpc.aws_vpn_gateway_route_propagation.intra",
            "module.vpc.aws_vpn_gateway_route_propagation.private",
            "module.vpc.aws_vpn_gateway_route_propagation.public",
            "module.vpc.data.aws_iam_policy_document.flow_log_cloudwatch_assume_role",
            "module.vpc.data.aws_iam_policy_document.vpc_flow_log_cloudwatch",
            "random_id.cluster-suffix"
          ],
          "create_before_destroy": true
        }
      ]
    },
    {
      "module": "module.eks",
      "mode": "managed",
      "type": "aws_security_group_rule",
      "name": "cluster_egress_internet",
      "provider": "provider[\"registry.terraform.io/hashicorp/aws\"]",
      "instances": [
        {
          "index_key": 0,
          "schema_version": 2,
          "attributes": {
            "cidr_blocks": [
              "0.0.0.0/0"
            ],
            "description": "Allow cluster egress access to the Internet.",
            "from_port": 0,
            "id": "sgrule-935787500",
            "ipv6_cidr_blocks": null,
            "prefix_list_ids": null,
            "protocol": "-1",
            "security_group_id": "sg-0bc2ce99f41049f5a",
            "self": false,
            "source_security_group_id": null,
            "to_port": 0,
            "type": "egress"
          },
          "sensitive_attributes": [],
          "private": "eyJzY2hlbWFfdmVyc2lvbiI6IjIifQ==",
          "dependencies": [
            "data.aws_availability_zones.available",
            "module.eks.aws_security_group.cluster",
            "module.vpc.aws_cloudwatch_log_group.flow_log",
            "module.vpc.aws_customer_gateway.this",
            "module.vpc.aws_db_subnet_group.database",
            "module.vpc.aws_default_network_acl.this",
            "module.vpc.aws_default_route_table.default",
            "module.vpc.aws_default_security_group.this",
            "module.vpc.aws_default_vpc.this",
            "module.vpc.aws_egress_only_internet_gateway.this",
            "module.vpc.aws_eip.nat",
            "module.vpc.aws_elasticache_subnet_group.elasticache",
            "module.vpc.aws_flow_log.this",
            "module.vpc.aws_iam_policy.vpc_flow_log_cloudwatch",
            "module.vpc.aws_iam_role.vpc_flow_log_cloudwatch",
            "module.vpc.aws_iam_role_policy_attachment.vpc_flow_log_cloudwatch",
            "module.vpc.aws_internet_gateway.this",
            "module.vpc.aws_nat_gateway.this",
            "module.vpc.aws_network_acl.database",
            "module.vpc.aws_network_acl.elasticache",
            "module.vpc.aws_network_acl.intra",
            "module.vpc.aws_network_acl.outpost",
            "module.vpc.aws_network_acl.private",
            "module.vpc.aws_network_acl.public",
            "module.vpc.aws_network_acl.redshift",
            "module.vpc.aws_network_acl_rule.database_inbound",
            "module.vpc.aws_network_acl_rule.database_outbound",
            "module.vpc.aws_network_acl_rule.elasticache_inbound",
            "module.vpc.aws_network_acl_rule.elasticache_outbound",
            "module.vpc.aws_network_acl_rule.intra_inbound",
            "module.vpc.aws_network_acl_rule.intra_outbound",
            "module.vpc.aws_network_acl_rule.outpost_inbound",
            "module.vpc.aws_network_acl_rule.outpost_outbound",
            "module.vpc.aws_network_acl_rule.private_inbound",
            "module.vpc.aws_network_acl_rule.private_outbound",
            "module.vpc.aws_network_acl_rule.public_inbound",
            "module.vpc.aws_network_acl_rule.public_outbound",
            "module.vpc.aws_network_acl_rule.redshift_inbound",
            "module.vpc.aws_network_acl_rule.redshift_outbound",
            "module.vpc.aws_redshift_subnet_group.redshift",
            "module.vpc.aws_route.database_internet_gateway",
            "module.vpc.aws_route.database_ipv6_egress",
            "module.vpc.aws_route.database_nat_gateway",
            "module.vpc.aws_route.private_ipv6_egress",
            "module.vpc.aws_route.private_nat_gateway",
            "module.vpc.aws_route.public_internet_gateway",
            "module.vpc.aws_route.public_internet_gateway_ipv6",
            "module.vpc.aws_route_table.database",
            "module.vpc.aws_route_table.elasticache",
            "module.vpc.aws_route_table.intra",
            "module.vpc.aws_route_table.private",
            "module.vpc.aws_route_table.public",
            "module.vpc.aws_route_table.redshift",
            "module.vpc.aws_route_table_association.database",
            "module.vpc.aws_route_table_association.elasticache",
            "module.vpc.aws_route_table_association.intra",
            "module.vpc.aws_route_table_association.outpost",
            "module.vpc.aws_route_table_association.private",
            "module.vpc.aws_route_table_association.public",
            "module.vpc.aws_route_table_association.redshift",
            "module.vpc.aws_route_table_association.redshift_public",
            "module.vpc.aws_subnet.database",
            "module.vpc.aws_subnet.elasticache",
            "module.vpc.aws_subnet.intra",
            "module.vpc.aws_subnet.outpost",
            "module.vpc.aws_subnet.private",
            "module.vpc.aws_subnet.public",
            "module.vpc.aws_subnet.redshift",
            "module.vpc.aws_vpc.this",
            "module.vpc.aws_vpc_dhcp_options.this",
            "module.vpc.aws_vpc_dhcp_options_association.this",
            "module.vpc.aws_vpc_ipv4_cidr_block_association.this",
            "module.vpc.aws_vpn_gateway.this",
            "module.vpc.aws_vpn_gateway_attachment.this",
            "module.vpc.aws_vpn_gateway_route_propagation.intra",
            "module.vpc.aws_vpn_gateway_route_propagation.private",
            "module.vpc.aws_vpn_gateway_route_propagation.public",
            "module.vpc.data.aws_iam_policy_document.flow_log_cloudwatch_assume_role",
            "module.vpc.data.aws_iam_policy_document.vpc_flow_log_cloudwatch",
            "random_id.cluster-suffix"
          ],
          "create_before_destroy": true
        }
      ]
    },
    {
      "module": "module.eks",
      "mode": "managed",
      "type": "aws_security_group_rule",
      "name": "cluster_https_worker_ingress",
      "provider": "provider[\"registry.terraform.io/hashicorp/aws\"]",
      "instances": [
        {
          "index_key": 0,
          "schema_version": 2,
          "attributes": {
            "cidr_blocks": null,
            "description": "Allow pods to communicate with the EKS cluster API.",
            "from_port": 443,
            "id": "sgrule-2115018895",
            "ipv6_cidr_blocks": null,
            "prefix_list_ids": null,
            "protocol": "tcp",
            "security_group_id": "sg-0bc2ce99f41049f5a",
            "self": false,
            "source_security_group_id": "sg-075e957f5d14be2dc",
            "to_port": 443,
            "type": "ingress"
          },
          "sensitive_attributes": [],
          "private": "eyJzY2hlbWFfdmVyc2lvbiI6IjIifQ==",
          "dependencies": [
            "data.aws_availability_zones.available",
            "module.eks.aws_security_group.cluster",
            "module.eks.aws_security_group.workers",
            "module.vpc.aws_cloudwatch_log_group.flow_log",
            "module.vpc.aws_customer_gateway.this",
            "module.vpc.aws_db_subnet_group.database",
            "module.vpc.aws_default_network_acl.this",
            "module.vpc.aws_default_route_table.default",
            "module.vpc.aws_default_security_group.this",
            "module.vpc.aws_default_vpc.this",
            "module.vpc.aws_egress_only_internet_gateway.this",
            "module.vpc.aws_eip.nat",
            "module.vpc.aws_elasticache_subnet_group.elasticache",
            "module.vpc.aws_flow_log.this",
            "module.vpc.aws_iam_policy.vpc_flow_log_cloudwatch",
            "module.vpc.aws_iam_role.vpc_flow_log_cloudwatch",
            "module.vpc.aws_iam_role_policy_attachment.vpc_flow_log_cloudwatch",
            "module.vpc.aws_internet_gateway.this",
            "module.vpc.aws_nat_gateway.this",
            "module.vpc.aws_network_acl.database",
            "module.vpc.aws_network_acl.elasticache",
            "module.vpc.aws_network_acl.intra",
            "module.vpc.aws_network_acl.outpost",
            "module.vpc.aws_network_acl.private",
            "module.vpc.aws_network_acl.public",
            "module.vpc.aws_network_acl.redshift",
            "module.vpc.aws_network_acl_rule.database_inbound",
            "module.vpc.aws_network_acl_rule.database_outbound",
            "module.vpc.aws_network_acl_rule.elasticache_inbound",
            "module.vpc.aws_network_acl_rule.elasticache_outbound",
            "module.vpc.aws_network_acl_rule.intra_inbound",
            "module.vpc.aws_network_acl_rule.intra_outbound",
            "module.vpc.aws_network_acl_rule.outpost_inbound",
            "module.vpc.aws_network_acl_rule.outpost_outbound",
            "module.vpc.aws_network_acl_rule.private_inbound",
            "module.vpc.aws_network_acl_rule.private_outbound",
            "module.vpc.aws_network_acl_rule.public_inbound",
            "module.vpc.aws_network_acl_rule.public_outbound",
            "module.vpc.aws_network_acl_rule.redshift_inbound",
            "module.vpc.aws_network_acl_rule.redshift_outbound",
            "module.vpc.aws_redshift_subnet_group.redshift",
            "module.vpc.aws_route.database_internet_gateway",
            "module.vpc.aws_route.database_ipv6_egress",
            "module.vpc.aws_route.database_nat_gateway",
            "module.vpc.aws_route.private_ipv6_egress",
            "module.vpc.aws_route.private_nat_gateway",
            "module.vpc.aws_route.public_internet_gateway",
            "module.vpc.aws_route.public_internet_gateway_ipv6",
            "module.vpc.aws_route_table.database",
            "module.vpc.aws_route_table.elasticache",
            "module.vpc.aws_route_table.intra",
            "module.vpc.aws_route_table.private",
            "module.vpc.aws_route_table.public",
            "module.vpc.aws_route_table.redshift",
            "module.vpc.aws_route_table_association.database",
            "module.vpc.aws_route_table_association.elasticache",
            "module.vpc.aws_route_table_association.intra",
            "module.vpc.aws_route_table_association.outpost",
            "module.vpc.aws_route_table_association.private",
            "module.vpc.aws_route_table_association.public",
            "module.vpc.aws_route_table_association.redshift",
            "module.vpc.aws_route_table_association.redshift_public",
            "module.vpc.aws_subnet.database",
            "module.vpc.aws_subnet.elasticache",
            "module.vpc.aws_subnet.intra",
            "module.vpc.aws_subnet.outpost",
            "module.vpc.aws_subnet.private",
            "module.vpc.aws_subnet.public",
            "module.vpc.aws_subnet.redshift",
            "module.vpc.aws_vpc.this",
            "module.vpc.aws_vpc_dhcp_options.this",
            "module.vpc.aws_vpc_dhcp_options_association.this",
            "module.vpc.aws_vpc_ipv4_cidr_block_association.this",
            "module.vpc.aws_vpn_gateway.this",
            "module.vpc.aws_vpn_gateway_attachment.this",
            "module.vpc.aws_vpn_gateway_route_propagation.intra",
            "module.vpc.aws_vpn_gateway_route_propagation.private",
            "module.vpc.aws_vpn_gateway_route_propagation.public",
            "module.vpc.data.aws_iam_policy_document.flow_log_cloudwatch_assume_role",
            "module.vpc.data.aws_iam_policy_document.vpc_flow_log_cloudwatch",
            "random_id.cluster-suffix"
          ],
          "create_before_destroy": true
        }
      ]
    },
    {
      "module": "module.eks",
      "mode": "managed",
      "type": "aws_security_group_rule",
      "name": "workers_egress_internet",
      "provider": "provider[\"registry.terraform.io/hashicorp/aws\"]",
      "instances": [
        {
          "index_key": 0,
          "schema_version": 2,
          "attributes": {
            "cidr_blocks": [
              "0.0.0.0/0"
            ],
            "description": "Allow nodes all egress to the Internet.",
            "from_port": 0,
            "id": "sgrule-459911629",
            "ipv6_cidr_blocks": null,
            "prefix_list_ids": null,
            "protocol": "-1",
            "security_group_id": "sg-075e957f5d14be2dc",
            "self": false,
            "source_security_group_id": null,
            "to_port": 0,
            "type": "egress"
          },
          "sensitive_attributes": [],
          "private": "eyJzY2hlbWFfdmVyc2lvbiI6IjIifQ==",
          "dependencies": [
            "data.aws_availability_zones.available",
            "module.eks.aws_security_group.workers",
            "module.vpc.aws_cloudwatch_log_group.flow_log",
            "module.vpc.aws_customer_gateway.this",
            "module.vpc.aws_db_subnet_group.database",
            "module.vpc.aws_default_network_acl.this",
            "module.vpc.aws_default_route_table.default",
            "module.vpc.aws_default_security_group.this",
            "module.vpc.aws_default_vpc.this",
            "module.vpc.aws_egress_only_internet_gateway.this",
            "module.vpc.aws_eip.nat",
            "module.vpc.aws_elasticache_subnet_group.elasticache",
            "module.vpc.aws_flow_log.this",
            "module.vpc.aws_iam_policy.vpc_flow_log_cloudwatch",
            "module.vpc.aws_iam_role.vpc_flow_log_cloudwatch",
            "module.vpc.aws_iam_role_policy_attachment.vpc_flow_log_cloudwatch",
            "module.vpc.aws_internet_gateway.this",
            "module.vpc.aws_nat_gateway.this",
            "module.vpc.aws_network_acl.database",
            "module.vpc.aws_network_acl.elasticache",
            "module.vpc.aws_network_acl.intra",
            "module.vpc.aws_network_acl.outpost",
            "module.vpc.aws_network_acl.private",
            "module.vpc.aws_network_acl.public",
            "module.vpc.aws_network_acl.redshift",
            "module.vpc.aws_network_acl_rule.database_inbound",
            "module.vpc.aws_network_acl_rule.database_outbound",
            "module.vpc.aws_network_acl_rule.elasticache_inbound",
            "module.vpc.aws_network_acl_rule.elasticache_outbound",
            "module.vpc.aws_network_acl_rule.intra_inbound",
            "module.vpc.aws_network_acl_rule.intra_outbound",
            "module.vpc.aws_network_acl_rule.outpost_inbound",
            "module.vpc.aws_network_acl_rule.outpost_outbound",
            "module.vpc.aws_network_acl_rule.private_inbound",
            "module.vpc.aws_network_acl_rule.private_outbound",
            "module.vpc.aws_network_acl_rule.public_inbound",
            "module.vpc.aws_network_acl_rule.public_outbound",
            "module.vpc.aws_network_acl_rule.redshift_inbound",
            "module.vpc.aws_network_acl_rule.redshift_outbound",
            "module.vpc.aws_redshift_subnet_group.redshift",
            "module.vpc.aws_route.database_internet_gateway",
            "module.vpc.aws_route.database_ipv6_egress",
            "module.vpc.aws_route.database_nat_gateway",
            "module.vpc.aws_route.private_ipv6_egress",
            "module.vpc.aws_route.private_nat_gateway",
            "module.vpc.aws_route.public_internet_gateway",
            "module.vpc.aws_route.public_internet_gateway_ipv6",
            "module.vpc.aws_route_table.database",
            "module.vpc.aws_route_table.elasticache",
            "module.vpc.aws_route_table.intra",
            "module.vpc.aws_route_table.private",
            "module.vpc.aws_route_table.public",
            "module.vpc.aws_route_table.redshift",
            "module.vpc.aws_route_table_association.database",
            "module.vpc.aws_route_table_association.elasticache",
            "module.vpc.aws_route_table_association.intra",
            "module.vpc.aws_route_table_association.outpost",
            "module.vpc.aws_route_table_association.private",
            "module.vpc.aws_route_table_association.public",
            "module.vpc.aws_route_table_association.redshift",
            "module.vpc.aws_route_table_association.redshift_public",
            "module.vpc.aws_subnet.database",
            "module.vpc.aws_subnet.elasticache",
            "module.vpc.aws_subnet.intra",
            "module.vpc.aws_subnet.outpost",
            "module.vpc.aws_subnet.private",
            "module.vpc.aws_subnet.public",
            "module.vpc.aws_subnet.redshift",
            "module.vpc.aws_vpc.this",
            "module.vpc.aws_vpc_dhcp_options.this",
            "module.vpc.aws_vpc_dhcp_options_association.this",
            "module.vpc.aws_vpc_ipv4_cidr_block_association.this",
            "module.vpc.aws_vpn_gateway.this",
            "module.vpc.aws_vpn_gateway_attachment.this",
            "module.vpc.aws_vpn_gateway_route_propagation.intra",
            "module.vpc.aws_vpn_gateway_route_propagation.private",
            "module.vpc.aws_vpn_gateway_route_propagation.public",
            "module.vpc.data.aws_iam_policy_document.flow_log_cloudwatch_assume_role",
            "module.vpc.data.aws_iam_policy_document.vpc_flow_log_cloudwatch",
            "random_id.cluster-suffix"
          ],
          "create_before_destroy": true
        }
      ]
    },
    {
      "module": "module.eks",
      "mode": "managed",
      "type": "aws_security_group_rule",
      "name": "workers_ingress_cluster",
      "provider": "provider[\"registry.terraform.io/hashicorp/aws\"]",
      "instances": [
        {
          "index_key": 0,
          "schema_version": 2,
          "attributes": {
            "cidr_blocks": null,
            "description": "Allow workers pods to receive communication from the cluster control plane.",
            "from_port": 1025,
            "id": "sgrule-1563111302",
            "ipv6_cidr_blocks": null,
            "prefix_list_ids": null,
            "protocol": "tcp",
            "security_group_id": "sg-075e957f5d14be2dc",
            "self": false,
            "source_security_group_id": "sg-0bc2ce99f41049f5a",
            "to_port": 65535,
            "type": "ingress"
          },
          "sensitive_attributes": [],
          "private": "eyJzY2hlbWFfdmVyc2lvbiI6IjIifQ==",
          "dependencies": [
            "data.aws_availability_zones.available",
            "module.eks.aws_security_group.cluster",
            "module.eks.aws_security_group.workers",
            "module.vpc.aws_cloudwatch_log_group.flow_log",
            "module.vpc.aws_customer_gateway.this",
            "module.vpc.aws_db_subnet_group.database",
            "module.vpc.aws_default_network_acl.this",
            "module.vpc.aws_default_route_table.default",
            "module.vpc.aws_default_security_group.this",
            "module.vpc.aws_default_vpc.this",
            "module.vpc.aws_egress_only_internet_gateway.this",
            "module.vpc.aws_eip.nat",
            "module.vpc.aws_elasticache_subnet_group.elasticache",
            "module.vpc.aws_flow_log.this",
            "module.vpc.aws_iam_policy.vpc_flow_log_cloudwatch",
            "module.vpc.aws_iam_role.vpc_flow_log_cloudwatch",
            "module.vpc.aws_iam_role_policy_attachment.vpc_flow_log_cloudwatch",
            "module.vpc.aws_internet_gateway.this",
            "module.vpc.aws_nat_gateway.this",
            "module.vpc.aws_network_acl.database",
            "module.vpc.aws_network_acl.elasticache",
            "module.vpc.aws_network_acl.intra",
            "module.vpc.aws_network_acl.outpost",
            "module.vpc.aws_network_acl.private",
            "module.vpc.aws_network_acl.public",
            "module.vpc.aws_network_acl.redshift",
            "module.vpc.aws_network_acl_rule.database_inbound",
            "module.vpc.aws_network_acl_rule.database_outbound",
            "module.vpc.aws_network_acl_rule.elasticache_inbound",
            "module.vpc.aws_network_acl_rule.elasticache_outbound",
            "module.vpc.aws_network_acl_rule.intra_inbound",
            "module.vpc.aws_network_acl_rule.intra_outbound",
            "module.vpc.aws_network_acl_rule.outpost_inbound",
            "module.vpc.aws_network_acl_rule.outpost_outbound",
            "module.vpc.aws_network_acl_rule.private_inbound",
            "module.vpc.aws_network_acl_rule.private_outbound",
            "module.vpc.aws_network_acl_rule.public_inbound",
            "module.vpc.aws_network_acl_rule.public_outbound",
            "module.vpc.aws_network_acl_rule.redshift_inbound",
            "module.vpc.aws_network_acl_rule.redshift_outbound",
            "module.vpc.aws_redshift_subnet_group.redshift",
            "module.vpc.aws_route.database_internet_gateway",
            "module.vpc.aws_route.database_ipv6_egress",
            "module.vpc.aws_route.database_nat_gateway",
            "module.vpc.aws_route.private_ipv6_egress",
            "module.vpc.aws_route.private_nat_gateway",
            "module.vpc.aws_route.public_internet_gateway",
            "module.vpc.aws_route.public_internet_gateway_ipv6",
            "module.vpc.aws_route_table.database",
            "module.vpc.aws_route_table.elasticache",
            "module.vpc.aws_route_table.intra",
            "module.vpc.aws_route_table.private",
            "module.vpc.aws_route_table.public",
            "module.vpc.aws_route_table.redshift",
            "module.vpc.aws_route_table_association.database",
            "module.vpc.aws_route_table_association.elasticache",
            "module.vpc.aws_route_table_association.intra",
            "module.vpc.aws_route_table_association.outpost",
            "module.vpc.aws_route_table_association.private",
            "module.vpc.aws_route_table_association.public",
            "module.vpc.aws_route_table_association.redshift",
            "module.vpc.aws_route_table_association.redshift_public",
            "module.vpc.aws_subnet.database",
            "module.vpc.aws_subnet.elasticache",
            "module.vpc.aws_subnet.intra",
            "module.vpc.aws_subnet.outpost",
            "module.vpc.aws_subnet.private",
            "module.vpc.aws_subnet.public",
            "module.vpc.aws_subnet.redshift",
            "module.vpc.aws_vpc.this",
            "module.vpc.aws_vpc_dhcp_options.this",
            "module.vpc.aws_vpc_dhcp_options_association.this",
            "module.vpc.aws_vpc_ipv4_cidr_block_association.this",
            "module.vpc.aws_vpn_gateway.this",
            "module.vpc.aws_vpn_gateway_attachment.this",
            "module.vpc.aws_vpn_gateway_route_propagation.intra",
            "module.vpc.aws_vpn_gateway_route_propagation.private",
            "module.vpc.aws_vpn_gateway_route_propagation.public",
            "module.vpc.data.aws_iam_policy_document.flow_log_cloudwatch_assume_role",
            "module.vpc.data.aws_iam_policy_document.vpc_flow_log_cloudwatch",
            "random_id.cluster-suffix"
          ],
          "create_before_destroy": true
        }
      ]
    },
    {
      "module": "module.eks",
      "mode": "managed",
      "type": "aws_security_group_rule",
      "name": "workers_ingress_cluster_https",
      "provider": "provider[\"registry.terraform.io/hashicorp/aws\"]",
      "instances": [
        {
          "index_key": 0,
          "schema_version": 2,
          "attributes": {
            "cidr_blocks": null,
            "description": "Allow pods running extension API servers on port 443 to receive communication from cluster control plane.",
            "from_port": 443,
            "id": "sgrule-2541832780",
            "ipv6_cidr_blocks": null,
            "prefix_list_ids": null,
            "protocol": "tcp",
            "security_group_id": "sg-075e957f5d14be2dc",
            "self": false,
            "source_security_group_id": "sg-0bc2ce99f41049f5a",
            "to_port": 443,
            "type": "ingress"
          },
          "sensitive_attributes": [],
          "private": "eyJzY2hlbWFfdmVyc2lvbiI6IjIifQ==",
          "dependencies": [
            "data.aws_availability_zones.available",
            "module.eks.aws_security_group.cluster",
            "module.eks.aws_security_group.workers",
            "module.vpc.aws_cloudwatch_log_group.flow_log",
            "module.vpc.aws_customer_gateway.this",
            "module.vpc.aws_db_subnet_group.database",
            "module.vpc.aws_default_network_acl.this",
            "module.vpc.aws_default_route_table.default",
            "module.vpc.aws_default_security_group.this",
            "module.vpc.aws_default_vpc.this",
            "module.vpc.aws_egress_only_internet_gateway.this",
            "module.vpc.aws_eip.nat",
            "module.vpc.aws_elasticache_subnet_group.elasticache",
            "module.vpc.aws_flow_log.this",
            "module.vpc.aws_iam_policy.vpc_flow_log_cloudwatch",
            "module.vpc.aws_iam_role.vpc_flow_log_cloudwatch",
            "module.vpc.aws_iam_role_policy_attachment.vpc_flow_log_cloudwatch",
            "module.vpc.aws_internet_gateway.this",
            "module.vpc.aws_nat_gateway.this",
            "module.vpc.aws_network_acl.database",
            "module.vpc.aws_network_acl.elasticache",
            "module.vpc.aws_network_acl.intra",
            "module.vpc.aws_network_acl.outpost",
            "module.vpc.aws_network_acl.private",
            "module.vpc.aws_network_acl.public",
            "module.vpc.aws_network_acl.redshift",
            "module.vpc.aws_network_acl_rule.database_inbound",
            "module.vpc.aws_network_acl_rule.database_outbound",
            "module.vpc.aws_network_acl_rule.elasticache_inbound",
            "module.vpc.aws_network_acl_rule.elasticache_outbound",
            "module.vpc.aws_network_acl_rule.intra_inbound",
            "module.vpc.aws_network_acl_rule.intra_outbound",
            "module.vpc.aws_network_acl_rule.outpost_inbound",
            "module.vpc.aws_network_acl_rule.outpost_outbound",
            "module.vpc.aws_network_acl_rule.private_inbound",
            "module.vpc.aws_network_acl_rule.private_outbound",
            "module.vpc.aws_network_acl_rule.public_inbound",
            "module.vpc.aws_network_acl_rule.public_outbound",
            "module.vpc.aws_network_acl_rule.redshift_inbound",
            "module.vpc.aws_network_acl_rule.redshift_outbound",
            "module.vpc.aws_redshift_subnet_group.redshift",
            "module.vpc.aws_route.database_internet_gateway",
            "module.vpc.aws_route.database_ipv6_egress",
            "module.vpc.aws_route.database_nat_gateway",
            "module.vpc.aws_route.private_ipv6_egress",
            "module.vpc.aws_route.private_nat_gateway",
            "module.vpc.aws_route.public_internet_gateway",
            "module.vpc.aws_route.public_internet_gateway_ipv6",
            "module.vpc.aws_route_table.database",
            "module.vpc.aws_route_table.elasticache",
            "module.vpc.aws_route_table.intra",
            "module.vpc.aws_route_table.private",
            "module.vpc.aws_route_table.public",
            "module.vpc.aws_route_table.redshift",
            "module.vpc.aws_route_table_association.database",
            "module.vpc.aws_route_table_association.elasticache",
            "module.vpc.aws_route_table_association.intra",
            "module.vpc.aws_route_table_association.outpost",
            "module.vpc.aws_route_table_association.private",
            "module.vpc.aws_route_table_association.public",
            "module.vpc.aws_route_table_association.redshift",
            "module.vpc.aws_route_table_association.redshift_public",
            "module.vpc.aws_subnet.database",
            "module.vpc.aws_subnet.elasticache",
            "module.vpc.aws_subnet.intra",
            "module.vpc.aws_subnet.outpost",
            "module.vpc.aws_subnet.private",
            "module.vpc.aws_subnet.public",
            "module.vpc.aws_subnet.redshift",
            "module.vpc.aws_vpc.this",
            "module.vpc.aws_vpc_dhcp_options.this",
            "module.vpc.aws_vpc_dhcp_options_association.this",
            "module.vpc.aws_vpc_ipv4_cidr_block_association.this",
            "module.vpc.aws_vpn_gateway.this",
            "module.vpc.aws_vpn_gateway_attachment.this",
            "module.vpc.aws_vpn_gateway_route_propagation.intra",
            "module.vpc.aws_vpn_gateway_route_propagation.private",
            "module.vpc.aws_vpn_gateway_route_propagation.public",
            "module.vpc.data.aws_iam_policy_document.flow_log_cloudwatch_assume_role",
            "module.vpc.data.aws_iam_policy_document.vpc_flow_log_cloudwatch",
            "random_id.cluster-suffix"
          ],
          "create_before_destroy": true
        }
      ]
    },
    {
      "module": "module.eks",
      "mode": "managed",
      "type": "aws_security_group_rule",
      "name": "workers_ingress_self",
      "provider": "provider[\"registry.terraform.io/hashicorp/aws\"]",
      "instances": [
        {
          "index_key": 0,
          "schema_version": 2,
          "attributes": {
            "cidr_blocks": null,
            "description": "Allow node to communicate with each other.",
            "from_port": 0,
            "id": "sgrule-3713278940",
            "ipv6_cidr_blocks": null,
            "prefix_list_ids": null,
            "protocol": "-1",
            "security_group_id": "sg-075e957f5d14be2dc",
            "self": false,
            "source_security_group_id": "sg-075e957f5d14be2dc",
            "to_port": 65535,
            "type": "ingress"
          },
          "sensitive_attributes": [],
          "private": "eyJzY2hlbWFfdmVyc2lvbiI6IjIifQ==",
          "dependencies": [
            "data.aws_availability_zones.available",
            "module.eks.aws_security_group.workers",
            "module.vpc.aws_cloudwatch_log_group.flow_log",
            "module.vpc.aws_customer_gateway.this",
            "module.vpc.aws_db_subnet_group.database",
            "module.vpc.aws_default_network_acl.this",
            "module.vpc.aws_default_route_table.default",
            "module.vpc.aws_default_security_group.this",
            "module.vpc.aws_default_vpc.this",
            "module.vpc.aws_egress_only_internet_gateway.this",
            "module.vpc.aws_eip.nat",
            "module.vpc.aws_elasticache_subnet_group.elasticache",
            "module.vpc.aws_flow_log.this",
            "module.vpc.aws_iam_policy.vpc_flow_log_cloudwatch",
            "module.vpc.aws_iam_role.vpc_flow_log_cloudwatch",
            "module.vpc.aws_iam_role_policy_attachment.vpc_flow_log_cloudwatch",
            "module.vpc.aws_internet_gateway.this",
            "module.vpc.aws_nat_gateway.this",
            "module.vpc.aws_network_acl.database",
            "module.vpc.aws_network_acl.elasticache",
            "module.vpc.aws_network_acl.intra",
            "module.vpc.aws_network_acl.outpost",
            "module.vpc.aws_network_acl.private",
            "module.vpc.aws_network_acl.public",
            "module.vpc.aws_network_acl.redshift",
            "module.vpc.aws_network_acl_rule.database_inbound",
            "module.vpc.aws_network_acl_rule.database_outbound",
            "module.vpc.aws_network_acl_rule.elasticache_inbound",
            "module.vpc.aws_network_acl_rule.elasticache_outbound",
            "module.vpc.aws_network_acl_rule.intra_inbound",
            "module.vpc.aws_network_acl_rule.intra_outbound",
            "module.vpc.aws_network_acl_rule.outpost_inbound",
            "module.vpc.aws_network_acl_rule.outpost_outbound",
            "module.vpc.aws_network_acl_rule.private_inbound",
            "module.vpc.aws_network_acl_rule.private_outbound",
            "module.vpc.aws_network_acl_rule.public_inbound",
            "module.vpc.aws_network_acl_rule.public_outbound",
            "module.vpc.aws_network_acl_rule.redshift_inbound",
            "module.vpc.aws_network_acl_rule.redshift_outbound",
            "module.vpc.aws_redshift_subnet_group.redshift",
            "module.vpc.aws_route.database_internet_gateway",
            "module.vpc.aws_route.database_ipv6_egress",
            "module.vpc.aws_route.database_nat_gateway",
            "module.vpc.aws_route.private_ipv6_egress",
            "module.vpc.aws_route.private_nat_gateway",
            "module.vpc.aws_route.public_internet_gateway",
            "module.vpc.aws_route.public_internet_gateway_ipv6",
            "module.vpc.aws_route_table.database",
            "module.vpc.aws_route_table.elasticache",
            "module.vpc.aws_route_table.intra",
            "module.vpc.aws_route_table.private",
            "module.vpc.aws_route_table.public",
            "module.vpc.aws_route_table.redshift",
            "module.vpc.aws_route_table_association.database",
            "module.vpc.aws_route_table_association.elasticache",
            "module.vpc.aws_route_table_association.intra",
            "module.vpc.aws_route_table_association.outpost",
            "module.vpc.aws_route_table_association.private",
            "module.vpc.aws_route_table_association.public",
            "module.vpc.aws_route_table_association.redshift",
            "module.vpc.aws_route_table_association.redshift_public",
            "module.vpc.aws_subnet.database",
            "module.vpc.aws_subnet.elasticache",
            "module.vpc.aws_subnet.intra",
            "module.vpc.aws_subnet.outpost",
            "module.vpc.aws_subnet.private",
            "module.vpc.aws_subnet.public",
            "module.vpc.aws_subnet.redshift",
            "module.vpc.aws_vpc.this",
            "module.vpc.aws_vpc_dhcp_options.this",
            "module.vpc.aws_vpc_dhcp_options_association.this",
            "module.vpc.aws_vpc_ipv4_cidr_block_association.this",
            "module.vpc.aws_vpn_gateway.this",
            "module.vpc.aws_vpn_gateway_attachment.this",
            "module.vpc.aws_vpn_gateway_route_propagation.intra",
            "module.vpc.aws_vpn_gateway_route_propagation.private",
            "module.vpc.aws_vpn_gateway_route_propagation.public",
            "module.vpc.data.aws_iam_policy_document.flow_log_cloudwatch_assume_role",
            "module.vpc.data.aws_iam_policy_document.vpc_flow_log_cloudwatch",
            "random_id.cluster-suffix"
          ],
          "create_before_destroy": true
        }
      ]
    },
    {
      "module": "module.eks",
      "mode": "managed",
      "type": "kubernetes_config_map",
      "name": "aws_auth",
      "provider": "provider[\"registry.terraform.io/hashicorp/kubernetes\"]",
      "instances": [
        {
          "index_key": 0,
          "schema_version": 0,
          "attributes": {
            "binary_data": null,
            "data": {
              "mapAccounts": "[]\n",
              "mapRoles": "- \"groups\":\n  - \"system:bootstrappers\"\n  - \"system:nodes\"\n  \"rolearn\": \"arn:aws:iam::100072912756:role/swimstack-Cg20210924011927216200000009\"\n  \"username\": \"system:node:{{EC2PrivateDNSName}}\"\n",
              "mapUsers": "[]\n"
            },
            "id": "kube-system/aws-auth",
            "metadata": [
              {
                "annotations": null,
                "generate_name": "",
                "generation": 0,
                "labels": {
                  "app.kubernetes.io/managed-by": "Terraform",
                  "terraform.io/module": "terraform-aws-modules.eks.aws"
                },
                "name": "aws-auth",
                "namespace": "kube-system",
                "resource_version": "707",
                "uid": "4d3ccd87-f5d8-4e84-a644-a1e4d8c532b1"
              }
            ]
          },
          "sensitive_attributes": [],
          "private": "bnVsbA==",
          "dependencies": [
            "data.aws_availability_zones.available",
            "data.aws_eks_cluster.cluster",
            "data.aws_eks_cluster_auth.cluster",
            "module.eks.aws_cloudwatch_log_group.this",
            "module.eks.aws_eks_cluster.this",
            "module.eks.aws_iam_instance_profile.workers",
            "module.eks.aws_iam_instance_profile.workers_launch_template",
            "module.eks.aws_iam_role.cluster",
            "module.eks.aws_iam_role.workers",
            "module.eks.aws_iam_role_policy_attachment.cluster_AmazonEKSClusterPolicy",
            "module.eks.aws_iam_role_policy_attachment.cluster_AmazonEKSServicePolicy",
            "module.eks.aws_iam_role_policy_attachment.cluster_AmazonEKSVPCResourceControllerPolicy",
            "module.eks.aws_security_group.cluster",
            "module.eks.aws_security_group.workers",
            "module.eks.aws_security_group_rule.cluster_egress_internet",
            "module.eks.aws_security_group_rule.cluster_https_worker_ingress",
            "module.eks.aws_security_group_rule.cluster_private_access_cidrs_source",
            "module.eks.aws_security_group_rule.cluster_private_access_sg_source",
            "module.eks.data.aws_ami.eks_worker",
            "module.eks.data.aws_ami.eks_worker_windows",
            "module.eks.data.aws_caller_identity.current",
            "module.eks.data.aws_iam_instance_profile.custom_worker_group_iam_instance_profile",
            "module.eks.data.aws_iam_instance_profile.custom_worker_group_launch_template_iam_instance_profile",
            "module.eks.data.aws_iam_policy_document.cluster_assume_role_policy",
            "module.eks.data.aws_iam_policy_document.workers_assume_role_policy",
            "module.eks.data.aws_iam_role.custom_cluster_iam_role",
            "module.eks.data.aws_partition.current",
            "module.eks.data.http.wait_for_cluster",
            "module.eks.module.fargate.aws_iam_role.eks_fargate_pod",
            "module.eks.module.fargate.data.aws_iam_role.custom_fargate_iam_role",
            "module.vpc.aws_cloudwatch_log_group.flow_log",
            "module.vpc.aws_customer_gateway.this",
            "module.vpc.aws_db_subnet_group.database",
            "module.vpc.aws_default_network_acl.this",
            "module.vpc.aws_default_route_table.default",
            "module.vpc.aws_default_security_group.this",
            "module.vpc.aws_default_vpc.this",
            "module.vpc.aws_egress_only_internet_gateway.this",
            "module.vpc.aws_eip.nat",
            "module.vpc.aws_elasticache_subnet_group.elasticache",
            "module.vpc.aws_flow_log.this",
            "module.vpc.aws_iam_policy.vpc_flow_log_cloudwatch",
            "module.vpc.aws_iam_role.vpc_flow_log_cloudwatch",
            "module.vpc.aws_iam_role_policy_attachment.vpc_flow_log_cloudwatch",
            "module.vpc.aws_internet_gateway.this",
            "module.vpc.aws_nat_gateway.this",
            "module.vpc.aws_network_acl.database",
            "module.vpc.aws_network_acl.elasticache",
            "module.vpc.aws_network_acl.intra",
            "module.vpc.aws_network_acl.outpost",
            "module.vpc.aws_network_acl.private",
            "module.vpc.aws_network_acl.public",
            "module.vpc.aws_network_acl.redshift",
            "module.vpc.aws_network_acl_rule.database_inbound",
            "module.vpc.aws_network_acl_rule.database_outbound",
            "module.vpc.aws_network_acl_rule.elasticache_inbound",
            "module.vpc.aws_network_acl_rule.elasticache_outbound",
            "module.vpc.aws_network_acl_rule.intra_inbound",
            "module.vpc.aws_network_acl_rule.intra_outbound",
            "module.vpc.aws_network_acl_rule.outpost_inbound",
            "module.vpc.aws_network_acl_rule.outpost_outbound",
            "module.vpc.aws_network_acl_rule.private_inbound",
            "module.vpc.aws_network_acl_rule.private_outbound",
            "module.vpc.aws_network_acl_rule.public_inbound",
            "module.vpc.aws_network_acl_rule.public_outbound",
            "module.vpc.aws_network_acl_rule.redshift_inbound",
            "module.vpc.aws_network_acl_rule.redshift_outbound",
            "module.vpc.aws_redshift_subnet_group.redshift",
            "module.vpc.aws_route.database_internet_gateway",
            "module.vpc.aws_route.database_ipv6_egress",
            "module.vpc.aws_route.database_nat_gateway",
            "module.vpc.aws_route.private_ipv6_egress",
            "module.vpc.aws_route.private_nat_gateway",
            "module.vpc.aws_route.public_internet_gateway",
            "module.vpc.aws_route.public_internet_gateway_ipv6",
            "module.vpc.aws_route_table.database",
            "module.vpc.aws_route_table.elasticache",
            "module.vpc.aws_route_table.intra",
            "module.vpc.aws_route_table.private",
            "module.vpc.aws_route_table.public",
            "module.vpc.aws_route_table.redshift",
            "module.vpc.aws_route_table_association.database",
            "module.vpc.aws_route_table_association.elasticache",
            "module.vpc.aws_route_table_association.intra",
            "module.vpc.aws_route_table_association.outpost",
            "module.vpc.aws_route_table_association.private",
            "module.vpc.aws_route_table_association.public",
            "module.vpc.aws_route_table_association.redshift",
            "module.vpc.aws_route_table_association.redshift_public",
            "module.vpc.aws_subnet.database",
            "module.vpc.aws_subnet.elasticache",
            "module.vpc.aws_subnet.intra",
            "module.vpc.aws_subnet.outpost",
            "module.vpc.aws_subnet.private",
            "module.vpc.aws_subnet.public",
            "module.vpc.aws_subnet.redshift",
            "module.vpc.aws_vpc.this",
            "module.vpc.aws_vpc_dhcp_options.this",
            "module.vpc.aws_vpc_dhcp_options_association.this",
            "module.vpc.aws_vpc_ipv4_cidr_block_association.this",
            "module.vpc.aws_vpn_gateway.this",
            "module.vpc.aws_vpn_gateway_attachment.this",
            "module.vpc.aws_vpn_gateway_route_propagation.intra",
            "module.vpc.aws_vpn_gateway_route_propagation.private",
            "module.vpc.aws_vpn_gateway_route_propagation.public",
            "module.vpc.data.aws_iam_policy_document.flow_log_cloudwatch_assume_role",
            "module.vpc.data.aws_iam_policy_document.vpc_flow_log_cloudwatch",
            "random_id.cluster-suffix"
          ]
        }
      ]
    },
    {
      "module": "module.eks",
      "mode": "managed",
      "type": "local_file",
      "name": "kubeconfig",
      "provider": "provider[\"registry.terraform.io/hashicorp/local\"]",
      "instances": [
        {
          "index_key": 0,
          "schema_version": 0,
          "attributes": {
            "content": "apiVersion: v1\npreferences: {}\nkind: Config\n\nclusters:\n- cluster:\n    server: https://08AC8DEE9EAF63392FAA2F7CBBD5D151.gr7.us-west-2.eks.amazonaws.com\n    certificate-authority-data: LS0tLS1CRUdJTiBDRVJUSUZJQ0FURS0tLS0tCk1JSUM1ekNDQWMrZ0F3SUJBZ0lCQURBTkJna3Foa2lHOXcwQkFRc0ZBREFWTVJNd0VRWURWUVFERXdwcmRXSmwKY201bGRHVnpNQjRYRFRJeE1Ea3lOREF4TVRVME9Wb1hEVE14TURreU1qQXhNVFUwT1Zvd0ZURVRNQkVHQTFVRQpBeE1LYTNWaVpYSnVaWFJsY3pDQ0FTSXdEUVlKS29aSWh2Y05BUUVCQlFBRGdnRVBBRENDQVFvQ2dnRUJBTGJSCkd5RnA5UnRJNjNFbmNRMkduVlZQNnpPOUV3WmFFUTU4Rk1lcEw4KzB5OHRpR3FwY25EbEdTT1dZWXo0WVBBQWsKbi9tYm1ON1EyOUNsTzFOdWwwWjg5S29WWHB5S3czUmJ2cEp0cFFiUHg0Y1UvOW9zUXYzbURLdDZrL0lvN00ycgpoOTBpR0FNM3pNZHhBS3BncDBCQytRQ0JRNXVvUWg3Ym0yMWxBZUpCN016N3ZCL3VjOFdIaVh0Z21yeld3bFovCkZMSWhQZHhBVHFFNTZSMFllVlREeS9oaDl1NHpGSTRMU29XbkhNNHFMODRlbDZOZXp4cTNNdDRIdkdxeS9SRnUKcVppczJQM2o1elJWaDV5TkJBcHh4bTRYVlpkQjJZVU5MMkdxOVdydGk3eDluZXFPUWhWb2pZWUJ6aEdML2RLKwpTZkJXOWRPejhSQU0zamYrS3JVQ0F3RUFBYU5DTUVBd0RnWURWUjBQQVFIL0JBUURBZ0trTUE4R0ExVWRFd0VCCi93UUZNQU1CQWY4d0hRWURWUjBPQkJZRUZOc1ZhUFBERkc2M084cGUrL2RuT3lrL0VwOGtNQTBHQ1NxR1NJYjMKRFFFQkN3VUFBNElCQVFCWG5mVG4xWk1IaGt5Q3ZVTFJESGRFdGJmTnU0YXB1bnk5eDlJK3NCcER0YVFoWnlldQpTSkl2YnRVeWdlOXNBZEhYajBvck1uR0p5NkdTTlUwclEzVFIycVdCNTlhZ1N1NU5SNi9LcjliTURSVUlVYXd3CmdDWUFBZmJxY0lLU1U1bkU5dlhjRGZodFlyNXpnMCtOZlp1cnZkWGVvK1lpL2RPN2djKzFKTlZDREEvMFZvTVcKbUUxd0RpOU5JaHIvejRqa05GcnhmcUl4ekpzWldJZVkySW1wamJMdEJJWmVFQUZSOEhqZ2prNzhxWk5sNC9NLwpQRDU0RmRhU1JZK3A1eVBudmwzMHRMMDFaNDVvWGRQV3QrMFkzMjhMTHd4ZXcwOW9yY3JiT1d1OTNNd2FTY1dNCmJDTjVjOU1tbldqbmNBRTA1STFzQXdDR1k5SXQvY1hOdEczWgotLS0tLUVORCBDRVJUSUZJQ0FURS0tLS0tCg==\n  name: eks_swimstack-Cg\n\ncontexts:\n- context:\n    cluster: eks_swimstack-Cg\n    user: eks_swimstack-Cg\n  name: eks_swimstack-Cg\n\ncurrent-context: eks_swimstack-Cg\n\nusers:\n- name: eks_swimstack-Cg\n  user:\n    exec:\n      apiVersion: client.authentication.k8s.io/v1alpha1\n      command: aws-iam-authenticator\n      args:\n        - \"token\"\n        - \"-i\"\n        - \"swimstack-Cg\"\n",
            "content_base64": null,
            "directory_permission": "0755",
            "file_permission": "0600",
            "filename": "./kubeconfig_swimstack-Cg",
            "id": "a2ea47a17a3b41421e36cce62b6ef849547990cc",
            "sensitive_content": null,
            "source": null
          },
          "sensitive_attributes": [],
          "private": "bnVsbA==",
          "dependencies": [
            "data.aws_availability_zones.available",
            "module.eks.aws_cloudwatch_log_group.this",
            "module.eks.aws_eks_cluster.this",
            "module.eks.aws_iam_role.cluster",
            "module.eks.aws_iam_role_policy_attachment.cluster_AmazonEKSClusterPolicy",
            "module.eks.aws_iam_role_policy_attachment.cluster_AmazonEKSServicePolicy",
            "module.eks.aws_iam_role_policy_attachment.cluster_AmazonEKSVPCResourceControllerPolicy",
            "module.eks.aws_security_group.cluster",
            "module.eks.aws_security_group.workers",
            "module.eks.aws_security_group_rule.cluster_egress_internet",
            "module.eks.aws_security_group_rule.cluster_https_worker_ingress",
            "module.eks.data.aws_iam_policy_document.cluster_assume_role_policy",
            "module.eks.data.aws_iam_role.custom_cluster_iam_role",
            "module.eks.data.aws_partition.current",
            "module.vpc.aws_cloudwatch_log_group.flow_log",
            "module.vpc.aws_customer_gateway.this",
            "module.vpc.aws_db_subnet_group.database",
            "module.vpc.aws_default_network_acl.this",
            "module.vpc.aws_default_route_table.default",
            "module.vpc.aws_default_security_group.this",
            "module.vpc.aws_default_vpc.this",
            "module.vpc.aws_egress_only_internet_gateway.this",
            "module.vpc.aws_eip.nat",
            "module.vpc.aws_elasticache_subnet_group.elasticache",
            "module.vpc.aws_flow_log.this",
            "module.vpc.aws_iam_policy.vpc_flow_log_cloudwatch",
            "module.vpc.aws_iam_role.vpc_flow_log_cloudwatch",
            "module.vpc.aws_iam_role_policy_attachment.vpc_flow_log_cloudwatch",
            "module.vpc.aws_internet_gateway.this",
            "module.vpc.aws_nat_gateway.this",
            "module.vpc.aws_network_acl.database",
            "module.vpc.aws_network_acl.elasticache",
            "module.vpc.aws_network_acl.intra",
            "module.vpc.aws_network_acl.outpost",
            "module.vpc.aws_network_acl.private",
            "module.vpc.aws_network_acl.public",
            "module.vpc.aws_network_acl.redshift",
            "module.vpc.aws_network_acl_rule.database_inbound",
            "module.vpc.aws_network_acl_rule.database_outbound",
            "module.vpc.aws_network_acl_rule.elasticache_inbound",
            "module.vpc.aws_network_acl_rule.elasticache_outbound",
            "module.vpc.aws_network_acl_rule.intra_inbound",
            "module.vpc.aws_network_acl_rule.intra_outbound",
            "module.vpc.aws_network_acl_rule.outpost_inbound",
            "module.vpc.aws_network_acl_rule.outpost_outbound",
            "module.vpc.aws_network_acl_rule.private_inbound",
            "module.vpc.aws_network_acl_rule.private_outbound",
            "module.vpc.aws_network_acl_rule.public_inbound",
            "module.vpc.aws_network_acl_rule.public_outbound",
            "module.vpc.aws_network_acl_rule.redshift_inbound",
            "module.vpc.aws_network_acl_rule.redshift_outbound",
            "module.vpc.aws_redshift_subnet_group.redshift",
            "module.vpc.aws_route.database_internet_gateway",
            "module.vpc.aws_route.database_ipv6_egress",
            "module.vpc.aws_route.database_nat_gateway",
            "module.vpc.aws_route.private_ipv6_egress",
            "module.vpc.aws_route.private_nat_gateway",
            "module.vpc.aws_route.public_internet_gateway",
            "module.vpc.aws_route.public_internet_gateway_ipv6",
            "module.vpc.aws_route_table.database",
            "module.vpc.aws_route_table.elasticache",
            "module.vpc.aws_route_table.intra",
            "module.vpc.aws_route_table.private",
            "module.vpc.aws_route_table.public",
            "module.vpc.aws_route_table.redshift",
            "module.vpc.aws_route_table_association.database",
            "module.vpc.aws_route_table_association.elasticache",
            "module.vpc.aws_route_table_association.intra",
            "module.vpc.aws_route_table_association.outpost",
            "module.vpc.aws_route_table_association.private",
            "module.vpc.aws_route_table_association.public",
            "module.vpc.aws_route_table_association.redshift",
            "module.vpc.aws_route_table_association.redshift_public",
            "module.vpc.aws_subnet.database",
            "module.vpc.aws_subnet.elasticache",
            "module.vpc.aws_subnet.intra",
            "module.vpc.aws_subnet.outpost",
            "module.vpc.aws_subnet.private",
            "module.vpc.aws_subnet.public",
            "module.vpc.aws_subnet.redshift",
            "module.vpc.aws_vpc.this",
            "module.vpc.aws_vpc_dhcp_options.this",
            "module.vpc.aws_vpc_dhcp_options_association.this",
            "module.vpc.aws_vpc_ipv4_cidr_block_association.this",
            "module.vpc.aws_vpn_gateway.this",
            "module.vpc.aws_vpn_gateway_attachment.this",
            "module.vpc.aws_vpn_gateway_route_propagation.intra",
            "module.vpc.aws_vpn_gateway_route_propagation.private",
            "module.vpc.aws_vpn_gateway_route_propagation.public",
            "module.vpc.data.aws_iam_policy_document.flow_log_cloudwatch_assume_role",
            "module.vpc.data.aws_iam_policy_document.vpc_flow_log_cloudwatch",
            "random_id.cluster-suffix"
          ]
        }
      ]
    },
    {
      "module": "module.eks.module.fargate",
      "mode": "data",
      "type": "aws_partition",
      "name": "current",
      "provider": "provider[\"registry.terraform.io/hashicorp/aws\"]",
      "instances": [
        {
          "schema_version": 0,
          "attributes": {
            "dns_suffix": "amazonaws.com",
            "id": "aws",
            "partition": "aws",
            "reverse_dns_prefix": "com.amazonaws"
          },
          "sensitive_attributes": []
        }
      ]
    },
    {
      "module": "module.vpc",
      "mode": "managed",
      "type": "aws_eip",
      "name": "nat",
      "provider": "provider[\"registry.terraform.io/hashicorp/aws\"]",
      "instances": [
        {
          "index_key": 0,
          "schema_version": 0,
          "attributes": {
            "address": null,
            "allocation_id": null,
            "associate_with_private_ip": null,
            "association_id": "",
            "carrier_ip": "",
            "customer_owned_ip": "",
            "customer_owned_ipv4_pool": "",
            "domain": "vpc",
            "id": "eipalloc-08f28d73eac0b8554",
            "instance": "",
            "network_border_group": "us-west-2",
            "network_interface": "",
            "private_dns": null,
            "private_ip": "",
            "public_dns": "ec2-35-85-251-182.us-west-2.compute.amazonaws.com",
            "public_ip": "35.85.251.182",
            "public_ipv4_pool": "amazon",
            "tags": {
              "Name": "swimstack-vpc-us-west-2a",
              "kubernetes.io/cluster/swimstack-Cg": "shared"
            },
            "tags_all": {
              "Name": "swimstack-vpc-us-west-2a",
              "kubernetes.io/cluster/swimstack-Cg": "shared"
            },
            "timeouts": null,
            "vpc": true
          },
          "sensitive_attributes": [],
          "private": "eyJlMmJmYjczMC1lY2FhLTExZTYtOGY4OC0zNDM2M2JjN2M0YzAiOnsiZGVsZXRlIjoxODAwMDAwMDAwMDAsInJlYWQiOjkwMDAwMDAwMDAwMCwidXBkYXRlIjozMDAwMDAwMDAwMDB9fQ==",
          "dependencies": [
            "data.aws_availability_zones.available",
            "random_id.cluster-suffix"
          ],
          "create_before_destroy": true
        },
        {
          "index_key": 1,
          "schema_version": 0,
          "attributes": {
            "address": null,
            "allocation_id": null,
            "associate_with_private_ip": null,
            "association_id": "",
            "carrier_ip": "",
            "customer_owned_ip": "",
            "customer_owned_ipv4_pool": "",
            "domain": "vpc",
            "id": "eipalloc-07b57d2562067110a",
            "instance": "",
            "network_border_group": "us-west-2",
            "network_interface": "",
            "private_dns": null,
            "private_ip": "",
            "public_dns": "ec2-54-68-181-131.us-west-2.compute.amazonaws.com",
            "public_ip": "54.68.181.131",
            "public_ipv4_pool": "amazon",
            "tags": {
              "Name": "swimstack-vpc-us-west-2b",
              "kubernetes.io/cluster/swimstack-Cg": "shared"
            },
            "tags_all": {
              "Name": "swimstack-vpc-us-west-2b",
              "kubernetes.io/cluster/swimstack-Cg": "shared"
            },
            "timeouts": null,
            "vpc": true
          },
          "sensitive_attributes": [],
          "private": "eyJlMmJmYjczMC1lY2FhLTExZTYtOGY4OC0zNDM2M2JjN2M0YzAiOnsiZGVsZXRlIjoxODAwMDAwMDAwMDAsInJlYWQiOjkwMDAwMDAwMDAwMCwidXBkYXRlIjozMDAwMDAwMDAwMDB9fQ==",
          "dependencies": [
            "data.aws_availability_zones.available",
            "random_id.cluster-suffix"
          ],
          "create_before_destroy": true
        },
        {
          "index_key": 2,
          "schema_version": 0,
          "attributes": {
            "address": null,
            "allocation_id": null,
            "associate_with_private_ip": null,
            "association_id": "",
            "carrier_ip": "",
            "customer_owned_ip": "",
            "customer_owned_ipv4_pool": "",
            "domain": "vpc",
            "id": "eipalloc-085c8b4172774ba28",
            "instance": "",
            "network_border_group": "us-west-2",
            "network_interface": "",
            "private_dns": null,
            "private_ip": "",
            "public_dns": "ec2-44-231-52-159.us-west-2.compute.amazonaws.com",
            "public_ip": "44.231.52.159",
            "public_ipv4_pool": "amazon",
            "tags": {
              "Name": "swimstack-vpc-us-west-2c",
              "kubernetes.io/cluster/swimstack-Cg": "shared"
            },
            "tags_all": {
              "Name": "swimstack-vpc-us-west-2c",
              "kubernetes.io/cluster/swimstack-Cg": "shared"
            },
            "timeouts": null,
            "vpc": true
          },
          "sensitive_attributes": [],
          "private": "eyJlMmJmYjczMC1lY2FhLTExZTYtOGY4OC0zNDM2M2JjN2M0YzAiOnsiZGVsZXRlIjoxODAwMDAwMDAwMDAsInJlYWQiOjkwMDAwMDAwMDAwMCwidXBkYXRlIjozMDAwMDAwMDAwMDB9fQ==",
          "dependencies": [
            "data.aws_availability_zones.available",
            "random_id.cluster-suffix"
          ],
          "create_before_destroy": true
        }
      ]
    },
    {
      "module": "module.vpc",
      "mode": "managed",
      "type": "aws_internet_gateway",
      "name": "this",
      "provider": "provider[\"registry.terraform.io/hashicorp/aws\"]",
      "instances": [
        {
          "index_key": 0,
          "schema_version": 0,
          "attributes": {
            "arn": "arn:aws:ec2:us-west-2:100072912756:internet-gateway/igw-0f27aaf587651631e",
            "id": "igw-0f27aaf587651631e",
            "owner_id": "100072912756",
            "tags": {
              "Name": "swimstack-vpc",
              "kubernetes.io/cluster/swimstack-Cg": "shared"
            },
            "tags_all": {
              "Name": "swimstack-vpc",
              "kubernetes.io/cluster/swimstack-Cg": "shared"
            },
            "vpc_id": "vpc-0be2cf936ff8e3417"
          },
          "sensitive_attributes": [],
          "private": "bnVsbA==",
          "dependencies": [
            "module.vpc.aws_vpc.this",
            "module.vpc.aws_vpc_ipv4_cidr_block_association.this",
            "random_id.cluster-suffix"
          ],
          "create_before_destroy": true
        }
      ]
    },
    {
      "module": "module.vpc",
      "mode": "managed",
      "type": "aws_nat_gateway",
      "name": "this",
      "provider": "provider[\"registry.terraform.io/hashicorp/aws\"]",
      "instances": [
        {
          "index_key": 0,
          "schema_version": 0,
          "attributes": {
            "allocation_id": "eipalloc-08f28d73eac0b8554",
            "connectivity_type": "public",
            "id": "nat-0be7baf66c01c0315",
            "network_interface_id": "eni-034d8aabf75407d5a",
            "private_ip": "10.0.0.235",
            "public_ip": "35.85.251.182",
            "subnet_id": "subnet-0a16b5760461af74f",
            "tags": {
              "Name": "swimstack-vpc-us-west-2a",
              "kubernetes.io/cluster/swimstack-Cg": "shared"
            },
            "tags_all": {
              "Name": "swimstack-vpc-us-west-2a",
              "kubernetes.io/cluster/swimstack-Cg": "shared"
            }
          },
          "sensitive_attributes": [],
          "private": "bnVsbA==",
          "dependencies": [
            "data.aws_availability_zones.available",
            "module.vpc.aws_eip.nat",
            "module.vpc.aws_internet_gateway.this",
            "module.vpc.aws_subnet.public",
            "module.vpc.aws_vpc.this",
            "module.vpc.aws_vpc_ipv4_cidr_block_association.this",
            "random_id.cluster-suffix"
          ],
          "create_before_destroy": true
        },
        {
          "index_key": 1,
          "schema_version": 0,
          "attributes": {
            "allocation_id": "eipalloc-07b57d2562067110a",
            "connectivity_type": "public",
            "id": "nat-073dccbeb2e2a525d",
            "network_interface_id": "eni-0b98ced56ec521856",
            "private_ip": "10.0.1.58",
            "public_ip": "54.68.181.131",
            "subnet_id": "subnet-0cb3c21c024cb61f9",
            "tags": {
              "Name": "swimstack-vpc-us-west-2b",
              "kubernetes.io/cluster/swimstack-Cg": "shared"
            },
            "tags_all": {
              "Name": "swimstack-vpc-us-west-2b",
              "kubernetes.io/cluster/swimstack-Cg": "shared"
            }
          },
          "sensitive_attributes": [],
          "private": "bnVsbA==",
          "dependencies": [
            "data.aws_availability_zones.available",
            "module.vpc.aws_eip.nat",
            "module.vpc.aws_internet_gateway.this",
            "module.vpc.aws_subnet.public",
            "module.vpc.aws_vpc.this",
            "module.vpc.aws_vpc_ipv4_cidr_block_association.this",
            "random_id.cluster-suffix"
          ],
          "create_before_destroy": true
        },
        {
          "index_key": 2,
          "schema_version": 0,
          "attributes": {
            "allocation_id": "eipalloc-085c8b4172774ba28",
            "connectivity_type": "public",
            "id": "nat-076db4e4c27db4e19",
            "network_interface_id": "eni-0a10d3013f5bd28dd",
            "private_ip": "10.0.1.72",
            "public_ip": "44.231.52.159",
            "subnet_id": "subnet-01b33aadfaf04adda",
            "tags": {
              "Name": "swimstack-vpc-us-west-2c",
              "kubernetes.io/cluster/swimstack-Cg": "shared"
            },
            "tags_all": {
              "Name": "swimstack-vpc-us-west-2c",
              "kubernetes.io/cluster/swimstack-Cg": "shared"
            }
          },
          "sensitive_attributes": [],
          "private": "bnVsbA==",
          "dependencies": [
            "data.aws_availability_zones.available",
            "module.vpc.aws_eip.nat",
            "module.vpc.aws_internet_gateway.this",
            "module.vpc.aws_subnet.public",
            "module.vpc.aws_vpc.this",
            "module.vpc.aws_vpc_ipv4_cidr_block_association.this",
            "random_id.cluster-suffix"
          ],
          "create_before_destroy": true
        }
      ]
    },
    {
      "module": "module.vpc",
      "mode": "managed",
      "type": "aws_route",
      "name": "private_nat_gateway",
      "provider": "provider[\"registry.terraform.io/hashicorp/aws\"]",
      "instances": [
        {
          "index_key": 0,
          "schema_version": 0,
          "attributes": {
            "carrier_gateway_id": "",
            "destination_cidr_block": "0.0.0.0/0",
            "destination_ipv6_cidr_block": "",
            "destination_prefix_list_id": "",
            "egress_only_gateway_id": "",
            "gateway_id": "",
            "id": "r-rtb-00e4a4ed9d7f2488e1080289494",
            "instance_id": "",
            "instance_owner_id": "",
            "local_gateway_id": "",
            "nat_gateway_id": "nat-0be7baf66c01c0315",
            "network_interface_id": "",
            "origin": "CreateRoute",
            "route_table_id": "rtb-00e4a4ed9d7f2488e",
            "state": "active",
            "timeouts": {
              "create": "5m",
              "delete": null
            },
            "transit_gateway_id": "",
            "vpc_endpoint_id": "",
            "vpc_peering_connection_id": ""
          },
          "sensitive_attributes": [],
          "private": "eyJlMmJmYjczMC1lY2FhLTExZTYtOGY4OC0zNDM2M2JjN2M0YzAiOnsiY3JlYXRlIjozMDAwMDAwMDAwMDAsImRlbGV0ZSI6MzAwMDAwMDAwMDAwfX0=",
          "dependencies": [
            "data.aws_availability_zones.available",
            "module.vpc.aws_eip.nat",
            "module.vpc.aws_internet_gateway.this",
            "module.vpc.aws_nat_gateway.this",
            "module.vpc.aws_route_table.private",
            "module.vpc.aws_subnet.public",
            "module.vpc.aws_vpc.this",
            "module.vpc.aws_vpc_ipv4_cidr_block_association.this",
            "random_id.cluster-suffix"
          ],
          "create_before_destroy": true
        },
        {
          "index_key": 1,
          "schema_version": 0,
          "attributes": {
            "carrier_gateway_id": "",
            "destination_cidr_block": "0.0.0.0/0",
            "destination_ipv6_cidr_block": "",
            "destination_prefix_list_id": "",
            "egress_only_gateway_id": "",
            "gateway_id": "",
            "id": "r-rtb-0bbd9bf08408bc30a1080289494",
            "instance_id": "",
            "instance_owner_id": "",
            "local_gateway_id": "",
            "nat_gateway_id": "nat-073dccbeb2e2a525d",
            "network_interface_id": "",
            "origin": "CreateRoute",
            "route_table_id": "rtb-0bbd9bf08408bc30a",
            "state": "active",
            "timeouts": {
              "create": "5m",
              "delete": null
            },
            "transit_gateway_id": "",
            "vpc_endpoint_id": "",
            "vpc_peering_connection_id": ""
          },
          "sensitive_attributes": [],
          "private": "eyJlMmJmYjczMC1lY2FhLTExZTYtOGY4OC0zNDM2M2JjN2M0YzAiOnsiY3JlYXRlIjozMDAwMDAwMDAwMDAsImRlbGV0ZSI6MzAwMDAwMDAwMDAwfX0=",
          "dependencies": [
            "data.aws_availability_zones.available",
            "module.vpc.aws_eip.nat",
            "module.vpc.aws_internet_gateway.this",
            "module.vpc.aws_nat_gateway.this",
            "module.vpc.aws_route_table.private",
            "module.vpc.aws_subnet.public",
            "module.vpc.aws_vpc.this",
            "module.vpc.aws_vpc_ipv4_cidr_block_association.this",
            "random_id.cluster-suffix"
          ],
          "create_before_destroy": true
        },
        {
          "index_key": 2,
          "schema_version": 0,
          "attributes": {
            "carrier_gateway_id": "",
            "destination_cidr_block": "0.0.0.0/0",
            "destination_ipv6_cidr_block": "",
            "destination_prefix_list_id": "",
            "egress_only_gateway_id": "",
            "gateway_id": "",
            "id": "r-rtb-0fada8f9de258d7f41080289494",
            "instance_id": "",
            "instance_owner_id": "",
            "local_gateway_id": "",
            "nat_gateway_id": "nat-076db4e4c27db4e19",
            "network_interface_id": "",
            "origin": "CreateRoute",
            "route_table_id": "rtb-0fada8f9de258d7f4",
            "state": "active",
            "timeouts": {
              "create": "5m",
              "delete": null
            },
            "transit_gateway_id": "",
            "vpc_endpoint_id": "",
            "vpc_peering_connection_id": ""
          },
          "sensitive_attributes": [],
          "private": "eyJlMmJmYjczMC1lY2FhLTExZTYtOGY4OC0zNDM2M2JjN2M0YzAiOnsiY3JlYXRlIjozMDAwMDAwMDAwMDAsImRlbGV0ZSI6MzAwMDAwMDAwMDAwfX0=",
          "dependencies": [
            "data.aws_availability_zones.available",
            "module.vpc.aws_eip.nat",
            "module.vpc.aws_internet_gateway.this",
            "module.vpc.aws_nat_gateway.this",
            "module.vpc.aws_route_table.private",
            "module.vpc.aws_subnet.public",
            "module.vpc.aws_vpc.this",
            "module.vpc.aws_vpc_ipv4_cidr_block_association.this",
            "random_id.cluster-suffix"
          ],
          "create_before_destroy": true
        }
      ]
    },
    {
      "module": "module.vpc",
      "mode": "managed",
      "type": "aws_route",
      "name": "public_internet_gateway",
      "provider": "provider[\"registry.terraform.io/hashicorp/aws\"]",
      "instances": [
        {
          "index_key": 0,
          "schema_version": 0,
          "attributes": {
            "carrier_gateway_id": "",
            "destination_cidr_block": "0.0.0.0/0",
            "destination_ipv6_cidr_block": "",
            "destination_prefix_list_id": "",
            "egress_only_gateway_id": "",
            "gateway_id": "igw-0f27aaf587651631e",
            "id": "r-rtb-0ba7ea46231a9f48a1080289494",
            "instance_id": "",
            "instance_owner_id": "",
            "local_gateway_id": "",
            "nat_gateway_id": "",
            "network_interface_id": "",
            "origin": "CreateRoute",
            "route_table_id": "rtb-0ba7ea46231a9f48a",
            "state": "active",
            "timeouts": {
              "create": "5m",
              "delete": null
            },
            "transit_gateway_id": "",
            "vpc_endpoint_id": "",
            "vpc_peering_connection_id": ""
          },
          "sensitive_attributes": [],
          "private": "eyJlMmJmYjczMC1lY2FhLTExZTYtOGY4OC0zNDM2M2JjN2M0YzAiOnsiY3JlYXRlIjozMDAwMDAwMDAwMDAsImRlbGV0ZSI6MzAwMDAwMDAwMDAwfX0=",
          "dependencies": [
            "module.vpc.aws_internet_gateway.this",
            "module.vpc.aws_route_table.public",
            "module.vpc.aws_vpc.this",
            "module.vpc.aws_vpc_ipv4_cidr_block_association.this",
            "random_id.cluster-suffix"
          ],
          "create_before_destroy": true
        }
      ]
    },
    {
      "module": "module.vpc",
      "mode": "managed",
      "type": "aws_route_table",
      "name": "private",
      "provider": "provider[\"registry.terraform.io/hashicorp/aws\"]",
      "instances": [
        {
          "index_key": 0,
          "schema_version": 0,
          "attributes": {
            "arn": "arn:aws:ec2:us-west-2:100072912756:route-table/rtb-00e4a4ed9d7f2488e",
            "id": "rtb-00e4a4ed9d7f2488e",
            "owner_id": "100072912756",
            "propagating_vgws": [],
            "route": [],
            "tags": {
              "Name": "swimstack-vpc-private-us-west-2a",
              "kubernetes.io/cluster/swimstack-Cg": "shared"
            },
            "tags_all": {
              "Name": "swimstack-vpc-private-us-west-2a",
              "kubernetes.io/cluster/swimstack-Cg": "shared"
            },
            "vpc_id": "vpc-0be2cf936ff8e3417"
          },
          "sensitive_attributes": [],
          "private": "bnVsbA==",
          "dependencies": [
            "data.aws_availability_zones.available",
            "module.vpc.aws_vpc.this",
            "module.vpc.aws_vpc_ipv4_cidr_block_association.this",
            "random_id.cluster-suffix"
          ],
          "create_before_destroy": true
        },
        {
          "index_key": 1,
          "schema_version": 0,
          "attributes": {
            "arn": "arn:aws:ec2:us-west-2:100072912756:route-table/rtb-0bbd9bf08408bc30a",
            "id": "rtb-0bbd9bf08408bc30a",
            "owner_id": "100072912756",
            "propagating_vgws": [],
            "route": [],
            "tags": {
              "Name": "swimstack-vpc-private-us-west-2b",
              "kubernetes.io/cluster/swimstack-Cg": "shared"
            },
            "tags_all": {
              "Name": "swimstack-vpc-private-us-west-2b",
              "kubernetes.io/cluster/swimstack-Cg": "shared"
            },
            "vpc_id": "vpc-0be2cf936ff8e3417"
          },
          "sensitive_attributes": [],
          "private": "bnVsbA==",
          "dependencies": [
            "data.aws_availability_zones.available",
            "module.vpc.aws_vpc.this",
            "module.vpc.aws_vpc_ipv4_cidr_block_association.this",
            "random_id.cluster-suffix"
          ],
          "create_before_destroy": true
        },
        {
          "index_key": 2,
          "schema_version": 0,
          "attributes": {
            "arn": "arn:aws:ec2:us-west-2:100072912756:route-table/rtb-0fada8f9de258d7f4",
            "id": "rtb-0fada8f9de258d7f4",
            "owner_id": "100072912756",
            "propagating_vgws": [],
            "route": [],
            "tags": {
              "Name": "swimstack-vpc-private-us-west-2c",
              "kubernetes.io/cluster/swimstack-Cg": "shared"
            },
            "tags_all": {
              "Name": "swimstack-vpc-private-us-west-2c",
              "kubernetes.io/cluster/swimstack-Cg": "shared"
            },
            "vpc_id": "vpc-0be2cf936ff8e3417"
          },
          "sensitive_attributes": [],
          "private": "bnVsbA==",
          "dependencies": [
            "data.aws_availability_zones.available",
            "module.vpc.aws_vpc.this",
            "module.vpc.aws_vpc_ipv4_cidr_block_association.this",
            "random_id.cluster-suffix"
          ],
          "create_before_destroy": true
        }
      ]
    },
    {
      "module": "module.vpc",
      "mode": "managed",
      "type": "aws_route_table",
      "name": "public",
      "provider": "provider[\"registry.terraform.io/hashicorp/aws\"]",
      "instances": [
        {
          "index_key": 0,
          "schema_version": 0,
          "attributes": {
            "arn": "arn:aws:ec2:us-west-2:100072912756:route-table/rtb-0ba7ea46231a9f48a",
            "id": "rtb-0ba7ea46231a9f48a",
            "owner_id": "100072912756",
            "propagating_vgws": [],
            "route": [],
            "tags": {
              "Name": "swimstack-vpc-public",
              "kubernetes.io/cluster/swimstack-Cg": "shared"
            },
            "tags_all": {
              "Name": "swimstack-vpc-public",
              "kubernetes.io/cluster/swimstack-Cg": "shared"
            },
            "vpc_id": "vpc-0be2cf936ff8e3417"
          },
          "sensitive_attributes": [],
          "private": "bnVsbA==",
          "dependencies": [
            "module.vpc.aws_vpc.this",
            "module.vpc.aws_vpc_ipv4_cidr_block_association.this",
            "random_id.cluster-suffix"
          ],
          "create_before_destroy": true
        }
      ]
    },
    {
      "module": "module.vpc",
      "mode": "managed",
      "type": "aws_route_table_association",
      "name": "private",
      "provider": "provider[\"registry.terraform.io/hashicorp/aws\"]",
      "instances": [
        {
          "index_key": 0,
          "schema_version": 0,
          "attributes": {
            "gateway_id": "",
            "id": "rtbassoc-0bba94f8174b36b1f",
            "route_table_id": "rtb-00e4a4ed9d7f2488e",
            "subnet_id": "subnet-088145e863c945c40"
          },
          "sensitive_attributes": [],
          "private": "bnVsbA==",
          "dependencies": [
            "data.aws_availability_zones.available",
            "module.vpc.aws_route_table.private",
            "module.vpc.aws_subnet.private",
            "module.vpc.aws_vpc.this",
            "module.vpc.aws_vpc_ipv4_cidr_block_association.this",
            "random_id.cluster-suffix"
          ],
          "create_before_destroy": true
        },
        {
          "index_key": 1,
          "schema_version": 0,
          "attributes": {
            "gateway_id": "",
            "id": "rtbassoc-0921df76422288fcf",
            "route_table_id": "rtb-0bbd9bf08408bc30a",
            "subnet_id": "subnet-03e68b3ab00c2c270"
          },
          "sensitive_attributes": [],
          "private": "bnVsbA==",
          "dependencies": [
            "data.aws_availability_zones.available",
            "module.vpc.aws_route_table.private",
            "module.vpc.aws_subnet.private",
            "module.vpc.aws_vpc.this",
            "module.vpc.aws_vpc_ipv4_cidr_block_association.this",
            "random_id.cluster-suffix"
          ],
          "create_before_destroy": true
        },
        {
          "index_key": 2,
          "schema_version": 0,
          "attributes": {
            "gateway_id": "",
            "id": "rtbassoc-085479219449c96d4",
            "route_table_id": "rtb-0fada8f9de258d7f4",
            "subnet_id": "subnet-0169f8679038e22ec"
          },
          "sensitive_attributes": [],
          "private": "bnVsbA==",
          "dependencies": [
            "data.aws_availability_zones.available",
            "module.vpc.aws_route_table.private",
            "module.vpc.aws_subnet.private",
            "module.vpc.aws_vpc.this",
            "module.vpc.aws_vpc_ipv4_cidr_block_association.this",
            "random_id.cluster-suffix"
          ],
          "create_before_destroy": true
        }
      ]
    },
    {
      "module": "module.vpc",
      "mode": "managed",
      "type": "aws_route_table_association",
      "name": "public",
      "provider": "provider[\"registry.terraform.io/hashicorp/aws\"]",
      "instances": [
        {
          "index_key": 0,
          "schema_version": 0,
          "attributes": {
            "gateway_id": "",
            "id": "rtbassoc-06be9d64ea0bab44d",
            "route_table_id": "rtb-0ba7ea46231a9f48a",
            "subnet_id": "subnet-0a16b5760461af74f"
          },
          "sensitive_attributes": [],
          "private": "bnVsbA==",
          "dependencies": [
            "data.aws_availability_zones.available",
            "module.vpc.aws_route_table.public",
            "module.vpc.aws_subnet.public",
            "module.vpc.aws_vpc.this",
            "module.vpc.aws_vpc_ipv4_cidr_block_association.this",
            "random_id.cluster-suffix"
          ],
          "create_before_destroy": true
        },
        {
          "index_key": 1,
          "schema_version": 0,
          "attributes": {
            "gateway_id": "",
            "id": "rtbassoc-046f99a71c7193c71",
            "route_table_id": "rtb-0ba7ea46231a9f48a",
            "subnet_id": "subnet-0cb3c21c024cb61f9"
          },
          "sensitive_attributes": [],
          "private": "bnVsbA==",
          "dependencies": [
            "data.aws_availability_zones.available",
            "module.vpc.aws_route_table.public",
            "module.vpc.aws_subnet.public",
            "module.vpc.aws_vpc.this",
            "module.vpc.aws_vpc_ipv4_cidr_block_association.this",
            "random_id.cluster-suffix"
          ],
          "create_before_destroy": true
        },
        {
          "index_key": 2,
          "schema_version": 0,
          "attributes": {
            "gateway_id": "",
            "id": "rtbassoc-00a76b37454988aec",
            "route_table_id": "rtb-0ba7ea46231a9f48a",
            "subnet_id": "subnet-01b33aadfaf04adda"
          },
          "sensitive_attributes": [],
          "private": "bnVsbA==",
          "dependencies": [
            "data.aws_availability_zones.available",
            "module.vpc.aws_route_table.public",
            "module.vpc.aws_subnet.public",
            "module.vpc.aws_vpc.this",
            "module.vpc.aws_vpc_ipv4_cidr_block_association.this",
            "random_id.cluster-suffix"
          ],
          "create_before_destroy": true
        }
      ]
    },
    {
      "module": "module.vpc",
      "mode": "managed",
      "type": "aws_subnet",
      "name": "private",
      "provider": "provider[\"registry.terraform.io/hashicorp/aws\"]",
      "instances": [
        {
          "index_key": 0,
          "schema_version": 1,
          "attributes": {
            "arn": "arn:aws:ec2:us-west-2:100072912756:subnet/subnet-088145e863c945c40",
            "assign_ipv6_address_on_creation": false,
            "availability_zone": "us-west-2a",
            "availability_zone_id": "usw2-az2",
            "cidr_block": "10.0.0.0/26",
            "customer_owned_ipv4_pool": "",
            "id": "subnet-088145e863c945c40",
            "ipv6_cidr_block": "",
            "ipv6_cidr_block_association_id": "",
            "map_customer_owned_ip_on_launch": false,
            "map_public_ip_on_launch": false,
            "outpost_arn": "",
            "owner_id": "100072912756",
            "tags": {
              "Name": "swimstack-vpc-private-us-west-2a",
              "kubernetes.io/cluster/swimstack-Cg": "shared",
              "kubernetes.io/role/internal-elb": "1"
            },
            "tags_all": {
              "Name": "swimstack-vpc-private-us-west-2a",
              "kubernetes.io/cluster/swimstack-Cg": "shared",
              "kubernetes.io/role/internal-elb": "1"
            },
            "timeouts": null,
            "vpc_id": "vpc-0be2cf936ff8e3417"
          },
          "sensitive_attributes": [],
          "private": "eyJlMmJmYjczMC1lY2FhLTExZTYtOGY4OC0zNDM2M2JjN2M0YzAiOnsiY3JlYXRlIjo2MDAwMDAwMDAwMDAsImRlbGV0ZSI6MTIwMDAwMDAwMDAwMH0sInNjaGVtYV92ZXJzaW9uIjoiMSJ9",
          "dependencies": [
            "data.aws_availability_zones.available",
            "module.vpc.aws_vpc.this",
            "module.vpc.aws_vpc_ipv4_cidr_block_association.this",
            "random_id.cluster-suffix"
          ],
          "create_before_destroy": true
        },
        {
          "index_key": 1,
          "schema_version": 1,
          "attributes": {
            "arn": "arn:aws:ec2:us-west-2:100072912756:subnet/subnet-03e68b3ab00c2c270",
            "assign_ipv6_address_on_creation": false,
            "availability_zone": "us-west-2b",
            "availability_zone_id": "usw2-az1",
            "cidr_block": "10.0.0.64/26",
            "customer_owned_ipv4_pool": "",
            "id": "subnet-03e68b3ab00c2c270",
            "ipv6_cidr_block": "",
            "ipv6_cidr_block_association_id": "",
            "map_customer_owned_ip_on_launch": false,
            "map_public_ip_on_launch": false,
            "outpost_arn": "",
            "owner_id": "100072912756",
            "tags": {
              "Name": "swimstack-vpc-private-us-west-2b",
              "kubernetes.io/cluster/swimstack-Cg": "shared",
              "kubernetes.io/role/internal-elb": "1"
            },
            "tags_all": {
              "Name": "swimstack-vpc-private-us-west-2b",
              "kubernetes.io/cluster/swimstack-Cg": "shared",
              "kubernetes.io/role/internal-elb": "1"
            },
            "timeouts": null,
            "vpc_id": "vpc-0be2cf936ff8e3417"
          },
          "sensitive_attributes": [],
          "private": "eyJlMmJmYjczMC1lY2FhLTExZTYtOGY4OC0zNDM2M2JjN2M0YzAiOnsiY3JlYXRlIjo2MDAwMDAwMDAwMDAsImRlbGV0ZSI6MTIwMDAwMDAwMDAwMH0sInNjaGVtYV92ZXJzaW9uIjoiMSJ9",
          "dependencies": [
            "data.aws_availability_zones.available",
            "module.vpc.aws_vpc.this",
            "module.vpc.aws_vpc_ipv4_cidr_block_association.this",
            "random_id.cluster-suffix"
          ],
          "create_before_destroy": true
        },
        {
          "index_key": 2,
          "schema_version": 1,
          "attributes": {
            "arn": "arn:aws:ec2:us-west-2:100072912756:subnet/subnet-0169f8679038e22ec",
            "assign_ipv6_address_on_creation": false,
            "availability_zone": "us-west-2c",
            "availability_zone_id": "usw2-az3",
            "cidr_block": "10.0.0.128/26",
            "customer_owned_ipv4_pool": "",
            "id": "subnet-0169f8679038e22ec",
            "ipv6_cidr_block": "",
            "ipv6_cidr_block_association_id": "",
            "map_customer_owned_ip_on_launch": false,
            "map_public_ip_on_launch": false,
            "outpost_arn": "",
            "owner_id": "100072912756",
            "tags": {
              "Name": "swimstack-vpc-private-us-west-2c",
              "kubernetes.io/cluster/swimstack-Cg": "shared",
              "kubernetes.io/role/internal-elb": "1"
            },
            "tags_all": {
              "Name": "swimstack-vpc-private-us-west-2c",
              "kubernetes.io/cluster/swimstack-Cg": "shared",
              "kubernetes.io/role/internal-elb": "1"
            },
            "timeouts": null,
            "vpc_id": "vpc-0be2cf936ff8e3417"
          },
          "sensitive_attributes": [],
          "private": "eyJlMmJmYjczMC1lY2FhLTExZTYtOGY4OC0zNDM2M2JjN2M0YzAiOnsiY3JlYXRlIjo2MDAwMDAwMDAwMDAsImRlbGV0ZSI6MTIwMDAwMDAwMDAwMH0sInNjaGVtYV92ZXJzaW9uIjoiMSJ9",
          "dependencies": [
            "data.aws_availability_zones.available",
            "module.vpc.aws_vpc.this",
            "module.vpc.aws_vpc_ipv4_cidr_block_association.this",
            "random_id.cluster-suffix"
          ],
          "create_before_destroy": true
        }
      ]
    },
    {
      "module": "module.vpc",
      "mode": "managed",
      "type": "aws_subnet",
      "name": "public",
      "provider": "provider[\"registry.terraform.io/hashicorp/aws\"]",
      "instances": [
        {
          "index_key": 0,
          "schema_version": 1,
          "attributes": {
            "arn": "arn:aws:ec2:us-west-2:100072912756:subnet/subnet-0a16b5760461af74f",
            "assign_ipv6_address_on_creation": false,
            "availability_zone": "us-west-2a",
            "availability_zone_id": "usw2-az2",
            "cidr_block": "10.0.0.192/26",
            "customer_owned_ipv4_pool": "",
            "id": "subnet-0a16b5760461af74f",
            "ipv6_cidr_block": "",
            "ipv6_cidr_block_association_id": "",
            "map_customer_owned_ip_on_launch": false,
            "map_public_ip_on_launch": true,
            "outpost_arn": "",
            "owner_id": "100072912756",
            "tags": {
              "Name": "swimstack-vpc-public-us-west-2a",
              "kubernetes.io/cluster/swimstack-Cg": "shared",
              "kubernetes.io/role/elb": "1"
            },
            "tags_all": {
              "Name": "swimstack-vpc-public-us-west-2a",
              "kubernetes.io/cluster/swimstack-Cg": "shared",
              "kubernetes.io/role/elb": "1"
            },
            "timeouts": null,
            "vpc_id": "vpc-0be2cf936ff8e3417"
          },
          "sensitive_attributes": [],
          "private": "eyJlMmJmYjczMC1lY2FhLTExZTYtOGY4OC0zNDM2M2JjN2M0YzAiOnsiY3JlYXRlIjo2MDAwMDAwMDAwMDAsImRlbGV0ZSI6MTIwMDAwMDAwMDAwMH0sInNjaGVtYV92ZXJzaW9uIjoiMSJ9",
          "dependencies": [
            "data.aws_availability_zones.available",
            "module.vpc.aws_vpc.this",
            "module.vpc.aws_vpc_ipv4_cidr_block_association.this",
            "random_id.cluster-suffix"
          ],
          "create_before_destroy": true
        },
        {
          "index_key": 1,
          "schema_version": 1,
          "attributes": {
            "arn": "arn:aws:ec2:us-west-2:100072912756:subnet/subnet-0cb3c21c024cb61f9",
            "assign_ipv6_address_on_creation": false,
            "availability_zone": "us-west-2b",
            "availability_zone_id": "usw2-az1",
            "cidr_block": "10.0.1.0/26",
            "customer_owned_ipv4_pool": "",
            "id": "subnet-0cb3c21c024cb61f9",
            "ipv6_cidr_block": "",
            "ipv6_cidr_block_association_id": "",
            "map_customer_owned_ip_on_launch": false,
            "map_public_ip_on_launch": true,
            "outpost_arn": "",
            "owner_id": "100072912756",
            "tags": {
              "Name": "swimstack-vpc-public-us-west-2b",
              "kubernetes.io/cluster/swimstack-Cg": "shared",
              "kubernetes.io/role/elb": "1"
            },
            "tags_all": {
              "Name": "swimstack-vpc-public-us-west-2b",
              "kubernetes.io/cluster/swimstack-Cg": "shared",
              "kubernetes.io/role/elb": "1"
            },
            "timeouts": null,
            "vpc_id": "vpc-0be2cf936ff8e3417"
          },
          "sensitive_attributes": [],
          "private": "eyJlMmJmYjczMC1lY2FhLTExZTYtOGY4OC0zNDM2M2JjN2M0YzAiOnsiY3JlYXRlIjo2MDAwMDAwMDAwMDAsImRlbGV0ZSI6MTIwMDAwMDAwMDAwMH0sInNjaGVtYV92ZXJzaW9uIjoiMSJ9",
          "dependencies": [
            "data.aws_availability_zones.available",
            "module.vpc.aws_vpc.this",
            "module.vpc.aws_vpc_ipv4_cidr_block_association.this",
            "random_id.cluster-suffix"
          ],
          "create_before_destroy": true
        },
        {
          "index_key": 2,
          "schema_version": 1,
          "attributes": {
            "arn": "arn:aws:ec2:us-west-2:100072912756:subnet/subnet-01b33aadfaf04adda",
            "assign_ipv6_address_on_creation": false,
            "availability_zone": "us-west-2c",
            "availability_zone_id": "usw2-az3",
            "cidr_block": "10.0.1.64/26",
            "customer_owned_ipv4_pool": "",
            "id": "subnet-01b33aadfaf04adda",
            "ipv6_cidr_block": "",
            "ipv6_cidr_block_association_id": "",
            "map_customer_owned_ip_on_launch": false,
            "map_public_ip_on_launch": true,
            "outpost_arn": "",
            "owner_id": "100072912756",
            "tags": {
              "Name": "swimstack-vpc-public-us-west-2c",
              "kubernetes.io/cluster/swimstack-Cg": "shared",
              "kubernetes.io/role/elb": "1"
            },
            "tags_all": {
              "Name": "swimstack-vpc-public-us-west-2c",
              "kubernetes.io/cluster/swimstack-Cg": "shared",
              "kubernetes.io/role/elb": "1"
            },
            "timeouts": null,
            "vpc_id": "vpc-0be2cf936ff8e3417"
          },
          "sensitive_attributes": [],
          "private": "eyJlMmJmYjczMC1lY2FhLTExZTYtOGY4OC0zNDM2M2JjN2M0YzAiOnsiY3JlYXRlIjo2MDAwMDAwMDAwMDAsImRlbGV0ZSI6MTIwMDAwMDAwMDAwMH0sInNjaGVtYV92ZXJzaW9uIjoiMSJ9",
          "dependencies": [
            "data.aws_availability_zones.available",
            "module.vpc.aws_vpc.this",
            "module.vpc.aws_vpc_ipv4_cidr_block_association.this",
            "random_id.cluster-suffix"
          ],
          "create_before_destroy": true
        }
      ]
    },
    {
      "module": "module.vpc",
      "mode": "managed",
      "type": "aws_vpc",
      "name": "this",
      "provider": "provider[\"registry.terraform.io/hashicorp/aws\"]",
      "instances": [
        {
          "index_key": 0,
          "schema_version": 1,
          "attributes": {
            "arn": "arn:aws:ec2:us-west-2:100072912756:vpc/vpc-0be2cf936ff8e3417",
            "assign_generated_ipv6_cidr_block": false,
            "cidr_block": "10.0.0.0/22",
            "default_network_acl_id": "acl-0c05207ac19a83f4d",
            "default_route_table_id": "rtb-09b85a1a2630cda02",
            "default_security_group_id": "sg-0960c2a54f0b78694",
            "dhcp_options_id": "dopt-0d12a25b4fd789cd3",
            "enable_classiclink": false,
            "enable_classiclink_dns_support": false,
            "enable_dns_hostnames": true,
            "enable_dns_support": true,
            "id": "vpc-0be2cf936ff8e3417",
            "instance_tenancy": "default",
            "ipv6_association_id": "",
            "ipv6_cidr_block": "",
            "main_route_table_id": "rtb-09b85a1a2630cda02",
            "owner_id": "100072912756",
            "tags": {
              "Name": "swimstack-vpc",
              "kubernetes.io/cluster/swimstack-Cg": "shared"
            },
            "tags_all": {
              "Name": "swimstack-vpc",
              "kubernetes.io/cluster/swimstack-Cg": "shared"
            }
          },
          "sensitive_attributes": [],
          "private": "eyJzY2hlbWFfdmVyc2lvbiI6IjEifQ==",
          "dependencies": [
            "random_id.cluster-suffix"
          ],
          "create_before_destroy": true
        }
      ]
    }
  ]
}
