{
  "version": 4,
  "terraform_version": "1.0.7",
  "serial": 832,
  "lineage": "b3d9bd55-0c54-034f-947e-eee3294b0dea",
  "outputs": {},
  "resources": [
    {
      "mode": "data",
      "type": "aws_availability_zones",
      "name": "available",
      "provider": "provider[\"registry.terraform.io/hashicorp/aws\"]",
      "instances": [
        {
          "schema_version": 0,
          "attributes": {
            "all_availability_zones": null,
            "exclude_names": null,
            "exclude_zone_ids": null,
            "filter": null,
            "group_names": [
              "us-west-2"
            ],
            "id": "us-west-2",
            "names": [
              "us-west-2a",
              "us-west-2b",
              "us-west-2c",
              "us-west-2d"
            ],
            "state": null,
            "zone_ids": [
              "usw2-az2",
              "usw2-az1",
              "usw2-az3",
              "usw2-az4"
            ]
          },
          "sensitive_attributes": []
        }
      ]
    },
    {
      "mode": "data",
      "type": "aws_eks_cluster",
      "name": "cluster",
      "provider": "provider[\"registry.terraform.io/hashicorp/aws\"]",
      "instances": [
        {
          "schema_version": 0,
          "attributes": {
            "arn": "arn:aws:eks:us-west-2:100072912756:cluster/swimstack-gg",
            "certificate_authority": [
              {
                "data": "LS0tLS1CRUdJTiBDRVJUSUZJQ0FURS0tLS0tCk1JSUM1ekNDQWMrZ0F3SUJBZ0lCQURBTkJna3Foa2lHOXcwQkFRc0ZBREFWTVJNd0VRWURWUVFERXdwcmRXSmwKY201bGRHVnpNQjRYRFRJeE1Ea3lNekl4TlRneE5Gb1hEVE14TURreU1USXhOVGd4TkZvd0ZURVRNQkVHQTFVRQpBeE1LYTNWaVpYSnVaWFJsY3pDQ0FTSXdEUVlKS29aSWh2Y05BUUVCQlFBRGdnRVBBRENDQVFvQ2dnRUJBTUNaCmFKWFVvN2FMSnVmRkpidXNMSEtzblE0SnRBSTgrSTVrM21NdEFwaHB5dHIxd2dJbThYMWZwbVFFcUxid1o2a2oKQmhDM3c3a1c1U08yVk9BWVd0Q2pZT1UvRHBSTGxIUE9RV0VkK1NGVnlhakZPd1BMNjJRM004a2VjOW9rbEc2UgpzcVBzaWZPbmxPcGdSMzc3OWQySTE4cGxYYURaUE51cmF1aFUvUzF6d0ZHUkN4R0Ixak1qeHdLbFJNNzBOUHRoCjBmWnpZVFc3ZmxWcDNjL3lZR2VtU0xXWjFDS2lrYzNqT1VZS0NQTEpBbzNJdTZJU0JLaFNudHZwdTBzL1lwc0YKMmdRdE13TGZuRVI0QzE3Z3lMN2hWcUU4K25vb1NaMFBIdUtrNWRtbEFLMGxSaTlDRWp4ZFdPaVNKdjRpMXNuMQpiRXk1Lzh2bWp2Qk5TZXZYWElrQ0F3RUFBYU5DTUVBd0RnWURWUjBQQVFIL0JBUURBZ0trTUE4R0ExVWRFd0VCCi93UUZNQU1CQWY4d0hRWURWUjBPQkJZRUZKVlhyeE5NbVRzbjNyTisrZTJEaTRRV0svUWxNQTBHQ1NxR1NJYjMKRFFFQkN3VUFBNElCQVFCSFVqOEl6NVN2UmJXM2dWb2xadTZyRVlLRDhPYVJZOFNNMm5hcEcxS1V3T282UnJxNgpIVmZvRUh5aUI1cndIOHgrWXhaZ3NYT1RYZWhuRzI5bEdPdzUwWVNSdCsvTnJOemFybVJUckhJL1UrbHlRengxCjV6MWlYditCK1ZFb3pvcktrY05XQU1kdENLOFFRQWdZOWdPejZlV2hjcmhKTTkybEIwZUxaQ3h0YUpGNnFsMEsKU1ZuMDRSVlZySGhVelJVT21HRVk4bXRxV0srRzU3R1BGTXZLaWg4ZUdkOXM5UldqcEFaNUpGVlM5bjA1TXBnUAo4TDgvTm5zR1d2TEVLY09LUFUzd3Z5clYzWXhENXAxM1JyQnRnaHdBWGQrVnJQeTNlMjRTTUJnTElNVFVLeC9vCjREcXJCV2FUN3A0Zy9RRjBtM1B3TkxPSnZrdXBlekY1dG01WQotLS0tLUVORCBDRVJUSUZJQ0FURS0tLS0tCg=="
              }
            ],
            "created_at": "2021-09-23 21:51:15.154 +0000 UTC",
            "enabled_cluster_log_types": [],
            "endpoint": "https://144A6218991C0B57620CBAF3A5F8569D.gr7.us-west-2.eks.amazonaws.com",
            "id": "swimstack-gg",
            "identity": [
              {
                "oidc": [
                  {
                    "issuer": "https://oidc.eks.us-west-2.amazonaws.com/id/144A6218991C0B57620CBAF3A5F8569D"
                  }
                ]
              }
            ],
            "kubernetes_network_config": [
              {
                "service_ipv4_cidr": "172.20.0.0/16"
              }
            ],
            "name": "swimstack-gg",
            "platform_version": "eks.2",
            "role_arn": "arn:aws:iam::100072912756:role/swimstack-gg20210923215110304800000004",
            "status": "ACTIVE",
            "tags": {
              "Environment": "swimstack"
            },
            "version": "1.21",
            "vpc_config": [
              {
                "cluster_security_group_id": "sg-090a3928352e732ac",
                "endpoint_private_access": false,
                "endpoint_public_access": true,
                "public_access_cidrs": [
                  "0.0.0.0/0"
                ],
                "security_group_ids": [
                  "sg-0d2f6e38995c9df8e"
                ],
                "subnet_ids": [
                  "subnet-01c46ab3e5c4279d2",
                  "subnet-079e8836120f76834",
                  "subnet-0c3747b32ff3d9c54"
                ],
                "vpc_id": "vpc-0c7625e0e5fb7aa3d"
              }
            ]
          },
          "sensitive_attributes": []
        }
      ]
    },
    {
      "mode": "data",
      "type": "aws_eks_cluster_auth",
      "name": "cluster",
      "provider": "provider[\"registry.terraform.io/hashicorp/aws\"]",
      "instances": [
        {
          "schema_version": 0,
          "attributes": {
            "id": "swimstack-gg",
            "name": "swimstack-gg",
            "token": "k8s-aws-v1.aHR0cHM6Ly9zdHMuYW1hem9uYXdzLmNvbS8_QWN0aW9uPUdldENhbGxlcklkZW50aXR5JlZlcnNpb249MjAxMS0wNi0xNSZYLUFtei1BbGdvcml0aG09QVdTNC1ITUFDLVNIQTI1NiZYLUFtei1DcmVkZW50aWFsPUFLSUFST1RHUE81MkJIREZYUVVSJTJGMjAyMTA5MjMlMkZ1cy1lYXN0LTElMkZzdHMlMkZhd3M0X3JlcXVlc3QmWC1BbXotRGF0ZT0yMDIxMDkyM1QyMjAzMjlaJlgtQW16LUV4cGlyZXM9MCZYLUFtei1TaWduZWRIZWFkZXJzPWhvc3QlM0J4LWs4cy1hd3MtaWQmWC1BbXotU2lnbmF0dXJlPWY2ZmQ0NTQzOGRmMTkxMjI3ODkzNzUyOWM5YWVkODc2ODI5MWQxYmQ1MjRjODYyODQzOTYyZDk1MzkwMGExMjY"
          },
          "sensitive_attributes": []
        }
      ]
    },
    {
      "mode": "managed",
      "type": "aws_ecr_repository",
      "name": "devops-practical",
      "provider": "provider[\"registry.terraform.io/hashicorp/aws\"]",
      "instances": [
        {
          "schema_version": 0,
          "attributes": {
            "arn": "arn:aws:ecr:us-west-2:100072912756:repository/devops-practical",
            "encryption_configuration": [
              {
                "encryption_type": "AES256",
                "kms_key": ""
              }
            ],
            "id": "devops-practical",
            "image_scanning_configuration": [
              {
                "scan_on_push": true
              }
            ],
            "image_tag_mutability": "MUTABLE",
            "name": "devops-practical",
            "registry_id": "100072912756",
            "repository_url": "100072912756.dkr.ecr.us-west-2.amazonaws.com/devops-practical",
            "tags": null,
            "tags_all": {},
            "timeouts": null
          },
          "sensitive_attributes": [],
          "private": "eyJlMmJmYjczMC1lY2FhLTExZTYtOGY4OC0zNDM2M2JjN2M0YzAiOnsiZGVsZXRlIjoxMjAwMDAwMDAwMDAwfX0="
        }
      ]
    },
    {
      "mode": "managed",
      "type": "helm_release",
      "name": "cert-manager",
      "provider": "provider[\"registry.terraform.io/hashicorp/helm\"]",
      "instances": [
        {
          "schema_version": 0,
          "attributes": {
            "atomic": false,
            "chart": "cert-manager",
            "cleanup_on_fail": false,
            "create_namespace": true,
            "dependency_update": false,
            "description": null,
            "devel": null,
            "disable_crd_hooks": false,
            "disable_openapi_validation": false,
            "disable_webhooks": false,
            "force_update": false,
            "id": "cert-manager",
            "keyring": null,
            "lint": false,
            "manifest": null,
            "max_history": 0,
            "metadata": [
              {
                "app_version": "v1.5.3",
                "chart": "cert-manager",
                "name": "cert-manager",
                "namespace": "cert-manager",
                "revision": 1,
                "values": "{\"installCRDs\":true}",
                "version": "v1.5.3"
              }
            ],
            "name": "cert-manager",
            "namespace": "cert-manager",
            "postrender": [],
            "recreate_pods": false,
            "render_subchart_notes": true,
            "replace": false,
            "repository": "https://charts.jetstack.io",
            "repository_ca_file": null,
            "repository_cert_file": null,
            "repository_key_file": null,
            "repository_password": null,
            "repository_username": null,
            "reset_values": false,
            "reuse_values": false,
            "set": [
              {
                "name": "installCRDs",
                "type": "",
                "value": "true"
              }
            ],
            "set_sensitive": [],
            "skip_crds": false,
            "status": "deployed",
            "timeout": 300,
            "values": null,
            "verify": false,
            "version": "v1.5.3",
            "wait": true,
            "wait_for_jobs": false
          },
          "sensitive_attributes": [],
          "private": "bnVsbA==",
          "dependencies": [
            "data.aws_availability_zones.available",
            "data.aws_eks_cluster.cluster",
            "data.aws_eks_cluster_auth.cluster",
            "module.eks.aws_autoscaling_group.workers",
            "module.eks.aws_autoscaling_group.workers_launch_template",
            "module.eks.aws_cloudwatch_log_group.this",
            "module.eks.aws_eks_cluster.this",
            "module.eks.aws_iam_instance_profile.workers",
            "module.eks.aws_iam_instance_profile.workers_launch_template",
            "module.eks.aws_iam_openid_connect_provider.oidc_provider",
            "module.eks.aws_iam_policy.cluster_elb_sl_role_creation",
            "module.eks.aws_iam_role.cluster",
            "module.eks.aws_iam_role.workers",
            "module.eks.aws_iam_role_policy_attachment.cluster_AmazonEKSClusterPolicy",
            "module.eks.aws_iam_role_policy_attachment.cluster_AmazonEKSServicePolicy",
            "module.eks.aws_iam_role_policy_attachment.cluster_AmazonEKSVPCResourceControllerPolicy",
            "module.eks.aws_iam_role_policy_attachment.cluster_elb_sl_role_creation",
            "module.eks.aws_iam_role_policy_attachment.workers_AmazonEC2ContainerRegistryReadOnly",
            "module.eks.aws_iam_role_policy_attachment.workers_AmazonEKSWorkerNodePolicy",
            "module.eks.aws_iam_role_policy_attachment.workers_AmazonEKS_CNI_Policy",
            "module.eks.aws_iam_role_policy_attachment.workers_additional_policies",
            "module.eks.aws_launch_configuration.workers",
            "module.eks.aws_launch_template.workers_launch_template",
            "module.eks.aws_security_group.cluster",
            "module.eks.aws_security_group.workers",
            "module.eks.aws_security_group_rule.cluster_egress_internet",
            "module.eks.aws_security_group_rule.cluster_https_worker_ingress",
            "module.eks.aws_security_group_rule.cluster_primary_ingress_workers",
            "module.eks.aws_security_group_rule.cluster_private_access_cidrs_source",
            "module.eks.aws_security_group_rule.cluster_private_access_sg_source",
            "module.eks.aws_security_group_rule.workers_egress_internet",
            "module.eks.aws_security_group_rule.workers_ingress_cluster",
            "module.eks.aws_security_group_rule.workers_ingress_cluster_https",
            "module.eks.aws_security_group_rule.workers_ingress_cluster_kubelet",
            "module.eks.aws_security_group_rule.workers_ingress_cluster_primary",
            "module.eks.aws_security_group_rule.workers_ingress_self",
            "module.eks.data.aws_ami.eks_worker",
            "module.eks.data.aws_ami.eks_worker_windows",
            "module.eks.data.aws_caller_identity.current",
            "module.eks.data.aws_iam_instance_profile.custom_worker_group_iam_instance_profile",
            "module.eks.data.aws_iam_instance_profile.custom_worker_group_launch_template_iam_instance_profile",
            "module.eks.data.aws_iam_policy_document.cluster_assume_role_policy",
            "module.eks.data.aws_iam_policy_document.cluster_elb_sl_role_creation",
            "module.eks.data.aws_iam_policy_document.workers_assume_role_policy",
            "module.eks.data.aws_iam_role.custom_cluster_iam_role",
            "module.eks.data.aws_partition.current",
            "module.eks.data.http.wait_for_cluster",
            "module.eks.kubernetes_config_map.aws_auth",
            "module.eks.local_file.kubeconfig",
            "module.eks.module.fargate.aws_eks_fargate_profile.this",
            "module.eks.module.fargate.aws_iam_role.eks_fargate_pod",
            "module.eks.module.fargate.aws_iam_role_policy_attachment.eks_fargate_pod",
            "module.eks.module.fargate.data.aws_iam_policy_document.eks_fargate_pod_assume_role",
            "module.eks.module.fargate.data.aws_iam_role.custom_fargate_iam_role",
            "module.eks.module.fargate.data.aws_partition.current",
            "module.eks.module.node_groups.aws_eks_node_group.workers",
            "module.eks.module.node_groups.aws_launch_template.workers",
            "module.eks.module.node_groups.data.cloudinit_config.workers_userdata",
            "module.vpc.aws_cloudwatch_log_group.flow_log",
            "module.vpc.aws_customer_gateway.this",
            "module.vpc.aws_db_subnet_group.database",
            "module.vpc.aws_default_network_acl.this",
            "module.vpc.aws_default_route_table.default",
            "module.vpc.aws_default_security_group.this",
            "module.vpc.aws_default_vpc.this",
            "module.vpc.aws_egress_only_internet_gateway.this",
            "module.vpc.aws_eip.nat",
            "module.vpc.aws_elasticache_subnet_group.elasticache",
            "module.vpc.aws_flow_log.this",
            "module.vpc.aws_iam_policy.vpc_flow_log_cloudwatch",
            "module.vpc.aws_iam_role.vpc_flow_log_cloudwatch",
            "module.vpc.aws_iam_role_policy_attachment.vpc_flow_log_cloudwatch",
            "module.vpc.aws_internet_gateway.this",
            "module.vpc.aws_nat_gateway.this",
            "module.vpc.aws_network_acl.database",
            "module.vpc.aws_network_acl.elasticache",
            "module.vpc.aws_network_acl.intra",
            "module.vpc.aws_network_acl.outpost",
            "module.vpc.aws_network_acl.private",
            "module.vpc.aws_network_acl.public",
            "module.vpc.aws_network_acl.redshift",
            "module.vpc.aws_network_acl_rule.database_inbound",
            "module.vpc.aws_network_acl_rule.database_outbound",
            "module.vpc.aws_network_acl_rule.elasticache_inbound",
            "module.vpc.aws_network_acl_rule.elasticache_outbound",
            "module.vpc.aws_network_acl_rule.intra_inbound",
            "module.vpc.aws_network_acl_rule.intra_outbound",
            "module.vpc.aws_network_acl_rule.outpost_inbound",
            "module.vpc.aws_network_acl_rule.outpost_outbound",
            "module.vpc.aws_network_acl_rule.private_inbound",
            "module.vpc.aws_network_acl_rule.private_outbound",
            "module.vpc.aws_network_acl_rule.public_inbound",
            "module.vpc.aws_network_acl_rule.public_outbound",
            "module.vpc.aws_network_acl_rule.redshift_inbound",
            "module.vpc.aws_network_acl_rule.redshift_outbound",
            "module.vpc.aws_redshift_subnet_group.redshift",
            "module.vpc.aws_route.database_internet_gateway",
            "module.vpc.aws_route.database_ipv6_egress",
            "module.vpc.aws_route.database_nat_gateway",
            "module.vpc.aws_route.private_ipv6_egress",
            "module.vpc.aws_route.private_nat_gateway",
            "module.vpc.aws_route.public_internet_gateway",
            "module.vpc.aws_route.public_internet_gateway_ipv6",
            "module.vpc.aws_route_table.database",
            "module.vpc.aws_route_table.elasticache",
            "module.vpc.aws_route_table.intra",
            "module.vpc.aws_route_table.private",
            "module.vpc.aws_route_table.public",
            "module.vpc.aws_route_table.redshift",
            "module.vpc.aws_route_table_association.database",
            "module.vpc.aws_route_table_association.elasticache",
            "module.vpc.aws_route_table_association.intra",
            "module.vpc.aws_route_table_association.outpost",
            "module.vpc.aws_route_table_association.private",
            "module.vpc.aws_route_table_association.public",
            "module.vpc.aws_route_table_association.redshift",
            "module.vpc.aws_route_table_association.redshift_public",
            "module.vpc.aws_subnet.database",
            "module.vpc.aws_subnet.elasticache",
            "module.vpc.aws_subnet.intra",
            "module.vpc.aws_subnet.outpost",
            "module.vpc.aws_subnet.private",
            "module.vpc.aws_subnet.public",
            "module.vpc.aws_subnet.redshift",
            "module.vpc.aws_vpc.this",
            "module.vpc.aws_vpc_dhcp_options.this",
            "module.vpc.aws_vpc_dhcp_options_association.this",
            "module.vpc.aws_vpc_ipv4_cidr_block_association.this",
            "module.vpc.aws_vpn_gateway.this",
            "module.vpc.aws_vpn_gateway_attachment.this",
            "module.vpc.aws_vpn_gateway_route_propagation.intra",
            "module.vpc.aws_vpn_gateway_route_propagation.private",
            "module.vpc.aws_vpn_gateway_route_propagation.public",
            "module.vpc.data.aws_iam_policy_document.flow_log_cloudwatch_assume_role",
            "module.vpc.data.aws_iam_policy_document.vpc_flow_log_cloudwatch",
            "random_id.cluster-suffix"
          ]
        }
      ]
    },
    {
      "mode": "managed",
      "type": "helm_release",
      "name": "ingress-nginx",
      "provider": "provider[\"registry.terraform.io/hashicorp/helm\"]",
      "instances": [
        {
          "schema_version": 0,
          "attributes": {
            "atomic": false,
            "chart": "ingress-nginx",
            "cleanup_on_fail": false,
            "create_namespace": false,
            "dependency_update": false,
            "description": null,
            "devel": null,
            "disable_crd_hooks": false,
            "disable_openapi_validation": false,
            "disable_webhooks": false,
            "force_update": false,
            "id": "ingress-nginx",
            "keyring": null,
            "lint": false,
            "manifest": null,
            "max_history": 0,
            "metadata": [
              {
                "app_version": "1.0.1",
                "chart": "ingress-nginx",
                "name": "ingress-nginx",
                "namespace": "default",
                "revision": 1,
                "values": "{}",
                "version": "4.0.2"
              }
            ],
            "name": "ingress-nginx",
            "namespace": "default",
            "postrender": [],
            "recreate_pods": false,
            "render_subchart_notes": true,
            "replace": false,
            "repository": "https://kubernetes.github.io/ingress-nginx",
            "repository_ca_file": null,
            "repository_cert_file": null,
            "repository_key_file": null,
            "repository_password": null,
            "repository_username": null,
            "reset_values": false,
            "reuse_values": false,
            "set": [],
            "set_sensitive": [],
            "skip_crds": false,
            "status": "deployed",
            "timeout": 300,
            "values": null,
            "verify": false,
            "version": "4.0.2",
            "wait": true,
            "wait_for_jobs": false
          },
          "sensitive_attributes": [],
          "private": "bnVsbA==",
          "dependencies": [
            "data.aws_availability_zones.available",
            "data.aws_eks_cluster.cluster",
            "data.aws_eks_cluster_auth.cluster",
            "module.eks.aws_autoscaling_group.workers",
            "module.eks.aws_autoscaling_group.workers_launch_template",
            "module.eks.aws_cloudwatch_log_group.this",
            "module.eks.aws_eks_cluster.this",
            "module.eks.aws_iam_instance_profile.workers",
            "module.eks.aws_iam_instance_profile.workers_launch_template",
            "module.eks.aws_iam_openid_connect_provider.oidc_provider",
            "module.eks.aws_iam_policy.cluster_elb_sl_role_creation",
            "module.eks.aws_iam_role.cluster",
            "module.eks.aws_iam_role.workers",
            "module.eks.aws_iam_role_policy_attachment.cluster_AmazonEKSClusterPolicy",
            "module.eks.aws_iam_role_policy_attachment.cluster_AmazonEKSServicePolicy",
            "module.eks.aws_iam_role_policy_attachment.cluster_AmazonEKSVPCResourceControllerPolicy",
            "module.eks.aws_iam_role_policy_attachment.cluster_elb_sl_role_creation",
            "module.eks.aws_iam_role_policy_attachment.workers_AmazonEC2ContainerRegistryReadOnly",
            "module.eks.aws_iam_role_policy_attachment.workers_AmazonEKSWorkerNodePolicy",
            "module.eks.aws_iam_role_policy_attachment.workers_AmazonEKS_CNI_Policy",
            "module.eks.aws_iam_role_policy_attachment.workers_additional_policies",
            "module.eks.aws_launch_configuration.workers",
            "module.eks.aws_launch_template.workers_launch_template",
            "module.eks.aws_security_group.cluster",
            "module.eks.aws_security_group.workers",
            "module.eks.aws_security_group_rule.cluster_egress_internet",
            "module.eks.aws_security_group_rule.cluster_https_worker_ingress",
            "module.eks.aws_security_group_rule.cluster_primary_ingress_workers",
            "module.eks.aws_security_group_rule.cluster_private_access_cidrs_source",
            "module.eks.aws_security_group_rule.cluster_private_access_sg_source",
            "module.eks.aws_security_group_rule.workers_egress_internet",
            "module.eks.aws_security_group_rule.workers_ingress_cluster",
            "module.eks.aws_security_group_rule.workers_ingress_cluster_https",
            "module.eks.aws_security_group_rule.workers_ingress_cluster_kubelet",
            "module.eks.aws_security_group_rule.workers_ingress_cluster_primary",
            "module.eks.aws_security_group_rule.workers_ingress_self",
            "module.eks.data.aws_ami.eks_worker",
            "module.eks.data.aws_ami.eks_worker_windows",
            "module.eks.data.aws_caller_identity.current",
            "module.eks.data.aws_iam_instance_profile.custom_worker_group_iam_instance_profile",
            "module.eks.data.aws_iam_instance_profile.custom_worker_group_launch_template_iam_instance_profile",
            "module.eks.data.aws_iam_policy_document.cluster_assume_role_policy",
            "module.eks.data.aws_iam_policy_document.cluster_elb_sl_role_creation",
            "module.eks.data.aws_iam_policy_document.workers_assume_role_policy",
            "module.eks.data.aws_iam_role.custom_cluster_iam_role",
            "module.eks.data.aws_partition.current",
            "module.eks.data.http.wait_for_cluster",
            "module.eks.kubernetes_config_map.aws_auth",
            "module.eks.local_file.kubeconfig",
            "module.eks.module.fargate.aws_eks_fargate_profile.this",
            "module.eks.module.fargate.aws_iam_role.eks_fargate_pod",
            "module.eks.module.fargate.aws_iam_role_policy_attachment.eks_fargate_pod",
            "module.eks.module.fargate.data.aws_iam_policy_document.eks_fargate_pod_assume_role",
            "module.eks.module.fargate.data.aws_iam_role.custom_fargate_iam_role",
            "module.eks.module.fargate.data.aws_partition.current",
            "module.eks.module.node_groups.aws_eks_node_group.workers",
            "module.eks.module.node_groups.aws_launch_template.workers",
            "module.eks.module.node_groups.data.cloudinit_config.workers_userdata",
            "module.vpc.aws_cloudwatch_log_group.flow_log",
            "module.vpc.aws_customer_gateway.this",
            "module.vpc.aws_db_subnet_group.database",
            "module.vpc.aws_default_network_acl.this",
            "module.vpc.aws_default_route_table.default",
            "module.vpc.aws_default_security_group.this",
            "module.vpc.aws_default_vpc.this",
            "module.vpc.aws_egress_only_internet_gateway.this",
            "module.vpc.aws_eip.nat",
            "module.vpc.aws_elasticache_subnet_group.elasticache",
            "module.vpc.aws_flow_log.this",
            "module.vpc.aws_iam_policy.vpc_flow_log_cloudwatch",
            "module.vpc.aws_iam_role.vpc_flow_log_cloudwatch",
            "module.vpc.aws_iam_role_policy_attachment.vpc_flow_log_cloudwatch",
            "module.vpc.aws_internet_gateway.this",
            "module.vpc.aws_nat_gateway.this",
            "module.vpc.aws_network_acl.database",
            "module.vpc.aws_network_acl.elasticache",
            "module.vpc.aws_network_acl.intra",
            "module.vpc.aws_network_acl.outpost",
            "module.vpc.aws_network_acl.private",
            "module.vpc.aws_network_acl.public",
            "module.vpc.aws_network_acl.redshift",
            "module.vpc.aws_network_acl_rule.database_inbound",
            "module.vpc.aws_network_acl_rule.database_outbound",
            "module.vpc.aws_network_acl_rule.elasticache_inbound",
            "module.vpc.aws_network_acl_rule.elasticache_outbound",
            "module.vpc.aws_network_acl_rule.intra_inbound",
            "module.vpc.aws_network_acl_rule.intra_outbound",
            "module.vpc.aws_network_acl_rule.outpost_inbound",
            "module.vpc.aws_network_acl_rule.outpost_outbound",
            "module.vpc.aws_network_acl_rule.private_inbound",
            "module.vpc.aws_network_acl_rule.private_outbound",
            "module.vpc.aws_network_acl_rule.public_inbound",
            "module.vpc.aws_network_acl_rule.public_outbound",
            "module.vpc.aws_network_acl_rule.redshift_inbound",
            "module.vpc.aws_network_acl_rule.redshift_outbound",
            "module.vpc.aws_redshift_subnet_group.redshift",
            "module.vpc.aws_route.database_internet_gateway",
            "module.vpc.aws_route.database_ipv6_egress",
            "module.vpc.aws_route.database_nat_gateway",
            "module.vpc.aws_route.private_ipv6_egress",
            "module.vpc.aws_route.private_nat_gateway",
            "module.vpc.aws_route.public_internet_gateway",
            "module.vpc.aws_route.public_internet_gateway_ipv6",
            "module.vpc.aws_route_table.database",
            "module.vpc.aws_route_table.elasticache",
            "module.vpc.aws_route_table.intra",
            "module.vpc.aws_route_table.private",
            "module.vpc.aws_route_table.public",
            "module.vpc.aws_route_table.redshift",
            "module.vpc.aws_route_table_association.database",
            "module.vpc.aws_route_table_association.elasticache",
            "module.vpc.aws_route_table_association.intra",
            "module.vpc.aws_route_table_association.outpost",
            "module.vpc.aws_route_table_association.private",
            "module.vpc.aws_route_table_association.public",
            "module.vpc.aws_route_table_association.redshift",
            "module.vpc.aws_route_table_association.redshift_public",
            "module.vpc.aws_subnet.database",
            "module.vpc.aws_subnet.elasticache",
            "module.vpc.aws_subnet.intra",
            "module.vpc.aws_subnet.outpost",
            "module.vpc.aws_subnet.private",
            "module.vpc.aws_subnet.public",
            "module.vpc.aws_subnet.redshift",
            "module.vpc.aws_vpc.this",
            "module.vpc.aws_vpc_dhcp_options.this",
            "module.vpc.aws_vpc_dhcp_options_association.this",
            "module.vpc.aws_vpc_ipv4_cidr_block_association.this",
            "module.vpc.aws_vpn_gateway.this",
            "module.vpc.aws_vpn_gateway_attachment.this",
            "module.vpc.aws_vpn_gateway_route_propagation.intra",
            "module.vpc.aws_vpn_gateway_route_propagation.private",
            "module.vpc.aws_vpn_gateway_route_propagation.public",
            "module.vpc.data.aws_iam_policy_document.flow_log_cloudwatch_assume_role",
            "module.vpc.data.aws_iam_policy_document.vpc_flow_log_cloudwatch",
            "random_id.cluster-suffix"
          ]
        }
      ]
    },
    {
      "mode": "managed",
      "type": "helm_release",
      "name": "letsencrypt",
      "provider": "provider[\"registry.terraform.io/hashicorp/helm\"]",
      "instances": [
        {
          "schema_version": 0,
          "attributes": {
            "atomic": false,
            "chart": "./letsencrypt",
            "cleanup_on_fail": false,
            "create_namespace": true,
            "dependency_update": false,
            "description": null,
            "devel": null,
            "disable_crd_hooks": false,
            "disable_openapi_validation": false,
            "disable_webhooks": false,
            "force_update": false,
            "id": "letsencrypt",
            "keyring": null,
            "lint": false,
            "manifest": null,
            "max_history": 0,
            "metadata": [
              {
                "app_version": "1.16.0",
                "chart": "letsencrypt",
                "name": "letsencrypt",
                "namespace": "swimlane",
                "revision": 1,
                "values": "{}",
                "version": "0.1.0"
              }
            ],
            "name": "letsencrypt",
            "namespace": "swimlane",
            "postrender": [],
            "recreate_pods": false,
            "render_subchart_notes": true,
            "replace": false,
            "repository": null,
            "repository_ca_file": null,
            "repository_cert_file": null,
            "repository_key_file": null,
            "repository_password": null,
            "repository_username": null,
            "reset_values": false,
            "reuse_values": false,
            "set": [],
            "set_sensitive": [],
            "skip_crds": false,
            "status": "deployed",
            "timeout": 300,
            "values": null,
            "verify": false,
            "version": "0.1.0",
            "wait": true,
            "wait_for_jobs": false
          },
          "sensitive_attributes": [],
          "private": "bnVsbA==",
          "dependencies": [
            "data.aws_availability_zones.available",
            "data.aws_eks_cluster.cluster",
            "data.aws_eks_cluster_auth.cluster",
            "helm_release.cert-manager",
            "module.eks.aws_autoscaling_group.workers",
            "module.eks.aws_autoscaling_group.workers_launch_template",
            "module.eks.aws_cloudwatch_log_group.this",
            "module.eks.aws_eks_cluster.this",
            "module.eks.aws_iam_instance_profile.workers",
            "module.eks.aws_iam_instance_profile.workers_launch_template",
            "module.eks.aws_iam_openid_connect_provider.oidc_provider",
            "module.eks.aws_iam_policy.cluster_elb_sl_role_creation",
            "module.eks.aws_iam_role.cluster",
            "module.eks.aws_iam_role.workers",
            "module.eks.aws_iam_role_policy_attachment.cluster_AmazonEKSClusterPolicy",
            "module.eks.aws_iam_role_policy_attachment.cluster_AmazonEKSServicePolicy",
            "module.eks.aws_iam_role_policy_attachment.cluster_AmazonEKSVPCResourceControllerPolicy",
            "module.eks.aws_iam_role_policy_attachment.cluster_elb_sl_role_creation",
            "module.eks.aws_iam_role_policy_attachment.workers_AmazonEC2ContainerRegistryReadOnly",
            "module.eks.aws_iam_role_policy_attachment.workers_AmazonEKSWorkerNodePolicy",
            "module.eks.aws_iam_role_policy_attachment.workers_AmazonEKS_CNI_Policy",
            "module.eks.aws_iam_role_policy_attachment.workers_additional_policies",
            "module.eks.aws_launch_configuration.workers",
            "module.eks.aws_launch_template.workers_launch_template",
            "module.eks.aws_security_group.cluster",
            "module.eks.aws_security_group.workers",
            "module.eks.aws_security_group_rule.cluster_egress_internet",
            "module.eks.aws_security_group_rule.cluster_https_worker_ingress",
            "module.eks.aws_security_group_rule.cluster_primary_ingress_workers",
            "module.eks.aws_security_group_rule.cluster_private_access_cidrs_source",
            "module.eks.aws_security_group_rule.cluster_private_access_sg_source",
            "module.eks.aws_security_group_rule.workers_egress_internet",
            "module.eks.aws_security_group_rule.workers_ingress_cluster",
            "module.eks.aws_security_group_rule.workers_ingress_cluster_https",
            "module.eks.aws_security_group_rule.workers_ingress_cluster_kubelet",
            "module.eks.aws_security_group_rule.workers_ingress_cluster_primary",
            "module.eks.aws_security_group_rule.workers_ingress_self",
            "module.eks.data.aws_ami.eks_worker",
            "module.eks.data.aws_ami.eks_worker_windows",
            "module.eks.data.aws_caller_identity.current",
            "module.eks.data.aws_iam_instance_profile.custom_worker_group_iam_instance_profile",
            "module.eks.data.aws_iam_instance_profile.custom_worker_group_launch_template_iam_instance_profile",
            "module.eks.data.aws_iam_policy_document.cluster_assume_role_policy",
            "module.eks.data.aws_iam_policy_document.cluster_elb_sl_role_creation",
            "module.eks.data.aws_iam_policy_document.workers_assume_role_policy",
            "module.eks.data.aws_iam_role.custom_cluster_iam_role",
            "module.eks.data.aws_partition.current",
            "module.eks.data.http.wait_for_cluster",
            "module.eks.kubernetes_config_map.aws_auth",
            "module.eks.local_file.kubeconfig",
            "module.eks.module.fargate.aws_eks_fargate_profile.this",
            "module.eks.module.fargate.aws_iam_role.eks_fargate_pod",
            "module.eks.module.fargate.aws_iam_role_policy_attachment.eks_fargate_pod",
            "module.eks.module.fargate.data.aws_iam_policy_document.eks_fargate_pod_assume_role",
            "module.eks.module.fargate.data.aws_iam_role.custom_fargate_iam_role",
            "module.eks.module.fargate.data.aws_partition.current",
            "module.eks.module.node_groups.aws_eks_node_group.workers",
            "module.eks.module.node_groups.aws_launch_template.workers",
            "module.eks.module.node_groups.data.cloudinit_config.workers_userdata",
            "module.vpc.aws_cloudwatch_log_group.flow_log",
            "module.vpc.aws_customer_gateway.this",
            "module.vpc.aws_db_subnet_group.database",
            "module.vpc.aws_default_network_acl.this",
            "module.vpc.aws_default_route_table.default",
            "module.vpc.aws_default_security_group.this",
            "module.vpc.aws_default_vpc.this",
            "module.vpc.aws_egress_only_internet_gateway.this",
            "module.vpc.aws_eip.nat",
            "module.vpc.aws_elasticache_subnet_group.elasticache",
            "module.vpc.aws_flow_log.this",
            "module.vpc.aws_iam_policy.vpc_flow_log_cloudwatch",
            "module.vpc.aws_iam_role.vpc_flow_log_cloudwatch",
            "module.vpc.aws_iam_role_policy_attachment.vpc_flow_log_cloudwatch",
            "module.vpc.aws_internet_gateway.this",
            "module.vpc.aws_nat_gateway.this",
            "module.vpc.aws_network_acl.database",
            "module.vpc.aws_network_acl.elasticache",
            "module.vpc.aws_network_acl.intra",
            "module.vpc.aws_network_acl.outpost",
            "module.vpc.aws_network_acl.private",
            "module.vpc.aws_network_acl.public",
            "module.vpc.aws_network_acl.redshift",
            "module.vpc.aws_network_acl_rule.database_inbound",
            "module.vpc.aws_network_acl_rule.database_outbound",
            "module.vpc.aws_network_acl_rule.elasticache_inbound",
            "module.vpc.aws_network_acl_rule.elasticache_outbound",
            "module.vpc.aws_network_acl_rule.intra_inbound",
            "module.vpc.aws_network_acl_rule.intra_outbound",
            "module.vpc.aws_network_acl_rule.outpost_inbound",
            "module.vpc.aws_network_acl_rule.outpost_outbound",
            "module.vpc.aws_network_acl_rule.private_inbound",
            "module.vpc.aws_network_acl_rule.private_outbound",
            "module.vpc.aws_network_acl_rule.public_inbound",
            "module.vpc.aws_network_acl_rule.public_outbound",
            "module.vpc.aws_network_acl_rule.redshift_inbound",
            "module.vpc.aws_network_acl_rule.redshift_outbound",
            "module.vpc.aws_redshift_subnet_group.redshift",
            "module.vpc.aws_route.database_internet_gateway",
            "module.vpc.aws_route.database_ipv6_egress",
            "module.vpc.aws_route.database_nat_gateway",
            "module.vpc.aws_route.private_ipv6_egress",
            "module.vpc.aws_route.private_nat_gateway",
            "module.vpc.aws_route.public_internet_gateway",
            "module.vpc.aws_route.public_internet_gateway_ipv6",
            "module.vpc.aws_route_table.database",
            "module.vpc.aws_route_table.elasticache",
            "module.vpc.aws_route_table.intra",
            "module.vpc.aws_route_table.private",
            "module.vpc.aws_route_table.public",
            "module.vpc.aws_route_table.redshift",
            "module.vpc.aws_route_table_association.database",
            "module.vpc.aws_route_table_association.elasticache",
            "module.vpc.aws_route_table_association.intra",
            "module.vpc.aws_route_table_association.outpost",
            "module.vpc.aws_route_table_association.private",
            "module.vpc.aws_route_table_association.public",
            "module.vpc.aws_route_table_association.redshift",
            "module.vpc.aws_route_table_association.redshift_public",
            "module.vpc.aws_subnet.database",
            "module.vpc.aws_subnet.elasticache",
            "module.vpc.aws_subnet.intra",
            "module.vpc.aws_subnet.outpost",
            "module.vpc.aws_subnet.private",
            "module.vpc.aws_subnet.public",
            "module.vpc.aws_subnet.redshift",
            "module.vpc.aws_vpc.this",
            "module.vpc.aws_vpc_dhcp_options.this",
            "module.vpc.aws_vpc_dhcp_options_association.this",
            "module.vpc.aws_vpc_ipv4_cidr_block_association.this",
            "module.vpc.aws_vpn_gateway.this",
            "module.vpc.aws_vpn_gateway_attachment.this",
            "module.vpc.aws_vpn_gateway_route_propagation.intra",
            "module.vpc.aws_vpn_gateway_route_propagation.private",
            "module.vpc.aws_vpn_gateway_route_propagation.public",
            "module.vpc.data.aws_iam_policy_document.flow_log_cloudwatch_assume_role",
            "module.vpc.data.aws_iam_policy_document.vpc_flow_log_cloudwatch",
            "random_id.cluster-suffix"
          ]
        }
      ]
    },
    {
      "mode": "managed",
      "type": "random_id",
      "name": "cluster-suffix",
      "provider": "provider[\"registry.terraform.io/hashicorp/random\"]",
      "instances": [
        {
          "schema_version": 0,
          "attributes": {
            "b64_std": "gg==",
            "b64_url": "gg",
            "byte_length": 1,
            "dec": "130",
            "hex": "82",
            "id": "gg",
            "keepers": null,
            "prefix": null
          },
          "sensitive_attributes": [],
          "private": "bnVsbA==",
          "create_before_destroy": true
        }
      ]
    },
    {
      "module": "module.eks",
      "mode": "data",
      "type": "aws_ami",
      "name": "eks_worker",
      "provider": "provider[\"registry.terraform.io/hashicorp/aws\"]",
      "instances": [
        {
          "index_key": 0,
          "schema_version": 0,
          "attributes": {
            "architecture": "x86_64",
            "arn": "arn:aws:ec2:us-west-2::image/ami-0cb182e3037115aa0",
            "block_device_mappings": [
              {
                "device_name": "/dev/xvda",
                "ebs": {
                  "delete_on_termination": "true",
                  "encrypted": "false",
                  "iops": "0",
                  "snapshot_id": "snap-0d7f3912be255d01e",
                  "throughput": "0",
                  "volume_size": "20",
                  "volume_type": "gp2"
                },
                "no_device": "",
                "virtual_name": ""
              }
            ],
            "creation_date": "2021-09-14T21:50:12.000Z",
            "description": "EKS Kubernetes Worker AMI with AmazonLinux2 image, (k8s: 1.21.2, docker: 19.03.13ce-1.amzn2, containerd: 1.4.6-2.amzn2)",
            "ena_support": true,
            "executable_users": null,
            "filter": [
              {
                "name": "name",
                "values": [
                  "amazon-eks-node-1.21-v*"
                ]
              }
            ],
            "hypervisor": "xen",
            "id": "ami-0cb182e3037115aa0",
            "image_id": "ami-0cb182e3037115aa0",
            "image_location": "amazon/amazon-eks-node-1.21-v20210914",
            "image_owner_alias": "amazon",
            "image_type": "machine",
            "kernel_id": null,
            "most_recent": true,
            "name": "amazon-eks-node-1.21-v20210914",
            "name_regex": null,
            "owner_id": "602401143452",
            "owners": [
              "amazon"
            ],
            "platform": null,
            "platform_details": "Linux/UNIX",
            "product_codes": [],
            "public": true,
            "ramdisk_id": null,
            "root_device_name": "/dev/xvda",
            "root_device_type": "ebs",
            "root_snapshot_id": "snap-0d7f3912be255d01e",
            "sriov_net_support": "simple",
            "state": "available",
            "state_reason": {
              "code": "UNSET",
              "message": "UNSET"
            },
            "tags": {},
            "usage_operation": "RunInstances",
            "virtualization_type": "hvm"
          },
          "sensitive_attributes": []
        }
      ]
    },
    {
      "module": "module.eks",
      "mode": "data",
      "type": "aws_caller_identity",
      "name": "current",
      "provider": "provider[\"registry.terraform.io/hashicorp/aws\"]",
      "instances": [
        {
          "schema_version": 0,
          "attributes": {
            "account_id": "100072912756",
            "arn": "arn:aws:iam::100072912756:root",
            "id": "100072912756",
            "user_id": "100072912756"
          },
          "sensitive_attributes": []
        }
      ]
    },
    {
      "module": "module.eks",
      "mode": "data",
      "type": "aws_iam_policy_document",
      "name": "cluster_assume_role_policy",
      "provider": "provider[\"registry.terraform.io/hashicorp/aws\"]",
      "instances": [
        {
          "schema_version": 0,
          "attributes": {
            "id": "2764486067",
            "json": "{\n  \"Version\": \"2012-10-17\",\n  \"Statement\": [\n    {\n      \"Sid\": \"EKSClusterAssumeRole\",\n      \"Effect\": \"Allow\",\n      \"Action\": \"sts:AssumeRole\",\n      \"Principal\": {\n        \"Service\": \"eks.amazonaws.com\"\n      }\n    }\n  ]\n}",
            "override_json": null,
            "override_policy_documents": null,
            "policy_id": null,
            "source_json": null,
            "source_policy_documents": null,
            "statement": [
              {
                "actions": [
                  "sts:AssumeRole"
                ],
                "condition": [],
                "effect": "Allow",
                "not_actions": [],
                "not_principals": [],
                "not_resources": [],
                "principals": [
                  {
                    "identifiers": [
                      "eks.amazonaws.com"
                    ],
                    "type": "Service"
                  }
                ],
                "resources": [],
                "sid": "EKSClusterAssumeRole"
              }
            ],
            "version": "2012-10-17"
          },
          "sensitive_attributes": []
        }
      ]
    },
    {
      "module": "module.eks",
      "mode": "data",
      "type": "aws_iam_policy_document",
      "name": "cluster_elb_sl_role_creation",
      "provider": "provider[\"registry.terraform.io/hashicorp/aws\"]",
      "instances": [
        {
          "index_key": 0,
          "schema_version": 0,
          "attributes": {
            "id": "3709839417",
            "json": "{\n  \"Version\": \"2012-10-17\",\n  \"Statement\": [\n    {\n      \"Sid\": \"\",\n      \"Effect\": \"Allow\",\n      \"Action\": [\n        \"ec2:DescribeInternetGateways\",\n        \"ec2:DescribeAddresses\",\n        \"ec2:DescribeAccountAttributes\"\n      ],\n      \"Resource\": \"*\"\n    }\n  ]\n}",
            "override_json": null,
            "override_policy_documents": null,
            "policy_id": null,
            "source_json": null,
            "source_policy_documents": null,
            "statement": [
              {
                "actions": [
                  "ec2:DescribeAccountAttributes",
                  "ec2:DescribeAddresses",
                  "ec2:DescribeInternetGateways"
                ],
                "condition": [],
                "effect": "Allow",
                "not_actions": [],
                "not_principals": [],
                "not_resources": [],
                "principals": [],
                "resources": [
                  "*"
                ],
                "sid": ""
              }
            ],
            "version": "2012-10-17"
          },
          "sensitive_attributes": []
        }
      ]
    },
    {
      "module": "module.eks",
      "mode": "data",
      "type": "aws_iam_policy_document",
      "name": "workers_assume_role_policy",
      "provider": "provider[\"registry.terraform.io/hashicorp/aws\"]",
      "instances": [
        {
          "schema_version": 0,
          "attributes": {
            "id": "3778018924",
            "json": "{\n  \"Version\": \"2012-10-17\",\n  \"Statement\": [\n    {\n      \"Sid\": \"EKSWorkerAssumeRole\",\n      \"Effect\": \"Allow\",\n      \"Action\": \"sts:AssumeRole\",\n      \"Principal\": {\n        \"Service\": \"ec2.amazonaws.com\"\n      }\n    }\n  ]\n}",
            "override_json": null,
            "override_policy_documents": null,
            "policy_id": null,
            "source_json": null,
            "source_policy_documents": null,
            "statement": [
              {
                "actions": [
                  "sts:AssumeRole"
                ],
                "condition": [],
                "effect": "Allow",
                "not_actions": [],
                "not_principals": [],
                "not_resources": [],
                "principals": [
                  {
                    "identifiers": [
                      "ec2.amazonaws.com"
                    ],
                    "type": "Service"
                  }
                ],
                "resources": [],
                "sid": "EKSWorkerAssumeRole"
              }
            ],
            "version": "2012-10-17"
          },
          "sensitive_attributes": []
        }
      ]
    },
    {
      "module": "module.eks",
      "mode": "data",
      "type": "aws_partition",
      "name": "current",
      "provider": "provider[\"registry.terraform.io/hashicorp/aws\"]",
      "instances": [
        {
          "schema_version": 0,
          "attributes": {
            "dns_suffix": "amazonaws.com",
            "id": "aws",
            "partition": "aws",
            "reverse_dns_prefix": "com.amazonaws"
          },
          "sensitive_attributes": []
        }
      ]
    },
    {
      "module": "module.eks",
      "mode": "data",
      "type": "http",
      "name": "wait_for_cluster",
      "provider": "provider[\"registry.terraform.io/terraform-aws-modules/http\"]",
      "instances": [
        {
          "index_key": 0,
          "schema_version": 0,
          "attributes": {
            "body": "ok",
            "ca_certificate": "-----BEGIN CERTIFICATE-----\nMIIC5zCCAc+gAwIBAgIBADANBgkqhkiG9w0BAQsFADAVMRMwEQYDVQQDEwprdWJl\ncm5ldGVzMB4XDTIxMDkyMzIxNTgxNFoXDTMxMDkyMTIxNTgxNFowFTETMBEGA1UE\nAxMKa3ViZXJuZXRlczCCASIwDQYJKoZIhvcNAQEBBQADggEPADCCAQoCggEBAMCZ\naJXUo7aLJufFJbusLHKsnQ4JtAI8+I5k3mMtAphpytr1wgIm8X1fpmQEqLbwZ6kj\nBhC3w7kW5SO2VOAYWtCjYOU/DpRLlHPOQWEd+SFVyajFOwPL62Q3M8kec9oklG6R\nsqPsifOnlOpgR3779d2I18plXaDZPNurauhU/S1zwFGRCxGB1jMjxwKlRM70NPth\n0fZzYTW7flVp3c/yYGemSLWZ1CKikc3jOUYKCPLJAo3Iu6ISBKhSntvpu0s/YpsF\n2gQtMwLfnER4C17gyL7hVqE8+nooSZ0PHuKk5dmlAK0lRi9CEjxdWOiSJv4i1sn1\nbEy5/8vmjvBNSevXXIkCAwEAAaNCMEAwDgYDVR0PAQH/BAQDAgKkMA8GA1UdEwEB\n/wQFMAMBAf8wHQYDVR0OBBYEFJVXrxNMmTsn3rN++e2Di4QWK/QlMA0GCSqGSIb3\nDQEBCwUAA4IBAQBHUj8Iz5SvRbW3gVolZu6rEYKD8OaRY8SM2napG1KUwOo6Rrq6\nHVfoEHyiB5rwH8x+YxZgsXOTXehnG29lGOw50YSRt+/NrNzarmRTrHI/U+lyQzx1\n5z1iXv+B+VEozorKkcNWAMdtCK8QQAgY9gOz6eWhcrhJM92lB0eLZCxtaJF6ql0K\nSVn04RVVrHhUzRUOmGEY8mtqWK+G57GPFMvKih8eGd9s9RWjpAZ5JFVS9n05MpgP\n8L8/NnsGWvLEKcOKPU3wvyrV3YxD5p13RrBtghwAXd+VrPy3e24SMBgLIMTUKx/o\n4DqrBWaT7p4g/QF0m3PwNLOJvkupezF5tm5Y\n-----END CERTIFICATE-----\n",
            "id": "https://144A6218991C0B57620CBAF3A5F8569D.gr7.us-west-2.eks.amazonaws.com/healthz",
            "insecure": false,
            "request_headers": null,
            "response_headers": {
              "Cache-Control": "no-cache, private",
              "Content-Length": "2",
              "Content-Type": "text/plain; charset=utf-8",
              "Date": "Thu, 23 Sep 2021 22:03:29 GMT",
              "X-Content-Type-Options": "nosniff",
              "X-Kubernetes-Pf-Flowschema-Uid": "fdf1616f-7a3c-44d7-aec2-91cfec1f5b5e",
              "X-Kubernetes-Pf-Prioritylevel-Uid": "21cac52e-a2d7-456c-b447-58da7ef41fba"
            },
            "timeout": 300,
            "url": "https://144A6218991C0B57620CBAF3A5F8569D.gr7.us-west-2.eks.amazonaws.com/healthz"
          },
          "sensitive_attributes": []
        }
      ]
    },
    {
      "module": "module.eks",
      "mode": "managed",
      "type": "aws_autoscaling_group",
      "name": "workers",
      "provider": "provider[\"registry.terraform.io/hashicorp/aws\"]",
      "instances": [
        {
          "index_key": 0,
          "schema_version": 0,
          "attributes": {
            "arn": "arn:aws:autoscaling:us-west-2:100072912756:autoScalingGroup:106a975f-9ff1-4c19-892b-19a8a4b41030:autoScalingGroupName/swimstack-gg-nodegroup-12021092322034349900000000f",
            "availability_zones": [
              "us-west-2a",
              "us-west-2b",
              "us-west-2c"
            ],
            "capacity_rebalance": false,
            "default_cooldown": 300,
            "desired_capacity": 3,
            "enabled_metrics": null,
            "force_delete": false,
            "force_delete_warm_pool": false,
            "health_check_grace_period": 300,
            "health_check_type": "EC2",
            "id": "swimstack-gg-nodegroup-12021092322034349900000000f",
            "initial_lifecycle_hook": [],
            "instance_refresh": [],
            "launch_configuration": "swimstack-gg-nodegroup-12021092322033352930000000e",
            "launch_template": [],
            "load_balancers": null,
            "max_instance_lifetime": 0,
            "max_size": 3,
            "metrics_granularity": "1Minute",
            "min_elb_capacity": null,
            "min_size": 1,
            "mixed_instances_policy": [],
            "name": "swimstack-gg-nodegroup-12021092322034349900000000f",
            "name_prefix": "swimstack-gg-nodegroup-1",
            "placement_group": "",
            "protect_from_scale_in": false,
            "service_linked_role_arn": "arn:aws:iam::100072912756:role/aws-service-role/autoscaling.amazonaws.com/AWSServiceRoleForAutoScaling",
            "suspended_processes": [
              "AZRebalance"
            ],
            "tag": [
              {
                "key": "Environment",
                "propagate_at_launch": true,
                "value": "swimstack"
              },
              {
                "key": "Name",
                "propagate_at_launch": true,
                "value": "swimstack-gg-nodegroup-1-eks_asg"
              },
              {
                "key": "k8s.io/cluster/swimstack-gg",
                "propagate_at_launch": true,
                "value": "owned"
              },
              {
                "key": "kubernetes.io/cluster/swimstack-gg",
                "propagate_at_launch": true,
                "value": "owned"
              }
            ],
            "tags": null,
            "target_group_arns": null,
            "termination_policies": [],
            "timeouts": null,
            "vpc_zone_identifier": [
              "subnet-01c46ab3e5c4279d2",
              "subnet-079e8836120f76834",
              "subnet-0c3747b32ff3d9c54"
            ],
            "wait_for_capacity_timeout": "10m",
            "wait_for_elb_capacity": null,
            "warm_pool": []
          },
          "sensitive_attributes": [],
          "private": "eyJlMmJmYjczMC1lY2FhLTExZTYtOGY4OC0zNDM2M2JjN2M0YzAiOnsiZGVsZXRlIjo2MDAwMDAwMDAwMDB9fQ==",
          "dependencies": [
            "data.aws_availability_zones.available",
            "module.eks.aws_cloudwatch_log_group.this",
            "module.eks.aws_eks_cluster.this",
            "module.eks.aws_iam_instance_profile.workers",
            "module.eks.aws_iam_role.cluster",
            "module.eks.aws_iam_role.workers",
            "module.eks.aws_iam_role_policy_attachment.cluster_AmazonEKSClusterPolicy",
            "module.eks.aws_iam_role_policy_attachment.cluster_AmazonEKSServicePolicy",
            "module.eks.aws_iam_role_policy_attachment.cluster_AmazonEKSVPCResourceControllerPolicy",
            "module.eks.aws_iam_role_policy_attachment.workers_AmazonEC2ContainerRegistryReadOnly",
            "module.eks.aws_iam_role_policy_attachment.workers_AmazonEKSWorkerNodePolicy",
            "module.eks.aws_iam_role_policy_attachment.workers_AmazonEKS_CNI_Policy",
            "module.eks.aws_iam_role_policy_attachment.workers_additional_policies",
            "module.eks.aws_launch_configuration.workers",
            "module.eks.aws_security_group.cluster",
            "module.eks.aws_security_group.workers",
            "module.eks.aws_security_group_rule.cluster_egress_internet",
            "module.eks.aws_security_group_rule.cluster_https_worker_ingress",
            "module.eks.aws_security_group_rule.cluster_primary_ingress_workers",
            "module.eks.aws_security_group_rule.workers_egress_internet",
            "module.eks.aws_security_group_rule.workers_ingress_cluster",
            "module.eks.aws_security_group_rule.workers_ingress_cluster_https",
            "module.eks.aws_security_group_rule.workers_ingress_cluster_kubelet",
            "module.eks.aws_security_group_rule.workers_ingress_cluster_primary",
            "module.eks.aws_security_group_rule.workers_ingress_self",
            "module.eks.data.aws_ami.eks_worker",
            "module.eks.data.aws_ami.eks_worker_windows",
            "module.eks.data.aws_iam_instance_profile.custom_worker_group_iam_instance_profile",
            "module.eks.data.aws_iam_policy_document.cluster_assume_role_policy",
            "module.eks.data.aws_iam_policy_document.workers_assume_role_policy",
            "module.eks.data.aws_iam_role.custom_cluster_iam_role",
            "module.eks.data.aws_partition.current",
            "module.vpc.aws_cloudwatch_log_group.flow_log",
            "module.vpc.aws_customer_gateway.this",
            "module.vpc.aws_db_subnet_group.database",
            "module.vpc.aws_default_network_acl.this",
            "module.vpc.aws_default_route_table.default",
            "module.vpc.aws_default_security_group.this",
            "module.vpc.aws_default_vpc.this",
            "module.vpc.aws_egress_only_internet_gateway.this",
            "module.vpc.aws_eip.nat",
            "module.vpc.aws_elasticache_subnet_group.elasticache",
            "module.vpc.aws_flow_log.this",
            "module.vpc.aws_iam_policy.vpc_flow_log_cloudwatch",
            "module.vpc.aws_iam_role.vpc_flow_log_cloudwatch",
            "module.vpc.aws_iam_role_policy_attachment.vpc_flow_log_cloudwatch",
            "module.vpc.aws_internet_gateway.this",
            "module.vpc.aws_nat_gateway.this",
            "module.vpc.aws_network_acl.database",
            "module.vpc.aws_network_acl.elasticache",
            "module.vpc.aws_network_acl.intra",
            "module.vpc.aws_network_acl.outpost",
            "module.vpc.aws_network_acl.private",
            "module.vpc.aws_network_acl.public",
            "module.vpc.aws_network_acl.redshift",
            "module.vpc.aws_network_acl_rule.database_inbound",
            "module.vpc.aws_network_acl_rule.database_outbound",
            "module.vpc.aws_network_acl_rule.elasticache_inbound",
            "module.vpc.aws_network_acl_rule.elasticache_outbound",
            "module.vpc.aws_network_acl_rule.intra_inbound",
            "module.vpc.aws_network_acl_rule.intra_outbound",
            "module.vpc.aws_network_acl_rule.outpost_inbound",
            "module.vpc.aws_network_acl_rule.outpost_outbound",
            "module.vpc.aws_network_acl_rule.private_inbound",
            "module.vpc.aws_network_acl_rule.private_outbound",
            "module.vpc.aws_network_acl_rule.public_inbound",
            "module.vpc.aws_network_acl_rule.public_outbound",
            "module.vpc.aws_network_acl_rule.redshift_inbound",
            "module.vpc.aws_network_acl_rule.redshift_outbound",
            "module.vpc.aws_redshift_subnet_group.redshift",
            "module.vpc.aws_route.database_internet_gateway",
            "module.vpc.aws_route.database_ipv6_egress",
            "module.vpc.aws_route.database_nat_gateway",
            "module.vpc.aws_route.private_ipv6_egress",
            "module.vpc.aws_route.private_nat_gateway",
            "module.vpc.aws_route.public_internet_gateway",
            "module.vpc.aws_route.public_internet_gateway_ipv6",
            "module.vpc.aws_route_table.database",
            "module.vpc.aws_route_table.elasticache",
            "module.vpc.aws_route_table.intra",
            "module.vpc.aws_route_table.private",
            "module.vpc.aws_route_table.public",
            "module.vpc.aws_route_table.redshift",
            "module.vpc.aws_route_table_association.database",
            "module.vpc.aws_route_table_association.elasticache",
            "module.vpc.aws_route_table_association.intra",
            "module.vpc.aws_route_table_association.outpost",
            "module.vpc.aws_route_table_association.private",
            "module.vpc.aws_route_table_association.public",
            "module.vpc.aws_route_table_association.redshift",
            "module.vpc.aws_route_table_association.redshift_public",
            "module.vpc.aws_subnet.database",
            "module.vpc.aws_subnet.elasticache",
            "module.vpc.aws_subnet.intra",
            "module.vpc.aws_subnet.outpost",
            "module.vpc.aws_subnet.private",
            "module.vpc.aws_subnet.public",
            "module.vpc.aws_subnet.redshift",
            "module.vpc.aws_vpc.this",
            "module.vpc.aws_vpc_dhcp_options.this",
            "module.vpc.aws_vpc_dhcp_options_association.this",
            "module.vpc.aws_vpc_ipv4_cidr_block_association.this",
            "module.vpc.aws_vpn_gateway.this",
            "module.vpc.aws_vpn_gateway_attachment.this",
            "module.vpc.aws_vpn_gateway_route_propagation.intra",
            "module.vpc.aws_vpn_gateway_route_propagation.private",
            "module.vpc.aws_vpn_gateway_route_propagation.public",
            "module.vpc.data.aws_iam_policy_document.flow_log_cloudwatch_assume_role",
            "module.vpc.data.aws_iam_policy_document.vpc_flow_log_cloudwatch",
            "random_id.cluster-suffix"
          ],
          "create_before_destroy": true
        }
      ]
    },
    {
      "module": "module.eks",
      "mode": "managed",
      "type": "aws_eks_cluster",
      "name": "this",
      "provider": "provider[\"registry.terraform.io/hashicorp/aws\"]",
      "instances": [
        {
          "index_key": 0,
          "schema_version": 0,
          "attributes": {
            "arn": "arn:aws:eks:us-west-2:100072912756:cluster/swimstack-gg",
            "certificate_authority": [
              {
                "data": "LS0tLS1CRUdJTiBDRVJUSUZJQ0FURS0tLS0tCk1JSUM1ekNDQWMrZ0F3SUJBZ0lCQURBTkJna3Foa2lHOXcwQkFRc0ZBREFWTVJNd0VRWURWUVFERXdwcmRXSmwKY201bGRHVnpNQjRYRFRJeE1Ea3lNekl4TlRneE5Gb1hEVE14TURreU1USXhOVGd4TkZvd0ZURVRNQkVHQTFVRQpBeE1LYTNWaVpYSnVaWFJsY3pDQ0FTSXdEUVlKS29aSWh2Y05BUUVCQlFBRGdnRVBBRENDQVFvQ2dnRUJBTUNaCmFKWFVvN2FMSnVmRkpidXNMSEtzblE0SnRBSTgrSTVrM21NdEFwaHB5dHIxd2dJbThYMWZwbVFFcUxid1o2a2oKQmhDM3c3a1c1U08yVk9BWVd0Q2pZT1UvRHBSTGxIUE9RV0VkK1NGVnlhakZPd1BMNjJRM004a2VjOW9rbEc2UgpzcVBzaWZPbmxPcGdSMzc3OWQySTE4cGxYYURaUE51cmF1aFUvUzF6d0ZHUkN4R0Ixak1qeHdLbFJNNzBOUHRoCjBmWnpZVFc3ZmxWcDNjL3lZR2VtU0xXWjFDS2lrYzNqT1VZS0NQTEpBbzNJdTZJU0JLaFNudHZwdTBzL1lwc0YKMmdRdE13TGZuRVI0QzE3Z3lMN2hWcUU4K25vb1NaMFBIdUtrNWRtbEFLMGxSaTlDRWp4ZFdPaVNKdjRpMXNuMQpiRXk1Lzh2bWp2Qk5TZXZYWElrQ0F3RUFBYU5DTUVBd0RnWURWUjBQQVFIL0JBUURBZ0trTUE4R0ExVWRFd0VCCi93UUZNQU1CQWY4d0hRWURWUjBPQkJZRUZKVlhyeE5NbVRzbjNyTisrZTJEaTRRV0svUWxNQTBHQ1NxR1NJYjMKRFFFQkN3VUFBNElCQVFCSFVqOEl6NVN2UmJXM2dWb2xadTZyRVlLRDhPYVJZOFNNMm5hcEcxS1V3T282UnJxNgpIVmZvRUh5aUI1cndIOHgrWXhaZ3NYT1RYZWhuRzI5bEdPdzUwWVNSdCsvTnJOemFybVJUckhJL1UrbHlRengxCjV6MWlYditCK1ZFb3pvcktrY05XQU1kdENLOFFRQWdZOWdPejZlV2hjcmhKTTkybEIwZUxaQ3h0YUpGNnFsMEsKU1ZuMDRSVlZySGhVelJVT21HRVk4bXRxV0srRzU3R1BGTXZLaWg4ZUdkOXM5UldqcEFaNUpGVlM5bjA1TXBnUAo4TDgvTm5zR1d2TEVLY09LUFUzd3Z5clYzWXhENXAxM1JyQnRnaHdBWGQrVnJQeTNlMjRTTUJnTElNVFVLeC9vCjREcXJCV2FUN3A0Zy9RRjBtM1B3TkxPSnZrdXBlekY1dG01WQotLS0tLUVORCBDRVJUSUZJQ0FURS0tLS0tCg=="
              }
            ],
            "created_at": "2021-09-23 21:51:15.154 +0000 UTC",
            "enabled_cluster_log_types": null,
            "encryption_config": [],
            "endpoint": "https://144A6218991C0B57620CBAF3A5F8569D.gr7.us-west-2.eks.amazonaws.com",
            "id": "swimstack-gg",
            "identity": [
              {
                "oidc": [
                  {
                    "issuer": "https://oidc.eks.us-west-2.amazonaws.com/id/144A6218991C0B57620CBAF3A5F8569D"
                  }
                ]
              }
            ],
            "kubernetes_network_config": [
              {
                "service_ipv4_cidr": "172.20.0.0/16"
              }
            ],
            "name": "swimstack-gg",
            "platform_version": "eks.2",
            "role_arn": "arn:aws:iam::100072912756:role/swimstack-gg20210923215110304800000004",
            "status": "ACTIVE",
            "tags": {
              "Environment": "swimstack"
            },
            "tags_all": {
              "Environment": "swimstack"
            },
            "timeouts": {
              "create": "30m",
              "delete": "15m",
              "update": "60m"
            },
            "version": "1.21",
            "vpc_config": [
              {
                "cluster_security_group_id": "sg-090a3928352e732ac",
                "endpoint_private_access": false,
                "endpoint_public_access": true,
                "public_access_cidrs": [
                  "0.0.0.0/0"
                ],
                "security_group_ids": [
                  "sg-0d2f6e38995c9df8e"
                ],
                "subnet_ids": [
                  "subnet-01c46ab3e5c4279d2",
                  "subnet-079e8836120f76834",
                  "subnet-0c3747b32ff3d9c54"
                ],
                "vpc_id": "vpc-0c7625e0e5fb7aa3d"
              }
            ]
          },
          "sensitive_attributes": [],
          "private": "eyJlMmJmYjczMC1lY2FhLTExZTYtOGY4OC0zNDM2M2JjN2M0YzAiOnsiY3JlYXRlIjoxODAwMDAwMDAwMDAwLCJkZWxldGUiOjkwMDAwMDAwMDAwMCwidXBkYXRlIjozNjAwMDAwMDAwMDAwfX0=",
          "dependencies": [
            "data.aws_availability_zones.available",
            "module.eks.aws_cloudwatch_log_group.this",
            "module.eks.aws_iam_role.cluster",
            "module.eks.aws_iam_role_policy_attachment.cluster_AmazonEKSClusterPolicy",
            "module.eks.aws_iam_role_policy_attachment.cluster_AmazonEKSServicePolicy",
            "module.eks.aws_iam_role_policy_attachment.cluster_AmazonEKSVPCResourceControllerPolicy",
            "module.eks.aws_security_group.cluster",
            "module.eks.aws_security_group.workers",
            "module.eks.aws_security_group_rule.cluster_egress_internet",
            "module.eks.aws_security_group_rule.cluster_https_worker_ingress",
            "module.eks.data.aws_iam_policy_document.cluster_assume_role_policy",
            "module.eks.data.aws_iam_role.custom_cluster_iam_role",
            "module.eks.data.aws_partition.current",
            "module.vpc.aws_cloudwatch_log_group.flow_log",
            "module.vpc.aws_customer_gateway.this",
            "module.vpc.aws_db_subnet_group.database",
            "module.vpc.aws_default_network_acl.this",
            "module.vpc.aws_default_route_table.default",
            "module.vpc.aws_default_security_group.this",
            "module.vpc.aws_default_vpc.this",
            "module.vpc.aws_egress_only_internet_gateway.this",
            "module.vpc.aws_eip.nat",
            "module.vpc.aws_elasticache_subnet_group.elasticache",
            "module.vpc.aws_flow_log.this",
            "module.vpc.aws_iam_policy.vpc_flow_log_cloudwatch",
            "module.vpc.aws_iam_role.vpc_flow_log_cloudwatch",
            "module.vpc.aws_iam_role_policy_attachment.vpc_flow_log_cloudwatch",
            "module.vpc.aws_internet_gateway.this",
            "module.vpc.aws_nat_gateway.this",
            "module.vpc.aws_network_acl.database",
            "module.vpc.aws_network_acl.elasticache",
            "module.vpc.aws_network_acl.intra",
            "module.vpc.aws_network_acl.outpost",
            "module.vpc.aws_network_acl.private",
            "module.vpc.aws_network_acl.public",
            "module.vpc.aws_network_acl.redshift",
            "module.vpc.aws_network_acl_rule.database_inbound",
            "module.vpc.aws_network_acl_rule.database_outbound",
            "module.vpc.aws_network_acl_rule.elasticache_inbound",
            "module.vpc.aws_network_acl_rule.elasticache_outbound",
            "module.vpc.aws_network_acl_rule.intra_inbound",
            "module.vpc.aws_network_acl_rule.intra_outbound",
            "module.vpc.aws_network_acl_rule.outpost_inbound",
            "module.vpc.aws_network_acl_rule.outpost_outbound",
            "module.vpc.aws_network_acl_rule.private_inbound",
            "module.vpc.aws_network_acl_rule.private_outbound",
            "module.vpc.aws_network_acl_rule.public_inbound",
            "module.vpc.aws_network_acl_rule.public_outbound",
            "module.vpc.aws_network_acl_rule.redshift_inbound",
            "module.vpc.aws_network_acl_rule.redshift_outbound",
            "module.vpc.aws_redshift_subnet_group.redshift",
            "module.vpc.aws_route.database_internet_gateway",
            "module.vpc.aws_route.database_ipv6_egress",
            "module.vpc.aws_route.database_nat_gateway",
            "module.vpc.aws_route.private_ipv6_egress",
            "module.vpc.aws_route.private_nat_gateway",
            "module.vpc.aws_route.public_internet_gateway",
            "module.vpc.aws_route.public_internet_gateway_ipv6",
            "module.vpc.aws_route_table.database",
            "module.vpc.aws_route_table.elasticache",
            "module.vpc.aws_route_table.intra",
            "module.vpc.aws_route_table.private",
            "module.vpc.aws_route_table.public",
            "module.vpc.aws_route_table.redshift",
            "module.vpc.aws_route_table_association.database",
            "module.vpc.aws_route_table_association.elasticache",
            "module.vpc.aws_route_table_association.intra",
            "module.vpc.aws_route_table_association.outpost",
            "module.vpc.aws_route_table_association.private",
            "module.vpc.aws_route_table_association.public",
            "module.vpc.aws_route_table_association.redshift",
            "module.vpc.aws_route_table_association.redshift_public",
            "module.vpc.aws_subnet.database",
            "module.vpc.aws_subnet.elasticache",
            "module.vpc.aws_subnet.intra",
            "module.vpc.aws_subnet.outpost",
            "module.vpc.aws_subnet.private",
            "module.vpc.aws_subnet.public",
            "module.vpc.aws_subnet.redshift",
            "module.vpc.aws_vpc.this",
            "module.vpc.aws_vpc_dhcp_options.this",
            "module.vpc.aws_vpc_dhcp_options_association.this",
            "module.vpc.aws_vpc_ipv4_cidr_block_association.this",
            "module.vpc.aws_vpn_gateway.this",
            "module.vpc.aws_vpn_gateway_attachment.this",
            "module.vpc.aws_vpn_gateway_route_propagation.intra",
            "module.vpc.aws_vpn_gateway_route_propagation.private",
            "module.vpc.aws_vpn_gateway_route_propagation.public",
            "module.vpc.data.aws_iam_policy_document.flow_log_cloudwatch_assume_role",
            "module.vpc.data.aws_iam_policy_document.vpc_flow_log_cloudwatch",
            "random_id.cluster-suffix"
          ],
          "create_before_destroy": true
        }
      ]
    },
    {
      "module": "module.eks",
      "mode": "managed",
      "type": "aws_iam_instance_profile",
      "name": "workers",
      "provider": "provider[\"registry.terraform.io/hashicorp/aws\"]",
      "instances": [
        {
          "index_key": 0,
          "schema_version": 0,
          "attributes": {
            "arn": "arn:aws:iam::100072912756:instance-profile/swimstack-gg2021092322033140730000000a",
            "create_date": "2021-09-23T22:03:31Z",
            "id": "swimstack-gg2021092322033140730000000a",
            "name": "swimstack-gg2021092322033140730000000a",
            "name_prefix": "swimstack-gg",
            "path": "/",
            "role": "swimstack-gg20210923220329243200000009",
            "tags": {
              "Environment": "swimstack"
            },
            "tags_all": {
              "Environment": "swimstack"
            },
            "unique_id": "AIPAROTGPO52NCPYP6BZH"
          },
          "sensitive_attributes": [],
          "private": "bnVsbA==",
          "dependencies": [
            "data.aws_availability_zones.available",
            "module.eks.aws_cloudwatch_log_group.this",
            "module.eks.aws_eks_cluster.this",
            "module.eks.aws_iam_role.cluster",
            "module.eks.aws_iam_role.workers",
            "module.eks.aws_iam_role_policy_attachment.cluster_AmazonEKSClusterPolicy",
            "module.eks.aws_iam_role_policy_attachment.cluster_AmazonEKSServicePolicy",
            "module.eks.aws_iam_role_policy_attachment.cluster_AmazonEKSVPCResourceControllerPolicy",
            "module.eks.aws_security_group.cluster",
            "module.eks.aws_security_group.workers",
            "module.eks.aws_security_group_rule.cluster_egress_internet",
            "module.eks.aws_security_group_rule.cluster_https_worker_ingress",
            "module.eks.data.aws_iam_policy_document.cluster_assume_role_policy",
            "module.eks.data.aws_iam_policy_document.workers_assume_role_policy",
            "module.eks.data.aws_iam_role.custom_cluster_iam_role",
            "module.eks.data.aws_partition.current",
            "module.vpc.aws_cloudwatch_log_group.flow_log",
            "module.vpc.aws_customer_gateway.this",
            "module.vpc.aws_db_subnet_group.database",
            "module.vpc.aws_default_network_acl.this",
            "module.vpc.aws_default_route_table.default",
            "module.vpc.aws_default_security_group.this",
            "module.vpc.aws_default_vpc.this",
            "module.vpc.aws_egress_only_internet_gateway.this",
            "module.vpc.aws_eip.nat",
            "module.vpc.aws_elasticache_subnet_group.elasticache",
            "module.vpc.aws_flow_log.this",
            "module.vpc.aws_iam_policy.vpc_flow_log_cloudwatch",
            "module.vpc.aws_iam_role.vpc_flow_log_cloudwatch",
            "module.vpc.aws_iam_role_policy_attachment.vpc_flow_log_cloudwatch",
            "module.vpc.aws_internet_gateway.this",
            "module.vpc.aws_nat_gateway.this",
            "module.vpc.aws_network_acl.database",
            "module.vpc.aws_network_acl.elasticache",
            "module.vpc.aws_network_acl.intra",
            "module.vpc.aws_network_acl.outpost",
            "module.vpc.aws_network_acl.private",
            "module.vpc.aws_network_acl.public",
            "module.vpc.aws_network_acl.redshift",
            "module.vpc.aws_network_acl_rule.database_inbound",
            "module.vpc.aws_network_acl_rule.database_outbound",
            "module.vpc.aws_network_acl_rule.elasticache_inbound",
            "module.vpc.aws_network_acl_rule.elasticache_outbound",
            "module.vpc.aws_network_acl_rule.intra_inbound",
            "module.vpc.aws_network_acl_rule.intra_outbound",
            "module.vpc.aws_network_acl_rule.outpost_inbound",
            "module.vpc.aws_network_acl_rule.outpost_outbound",
            "module.vpc.aws_network_acl_rule.private_inbound",
            "module.vpc.aws_network_acl_rule.private_outbound",
            "module.vpc.aws_network_acl_rule.public_inbound",
            "module.vpc.aws_network_acl_rule.public_outbound",
            "module.vpc.aws_network_acl_rule.redshift_inbound",
            "module.vpc.aws_network_acl_rule.redshift_outbound",
            "module.vpc.aws_redshift_subnet_group.redshift",
            "module.vpc.aws_route.database_internet_gateway",
            "module.vpc.aws_route.database_ipv6_egress",
            "module.vpc.aws_route.database_nat_gateway",
            "module.vpc.aws_route.private_ipv6_egress",
            "module.vpc.aws_route.private_nat_gateway",
            "module.vpc.aws_route.public_internet_gateway",
            "module.vpc.aws_route.public_internet_gateway_ipv6",
            "module.vpc.aws_route_table.database",
            "module.vpc.aws_route_table.elasticache",
            "module.vpc.aws_route_table.intra",
            "module.vpc.aws_route_table.private",
            "module.vpc.aws_route_table.public",
            "module.vpc.aws_route_table.redshift",
            "module.vpc.aws_route_table_association.database",
            "module.vpc.aws_route_table_association.elasticache",
            "module.vpc.aws_route_table_association.intra",
            "module.vpc.aws_route_table_association.outpost",
            "module.vpc.aws_route_table_association.private",
            "module.vpc.aws_route_table_association.public",
            "module.vpc.aws_route_table_association.redshift",
            "module.vpc.aws_route_table_association.redshift_public",
            "module.vpc.aws_subnet.database",
            "module.vpc.aws_subnet.elasticache",
            "module.vpc.aws_subnet.intra",
            "module.vpc.aws_subnet.outpost",
            "module.vpc.aws_subnet.private",
            "module.vpc.aws_subnet.public",
            "module.vpc.aws_subnet.redshift",
            "module.vpc.aws_vpc.this",
            "module.vpc.aws_vpc_dhcp_options.this",
            "module.vpc.aws_vpc_dhcp_options_association.this",
            "module.vpc.aws_vpc_ipv4_cidr_block_association.this",
            "module.vpc.aws_vpn_gateway.this",
            "module.vpc.aws_vpn_gateway_attachment.this",
            "module.vpc.aws_vpn_gateway_route_propagation.intra",
            "module.vpc.aws_vpn_gateway_route_propagation.private",
            "module.vpc.aws_vpn_gateway_route_propagation.public",
            "module.vpc.data.aws_iam_policy_document.flow_log_cloudwatch_assume_role",
            "module.vpc.data.aws_iam_policy_document.vpc_flow_log_cloudwatch",
            "random_id.cluster-suffix"
          ],
          "create_before_destroy": true
        }
      ]
    },
    {
      "module": "module.eks",
      "mode": "managed",
      "type": "aws_iam_policy",
      "name": "cluster_elb_sl_role_creation",
      "provider": "provider[\"registry.terraform.io/hashicorp/aws\"]",
      "instances": [
        {
          "index_key": 0,
          "schema_version": 0,
          "attributes": {
            "arn": "arn:aws:iam::100072912756:policy/swimstack-gg-elb-sl-role-creation20210923215110304700000003",
            "description": "Permissions for EKS to create AWSServiceRoleForElasticLoadBalancing service-linked role",
            "id": "arn:aws:iam::100072912756:policy/swimstack-gg-elb-sl-role-creation20210923215110304700000003",
            "name": "swimstack-gg-elb-sl-role-creation20210923215110304700000003",
            "name_prefix": "swimstack-gg-elb-sl-role-creation",
            "path": "/",
            "policy": "{\n  \"Version\": \"2012-10-17\",\n  \"Statement\": [\n    {\n      \"Sid\": \"\",\n      \"Effect\": \"Allow\",\n      \"Action\": [\n        \"ec2:DescribeInternetGateways\",\n        \"ec2:DescribeAddresses\",\n        \"ec2:DescribeAccountAttributes\"\n      ],\n      \"Resource\": \"*\"\n    }\n  ]\n}",
            "policy_id": "ANPAROTGPO52PCHDAYKI4",
            "tags": {
              "Environment": "swimstack"
            },
            "tags_all": {
              "Environment": "swimstack"
            }
          },
          "sensitive_attributes": [],
          "private": "bnVsbA==",
          "dependencies": [
            "data.aws_availability_zones.available",
            "module.eks.data.aws_iam_policy_document.cluster_elb_sl_role_creation",
            "module.vpc.aws_cloudwatch_log_group.flow_log",
            "module.vpc.aws_customer_gateway.this",
            "module.vpc.aws_db_subnet_group.database",
            "module.vpc.aws_default_network_acl.this",
            "module.vpc.aws_default_route_table.default",
            "module.vpc.aws_default_security_group.this",
            "module.vpc.aws_default_vpc.this",
            "module.vpc.aws_egress_only_internet_gateway.this",
            "module.vpc.aws_eip.nat",
            "module.vpc.aws_elasticache_subnet_group.elasticache",
            "module.vpc.aws_flow_log.this",
            "module.vpc.aws_iam_policy.vpc_flow_log_cloudwatch",
            "module.vpc.aws_iam_role.vpc_flow_log_cloudwatch",
            "module.vpc.aws_iam_role_policy_attachment.vpc_flow_log_cloudwatch",
            "module.vpc.aws_internet_gateway.this",
            "module.vpc.aws_nat_gateway.this",
            "module.vpc.aws_network_acl.database",
            "module.vpc.aws_network_acl.elasticache",
            "module.vpc.aws_network_acl.intra",
            "module.vpc.aws_network_acl.outpost",
            "module.vpc.aws_network_acl.private",
            "module.vpc.aws_network_acl.public",
            "module.vpc.aws_network_acl.redshift",
            "module.vpc.aws_network_acl_rule.database_inbound",
            "module.vpc.aws_network_acl_rule.database_outbound",
            "module.vpc.aws_network_acl_rule.elasticache_inbound",
            "module.vpc.aws_network_acl_rule.elasticache_outbound",
            "module.vpc.aws_network_acl_rule.intra_inbound",
            "module.vpc.aws_network_acl_rule.intra_outbound",
            "module.vpc.aws_network_acl_rule.outpost_inbound",
            "module.vpc.aws_network_acl_rule.outpost_outbound",
            "module.vpc.aws_network_acl_rule.private_inbound",
            "module.vpc.aws_network_acl_rule.private_outbound",
            "module.vpc.aws_network_acl_rule.public_inbound",
            "module.vpc.aws_network_acl_rule.public_outbound",
            "module.vpc.aws_network_acl_rule.redshift_inbound",
            "module.vpc.aws_network_acl_rule.redshift_outbound",
            "module.vpc.aws_redshift_subnet_group.redshift",
            "module.vpc.aws_route.database_internet_gateway",
            "module.vpc.aws_route.database_ipv6_egress",
            "module.vpc.aws_route.database_nat_gateway",
            "module.vpc.aws_route.private_ipv6_egress",
            "module.vpc.aws_route.private_nat_gateway",
            "module.vpc.aws_route.public_internet_gateway",
            "module.vpc.aws_route.public_internet_gateway_ipv6",
            "module.vpc.aws_route_table.database",
            "module.vpc.aws_route_table.elasticache",
            "module.vpc.aws_route_table.intra",
            "module.vpc.aws_route_table.private",
            "module.vpc.aws_route_table.public",
            "module.vpc.aws_route_table.redshift",
            "module.vpc.aws_route_table_association.database",
            "module.vpc.aws_route_table_association.elasticache",
            "module.vpc.aws_route_table_association.intra",
            "module.vpc.aws_route_table_association.outpost",
            "module.vpc.aws_route_table_association.private",
            "module.vpc.aws_route_table_association.public",
            "module.vpc.aws_route_table_association.redshift",
            "module.vpc.aws_route_table_association.redshift_public",
            "module.vpc.aws_subnet.database",
            "module.vpc.aws_subnet.elasticache",
            "module.vpc.aws_subnet.intra",
            "module.vpc.aws_subnet.outpost",
            "module.vpc.aws_subnet.private",
            "module.vpc.aws_subnet.public",
            "module.vpc.aws_subnet.redshift",
            "module.vpc.aws_vpc.this",
            "module.vpc.aws_vpc_dhcp_options.this",
            "module.vpc.aws_vpc_dhcp_options_association.this",
            "module.vpc.aws_vpc_ipv4_cidr_block_association.this",
            "module.vpc.aws_vpn_gateway.this",
            "module.vpc.aws_vpn_gateway_attachment.this",
            "module.vpc.aws_vpn_gateway_route_propagation.intra",
            "module.vpc.aws_vpn_gateway_route_propagation.private",
            "module.vpc.aws_vpn_gateway_route_propagation.public",
            "module.vpc.data.aws_iam_policy_document.flow_log_cloudwatch_assume_role",
            "module.vpc.data.aws_iam_policy_document.vpc_flow_log_cloudwatch",
            "random_id.cluster-suffix"
          ]
        }
      ]
    },
    {
      "module": "module.eks",
      "mode": "managed",
      "type": "aws_iam_role",
      "name": "cluster",
      "provider": "provider[\"registry.terraform.io/hashicorp/aws\"]",
      "instances": [
        {
          "index_key": 0,
          "schema_version": 0,
          "attributes": {
            "arn": "arn:aws:iam::100072912756:role/swimstack-gg20210923215110304800000004",
            "assume_role_policy": "{\"Version\":\"2012-10-17\",\"Statement\":[{\"Sid\":\"EKSClusterAssumeRole\",\"Effect\":\"Allow\",\"Principal\":{\"Service\":\"eks.amazonaws.com\"},\"Action\":\"sts:AssumeRole\"}]}",
            "create_date": "2021-09-23T21:51:10Z",
            "description": "",
            "force_detach_policies": true,
            "id": "swimstack-gg20210923215110304800000004",
            "inline_policy": [
              {
                "name": "",
                "policy": ""
              }
            ],
            "managed_policy_arns": [],
            "max_session_duration": 3600,
            "name": "swimstack-gg20210923215110304800000004",
            "name_prefix": "swimstack-gg",
            "path": "/",
            "permissions_boundary": null,
            "tags": {
              "Environment": "swimstack"
            },
            "tags_all": {
              "Environment": "swimstack"
            },
            "unique_id": "AROAROTGPO52JNDVDMEWH"
          },
          "sensitive_attributes": [],
          "private": "bnVsbA==",
          "dependencies": [
            "data.aws_availability_zones.available",
            "module.eks.data.aws_iam_policy_document.cluster_assume_role_policy",
            "module.vpc.aws_cloudwatch_log_group.flow_log",
            "module.vpc.aws_customer_gateway.this",
            "module.vpc.aws_db_subnet_group.database",
            "module.vpc.aws_default_network_acl.this",
            "module.vpc.aws_default_route_table.default",
            "module.vpc.aws_default_security_group.this",
            "module.vpc.aws_default_vpc.this",
            "module.vpc.aws_egress_only_internet_gateway.this",
            "module.vpc.aws_eip.nat",
            "module.vpc.aws_elasticache_subnet_group.elasticache",
            "module.vpc.aws_flow_log.this",
            "module.vpc.aws_iam_policy.vpc_flow_log_cloudwatch",
            "module.vpc.aws_iam_role.vpc_flow_log_cloudwatch",
            "module.vpc.aws_iam_role_policy_attachment.vpc_flow_log_cloudwatch",
            "module.vpc.aws_internet_gateway.this",
            "module.vpc.aws_nat_gateway.this",
            "module.vpc.aws_network_acl.database",
            "module.vpc.aws_network_acl.elasticache",
            "module.vpc.aws_network_acl.intra",
            "module.vpc.aws_network_acl.outpost",
            "module.vpc.aws_network_acl.private",
            "module.vpc.aws_network_acl.public",
            "module.vpc.aws_network_acl.redshift",
            "module.vpc.aws_network_acl_rule.database_inbound",
            "module.vpc.aws_network_acl_rule.database_outbound",
            "module.vpc.aws_network_acl_rule.elasticache_inbound",
            "module.vpc.aws_network_acl_rule.elasticache_outbound",
            "module.vpc.aws_network_acl_rule.intra_inbound",
            "module.vpc.aws_network_acl_rule.intra_outbound",
            "module.vpc.aws_network_acl_rule.outpost_inbound",
            "module.vpc.aws_network_acl_rule.outpost_outbound",
            "module.vpc.aws_network_acl_rule.private_inbound",
            "module.vpc.aws_network_acl_rule.private_outbound",
            "module.vpc.aws_network_acl_rule.public_inbound",
            "module.vpc.aws_network_acl_rule.public_outbound",
            "module.vpc.aws_network_acl_rule.redshift_inbound",
            "module.vpc.aws_network_acl_rule.redshift_outbound",
            "module.vpc.aws_redshift_subnet_group.redshift",
            "module.vpc.aws_route.database_internet_gateway",
            "module.vpc.aws_route.database_ipv6_egress",
            "module.vpc.aws_route.database_nat_gateway",
            "module.vpc.aws_route.private_ipv6_egress",
            "module.vpc.aws_route.private_nat_gateway",
            "module.vpc.aws_route.public_internet_gateway",
            "module.vpc.aws_route.public_internet_gateway_ipv6",
            "module.vpc.aws_route_table.database",
            "module.vpc.aws_route_table.elasticache",
            "module.vpc.aws_route_table.intra",
            "module.vpc.aws_route_table.private",
            "module.vpc.aws_route_table.public",
            "module.vpc.aws_route_table.redshift",
            "module.vpc.aws_route_table_association.database",
            "module.vpc.aws_route_table_association.elasticache",
            "module.vpc.aws_route_table_association.intra",
            "module.vpc.aws_route_table_association.outpost",
            "module.vpc.aws_route_table_association.private",
            "module.vpc.aws_route_table_association.public",
            "module.vpc.aws_route_table_association.redshift",
            "module.vpc.aws_route_table_association.redshift_public",
            "module.vpc.aws_subnet.database",
            "module.vpc.aws_subnet.elasticache",
            "module.vpc.aws_subnet.intra",
            "module.vpc.aws_subnet.outpost",
            "module.vpc.aws_subnet.private",
            "module.vpc.aws_subnet.public",
            "module.vpc.aws_subnet.redshift",
            "module.vpc.aws_vpc.this",
            "module.vpc.aws_vpc_dhcp_options.this",
            "module.vpc.aws_vpc_dhcp_options_association.this",
            "module.vpc.aws_vpc_ipv4_cidr_block_association.this",
            "module.vpc.aws_vpn_gateway.this",
            "module.vpc.aws_vpn_gateway_attachment.this",
            "module.vpc.aws_vpn_gateway_route_propagation.intra",
            "module.vpc.aws_vpn_gateway_route_propagation.private",
            "module.vpc.aws_vpn_gateway_route_propagation.public",
            "module.vpc.data.aws_iam_policy_document.flow_log_cloudwatch_assume_role",
            "module.vpc.data.aws_iam_policy_document.vpc_flow_log_cloudwatch",
            "random_id.cluster-suffix"
          ],
          "create_before_destroy": true
        }
      ]
    },
    {
      "module": "module.eks",
      "mode": "managed",
      "type": "aws_iam_role",
      "name": "workers",
      "provider": "provider[\"registry.terraform.io/hashicorp/aws\"]",
      "instances": [
        {
          "index_key": 0,
          "schema_version": 0,
          "attributes": {
            "arn": "arn:aws:iam::100072912756:role/swimstack-gg20210923220329243200000009",
            "assume_role_policy": "{\"Version\":\"2012-10-17\",\"Statement\":[{\"Sid\":\"EKSWorkerAssumeRole\",\"Effect\":\"Allow\",\"Principal\":{\"Service\":\"ec2.amazonaws.com\"},\"Action\":\"sts:AssumeRole\"}]}",
            "create_date": "2021-09-23T22:03:29Z",
            "description": "",
            "force_detach_policies": true,
            "id": "swimstack-gg20210923220329243200000009",
            "inline_policy": [
              {
                "name": "",
                "policy": ""
              }
            ],
            "managed_policy_arns": [],
            "max_session_duration": 3600,
            "name": "swimstack-gg20210923220329243200000009",
            "name_prefix": "swimstack-gg",
            "path": "/",
            "permissions_boundary": null,
            "tags": {
              "Environment": "swimstack"
            },
            "tags_all": {
              "Environment": "swimstack"
            },
            "unique_id": "AROAROTGPO52MS2OZGPXM"
          },
          "sensitive_attributes": [],
          "private": "bnVsbA==",
          "dependencies": [
            "data.aws_availability_zones.available",
            "module.eks.aws_cloudwatch_log_group.this",
            "module.eks.aws_eks_cluster.this",
            "module.eks.aws_iam_role.cluster",
            "module.eks.aws_iam_role_policy_attachment.cluster_AmazonEKSClusterPolicy",
            "module.eks.aws_iam_role_policy_attachment.cluster_AmazonEKSServicePolicy",
            "module.eks.aws_iam_role_policy_attachment.cluster_AmazonEKSVPCResourceControllerPolicy",
            "module.eks.aws_security_group.cluster",
            "module.eks.aws_security_group.workers",
            "module.eks.aws_security_group_rule.cluster_egress_internet",
            "module.eks.aws_security_group_rule.cluster_https_worker_ingress",
            "module.eks.data.aws_iam_policy_document.cluster_assume_role_policy",
            "module.eks.data.aws_iam_policy_document.workers_assume_role_policy",
            "module.eks.data.aws_iam_role.custom_cluster_iam_role",
            "module.eks.data.aws_partition.current",
            "module.vpc.aws_cloudwatch_log_group.flow_log",
            "module.vpc.aws_customer_gateway.this",
            "module.vpc.aws_db_subnet_group.database",
            "module.vpc.aws_default_network_acl.this",
            "module.vpc.aws_default_route_table.default",
            "module.vpc.aws_default_security_group.this",
            "module.vpc.aws_default_vpc.this",
            "module.vpc.aws_egress_only_internet_gateway.this",
            "module.vpc.aws_eip.nat",
            "module.vpc.aws_elasticache_subnet_group.elasticache",
            "module.vpc.aws_flow_log.this",
            "module.vpc.aws_iam_policy.vpc_flow_log_cloudwatch",
            "module.vpc.aws_iam_role.vpc_flow_log_cloudwatch",
            "module.vpc.aws_iam_role_policy_attachment.vpc_flow_log_cloudwatch",
            "module.vpc.aws_internet_gateway.this",
            "module.vpc.aws_nat_gateway.this",
            "module.vpc.aws_network_acl.database",
            "module.vpc.aws_network_acl.elasticache",
            "module.vpc.aws_network_acl.intra",
            "module.vpc.aws_network_acl.outpost",
            "module.vpc.aws_network_acl.private",
            "module.vpc.aws_network_acl.public",
            "module.vpc.aws_network_acl.redshift",
            "module.vpc.aws_network_acl_rule.database_inbound",
            "module.vpc.aws_network_acl_rule.database_outbound",
            "module.vpc.aws_network_acl_rule.elasticache_inbound",
            "module.vpc.aws_network_acl_rule.elasticache_outbound",
            "module.vpc.aws_network_acl_rule.intra_inbound",
            "module.vpc.aws_network_acl_rule.intra_outbound",
            "module.vpc.aws_network_acl_rule.outpost_inbound",
            "module.vpc.aws_network_acl_rule.outpost_outbound",
            "module.vpc.aws_network_acl_rule.private_inbound",
            "module.vpc.aws_network_acl_rule.private_outbound",
            "module.vpc.aws_network_acl_rule.public_inbound",
            "module.vpc.aws_network_acl_rule.public_outbound",
            "module.vpc.aws_network_acl_rule.redshift_inbound",
            "module.vpc.aws_network_acl_rule.redshift_outbound",
            "module.vpc.aws_redshift_subnet_group.redshift",
            "module.vpc.aws_route.database_internet_gateway",
            "module.vpc.aws_route.database_ipv6_egress",
            "module.vpc.aws_route.database_nat_gateway",
            "module.vpc.aws_route.private_ipv6_egress",
            "module.vpc.aws_route.private_nat_gateway",
            "module.vpc.aws_route.public_internet_gateway",
            "module.vpc.aws_route.public_internet_gateway_ipv6",
            "module.vpc.aws_route_table.database",
            "module.vpc.aws_route_table.elasticache",
            "module.vpc.aws_route_table.intra",
            "module.vpc.aws_route_table.private",
            "module.vpc.aws_route_table.public",
            "module.vpc.aws_route_table.redshift",
            "module.vpc.aws_route_table_association.database",
            "module.vpc.aws_route_table_association.elasticache",
            "module.vpc.aws_route_table_association.intra",
            "module.vpc.aws_route_table_association.outpost",
            "module.vpc.aws_route_table_association.private",
            "module.vpc.aws_route_table_association.public",
            "module.vpc.aws_route_table_association.redshift",
            "module.vpc.aws_route_table_association.redshift_public",
            "module.vpc.aws_subnet.database",
            "module.vpc.aws_subnet.elasticache",
            "module.vpc.aws_subnet.intra",
            "module.vpc.aws_subnet.outpost",
            "module.vpc.aws_subnet.private",
            "module.vpc.aws_subnet.public",
            "module.vpc.aws_subnet.redshift",
            "module.vpc.aws_vpc.this",
            "module.vpc.aws_vpc_dhcp_options.this",
            "module.vpc.aws_vpc_dhcp_options_association.this",
            "module.vpc.aws_vpc_ipv4_cidr_block_association.this",
            "module.vpc.aws_vpn_gateway.this",
            "module.vpc.aws_vpn_gateway_attachment.this",
            "module.vpc.aws_vpn_gateway_route_propagation.intra",
            "module.vpc.aws_vpn_gateway_route_propagation.private",
            "module.vpc.aws_vpn_gateway_route_propagation.public",
            "module.vpc.data.aws_iam_policy_document.flow_log_cloudwatch_assume_role",
            "module.vpc.data.aws_iam_policy_document.vpc_flow_log_cloudwatch",
            "random_id.cluster-suffix"
          ],
          "create_before_destroy": true
        }
      ]
    },
    {
      "module": "module.eks",
      "mode": "managed",
      "type": "aws_iam_role_policy_attachment",
      "name": "cluster_AmazonEKSClusterPolicy",
      "provider": "provider[\"registry.terraform.io/hashicorp/aws\"]",
      "instances": [
        {
          "index_key": 0,
          "schema_version": 0,
          "attributes": {
            "id": "swimstack-gg20210923215110304800000004-20210923215112542700000007",
            "policy_arn": "arn:aws:iam::aws:policy/AmazonEKSClusterPolicy",
            "role": "swimstack-gg20210923215110304800000004"
          },
          "sensitive_attributes": [],
          "private": "bnVsbA==",
          "dependencies": [
            "data.aws_availability_zones.available",
            "module.eks.aws_iam_role.cluster",
            "module.eks.data.aws_iam_policy_document.cluster_assume_role_policy",
            "module.eks.data.aws_partition.current",
            "module.vpc.aws_cloudwatch_log_group.flow_log",
            "module.vpc.aws_customer_gateway.this",
            "module.vpc.aws_db_subnet_group.database",
            "module.vpc.aws_default_network_acl.this",
            "module.vpc.aws_default_route_table.default",
            "module.vpc.aws_default_security_group.this",
            "module.vpc.aws_default_vpc.this",
            "module.vpc.aws_egress_only_internet_gateway.this",
            "module.vpc.aws_eip.nat",
            "module.vpc.aws_elasticache_subnet_group.elasticache",
            "module.vpc.aws_flow_log.this",
            "module.vpc.aws_iam_policy.vpc_flow_log_cloudwatch",
            "module.vpc.aws_iam_role.vpc_flow_log_cloudwatch",
            "module.vpc.aws_iam_role_policy_attachment.vpc_flow_log_cloudwatch",
            "module.vpc.aws_internet_gateway.this",
            "module.vpc.aws_nat_gateway.this",
            "module.vpc.aws_network_acl.database",
            "module.vpc.aws_network_acl.elasticache",
            "module.vpc.aws_network_acl.intra",
            "module.vpc.aws_network_acl.outpost",
            "module.vpc.aws_network_acl.private",
            "module.vpc.aws_network_acl.public",
            "module.vpc.aws_network_acl.redshift",
            "module.vpc.aws_network_acl_rule.database_inbound",
            "module.vpc.aws_network_acl_rule.database_outbound",
            "module.vpc.aws_network_acl_rule.elasticache_inbound",
            "module.vpc.aws_network_acl_rule.elasticache_outbound",
            "module.vpc.aws_network_acl_rule.intra_inbound",
            "module.vpc.aws_network_acl_rule.intra_outbound",
            "module.vpc.aws_network_acl_rule.outpost_inbound",
            "module.vpc.aws_network_acl_rule.outpost_outbound",
            "module.vpc.aws_network_acl_rule.private_inbound",
            "module.vpc.aws_network_acl_rule.private_outbound",
            "module.vpc.aws_network_acl_rule.public_inbound",
            "module.vpc.aws_network_acl_rule.public_outbound",
            "module.vpc.aws_network_acl_rule.redshift_inbound",
            "module.vpc.aws_network_acl_rule.redshift_outbound",
            "module.vpc.aws_redshift_subnet_group.redshift",
            "module.vpc.aws_route.database_internet_gateway",
            "module.vpc.aws_route.database_ipv6_egress",
            "module.vpc.aws_route.database_nat_gateway",
            "module.vpc.aws_route.private_ipv6_egress",
            "module.vpc.aws_route.private_nat_gateway",
            "module.vpc.aws_route.public_internet_gateway",
            "module.vpc.aws_route.public_internet_gateway_ipv6",
            "module.vpc.aws_route_table.database",
            "module.vpc.aws_route_table.elasticache",
            "module.vpc.aws_route_table.intra",
            "module.vpc.aws_route_table.private",
            "module.vpc.aws_route_table.public",
            "module.vpc.aws_route_table.redshift",
            "module.vpc.aws_route_table_association.database",
            "module.vpc.aws_route_table_association.elasticache",
            "module.vpc.aws_route_table_association.intra",
            "module.vpc.aws_route_table_association.outpost",
            "module.vpc.aws_route_table_association.private",
            "module.vpc.aws_route_table_association.public",
            "module.vpc.aws_route_table_association.redshift",
            "module.vpc.aws_route_table_association.redshift_public",
            "module.vpc.aws_subnet.database",
            "module.vpc.aws_subnet.elasticache",
            "module.vpc.aws_subnet.intra",
            "module.vpc.aws_subnet.outpost",
            "module.vpc.aws_subnet.private",
            "module.vpc.aws_subnet.public",
            "module.vpc.aws_subnet.redshift",
            "module.vpc.aws_vpc.this",
            "module.vpc.aws_vpc_dhcp_options.this",
            "module.vpc.aws_vpc_dhcp_options_association.this",
            "module.vpc.aws_vpc_ipv4_cidr_block_association.this",
            "module.vpc.aws_vpn_gateway.this",
            "module.vpc.aws_vpn_gateway_attachment.this",
            "module.vpc.aws_vpn_gateway_route_propagation.intra",
            "module.vpc.aws_vpn_gateway_route_propagation.private",
            "module.vpc.aws_vpn_gateway_route_propagation.public",
            "module.vpc.data.aws_iam_policy_document.flow_log_cloudwatch_assume_role",
            "module.vpc.data.aws_iam_policy_document.vpc_flow_log_cloudwatch",
            "random_id.cluster-suffix"
          ],
          "create_before_destroy": true
        }
      ]
    },
    {
      "module": "module.eks",
      "mode": "managed",
      "type": "aws_iam_role_policy_attachment",
      "name": "cluster_AmazonEKSServicePolicy",
      "provider": "provider[\"registry.terraform.io/hashicorp/aws\"]",
      "instances": [
        {
          "index_key": 0,
          "schema_version": 0,
          "attributes": {
            "id": "swimstack-gg20210923215110304800000004-20210923215112559800000008",
            "policy_arn": "arn:aws:iam::aws:policy/AmazonEKSServicePolicy",
            "role": "swimstack-gg20210923215110304800000004"
          },
          "sensitive_attributes": [],
          "private": "bnVsbA==",
          "dependencies": [
            "data.aws_availability_zones.available",
            "module.eks.aws_iam_role.cluster",
            "module.eks.data.aws_iam_policy_document.cluster_assume_role_policy",
            "module.eks.data.aws_partition.current",
            "module.vpc.aws_cloudwatch_log_group.flow_log",
            "module.vpc.aws_customer_gateway.this",
            "module.vpc.aws_db_subnet_group.database",
            "module.vpc.aws_default_network_acl.this",
            "module.vpc.aws_default_route_table.default",
            "module.vpc.aws_default_security_group.this",
            "module.vpc.aws_default_vpc.this",
            "module.vpc.aws_egress_only_internet_gateway.this",
            "module.vpc.aws_eip.nat",
            "module.vpc.aws_elasticache_subnet_group.elasticache",
            "module.vpc.aws_flow_log.this",
            "module.vpc.aws_iam_policy.vpc_flow_log_cloudwatch",
            "module.vpc.aws_iam_role.vpc_flow_log_cloudwatch",
            "module.vpc.aws_iam_role_policy_attachment.vpc_flow_log_cloudwatch",
            "module.vpc.aws_internet_gateway.this",
            "module.vpc.aws_nat_gateway.this",
            "module.vpc.aws_network_acl.database",
            "module.vpc.aws_network_acl.elasticache",
            "module.vpc.aws_network_acl.intra",
            "module.vpc.aws_network_acl.outpost",
            "module.vpc.aws_network_acl.private",
            "module.vpc.aws_network_acl.public",
            "module.vpc.aws_network_acl.redshift",
            "module.vpc.aws_network_acl_rule.database_inbound",
            "module.vpc.aws_network_acl_rule.database_outbound",
            "module.vpc.aws_network_acl_rule.elasticache_inbound",
            "module.vpc.aws_network_acl_rule.elasticache_outbound",
            "module.vpc.aws_network_acl_rule.intra_inbound",
            "module.vpc.aws_network_acl_rule.intra_outbound",
            "module.vpc.aws_network_acl_rule.outpost_inbound",
            "module.vpc.aws_network_acl_rule.outpost_outbound",
            "module.vpc.aws_network_acl_rule.private_inbound",
            "module.vpc.aws_network_acl_rule.private_outbound",
            "module.vpc.aws_network_acl_rule.public_inbound",
            "module.vpc.aws_network_acl_rule.public_outbound",
            "module.vpc.aws_network_acl_rule.redshift_inbound",
            "module.vpc.aws_network_acl_rule.redshift_outbound",
            "module.vpc.aws_redshift_subnet_group.redshift",
            "module.vpc.aws_route.database_internet_gateway",
            "module.vpc.aws_route.database_ipv6_egress",
            "module.vpc.aws_route.database_nat_gateway",
            "module.vpc.aws_route.private_ipv6_egress",
            "module.vpc.aws_route.private_nat_gateway",
            "module.vpc.aws_route.public_internet_gateway",
            "module.vpc.aws_route.public_internet_gateway_ipv6",
            "module.vpc.aws_route_table.database",
            "module.vpc.aws_route_table.elasticache",
            "module.vpc.aws_route_table.intra",
            "module.vpc.aws_route_table.private",
            "module.vpc.aws_route_table.public",
            "module.vpc.aws_route_table.redshift",
            "module.vpc.aws_route_table_association.database",
            "module.vpc.aws_route_table_association.elasticache",
            "module.vpc.aws_route_table_association.intra",
            "module.vpc.aws_route_table_association.outpost",
            "module.vpc.aws_route_table_association.private",
            "module.vpc.aws_route_table_association.public",
            "module.vpc.aws_route_table_association.redshift",
            "module.vpc.aws_route_table_association.redshift_public",
            "module.vpc.aws_subnet.database",
            "module.vpc.aws_subnet.elasticache",
            "module.vpc.aws_subnet.intra",
            "module.vpc.aws_subnet.outpost",
            "module.vpc.aws_subnet.private",
            "module.vpc.aws_subnet.public",
            "module.vpc.aws_subnet.redshift",
            "module.vpc.aws_vpc.this",
            "module.vpc.aws_vpc_dhcp_options.this",
            "module.vpc.aws_vpc_dhcp_options_association.this",
            "module.vpc.aws_vpc_ipv4_cidr_block_association.this",
            "module.vpc.aws_vpn_gateway.this",
            "module.vpc.aws_vpn_gateway_attachment.this",
            "module.vpc.aws_vpn_gateway_route_propagation.intra",
            "module.vpc.aws_vpn_gateway_route_propagation.private",
            "module.vpc.aws_vpn_gateway_route_propagation.public",
            "module.vpc.data.aws_iam_policy_document.flow_log_cloudwatch_assume_role",
            "module.vpc.data.aws_iam_policy_document.vpc_flow_log_cloudwatch",
            "random_id.cluster-suffix"
          ],
          "create_before_destroy": true
        }
      ]
    },
    {
      "module": "module.eks",
      "mode": "managed",
      "type": "aws_iam_role_policy_attachment",
      "name": "cluster_AmazonEKSVPCResourceControllerPolicy",
      "provider": "provider[\"registry.terraform.io/hashicorp/aws\"]",
      "instances": [
        {
          "index_key": 0,
          "schema_version": 0,
          "attributes": {
            "id": "swimstack-gg20210923215110304800000004-20210923215112539700000006",
            "policy_arn": "arn:aws:iam::aws:policy/AmazonEKSVPCResourceController",
            "role": "swimstack-gg20210923215110304800000004"
          },
          "sensitive_attributes": [],
          "private": "bnVsbA==",
          "dependencies": [
            "data.aws_availability_zones.available",
            "module.eks.aws_iam_role.cluster",
            "module.eks.data.aws_iam_policy_document.cluster_assume_role_policy",
            "module.eks.data.aws_partition.current",
            "module.vpc.aws_cloudwatch_log_group.flow_log",
            "module.vpc.aws_customer_gateway.this",
            "module.vpc.aws_db_subnet_group.database",
            "module.vpc.aws_default_network_acl.this",
            "module.vpc.aws_default_route_table.default",
            "module.vpc.aws_default_security_group.this",
            "module.vpc.aws_default_vpc.this",
            "module.vpc.aws_egress_only_internet_gateway.this",
            "module.vpc.aws_eip.nat",
            "module.vpc.aws_elasticache_subnet_group.elasticache",
            "module.vpc.aws_flow_log.this",
            "module.vpc.aws_iam_policy.vpc_flow_log_cloudwatch",
            "module.vpc.aws_iam_role.vpc_flow_log_cloudwatch",
            "module.vpc.aws_iam_role_policy_attachment.vpc_flow_log_cloudwatch",
            "module.vpc.aws_internet_gateway.this",
            "module.vpc.aws_nat_gateway.this",
            "module.vpc.aws_network_acl.database",
            "module.vpc.aws_network_acl.elasticache",
            "module.vpc.aws_network_acl.intra",
            "module.vpc.aws_network_acl.outpost",
            "module.vpc.aws_network_acl.private",
            "module.vpc.aws_network_acl.public",
            "module.vpc.aws_network_acl.redshift",
            "module.vpc.aws_network_acl_rule.database_inbound",
            "module.vpc.aws_network_acl_rule.database_outbound",
            "module.vpc.aws_network_acl_rule.elasticache_inbound",
            "module.vpc.aws_network_acl_rule.elasticache_outbound",
            "module.vpc.aws_network_acl_rule.intra_inbound",
            "module.vpc.aws_network_acl_rule.intra_outbound",
            "module.vpc.aws_network_acl_rule.outpost_inbound",
            "module.vpc.aws_network_acl_rule.outpost_outbound",
            "module.vpc.aws_network_acl_rule.private_inbound",
            "module.vpc.aws_network_acl_rule.private_outbound",
            "module.vpc.aws_network_acl_rule.public_inbound",
            "module.vpc.aws_network_acl_rule.public_outbound",
            "module.vpc.aws_network_acl_rule.redshift_inbound",
            "module.vpc.aws_network_acl_rule.redshift_outbound",
            "module.vpc.aws_redshift_subnet_group.redshift",
            "module.vpc.aws_route.database_internet_gateway",
            "module.vpc.aws_route.database_ipv6_egress",
            "module.vpc.aws_route.database_nat_gateway",
            "module.vpc.aws_route.private_ipv6_egress",
            "module.vpc.aws_route.private_nat_gateway",
            "module.vpc.aws_route.public_internet_gateway",
            "module.vpc.aws_route.public_internet_gateway_ipv6",
            "module.vpc.aws_route_table.database",
            "module.vpc.aws_route_table.elasticache",
            "module.vpc.aws_route_table.intra",
            "module.vpc.aws_route_table.private",
            "module.vpc.aws_route_table.public",
            "module.vpc.aws_route_table.redshift",
            "module.vpc.aws_route_table_association.database",
            "module.vpc.aws_route_table_association.elasticache",
            "module.vpc.aws_route_table_association.intra",
            "module.vpc.aws_route_table_association.outpost",
            "module.vpc.aws_route_table_association.private",
            "module.vpc.aws_route_table_association.public",
            "module.vpc.aws_route_table_association.redshift",
            "module.vpc.aws_route_table_association.redshift_public",
            "module.vpc.aws_subnet.database",
            "module.vpc.aws_subnet.elasticache",
            "module.vpc.aws_subnet.intra",
            "module.vpc.aws_subnet.outpost",
            "module.vpc.aws_subnet.private",
            "module.vpc.aws_subnet.public",
            "module.vpc.aws_subnet.redshift",
            "module.vpc.aws_vpc.this",
            "module.vpc.aws_vpc_dhcp_options.this",
            "module.vpc.aws_vpc_dhcp_options_association.this",
            "module.vpc.aws_vpc_ipv4_cidr_block_association.this",
            "module.vpc.aws_vpn_gateway.this",
            "module.vpc.aws_vpn_gateway_attachment.this",
            "module.vpc.aws_vpn_gateway_route_propagation.intra",
            "module.vpc.aws_vpn_gateway_route_propagation.private",
            "module.vpc.aws_vpn_gateway_route_propagation.public",
            "module.vpc.data.aws_iam_policy_document.flow_log_cloudwatch_assume_role",
            "module.vpc.data.aws_iam_policy_document.vpc_flow_log_cloudwatch",
            "random_id.cluster-suffix"
          ],
          "create_before_destroy": true
        }
      ]
    },
    {
      "module": "module.eks",
      "mode": "managed",
      "type": "aws_iam_role_policy_attachment",
      "name": "cluster_elb_sl_role_creation",
      "provider": "provider[\"registry.terraform.io/hashicorp/aws\"]",
      "instances": [
        {
          "index_key": 0,
          "schema_version": 0,
          "attributes": {
            "id": "swimstack-gg20210923215110304800000004-20210923215112531100000005",
            "policy_arn": "arn:aws:iam::100072912756:policy/swimstack-gg-elb-sl-role-creation20210923215110304700000003",
            "role": "swimstack-gg20210923215110304800000004"
          },
          "sensitive_attributes": [],
          "private": "bnVsbA==",
          "dependencies": [
            "data.aws_availability_zones.available",
            "module.eks.aws_iam_policy.cluster_elb_sl_role_creation",
            "module.eks.aws_iam_role.cluster",
            "module.eks.data.aws_iam_policy_document.cluster_assume_role_policy",
            "module.eks.data.aws_iam_policy_document.cluster_elb_sl_role_creation",
            "module.vpc.aws_cloudwatch_log_group.flow_log",
            "module.vpc.aws_customer_gateway.this",
            "module.vpc.aws_db_subnet_group.database",
            "module.vpc.aws_default_network_acl.this",
            "module.vpc.aws_default_route_table.default",
            "module.vpc.aws_default_security_group.this",
            "module.vpc.aws_default_vpc.this",
            "module.vpc.aws_egress_only_internet_gateway.this",
            "module.vpc.aws_eip.nat",
            "module.vpc.aws_elasticache_subnet_group.elasticache",
            "module.vpc.aws_flow_log.this",
            "module.vpc.aws_iam_policy.vpc_flow_log_cloudwatch",
            "module.vpc.aws_iam_role.vpc_flow_log_cloudwatch",
            "module.vpc.aws_iam_role_policy_attachment.vpc_flow_log_cloudwatch",
            "module.vpc.aws_internet_gateway.this",
            "module.vpc.aws_nat_gateway.this",
            "module.vpc.aws_network_acl.database",
            "module.vpc.aws_network_acl.elasticache",
            "module.vpc.aws_network_acl.intra",
            "module.vpc.aws_network_acl.outpost",
            "module.vpc.aws_network_acl.private",
            "module.vpc.aws_network_acl.public",
            "module.vpc.aws_network_acl.redshift",
            "module.vpc.aws_network_acl_rule.database_inbound",
            "module.vpc.aws_network_acl_rule.database_outbound",
            "module.vpc.aws_network_acl_rule.elasticache_inbound",
            "module.vpc.aws_network_acl_rule.elasticache_outbound",
            "module.vpc.aws_network_acl_rule.intra_inbound",
            "module.vpc.aws_network_acl_rule.intra_outbound",
            "module.vpc.aws_network_acl_rule.outpost_inbound",
            "module.vpc.aws_network_acl_rule.outpost_outbound",
            "module.vpc.aws_network_acl_rule.private_inbound",
            "module.vpc.aws_network_acl_rule.private_outbound",
            "module.vpc.aws_network_acl_rule.public_inbound",
            "module.vpc.aws_network_acl_rule.public_outbound",
            "module.vpc.aws_network_acl_rule.redshift_inbound",
            "module.vpc.aws_network_acl_rule.redshift_outbound",
            "module.vpc.aws_redshift_subnet_group.redshift",
            "module.vpc.aws_route.database_internet_gateway",
            "module.vpc.aws_route.database_ipv6_egress",
            "module.vpc.aws_route.database_nat_gateway",
            "module.vpc.aws_route.private_ipv6_egress",
            "module.vpc.aws_route.private_nat_gateway",
            "module.vpc.aws_route.public_internet_gateway",
            "module.vpc.aws_route.public_internet_gateway_ipv6",
            "module.vpc.aws_route_table.database",
            "module.vpc.aws_route_table.elasticache",
            "module.vpc.aws_route_table.intra",
            "module.vpc.aws_route_table.private",
            "module.vpc.aws_route_table.public",
            "module.vpc.aws_route_table.redshift",
            "module.vpc.aws_route_table_association.database",
            "module.vpc.aws_route_table_association.elasticache",
            "module.vpc.aws_route_table_association.intra",
            "module.vpc.aws_route_table_association.outpost",
            "module.vpc.aws_route_table_association.private",
            "module.vpc.aws_route_table_association.public",
            "module.vpc.aws_route_table_association.redshift",
            "module.vpc.aws_route_table_association.redshift_public",
            "module.vpc.aws_subnet.database",
            "module.vpc.aws_subnet.elasticache",
            "module.vpc.aws_subnet.intra",
            "module.vpc.aws_subnet.outpost",
            "module.vpc.aws_subnet.private",
            "module.vpc.aws_subnet.public",
            "module.vpc.aws_subnet.redshift",
            "module.vpc.aws_vpc.this",
            "module.vpc.aws_vpc_dhcp_options.this",
            "module.vpc.aws_vpc_dhcp_options_association.this",
            "module.vpc.aws_vpc_ipv4_cidr_block_association.this",
            "module.vpc.aws_vpn_gateway.this",
            "module.vpc.aws_vpn_gateway_attachment.this",
            "module.vpc.aws_vpn_gateway_route_propagation.intra",
            "module.vpc.aws_vpn_gateway_route_propagation.private",
            "module.vpc.aws_vpn_gateway_route_propagation.public",
            "module.vpc.data.aws_iam_policy_document.flow_log_cloudwatch_assume_role",
            "module.vpc.data.aws_iam_policy_document.vpc_flow_log_cloudwatch",
            "random_id.cluster-suffix"
          ]
        }
      ]
    },
    {
      "module": "module.eks",
      "mode": "managed",
      "type": "aws_iam_role_policy_attachment",
      "name": "workers_AmazonEC2ContainerRegistryReadOnly",
      "provider": "provider[\"registry.terraform.io/hashicorp/aws\"]",
      "instances": [
        {
          "index_key": 0,
          "schema_version": 0,
          "attributes": {
            "id": "swimstack-gg20210923220329243200000009-2021092322033187320000000c",
            "policy_arn": "arn:aws:iam::aws:policy/AmazonEC2ContainerRegistryReadOnly",
            "role": "swimstack-gg20210923220329243200000009"
          },
          "sensitive_attributes": [],
          "private": "bnVsbA==",
          "dependencies": [
            "data.aws_availability_zones.available",
            "module.eks.aws_cloudwatch_log_group.this",
            "module.eks.aws_eks_cluster.this",
            "module.eks.aws_iam_role.cluster",
            "module.eks.aws_iam_role.workers",
            "module.eks.aws_iam_role_policy_attachment.cluster_AmazonEKSClusterPolicy",
            "module.eks.aws_iam_role_policy_attachment.cluster_AmazonEKSServicePolicy",
            "module.eks.aws_iam_role_policy_attachment.cluster_AmazonEKSVPCResourceControllerPolicy",
            "module.eks.aws_security_group.cluster",
            "module.eks.aws_security_group.workers",
            "module.eks.aws_security_group_rule.cluster_egress_internet",
            "module.eks.aws_security_group_rule.cluster_https_worker_ingress",
            "module.eks.data.aws_iam_policy_document.cluster_assume_role_policy",
            "module.eks.data.aws_iam_policy_document.workers_assume_role_policy",
            "module.eks.data.aws_iam_role.custom_cluster_iam_role",
            "module.eks.data.aws_partition.current",
            "module.vpc.aws_cloudwatch_log_group.flow_log",
            "module.vpc.aws_customer_gateway.this",
            "module.vpc.aws_db_subnet_group.database",
            "module.vpc.aws_default_network_acl.this",
            "module.vpc.aws_default_route_table.default",
            "module.vpc.aws_default_security_group.this",
            "module.vpc.aws_default_vpc.this",
            "module.vpc.aws_egress_only_internet_gateway.this",
            "module.vpc.aws_eip.nat",
            "module.vpc.aws_elasticache_subnet_group.elasticache",
            "module.vpc.aws_flow_log.this",
            "module.vpc.aws_iam_policy.vpc_flow_log_cloudwatch",
            "module.vpc.aws_iam_role.vpc_flow_log_cloudwatch",
            "module.vpc.aws_iam_role_policy_attachment.vpc_flow_log_cloudwatch",
            "module.vpc.aws_internet_gateway.this",
            "module.vpc.aws_nat_gateway.this",
            "module.vpc.aws_network_acl.database",
            "module.vpc.aws_network_acl.elasticache",
            "module.vpc.aws_network_acl.intra",
            "module.vpc.aws_network_acl.outpost",
            "module.vpc.aws_network_acl.private",
            "module.vpc.aws_network_acl.public",
            "module.vpc.aws_network_acl.redshift",
            "module.vpc.aws_network_acl_rule.database_inbound",
            "module.vpc.aws_network_acl_rule.database_outbound",
            "module.vpc.aws_network_acl_rule.elasticache_inbound",
            "module.vpc.aws_network_acl_rule.elasticache_outbound",
            "module.vpc.aws_network_acl_rule.intra_inbound",
            "module.vpc.aws_network_acl_rule.intra_outbound",
            "module.vpc.aws_network_acl_rule.outpost_inbound",
            "module.vpc.aws_network_acl_rule.outpost_outbound",
            "module.vpc.aws_network_acl_rule.private_inbound",
            "module.vpc.aws_network_acl_rule.private_outbound",
            "module.vpc.aws_network_acl_rule.public_inbound",
            "module.vpc.aws_network_acl_rule.public_outbound",
            "module.vpc.aws_network_acl_rule.redshift_inbound",
            "module.vpc.aws_network_acl_rule.redshift_outbound",
            "module.vpc.aws_redshift_subnet_group.redshift",
            "module.vpc.aws_route.database_internet_gateway",
            "module.vpc.aws_route.database_ipv6_egress",
            "module.vpc.aws_route.database_nat_gateway",
            "module.vpc.aws_route.private_ipv6_egress",
            "module.vpc.aws_route.private_nat_gateway",
            "module.vpc.aws_route.public_internet_gateway",
            "module.vpc.aws_route.public_internet_gateway_ipv6",
            "module.vpc.aws_route_table.database",
            "module.vpc.aws_route_table.elasticache",
            "module.vpc.aws_route_table.intra",
            "module.vpc.aws_route_table.private",
            "module.vpc.aws_route_table.public",
            "module.vpc.aws_route_table.redshift",
            "module.vpc.aws_route_table_association.database",
            "module.vpc.aws_route_table_association.elasticache",
            "module.vpc.aws_route_table_association.intra",
            "module.vpc.aws_route_table_association.outpost",
            "module.vpc.aws_route_table_association.private",
            "module.vpc.aws_route_table_association.public",
            "module.vpc.aws_route_table_association.redshift",
            "module.vpc.aws_route_table_association.redshift_public",
            "module.vpc.aws_subnet.database",
            "module.vpc.aws_subnet.elasticache",
            "module.vpc.aws_subnet.intra",
            "module.vpc.aws_subnet.outpost",
            "module.vpc.aws_subnet.private",
            "module.vpc.aws_subnet.public",
            "module.vpc.aws_subnet.redshift",
            "module.vpc.aws_vpc.this",
            "module.vpc.aws_vpc_dhcp_options.this",
            "module.vpc.aws_vpc_dhcp_options_association.this",
            "module.vpc.aws_vpc_ipv4_cidr_block_association.this",
            "module.vpc.aws_vpn_gateway.this",
            "module.vpc.aws_vpn_gateway_attachment.this",
            "module.vpc.aws_vpn_gateway_route_propagation.intra",
            "module.vpc.aws_vpn_gateway_route_propagation.private",
            "module.vpc.aws_vpn_gateway_route_propagation.public",
            "module.vpc.data.aws_iam_policy_document.flow_log_cloudwatch_assume_role",
            "module.vpc.data.aws_iam_policy_document.vpc_flow_log_cloudwatch",
            "random_id.cluster-suffix"
          ],
          "create_before_destroy": true
        }
      ]
    },
    {
      "module": "module.eks",
      "mode": "managed",
      "type": "aws_iam_role_policy_attachment",
      "name": "workers_AmazonEKSWorkerNodePolicy",
      "provider": "provider[\"registry.terraform.io/hashicorp/aws\"]",
      "instances": [
        {
          "index_key": 0,
          "schema_version": 0,
          "attributes": {
            "id": "swimstack-gg20210923220329243200000009-2021092322033186730000000b",
            "policy_arn": "arn:aws:iam::aws:policy/AmazonEKSWorkerNodePolicy",
            "role": "swimstack-gg20210923220329243200000009"
          },
          "sensitive_attributes": [],
          "private": "bnVsbA==",
          "dependencies": [
            "data.aws_availability_zones.available",
            "module.eks.aws_cloudwatch_log_group.this",
            "module.eks.aws_eks_cluster.this",
            "module.eks.aws_iam_role.cluster",
            "module.eks.aws_iam_role.workers",
            "module.eks.aws_iam_role_policy_attachment.cluster_AmazonEKSClusterPolicy",
            "module.eks.aws_iam_role_policy_attachment.cluster_AmazonEKSServicePolicy",
            "module.eks.aws_iam_role_policy_attachment.cluster_AmazonEKSVPCResourceControllerPolicy",
            "module.eks.aws_security_group.cluster",
            "module.eks.aws_security_group.workers",
            "module.eks.aws_security_group_rule.cluster_egress_internet",
            "module.eks.aws_security_group_rule.cluster_https_worker_ingress",
            "module.eks.data.aws_iam_policy_document.cluster_assume_role_policy",
            "module.eks.data.aws_iam_policy_document.workers_assume_role_policy",
            "module.eks.data.aws_iam_role.custom_cluster_iam_role",
            "module.eks.data.aws_partition.current",
            "module.vpc.aws_cloudwatch_log_group.flow_log",
            "module.vpc.aws_customer_gateway.this",
            "module.vpc.aws_db_subnet_group.database",
            "module.vpc.aws_default_network_acl.this",
            "module.vpc.aws_default_route_table.default",
            "module.vpc.aws_default_security_group.this",
            "module.vpc.aws_default_vpc.this",
            "module.vpc.aws_egress_only_internet_gateway.this",
            "module.vpc.aws_eip.nat",
            "module.vpc.aws_elasticache_subnet_group.elasticache",
            "module.vpc.aws_flow_log.this",
            "module.vpc.aws_iam_policy.vpc_flow_log_cloudwatch",
            "module.vpc.aws_iam_role.vpc_flow_log_cloudwatch",
            "module.vpc.aws_iam_role_policy_attachment.vpc_flow_log_cloudwatch",
            "module.vpc.aws_internet_gateway.this",
            "module.vpc.aws_nat_gateway.this",
            "module.vpc.aws_network_acl.database",
            "module.vpc.aws_network_acl.elasticache",
            "module.vpc.aws_network_acl.intra",
            "module.vpc.aws_network_acl.outpost",
            "module.vpc.aws_network_acl.private",
            "module.vpc.aws_network_acl.public",
            "module.vpc.aws_network_acl.redshift",
            "module.vpc.aws_network_acl_rule.database_inbound",
            "module.vpc.aws_network_acl_rule.database_outbound",
            "module.vpc.aws_network_acl_rule.elasticache_inbound",
            "module.vpc.aws_network_acl_rule.elasticache_outbound",
            "module.vpc.aws_network_acl_rule.intra_inbound",
            "module.vpc.aws_network_acl_rule.intra_outbound",
            "module.vpc.aws_network_acl_rule.outpost_inbound",
            "module.vpc.aws_network_acl_rule.outpost_outbound",
            "module.vpc.aws_network_acl_rule.private_inbound",
            "module.vpc.aws_network_acl_rule.private_outbound",
            "module.vpc.aws_network_acl_rule.public_inbound",
            "module.vpc.aws_network_acl_rule.public_outbound",
            "module.vpc.aws_network_acl_rule.redshift_inbound",
            "module.vpc.aws_network_acl_rule.redshift_outbound",
            "module.vpc.aws_redshift_subnet_group.redshift",
            "module.vpc.aws_route.database_internet_gateway",
            "module.vpc.aws_route.database_ipv6_egress",
            "module.vpc.aws_route.database_nat_gateway",
            "module.vpc.aws_route.private_ipv6_egress",
            "module.vpc.aws_route.private_nat_gateway",
            "module.vpc.aws_route.public_internet_gateway",
            "module.vpc.aws_route.public_internet_gateway_ipv6",
            "module.vpc.aws_route_table.database",
            "module.vpc.aws_route_table.elasticache",
            "module.vpc.aws_route_table.intra",
            "module.vpc.aws_route_table.private",
            "module.vpc.aws_route_table.public",
            "module.vpc.aws_route_table.redshift",
            "module.vpc.aws_route_table_association.database",
            "module.vpc.aws_route_table_association.elasticache",
            "module.vpc.aws_route_table_association.intra",
            "module.vpc.aws_route_table_association.outpost",
            "module.vpc.aws_route_table_association.private",
            "module.vpc.aws_route_table_association.public",
            "module.vpc.aws_route_table_association.redshift",
            "module.vpc.aws_route_table_association.redshift_public",
            "module.vpc.aws_subnet.database",
            "module.vpc.aws_subnet.elasticache",
            "module.vpc.aws_subnet.intra",
            "module.vpc.aws_subnet.outpost",
            "module.vpc.aws_subnet.private",
            "module.vpc.aws_subnet.public",
            "module.vpc.aws_subnet.redshift",
            "module.vpc.aws_vpc.this",
            "module.vpc.aws_vpc_dhcp_options.this",
            "module.vpc.aws_vpc_dhcp_options_association.this",
            "module.vpc.aws_vpc_ipv4_cidr_block_association.this",
            "module.vpc.aws_vpn_gateway.this",
            "module.vpc.aws_vpn_gateway_attachment.this",
            "module.vpc.aws_vpn_gateway_route_propagation.intra",
            "module.vpc.aws_vpn_gateway_route_propagation.private",
            "module.vpc.aws_vpn_gateway_route_propagation.public",
            "module.vpc.data.aws_iam_policy_document.flow_log_cloudwatch_assume_role",
            "module.vpc.data.aws_iam_policy_document.vpc_flow_log_cloudwatch",
            "random_id.cluster-suffix"
          ],
          "create_before_destroy": true
        }
      ]
    },
    {
      "module": "module.eks",
      "mode": "managed",
      "type": "aws_iam_role_policy_attachment",
      "name": "workers_AmazonEKS_CNI_Policy",
      "provider": "provider[\"registry.terraform.io/hashicorp/aws\"]",
      "instances": [
        {
          "index_key": 0,
          "schema_version": 0,
          "attributes": {
            "id": "swimstack-gg20210923220329243200000009-2021092322033187510000000d",
            "policy_arn": "arn:aws:iam::aws:policy/AmazonEKS_CNI_Policy",
            "role": "swimstack-gg20210923220329243200000009"
          },
          "sensitive_attributes": [],
          "private": "bnVsbA==",
          "dependencies": [
            "data.aws_availability_zones.available",
            "module.eks.aws_cloudwatch_log_group.this",
            "module.eks.aws_eks_cluster.this",
            "module.eks.aws_iam_role.cluster",
            "module.eks.aws_iam_role.workers",
            "module.eks.aws_iam_role_policy_attachment.cluster_AmazonEKSClusterPolicy",
            "module.eks.aws_iam_role_policy_attachment.cluster_AmazonEKSServicePolicy",
            "module.eks.aws_iam_role_policy_attachment.cluster_AmazonEKSVPCResourceControllerPolicy",
            "module.eks.aws_security_group.cluster",
            "module.eks.aws_security_group.workers",
            "module.eks.aws_security_group_rule.cluster_egress_internet",
            "module.eks.aws_security_group_rule.cluster_https_worker_ingress",
            "module.eks.data.aws_iam_policy_document.cluster_assume_role_policy",
            "module.eks.data.aws_iam_policy_document.workers_assume_role_policy",
            "module.eks.data.aws_iam_role.custom_cluster_iam_role",
            "module.eks.data.aws_partition.current",
            "module.vpc.aws_cloudwatch_log_group.flow_log",
            "module.vpc.aws_customer_gateway.this",
            "module.vpc.aws_db_subnet_group.database",
            "module.vpc.aws_default_network_acl.this",
            "module.vpc.aws_default_route_table.default",
            "module.vpc.aws_default_security_group.this",
            "module.vpc.aws_default_vpc.this",
            "module.vpc.aws_egress_only_internet_gateway.this",
            "module.vpc.aws_eip.nat",
            "module.vpc.aws_elasticache_subnet_group.elasticache",
            "module.vpc.aws_flow_log.this",
            "module.vpc.aws_iam_policy.vpc_flow_log_cloudwatch",
            "module.vpc.aws_iam_role.vpc_flow_log_cloudwatch",
            "module.vpc.aws_iam_role_policy_attachment.vpc_flow_log_cloudwatch",
            "module.vpc.aws_internet_gateway.this",
            "module.vpc.aws_nat_gateway.this",
            "module.vpc.aws_network_acl.database",
            "module.vpc.aws_network_acl.elasticache",
            "module.vpc.aws_network_acl.intra",
            "module.vpc.aws_network_acl.outpost",
            "module.vpc.aws_network_acl.private",
            "module.vpc.aws_network_acl.public",
            "module.vpc.aws_network_acl.redshift",
            "module.vpc.aws_network_acl_rule.database_inbound",
            "module.vpc.aws_network_acl_rule.database_outbound",
            "module.vpc.aws_network_acl_rule.elasticache_inbound",
            "module.vpc.aws_network_acl_rule.elasticache_outbound",
            "module.vpc.aws_network_acl_rule.intra_inbound",
            "module.vpc.aws_network_acl_rule.intra_outbound",
            "module.vpc.aws_network_acl_rule.outpost_inbound",
            "module.vpc.aws_network_acl_rule.outpost_outbound",
            "module.vpc.aws_network_acl_rule.private_inbound",
            "module.vpc.aws_network_acl_rule.private_outbound",
            "module.vpc.aws_network_acl_rule.public_inbound",
            "module.vpc.aws_network_acl_rule.public_outbound",
            "module.vpc.aws_network_acl_rule.redshift_inbound",
            "module.vpc.aws_network_acl_rule.redshift_outbound",
            "module.vpc.aws_redshift_subnet_group.redshift",
            "module.vpc.aws_route.database_internet_gateway",
            "module.vpc.aws_route.database_ipv6_egress",
            "module.vpc.aws_route.database_nat_gateway",
            "module.vpc.aws_route.private_ipv6_egress",
            "module.vpc.aws_route.private_nat_gateway",
            "module.vpc.aws_route.public_internet_gateway",
            "module.vpc.aws_route.public_internet_gateway_ipv6",
            "module.vpc.aws_route_table.database",
            "module.vpc.aws_route_table.elasticache",
            "module.vpc.aws_route_table.intra",
            "module.vpc.aws_route_table.private",
            "module.vpc.aws_route_table.public",
            "module.vpc.aws_route_table.redshift",
            "module.vpc.aws_route_table_association.database",
            "module.vpc.aws_route_table_association.elasticache",
            "module.vpc.aws_route_table_association.intra",
            "module.vpc.aws_route_table_association.outpost",
            "module.vpc.aws_route_table_association.private",
            "module.vpc.aws_route_table_association.public",
            "module.vpc.aws_route_table_association.redshift",
            "module.vpc.aws_route_table_association.redshift_public",
            "module.vpc.aws_subnet.database",
            "module.vpc.aws_subnet.elasticache",
            "module.vpc.aws_subnet.intra",
            "module.vpc.aws_subnet.outpost",
            "module.vpc.aws_subnet.private",
            "module.vpc.aws_subnet.public",
            "module.vpc.aws_subnet.redshift",
            "module.vpc.aws_vpc.this",
            "module.vpc.aws_vpc_dhcp_options.this",
            "module.vpc.aws_vpc_dhcp_options_association.this",
            "module.vpc.aws_vpc_ipv4_cidr_block_association.this",
            "module.vpc.aws_vpn_gateway.this",
            "module.vpc.aws_vpn_gateway_attachment.this",
            "module.vpc.aws_vpn_gateway_route_propagation.intra",
            "module.vpc.aws_vpn_gateway_route_propagation.private",
            "module.vpc.aws_vpn_gateway_route_propagation.public",
            "module.vpc.data.aws_iam_policy_document.flow_log_cloudwatch_assume_role",
            "module.vpc.data.aws_iam_policy_document.vpc_flow_log_cloudwatch",
            "random_id.cluster-suffix"
          ],
          "create_before_destroy": true
        }
      ]
    },
    {
      "module": "module.eks",
      "mode": "managed",
      "type": "aws_launch_configuration",
      "name": "workers",
      "provider": "provider[\"registry.terraform.io/hashicorp/aws\"]",
      "instances": [
        {
          "index_key": 0,
          "schema_version": 0,
          "attributes": {
            "arn": "arn:aws:autoscaling:us-west-2:100072912756:launchConfiguration:20b505be-d66d-4d1a-9663-e4637ab17498:launchConfigurationName/swimstack-gg-nodegroup-12021092322033352930000000e",
            "associate_public_ip_address": false,
            "ebs_block_device": [],
            "ebs_optimized": false,
            "enable_monitoring": true,
            "ephemeral_block_device": [],
            "iam_instance_profile": "swimstack-gg2021092322033140730000000a",
            "id": "swimstack-gg-nodegroup-12021092322033352930000000e",
            "image_id": "ami-0cb182e3037115aa0",
            "instance_type": "t2.small",
            "key_name": "",
            "metadata_options": [
              {
                "http_endpoint": "enabled",
                "http_put_response_hop_limit": 1,
                "http_tokens": "optional"
              }
            ],
            "name": "swimstack-gg-nodegroup-12021092322033352930000000e",
            "name_prefix": "swimstack-gg-nodegroup-1",
            "placement_tenancy": "",
            "root_block_device": [
              {
                "delete_on_termination": true,
                "encrypted": false,
                "iops": 0,
                "throughput": 0,
                "volume_size": 100,
                "volume_type": "gp2"
              }
            ],
            "security_groups": [
              "sg-050ca57dae3ff17dc"
            ],
            "spot_price": "",
            "user_data": null,
            "user_data_base64": "IyEvYmluL2Jhc2ggLWUKCiMgQWxsb3cgdXNlciBzdXBwbGllZCBwcmUgdXNlcmRhdGEgY29kZQoKCiMgQm9vdHN0cmFwIGFuZCBqb2luIHRoZSBjbHVzdGVyCi9ldGMvZWtzL2Jvb3RzdHJhcC5zaCAtLWI2NC1jbHVzdGVyLWNhICdMUzB0TFMxQ1JVZEpUaUJEUlZKVVNVWkpRMEZVUlMwdExTMHRDazFKU1VNMWVrTkRRV01yWjBGM1NVSkJaMGxDUVVSQlRrSm5hM0ZvYTJsSE9YY3dRa0ZSYzBaQlJFRldUVkpOZDBWUldVUldVVkZFUlhkd2NtUlhTbXdLWTIwMWJHUkhWbnBOUWpSWVJGUkplRTFFYTNsTmVrbDRUbFJuZUU1R2IxaEVWRTE0VFVScmVVMVVTWGhPVkdkNFRrWnZkMFpVUlZSTlFrVkhRVEZWUlFwQmVFMUxZVE5XYVZwWVNuVmFXRkpzWTNwRFEwRlRTWGRFVVZsS1MyOWFTV2gyWTA1QlVVVkNRbEZCUkdkblJWQkJSRU5EUVZGdlEyZG5SVUpCVFVOYUNtRktXRlZ2TjJGTVNuVm1Sa3BpZFhOTVNFdHpibEUwU25SQlNUZ3JTVFZyTTIxTmRFRndhSEI1ZEhJeGQyZEpiVGhZTVdad2JWRkZjVXhpZDFvMmEyb0tRbWhETTNjM2ExYzFVMDh5Vms5QldWZDBRMnBaVDFVdlJIQlNUR3hJVUU5UlYwVmtLMU5HVm5saGFrWlBkMUJNTmpKUk0wMDRhMlZqT1c5cmJFYzJVZ3B6Y1ZCemFXWlBibXhQY0dkU016YzNPV1F5U1RFNGNHeFlZVVJhVUU1MWNtRjFhRlV2VXpGNmQwWkhVa040UjBJeGFrMXFlSGRMYkZKTk56Qk9VSFJvQ2pCbVducFpWRmMzWm14V2NETmpMM2xaUjJWdFUweFhXakZEUzJscll6TnFUMVZaUzBOUVRFcEJiek5KZFRaSlUwSkxhRk51ZEhad2RUQnpMMWx3YzBZS01tZFJkRTEzVEdadVJWSTBRekUzWjNsTU4yaFdjVVU0SzI1dmIxTmFNRkJJZFV0ck5XUnRiRUZMTUd4U2FUbERSV3A0WkZkUGFWTktkalJwTVhOdU1RcGlSWGsxTHpoMmJXcDJRazVUWlhaWVdFbHJRMEYzUlVGQllVNURUVVZCZDBSbldVUldVakJRUVZGSUwwSkJVVVJCWjB0clRVRTRSMEV4VldSRmQwVkNDaTkzVVVaTlFVMUNRV1k0ZDBoUldVUldVakJQUWtKWlJVWktWbGh5ZUU1TmJWUnpiak55VGlzclpUSkVhVFJSVjBzdlVXeE5RVEJIUTFOeFIxTkpZak1LUkZGRlFrTjNWVUZCTkVsQ1FWRkNTRlZxT0VsNk5WTjJVbUpYTTJkV2IyeGFkVFp5UlZsTFJEaFBZVkpaT0ZOTk1tNWhjRWN4UzFWM1QyODJVbkp4TmdwSVZtWnZSVWg1YVVJMWNuZElPSGdyV1hoYVozTllUMVJZWldodVJ6STViRWRQZHpVd1dWTlNkQ3N2VG5KT2VtRnliVkpVY2toSkwxVXJiSGxSZW5neENqVjZNV2xZZGl0Q0sxWkZiM3B2Y2t0clkwNVhRVTFrZEVOTE9GRlJRV2RaT1dkUGVqWmxWMmhqY21oS1RUa3liRUl3WlV4YVEzaDBZVXBHTm5Gc01Fc0tVMVp1TURSU1ZsWnlTR2hWZWxKVlQyMUhSVms0YlhSeFYwc3JSelUzUjFCR1RYWkxhV2c0WlVka09YTTVVbGRxY0VGYU5VcEdWbE01YmpBMVRYQm5VQW80VERndlRtNXpSMWQyVEVWTFkwOUxVRlV6ZDNaNWNsWXpXWGhFTlhBeE0xSnlRblJuYUhkQldHUXJWbkpRZVRObE1qUlRUVUpuVEVsTlZGVkxlQzl2Q2pSRWNYSkNWMkZVTjNBMFp5OVJSakJ0TTFCM1RreFBTblpyZFhCbGVrWTFkRzAxV1FvdExTMHRMVVZPUkNCRFJWSlVTVVpKUTBGVVJTMHRMUzB0Q2c9PScgLS1hcGlzZXJ2ZXItZW5kcG9pbnQgJ2h0dHBzOi8vMTQ0QTYyMTg5OTFDMEI1NzYyMENCQUYzQTVGODU2OUQuZ3I3LnVzLXdlc3QtMi5la3MuYW1hem9uYXdzLmNvbScgIC0ta3ViZWxldC1leHRyYS1hcmdzICIiICdzd2ltc3RhY2stZ2cnCgojIEFsbG93IHVzZXIgc3VwcGxpZWQgdXNlcmRhdGEgY29kZQoK",
            "vpc_classic_link_id": "",
            "vpc_classic_link_security_groups": null
          },
          "sensitive_attributes": [],
          "private": "bnVsbA==",
          "dependencies": [
            "data.aws_availability_zones.available",
            "module.eks.aws_cloudwatch_log_group.this",
            "module.eks.aws_eks_cluster.this",
            "module.eks.aws_iam_instance_profile.workers",
            "module.eks.aws_iam_role.cluster",
            "module.eks.aws_iam_role.workers",
            "module.eks.aws_iam_role_policy_attachment.cluster_AmazonEKSClusterPolicy",
            "module.eks.aws_iam_role_policy_attachment.cluster_AmazonEKSServicePolicy",
            "module.eks.aws_iam_role_policy_attachment.cluster_AmazonEKSVPCResourceControllerPolicy",
            "module.eks.aws_iam_role_policy_attachment.workers_AmazonEC2ContainerRegistryReadOnly",
            "module.eks.aws_iam_role_policy_attachment.workers_AmazonEKSWorkerNodePolicy",
            "module.eks.aws_iam_role_policy_attachment.workers_AmazonEKS_CNI_Policy",
            "module.eks.aws_iam_role_policy_attachment.workers_additional_policies",
            "module.eks.aws_security_group.cluster",
            "module.eks.aws_security_group.workers",
            "module.eks.aws_security_group_rule.cluster_egress_internet",
            "module.eks.aws_security_group_rule.cluster_https_worker_ingress",
            "module.eks.aws_security_group_rule.cluster_primary_ingress_workers",
            "module.eks.aws_security_group_rule.workers_egress_internet",
            "module.eks.aws_security_group_rule.workers_ingress_cluster",
            "module.eks.aws_security_group_rule.workers_ingress_cluster_https",
            "module.eks.aws_security_group_rule.workers_ingress_cluster_kubelet",
            "module.eks.aws_security_group_rule.workers_ingress_cluster_primary",
            "module.eks.aws_security_group_rule.workers_ingress_self",
            "module.eks.data.aws_ami.eks_worker",
            "module.eks.data.aws_ami.eks_worker_windows",
            "module.eks.data.aws_iam_instance_profile.custom_worker_group_iam_instance_profile",
            "module.eks.data.aws_iam_policy_document.cluster_assume_role_policy",
            "module.eks.data.aws_iam_policy_document.workers_assume_role_policy",
            "module.eks.data.aws_iam_role.custom_cluster_iam_role",
            "module.eks.data.aws_partition.current",
            "module.vpc.aws_cloudwatch_log_group.flow_log",
            "module.vpc.aws_customer_gateway.this",
            "module.vpc.aws_db_subnet_group.database",
            "module.vpc.aws_default_network_acl.this",
            "module.vpc.aws_default_route_table.default",
            "module.vpc.aws_default_security_group.this",
            "module.vpc.aws_default_vpc.this",
            "module.vpc.aws_egress_only_internet_gateway.this",
            "module.vpc.aws_eip.nat",
            "module.vpc.aws_elasticache_subnet_group.elasticache",
            "module.vpc.aws_flow_log.this",
            "module.vpc.aws_iam_policy.vpc_flow_log_cloudwatch",
            "module.vpc.aws_iam_role.vpc_flow_log_cloudwatch",
            "module.vpc.aws_iam_role_policy_attachment.vpc_flow_log_cloudwatch",
            "module.vpc.aws_internet_gateway.this",
            "module.vpc.aws_nat_gateway.this",
            "module.vpc.aws_network_acl.database",
            "module.vpc.aws_network_acl.elasticache",
            "module.vpc.aws_network_acl.intra",
            "module.vpc.aws_network_acl.outpost",
            "module.vpc.aws_network_acl.private",
            "module.vpc.aws_network_acl.public",
            "module.vpc.aws_network_acl.redshift",
            "module.vpc.aws_network_acl_rule.database_inbound",
            "module.vpc.aws_network_acl_rule.database_outbound",
            "module.vpc.aws_network_acl_rule.elasticache_inbound",
            "module.vpc.aws_network_acl_rule.elasticache_outbound",
            "module.vpc.aws_network_acl_rule.intra_inbound",
            "module.vpc.aws_network_acl_rule.intra_outbound",
            "module.vpc.aws_network_acl_rule.outpost_inbound",
            "module.vpc.aws_network_acl_rule.outpost_outbound",
            "module.vpc.aws_network_acl_rule.private_inbound",
            "module.vpc.aws_network_acl_rule.private_outbound",
            "module.vpc.aws_network_acl_rule.public_inbound",
            "module.vpc.aws_network_acl_rule.public_outbound",
            "module.vpc.aws_network_acl_rule.redshift_inbound",
            "module.vpc.aws_network_acl_rule.redshift_outbound",
            "module.vpc.aws_redshift_subnet_group.redshift",
            "module.vpc.aws_route.database_internet_gateway",
            "module.vpc.aws_route.database_ipv6_egress",
            "module.vpc.aws_route.database_nat_gateway",
            "module.vpc.aws_route.private_ipv6_egress",
            "module.vpc.aws_route.private_nat_gateway",
            "module.vpc.aws_route.public_internet_gateway",
            "module.vpc.aws_route.public_internet_gateway_ipv6",
            "module.vpc.aws_route_table.database",
            "module.vpc.aws_route_table.elasticache",
            "module.vpc.aws_route_table.intra",
            "module.vpc.aws_route_table.private",
            "module.vpc.aws_route_table.public",
            "module.vpc.aws_route_table.redshift",
            "module.vpc.aws_route_table_association.database",
            "module.vpc.aws_route_table_association.elasticache",
            "module.vpc.aws_route_table_association.intra",
            "module.vpc.aws_route_table_association.outpost",
            "module.vpc.aws_route_table_association.private",
            "module.vpc.aws_route_table_association.public",
            "module.vpc.aws_route_table_association.redshift",
            "module.vpc.aws_route_table_association.redshift_public",
            "module.vpc.aws_subnet.database",
            "module.vpc.aws_subnet.elasticache",
            "module.vpc.aws_subnet.intra",
            "module.vpc.aws_subnet.outpost",
            "module.vpc.aws_subnet.private",
            "module.vpc.aws_subnet.public",
            "module.vpc.aws_subnet.redshift",
            "module.vpc.aws_vpc.this",
            "module.vpc.aws_vpc_dhcp_options.this",
            "module.vpc.aws_vpc_dhcp_options_association.this",
            "module.vpc.aws_vpc_ipv4_cidr_block_association.this",
            "module.vpc.aws_vpn_gateway.this",
            "module.vpc.aws_vpn_gateway_attachment.this",
            "module.vpc.aws_vpn_gateway_route_propagation.intra",
            "module.vpc.aws_vpn_gateway_route_propagation.private",
            "module.vpc.aws_vpn_gateway_route_propagation.public",
            "module.vpc.data.aws_iam_policy_document.flow_log_cloudwatch_assume_role",
            "module.vpc.data.aws_iam_policy_document.vpc_flow_log_cloudwatch",
            "random_id.cluster-suffix"
          ],
          "create_before_destroy": true
        }
      ]
    },
    {
      "module": "module.eks",
      "mode": "managed",
      "type": "aws_security_group",
      "name": "cluster",
      "provider": "provider[\"registry.terraform.io/hashicorp/aws\"]",
      "instances": [
        {
          "index_key": 0,
          "schema_version": 1,
          "attributes": {
            "arn": "arn:aws:ec2:us-west-2:100072912756:security-group/sg-0d2f6e38995c9df8e",
            "description": "EKS cluster security group.",
            "egress": [],
            "id": "sg-0d2f6e38995c9df8e",
            "ingress": [],
            "name": "swimstack-gg20210923215110304600000002",
            "name_prefix": "swimstack-gg",
            "owner_id": "100072912756",
            "revoke_rules_on_delete": false,
            "tags": {
              "Environment": "swimstack",
              "Name": "swimstack-gg-eks_cluster_sg"
            },
            "tags_all": {
              "Environment": "swimstack",
              "Name": "swimstack-gg-eks_cluster_sg"
            },
            "timeouts": null,
            "vpc_id": "vpc-0c7625e0e5fb7aa3d"
          },
          "sensitive_attributes": [],
          "private": "eyJlMmJmYjczMC1lY2FhLTExZTYtOGY4OC0zNDM2M2JjN2M0YzAiOnsiY3JlYXRlIjo2MDAwMDAwMDAwMDAsImRlbGV0ZSI6OTAwMDAwMDAwMDAwfSwic2NoZW1hX3ZlcnNpb24iOiIxIn0=",
          "dependencies": [
            "data.aws_availability_zones.available",
            "module.vpc.aws_cloudwatch_log_group.flow_log",
            "module.vpc.aws_customer_gateway.this",
            "module.vpc.aws_db_subnet_group.database",
            "module.vpc.aws_default_network_acl.this",
            "module.vpc.aws_default_route_table.default",
            "module.vpc.aws_default_security_group.this",
            "module.vpc.aws_default_vpc.this",
            "module.vpc.aws_egress_only_internet_gateway.this",
            "module.vpc.aws_eip.nat",
            "module.vpc.aws_elasticache_subnet_group.elasticache",
            "module.vpc.aws_flow_log.this",
            "module.vpc.aws_iam_policy.vpc_flow_log_cloudwatch",
            "module.vpc.aws_iam_role.vpc_flow_log_cloudwatch",
            "module.vpc.aws_iam_role_policy_attachment.vpc_flow_log_cloudwatch",
            "module.vpc.aws_internet_gateway.this",
            "module.vpc.aws_nat_gateway.this",
            "module.vpc.aws_network_acl.database",
            "module.vpc.aws_network_acl.elasticache",
            "module.vpc.aws_network_acl.intra",
            "module.vpc.aws_network_acl.outpost",
            "module.vpc.aws_network_acl.private",
            "module.vpc.aws_network_acl.public",
            "module.vpc.aws_network_acl.redshift",
            "module.vpc.aws_network_acl_rule.database_inbound",
            "module.vpc.aws_network_acl_rule.database_outbound",
            "module.vpc.aws_network_acl_rule.elasticache_inbound",
            "module.vpc.aws_network_acl_rule.elasticache_outbound",
            "module.vpc.aws_network_acl_rule.intra_inbound",
            "module.vpc.aws_network_acl_rule.intra_outbound",
            "module.vpc.aws_network_acl_rule.outpost_inbound",
            "module.vpc.aws_network_acl_rule.outpost_outbound",
            "module.vpc.aws_network_acl_rule.private_inbound",
            "module.vpc.aws_network_acl_rule.private_outbound",
            "module.vpc.aws_network_acl_rule.public_inbound",
            "module.vpc.aws_network_acl_rule.public_outbound",
            "module.vpc.aws_network_acl_rule.redshift_inbound",
            "module.vpc.aws_network_acl_rule.redshift_outbound",
            "module.vpc.aws_redshift_subnet_group.redshift",
            "module.vpc.aws_route.database_internet_gateway",
            "module.vpc.aws_route.database_ipv6_egress",
            "module.vpc.aws_route.database_nat_gateway",
            "module.vpc.aws_route.private_ipv6_egress",
            "module.vpc.aws_route.private_nat_gateway",
            "module.vpc.aws_route.public_internet_gateway",
            "module.vpc.aws_route.public_internet_gateway_ipv6",
            "module.vpc.aws_route_table.database",
            "module.vpc.aws_route_table.elasticache",
            "module.vpc.aws_route_table.intra",
            "module.vpc.aws_route_table.private",
            "module.vpc.aws_route_table.public",
            "module.vpc.aws_route_table.redshift",
            "module.vpc.aws_route_table_association.database",
            "module.vpc.aws_route_table_association.elasticache",
            "module.vpc.aws_route_table_association.intra",
            "module.vpc.aws_route_table_association.outpost",
            "module.vpc.aws_route_table_association.private",
            "module.vpc.aws_route_table_association.public",
            "module.vpc.aws_route_table_association.redshift",
            "module.vpc.aws_route_table_association.redshift_public",
            "module.vpc.aws_subnet.database",
            "module.vpc.aws_subnet.elasticache",
            "module.vpc.aws_subnet.intra",
            "module.vpc.aws_subnet.outpost",
            "module.vpc.aws_subnet.private",
            "module.vpc.aws_subnet.public",
            "module.vpc.aws_subnet.redshift",
            "module.vpc.aws_vpc.this",
            "module.vpc.aws_vpc_dhcp_options.this",
            "module.vpc.aws_vpc_dhcp_options_association.this",
            "module.vpc.aws_vpc_ipv4_cidr_block_association.this",
            "module.vpc.aws_vpn_gateway.this",
            "module.vpc.aws_vpn_gateway_attachment.this",
            "module.vpc.aws_vpn_gateway_route_propagation.intra",
            "module.vpc.aws_vpn_gateway_route_propagation.private",
            "module.vpc.aws_vpn_gateway_route_propagation.public",
            "module.vpc.data.aws_iam_policy_document.flow_log_cloudwatch_assume_role",
            "module.vpc.data.aws_iam_policy_document.vpc_flow_log_cloudwatch",
            "random_id.cluster-suffix"
          ],
          "create_before_destroy": true
        }
      ]
    },
    {
      "module": "module.eks",
      "mode": "managed",
      "type": "aws_security_group",
      "name": "workers",
      "provider": "provider[\"registry.terraform.io/hashicorp/aws\"]",
      "instances": [
        {
          "index_key": 0,
          "schema_version": 1,
          "attributes": {
            "arn": "arn:aws:ec2:us-west-2:100072912756:security-group/sg-050ca57dae3ff17dc",
            "description": "Security group for all nodes in the cluster.",
            "egress": [],
            "id": "sg-050ca57dae3ff17dc",
            "ingress": [],
            "name": "swimstack-gg20210923215110304600000001",
            "name_prefix": "swimstack-gg",
            "owner_id": "100072912756",
            "revoke_rules_on_delete": false,
            "tags": {
              "Environment": "swimstack",
              "Name": "swimstack-gg-eks_worker_sg",
              "kubernetes.io/cluster/swimstack-gg": "owned"
            },
            "tags_all": {
              "Environment": "swimstack",
              "Name": "swimstack-gg-eks_worker_sg",
              "kubernetes.io/cluster/swimstack-gg": "owned"
            },
            "timeouts": null,
            "vpc_id": "vpc-0c7625e0e5fb7aa3d"
          },
          "sensitive_attributes": [],
          "private": "eyJlMmJmYjczMC1lY2FhLTExZTYtOGY4OC0zNDM2M2JjN2M0YzAiOnsiY3JlYXRlIjo2MDAwMDAwMDAwMDAsImRlbGV0ZSI6OTAwMDAwMDAwMDAwfSwic2NoZW1hX3ZlcnNpb24iOiIxIn0=",
          "dependencies": [
            "data.aws_availability_zones.available",
            "module.vpc.aws_cloudwatch_log_group.flow_log",
            "module.vpc.aws_customer_gateway.this",
            "module.vpc.aws_db_subnet_group.database",
            "module.vpc.aws_default_network_acl.this",
            "module.vpc.aws_default_route_table.default",
            "module.vpc.aws_default_security_group.this",
            "module.vpc.aws_default_vpc.this",
            "module.vpc.aws_egress_only_internet_gateway.this",
            "module.vpc.aws_eip.nat",
            "module.vpc.aws_elasticache_subnet_group.elasticache",
            "module.vpc.aws_flow_log.this",
            "module.vpc.aws_iam_policy.vpc_flow_log_cloudwatch",
            "module.vpc.aws_iam_role.vpc_flow_log_cloudwatch",
            "module.vpc.aws_iam_role_policy_attachment.vpc_flow_log_cloudwatch",
            "module.vpc.aws_internet_gateway.this",
            "module.vpc.aws_nat_gateway.this",
            "module.vpc.aws_network_acl.database",
            "module.vpc.aws_network_acl.elasticache",
            "module.vpc.aws_network_acl.intra",
            "module.vpc.aws_network_acl.outpost",
            "module.vpc.aws_network_acl.private",
            "module.vpc.aws_network_acl.public",
            "module.vpc.aws_network_acl.redshift",
            "module.vpc.aws_network_acl_rule.database_inbound",
            "module.vpc.aws_network_acl_rule.database_outbound",
            "module.vpc.aws_network_acl_rule.elasticache_inbound",
            "module.vpc.aws_network_acl_rule.elasticache_outbound",
            "module.vpc.aws_network_acl_rule.intra_inbound",
            "module.vpc.aws_network_acl_rule.intra_outbound",
            "module.vpc.aws_network_acl_rule.outpost_inbound",
            "module.vpc.aws_network_acl_rule.outpost_outbound",
            "module.vpc.aws_network_acl_rule.private_inbound",
            "module.vpc.aws_network_acl_rule.private_outbound",
            "module.vpc.aws_network_acl_rule.public_inbound",
            "module.vpc.aws_network_acl_rule.public_outbound",
            "module.vpc.aws_network_acl_rule.redshift_inbound",
            "module.vpc.aws_network_acl_rule.redshift_outbound",
            "module.vpc.aws_redshift_subnet_group.redshift",
            "module.vpc.aws_route.database_internet_gateway",
            "module.vpc.aws_route.database_ipv6_egress",
            "module.vpc.aws_route.database_nat_gateway",
            "module.vpc.aws_route.private_ipv6_egress",
            "module.vpc.aws_route.private_nat_gateway",
            "module.vpc.aws_route.public_internet_gateway",
            "module.vpc.aws_route.public_internet_gateway_ipv6",
            "module.vpc.aws_route_table.database",
            "module.vpc.aws_route_table.elasticache",
            "module.vpc.aws_route_table.intra",
            "module.vpc.aws_route_table.private",
            "module.vpc.aws_route_table.public",
            "module.vpc.aws_route_table.redshift",
            "module.vpc.aws_route_table_association.database",
            "module.vpc.aws_route_table_association.elasticache",
            "module.vpc.aws_route_table_association.intra",
            "module.vpc.aws_route_table_association.outpost",
            "module.vpc.aws_route_table_association.private",
            "module.vpc.aws_route_table_association.public",
            "module.vpc.aws_route_table_association.redshift",
            "module.vpc.aws_route_table_association.redshift_public",
            "module.vpc.aws_subnet.database",
            "module.vpc.aws_subnet.elasticache",
            "module.vpc.aws_subnet.intra",
            "module.vpc.aws_subnet.outpost",
            "module.vpc.aws_subnet.private",
            "module.vpc.aws_subnet.public",
            "module.vpc.aws_subnet.redshift",
            "module.vpc.aws_vpc.this",
            "module.vpc.aws_vpc_dhcp_options.this",
            "module.vpc.aws_vpc_dhcp_options_association.this",
            "module.vpc.aws_vpc_ipv4_cidr_block_association.this",
            "module.vpc.aws_vpn_gateway.this",
            "module.vpc.aws_vpn_gateway_attachment.this",
            "module.vpc.aws_vpn_gateway_route_propagation.intra",
            "module.vpc.aws_vpn_gateway_route_propagation.private",
            "module.vpc.aws_vpn_gateway_route_propagation.public",
            "module.vpc.data.aws_iam_policy_document.flow_log_cloudwatch_assume_role",
            "module.vpc.data.aws_iam_policy_document.vpc_flow_log_cloudwatch",
            "random_id.cluster-suffix"
          ],
          "create_before_destroy": true
        }
      ]
    },
    {
      "module": "module.eks",
      "mode": "managed",
      "type": "aws_security_group_rule",
      "name": "cluster_egress_internet",
      "provider": "provider[\"registry.terraform.io/hashicorp/aws\"]",
      "instances": [
        {
          "index_key": 0,
          "schema_version": 2,
          "attributes": {
            "cidr_blocks": [
              "0.0.0.0/0"
            ],
            "description": "Allow cluster egress access to the Internet.",
            "from_port": 0,
            "id": "sgrule-3476137041",
            "ipv6_cidr_blocks": null,
            "prefix_list_ids": null,
            "protocol": "-1",
            "security_group_id": "sg-0d2f6e38995c9df8e",
            "self": false,
            "source_security_group_id": null,
            "to_port": 0,
            "type": "egress"
          },
          "sensitive_attributes": [],
          "private": "eyJzY2hlbWFfdmVyc2lvbiI6IjIifQ==",
          "dependencies": [
            "data.aws_availability_zones.available",
            "module.eks.aws_security_group.cluster",
            "module.vpc.aws_cloudwatch_log_group.flow_log",
            "module.vpc.aws_customer_gateway.this",
            "module.vpc.aws_db_subnet_group.database",
            "module.vpc.aws_default_network_acl.this",
            "module.vpc.aws_default_route_table.default",
            "module.vpc.aws_default_security_group.this",
            "module.vpc.aws_default_vpc.this",
            "module.vpc.aws_egress_only_internet_gateway.this",
            "module.vpc.aws_eip.nat",
            "module.vpc.aws_elasticache_subnet_group.elasticache",
            "module.vpc.aws_flow_log.this",
            "module.vpc.aws_iam_policy.vpc_flow_log_cloudwatch",
            "module.vpc.aws_iam_role.vpc_flow_log_cloudwatch",
            "module.vpc.aws_iam_role_policy_attachment.vpc_flow_log_cloudwatch",
            "module.vpc.aws_internet_gateway.this",
            "module.vpc.aws_nat_gateway.this",
            "module.vpc.aws_network_acl.database",
            "module.vpc.aws_network_acl.elasticache",
            "module.vpc.aws_network_acl.intra",
            "module.vpc.aws_network_acl.outpost",
            "module.vpc.aws_network_acl.private",
            "module.vpc.aws_network_acl.public",
            "module.vpc.aws_network_acl.redshift",
            "module.vpc.aws_network_acl_rule.database_inbound",
            "module.vpc.aws_network_acl_rule.database_outbound",
            "module.vpc.aws_network_acl_rule.elasticache_inbound",
            "module.vpc.aws_network_acl_rule.elasticache_outbound",
            "module.vpc.aws_network_acl_rule.intra_inbound",
            "module.vpc.aws_network_acl_rule.intra_outbound",
            "module.vpc.aws_network_acl_rule.outpost_inbound",
            "module.vpc.aws_network_acl_rule.outpost_outbound",
            "module.vpc.aws_network_acl_rule.private_inbound",
            "module.vpc.aws_network_acl_rule.private_outbound",
            "module.vpc.aws_network_acl_rule.public_inbound",
            "module.vpc.aws_network_acl_rule.public_outbound",
            "module.vpc.aws_network_acl_rule.redshift_inbound",
            "module.vpc.aws_network_acl_rule.redshift_outbound",
            "module.vpc.aws_redshift_subnet_group.redshift",
            "module.vpc.aws_route.database_internet_gateway",
            "module.vpc.aws_route.database_ipv6_egress",
            "module.vpc.aws_route.database_nat_gateway",
            "module.vpc.aws_route.private_ipv6_egress",
            "module.vpc.aws_route.private_nat_gateway",
            "module.vpc.aws_route.public_internet_gateway",
            "module.vpc.aws_route.public_internet_gateway_ipv6",
            "module.vpc.aws_route_table.database",
            "module.vpc.aws_route_table.elasticache",
            "module.vpc.aws_route_table.intra",
            "module.vpc.aws_route_table.private",
            "module.vpc.aws_route_table.public",
            "module.vpc.aws_route_table.redshift",
            "module.vpc.aws_route_table_association.database",
            "module.vpc.aws_route_table_association.elasticache",
            "module.vpc.aws_route_table_association.intra",
            "module.vpc.aws_route_table_association.outpost",
            "module.vpc.aws_route_table_association.private",
            "module.vpc.aws_route_table_association.public",
            "module.vpc.aws_route_table_association.redshift",
            "module.vpc.aws_route_table_association.redshift_public",
            "module.vpc.aws_subnet.database",
            "module.vpc.aws_subnet.elasticache",
            "module.vpc.aws_subnet.intra",
            "module.vpc.aws_subnet.outpost",
            "module.vpc.aws_subnet.private",
            "module.vpc.aws_subnet.public",
            "module.vpc.aws_subnet.redshift",
            "module.vpc.aws_vpc.this",
            "module.vpc.aws_vpc_dhcp_options.this",
            "module.vpc.aws_vpc_dhcp_options_association.this",
            "module.vpc.aws_vpc_ipv4_cidr_block_association.this",
            "module.vpc.aws_vpn_gateway.this",
            "module.vpc.aws_vpn_gateway_attachment.this",
            "module.vpc.aws_vpn_gateway_route_propagation.intra",
            "module.vpc.aws_vpn_gateway_route_propagation.private",
            "module.vpc.aws_vpn_gateway_route_propagation.public",
            "module.vpc.data.aws_iam_policy_document.flow_log_cloudwatch_assume_role",
            "module.vpc.data.aws_iam_policy_document.vpc_flow_log_cloudwatch",
            "random_id.cluster-suffix"
          ],
          "create_before_destroy": true
        }
      ]
    },
    {
      "module": "module.eks",
      "mode": "managed",
      "type": "aws_security_group_rule",
      "name": "cluster_https_worker_ingress",
      "provider": "provider[\"registry.terraform.io/hashicorp/aws\"]",
      "instances": [
        {
          "index_key": 0,
          "schema_version": 2,
          "attributes": {
            "cidr_blocks": null,
            "description": "Allow pods to communicate with the EKS cluster API.",
            "from_port": 443,
            "id": "sgrule-90587571",
            "ipv6_cidr_blocks": null,
            "prefix_list_ids": null,
            "protocol": "tcp",
            "security_group_id": "sg-0d2f6e38995c9df8e",
            "self": false,
            "source_security_group_id": "sg-050ca57dae3ff17dc",
            "to_port": 443,
            "type": "ingress"
          },
          "sensitive_attributes": [],
          "private": "eyJzY2hlbWFfdmVyc2lvbiI6IjIifQ==",
          "dependencies": [
            "data.aws_availability_zones.available",
            "module.eks.aws_security_group.cluster",
            "module.eks.aws_security_group.workers",
            "module.vpc.aws_cloudwatch_log_group.flow_log",
            "module.vpc.aws_customer_gateway.this",
            "module.vpc.aws_db_subnet_group.database",
            "module.vpc.aws_default_network_acl.this",
            "module.vpc.aws_default_route_table.default",
            "module.vpc.aws_default_security_group.this",
            "module.vpc.aws_default_vpc.this",
            "module.vpc.aws_egress_only_internet_gateway.this",
            "module.vpc.aws_eip.nat",
            "module.vpc.aws_elasticache_subnet_group.elasticache",
            "module.vpc.aws_flow_log.this",
            "module.vpc.aws_iam_policy.vpc_flow_log_cloudwatch",
            "module.vpc.aws_iam_role.vpc_flow_log_cloudwatch",
            "module.vpc.aws_iam_role_policy_attachment.vpc_flow_log_cloudwatch",
            "module.vpc.aws_internet_gateway.this",
            "module.vpc.aws_nat_gateway.this",
            "module.vpc.aws_network_acl.database",
            "module.vpc.aws_network_acl.elasticache",
            "module.vpc.aws_network_acl.intra",
            "module.vpc.aws_network_acl.outpost",
            "module.vpc.aws_network_acl.private",
            "module.vpc.aws_network_acl.public",
            "module.vpc.aws_network_acl.redshift",
            "module.vpc.aws_network_acl_rule.database_inbound",
            "module.vpc.aws_network_acl_rule.database_outbound",
            "module.vpc.aws_network_acl_rule.elasticache_inbound",
            "module.vpc.aws_network_acl_rule.elasticache_outbound",
            "module.vpc.aws_network_acl_rule.intra_inbound",
            "module.vpc.aws_network_acl_rule.intra_outbound",
            "module.vpc.aws_network_acl_rule.outpost_inbound",
            "module.vpc.aws_network_acl_rule.outpost_outbound",
            "module.vpc.aws_network_acl_rule.private_inbound",
            "module.vpc.aws_network_acl_rule.private_outbound",
            "module.vpc.aws_network_acl_rule.public_inbound",
            "module.vpc.aws_network_acl_rule.public_outbound",
            "module.vpc.aws_network_acl_rule.redshift_inbound",
            "module.vpc.aws_network_acl_rule.redshift_outbound",
            "module.vpc.aws_redshift_subnet_group.redshift",
            "module.vpc.aws_route.database_internet_gateway",
            "module.vpc.aws_route.database_ipv6_egress",
            "module.vpc.aws_route.database_nat_gateway",
            "module.vpc.aws_route.private_ipv6_egress",
            "module.vpc.aws_route.private_nat_gateway",
            "module.vpc.aws_route.public_internet_gateway",
            "module.vpc.aws_route.public_internet_gateway_ipv6",
            "module.vpc.aws_route_table.database",
            "module.vpc.aws_route_table.elasticache",
            "module.vpc.aws_route_table.intra",
            "module.vpc.aws_route_table.private",
            "module.vpc.aws_route_table.public",
            "module.vpc.aws_route_table.redshift",
            "module.vpc.aws_route_table_association.database",
            "module.vpc.aws_route_table_association.elasticache",
            "module.vpc.aws_route_table_association.intra",
            "module.vpc.aws_route_table_association.outpost",
            "module.vpc.aws_route_table_association.private",
            "module.vpc.aws_route_table_association.public",
            "module.vpc.aws_route_table_association.redshift",
            "module.vpc.aws_route_table_association.redshift_public",
            "module.vpc.aws_subnet.database",
            "module.vpc.aws_subnet.elasticache",
            "module.vpc.aws_subnet.intra",
            "module.vpc.aws_subnet.outpost",
            "module.vpc.aws_subnet.private",
            "module.vpc.aws_subnet.public",
            "module.vpc.aws_subnet.redshift",
            "module.vpc.aws_vpc.this",
            "module.vpc.aws_vpc_dhcp_options.this",
            "module.vpc.aws_vpc_dhcp_options_association.this",
            "module.vpc.aws_vpc_ipv4_cidr_block_association.this",
            "module.vpc.aws_vpn_gateway.this",
            "module.vpc.aws_vpn_gateway_attachment.this",
            "module.vpc.aws_vpn_gateway_route_propagation.intra",
            "module.vpc.aws_vpn_gateway_route_propagation.private",
            "module.vpc.aws_vpn_gateway_route_propagation.public",
            "module.vpc.data.aws_iam_policy_document.flow_log_cloudwatch_assume_role",
            "module.vpc.data.aws_iam_policy_document.vpc_flow_log_cloudwatch",
            "random_id.cluster-suffix"
          ],
          "create_before_destroy": true
        }
      ]
    },
    {
      "module": "module.eks",
      "mode": "managed",
      "type": "aws_security_group_rule",
      "name": "workers_egress_internet",
      "provider": "provider[\"registry.terraform.io/hashicorp/aws\"]",
      "instances": [
        {
          "index_key": 0,
          "schema_version": 2,
          "attributes": {
            "cidr_blocks": [
              "0.0.0.0/0"
            ],
            "description": "Allow nodes all egress to the Internet.",
            "from_port": 0,
            "id": "sgrule-4092626626",
            "ipv6_cidr_blocks": null,
            "prefix_list_ids": null,
            "protocol": "-1",
            "security_group_id": "sg-050ca57dae3ff17dc",
            "self": false,
            "source_security_group_id": null,
            "to_port": 0,
            "type": "egress"
          },
          "sensitive_attributes": [],
          "private": "eyJzY2hlbWFfdmVyc2lvbiI6IjIifQ==",
          "dependencies": [
            "data.aws_availability_zones.available",
            "module.eks.aws_security_group.workers",
            "module.vpc.aws_cloudwatch_log_group.flow_log",
            "module.vpc.aws_customer_gateway.this",
            "module.vpc.aws_db_subnet_group.database",
            "module.vpc.aws_default_network_acl.this",
            "module.vpc.aws_default_route_table.default",
            "module.vpc.aws_default_security_group.this",
            "module.vpc.aws_default_vpc.this",
            "module.vpc.aws_egress_only_internet_gateway.this",
            "module.vpc.aws_eip.nat",
            "module.vpc.aws_elasticache_subnet_group.elasticache",
            "module.vpc.aws_flow_log.this",
            "module.vpc.aws_iam_policy.vpc_flow_log_cloudwatch",
            "module.vpc.aws_iam_role.vpc_flow_log_cloudwatch",
            "module.vpc.aws_iam_role_policy_attachment.vpc_flow_log_cloudwatch",
            "module.vpc.aws_internet_gateway.this",
            "module.vpc.aws_nat_gateway.this",
            "module.vpc.aws_network_acl.database",
            "module.vpc.aws_network_acl.elasticache",
            "module.vpc.aws_network_acl.intra",
            "module.vpc.aws_network_acl.outpost",
            "module.vpc.aws_network_acl.private",
            "module.vpc.aws_network_acl.public",
            "module.vpc.aws_network_acl.redshift",
            "module.vpc.aws_network_acl_rule.database_inbound",
            "module.vpc.aws_network_acl_rule.database_outbound",
            "module.vpc.aws_network_acl_rule.elasticache_inbound",
            "module.vpc.aws_network_acl_rule.elasticache_outbound",
            "module.vpc.aws_network_acl_rule.intra_inbound",
            "module.vpc.aws_network_acl_rule.intra_outbound",
            "module.vpc.aws_network_acl_rule.outpost_inbound",
            "module.vpc.aws_network_acl_rule.outpost_outbound",
            "module.vpc.aws_network_acl_rule.private_inbound",
            "module.vpc.aws_network_acl_rule.private_outbound",
            "module.vpc.aws_network_acl_rule.public_inbound",
            "module.vpc.aws_network_acl_rule.public_outbound",
            "module.vpc.aws_network_acl_rule.redshift_inbound",
            "module.vpc.aws_network_acl_rule.redshift_outbound",
            "module.vpc.aws_redshift_subnet_group.redshift",
            "module.vpc.aws_route.database_internet_gateway",
            "module.vpc.aws_route.database_ipv6_egress",
            "module.vpc.aws_route.database_nat_gateway",
            "module.vpc.aws_route.private_ipv6_egress",
            "module.vpc.aws_route.private_nat_gateway",
            "module.vpc.aws_route.public_internet_gateway",
            "module.vpc.aws_route.public_internet_gateway_ipv6",
            "module.vpc.aws_route_table.database",
            "module.vpc.aws_route_table.elasticache",
            "module.vpc.aws_route_table.intra",
            "module.vpc.aws_route_table.private",
            "module.vpc.aws_route_table.public",
            "module.vpc.aws_route_table.redshift",
            "module.vpc.aws_route_table_association.database",
            "module.vpc.aws_route_table_association.elasticache",
            "module.vpc.aws_route_table_association.intra",
            "module.vpc.aws_route_table_association.outpost",
            "module.vpc.aws_route_table_association.private",
            "module.vpc.aws_route_table_association.public",
            "module.vpc.aws_route_table_association.redshift",
            "module.vpc.aws_route_table_association.redshift_public",
            "module.vpc.aws_subnet.database",
            "module.vpc.aws_subnet.elasticache",
            "module.vpc.aws_subnet.intra",
            "module.vpc.aws_subnet.outpost",
            "module.vpc.aws_subnet.private",
            "module.vpc.aws_subnet.public",
            "module.vpc.aws_subnet.redshift",
            "module.vpc.aws_vpc.this",
            "module.vpc.aws_vpc_dhcp_options.this",
            "module.vpc.aws_vpc_dhcp_options_association.this",
            "module.vpc.aws_vpc_ipv4_cidr_block_association.this",
            "module.vpc.aws_vpn_gateway.this",
            "module.vpc.aws_vpn_gateway_attachment.this",
            "module.vpc.aws_vpn_gateway_route_propagation.intra",
            "module.vpc.aws_vpn_gateway_route_propagation.private",
            "module.vpc.aws_vpn_gateway_route_propagation.public",
            "module.vpc.data.aws_iam_policy_document.flow_log_cloudwatch_assume_role",
            "module.vpc.data.aws_iam_policy_document.vpc_flow_log_cloudwatch",
            "random_id.cluster-suffix"
          ],
          "create_before_destroy": true
        }
      ]
    },
    {
      "module": "module.eks",
      "mode": "managed",
      "type": "aws_security_group_rule",
      "name": "workers_ingress_cluster",
      "provider": "provider[\"registry.terraform.io/hashicorp/aws\"]",
      "instances": [
        {
          "index_key": 0,
          "schema_version": 2,
          "attributes": {
            "cidr_blocks": null,
            "description": "Allow workers pods to receive communication from the cluster control plane.",
            "from_port": 1025,
            "id": "sgrule-1436438387",
            "ipv6_cidr_blocks": null,
            "prefix_list_ids": null,
            "protocol": "tcp",
            "security_group_id": "sg-050ca57dae3ff17dc",
            "self": false,
            "source_security_group_id": "sg-0d2f6e38995c9df8e",
            "to_port": 65535,
            "type": "ingress"
          },
          "sensitive_attributes": [],
          "private": "eyJzY2hlbWFfdmVyc2lvbiI6IjIifQ==",
          "dependencies": [
            "data.aws_availability_zones.available",
            "module.eks.aws_security_group.cluster",
            "module.eks.aws_security_group.workers",
            "module.vpc.aws_cloudwatch_log_group.flow_log",
            "module.vpc.aws_customer_gateway.this",
            "module.vpc.aws_db_subnet_group.database",
            "module.vpc.aws_default_network_acl.this",
            "module.vpc.aws_default_route_table.default",
            "module.vpc.aws_default_security_group.this",
            "module.vpc.aws_default_vpc.this",
            "module.vpc.aws_egress_only_internet_gateway.this",
            "module.vpc.aws_eip.nat",
            "module.vpc.aws_elasticache_subnet_group.elasticache",
            "module.vpc.aws_flow_log.this",
            "module.vpc.aws_iam_policy.vpc_flow_log_cloudwatch",
            "module.vpc.aws_iam_role.vpc_flow_log_cloudwatch",
            "module.vpc.aws_iam_role_policy_attachment.vpc_flow_log_cloudwatch",
            "module.vpc.aws_internet_gateway.this",
            "module.vpc.aws_nat_gateway.this",
            "module.vpc.aws_network_acl.database",
            "module.vpc.aws_network_acl.elasticache",
            "module.vpc.aws_network_acl.intra",
            "module.vpc.aws_network_acl.outpost",
            "module.vpc.aws_network_acl.private",
            "module.vpc.aws_network_acl.public",
            "module.vpc.aws_network_acl.redshift",
            "module.vpc.aws_network_acl_rule.database_inbound",
            "module.vpc.aws_network_acl_rule.database_outbound",
            "module.vpc.aws_network_acl_rule.elasticache_inbound",
            "module.vpc.aws_network_acl_rule.elasticache_outbound",
            "module.vpc.aws_network_acl_rule.intra_inbound",
            "module.vpc.aws_network_acl_rule.intra_outbound",
            "module.vpc.aws_network_acl_rule.outpost_inbound",
            "module.vpc.aws_network_acl_rule.outpost_outbound",
            "module.vpc.aws_network_acl_rule.private_inbound",
            "module.vpc.aws_network_acl_rule.private_outbound",
            "module.vpc.aws_network_acl_rule.public_inbound",
            "module.vpc.aws_network_acl_rule.public_outbound",
            "module.vpc.aws_network_acl_rule.redshift_inbound",
            "module.vpc.aws_network_acl_rule.redshift_outbound",
            "module.vpc.aws_redshift_subnet_group.redshift",
            "module.vpc.aws_route.database_internet_gateway",
            "module.vpc.aws_route.database_ipv6_egress",
            "module.vpc.aws_route.database_nat_gateway",
            "module.vpc.aws_route.private_ipv6_egress",
            "module.vpc.aws_route.private_nat_gateway",
            "module.vpc.aws_route.public_internet_gateway",
            "module.vpc.aws_route.public_internet_gateway_ipv6",
            "module.vpc.aws_route_table.database",
            "module.vpc.aws_route_table.elasticache",
            "module.vpc.aws_route_table.intra",
            "module.vpc.aws_route_table.private",
            "module.vpc.aws_route_table.public",
            "module.vpc.aws_route_table.redshift",
            "module.vpc.aws_route_table_association.database",
            "module.vpc.aws_route_table_association.elasticache",
            "module.vpc.aws_route_table_association.intra",
            "module.vpc.aws_route_table_association.outpost",
            "module.vpc.aws_route_table_association.private",
            "module.vpc.aws_route_table_association.public",
            "module.vpc.aws_route_table_association.redshift",
            "module.vpc.aws_route_table_association.redshift_public",
            "module.vpc.aws_subnet.database",
            "module.vpc.aws_subnet.elasticache",
            "module.vpc.aws_subnet.intra",
            "module.vpc.aws_subnet.outpost",
            "module.vpc.aws_subnet.private",
            "module.vpc.aws_subnet.public",
            "module.vpc.aws_subnet.redshift",
            "module.vpc.aws_vpc.this",
            "module.vpc.aws_vpc_dhcp_options.this",
            "module.vpc.aws_vpc_dhcp_options_association.this",
            "module.vpc.aws_vpc_ipv4_cidr_block_association.this",
            "module.vpc.aws_vpn_gateway.this",
            "module.vpc.aws_vpn_gateway_attachment.this",
            "module.vpc.aws_vpn_gateway_route_propagation.intra",
            "module.vpc.aws_vpn_gateway_route_propagation.private",
            "module.vpc.aws_vpn_gateway_route_propagation.public",
            "module.vpc.data.aws_iam_policy_document.flow_log_cloudwatch_assume_role",
            "module.vpc.data.aws_iam_policy_document.vpc_flow_log_cloudwatch",
            "random_id.cluster-suffix"
          ],
          "create_before_destroy": true
        }
      ]
    },
    {
      "module": "module.eks",
      "mode": "managed",
      "type": "aws_security_group_rule",
      "name": "workers_ingress_cluster_https",
      "provider": "provider[\"registry.terraform.io/hashicorp/aws\"]",
      "instances": [
        {
          "index_key": 0,
          "schema_version": 2,
          "attributes": {
            "cidr_blocks": null,
            "description": "Allow pods running extension API servers on port 443 to receive communication from cluster control plane.",
            "from_port": 443,
            "id": "sgrule-176146619",
            "ipv6_cidr_blocks": null,
            "prefix_list_ids": null,
            "protocol": "tcp",
            "security_group_id": "sg-050ca57dae3ff17dc",
            "self": false,
            "source_security_group_id": "sg-0d2f6e38995c9df8e",
            "to_port": 443,
            "type": "ingress"
          },
          "sensitive_attributes": [],
          "private": "eyJzY2hlbWFfdmVyc2lvbiI6IjIifQ==",
          "dependencies": [
            "data.aws_availability_zones.available",
            "module.eks.aws_security_group.cluster",
            "module.eks.aws_security_group.workers",
            "module.vpc.aws_cloudwatch_log_group.flow_log",
            "module.vpc.aws_customer_gateway.this",
            "module.vpc.aws_db_subnet_group.database",
            "module.vpc.aws_default_network_acl.this",
            "module.vpc.aws_default_route_table.default",
            "module.vpc.aws_default_security_group.this",
            "module.vpc.aws_default_vpc.this",
            "module.vpc.aws_egress_only_internet_gateway.this",
            "module.vpc.aws_eip.nat",
            "module.vpc.aws_elasticache_subnet_group.elasticache",
            "module.vpc.aws_flow_log.this",
            "module.vpc.aws_iam_policy.vpc_flow_log_cloudwatch",
            "module.vpc.aws_iam_role.vpc_flow_log_cloudwatch",
            "module.vpc.aws_iam_role_policy_attachment.vpc_flow_log_cloudwatch",
            "module.vpc.aws_internet_gateway.this",
            "module.vpc.aws_nat_gateway.this",
            "module.vpc.aws_network_acl.database",
            "module.vpc.aws_network_acl.elasticache",
            "module.vpc.aws_network_acl.intra",
            "module.vpc.aws_network_acl.outpost",
            "module.vpc.aws_network_acl.private",
            "module.vpc.aws_network_acl.public",
            "module.vpc.aws_network_acl.redshift",
            "module.vpc.aws_network_acl_rule.database_inbound",
            "module.vpc.aws_network_acl_rule.database_outbound",
            "module.vpc.aws_network_acl_rule.elasticache_inbound",
            "module.vpc.aws_network_acl_rule.elasticache_outbound",
            "module.vpc.aws_network_acl_rule.intra_inbound",
            "module.vpc.aws_network_acl_rule.intra_outbound",
            "module.vpc.aws_network_acl_rule.outpost_inbound",
            "module.vpc.aws_network_acl_rule.outpost_outbound",
            "module.vpc.aws_network_acl_rule.private_inbound",
            "module.vpc.aws_network_acl_rule.private_outbound",
            "module.vpc.aws_network_acl_rule.public_inbound",
            "module.vpc.aws_network_acl_rule.public_outbound",
            "module.vpc.aws_network_acl_rule.redshift_inbound",
            "module.vpc.aws_network_acl_rule.redshift_outbound",
            "module.vpc.aws_redshift_subnet_group.redshift",
            "module.vpc.aws_route.database_internet_gateway",
            "module.vpc.aws_route.database_ipv6_egress",
            "module.vpc.aws_route.database_nat_gateway",
            "module.vpc.aws_route.private_ipv6_egress",
            "module.vpc.aws_route.private_nat_gateway",
            "module.vpc.aws_route.public_internet_gateway",
            "module.vpc.aws_route.public_internet_gateway_ipv6",
            "module.vpc.aws_route_table.database",
            "module.vpc.aws_route_table.elasticache",
            "module.vpc.aws_route_table.intra",
            "module.vpc.aws_route_table.private",
            "module.vpc.aws_route_table.public",
            "module.vpc.aws_route_table.redshift",
            "module.vpc.aws_route_table_association.database",
            "module.vpc.aws_route_table_association.elasticache",
            "module.vpc.aws_route_table_association.intra",
            "module.vpc.aws_route_table_association.outpost",
            "module.vpc.aws_route_table_association.private",
            "module.vpc.aws_route_table_association.public",
            "module.vpc.aws_route_table_association.redshift",
            "module.vpc.aws_route_table_association.redshift_public",
            "module.vpc.aws_subnet.database",
            "module.vpc.aws_subnet.elasticache",
            "module.vpc.aws_subnet.intra",
            "module.vpc.aws_subnet.outpost",
            "module.vpc.aws_subnet.private",
            "module.vpc.aws_subnet.public",
            "module.vpc.aws_subnet.redshift",
            "module.vpc.aws_vpc.this",
            "module.vpc.aws_vpc_dhcp_options.this",
            "module.vpc.aws_vpc_dhcp_options_association.this",
            "module.vpc.aws_vpc_ipv4_cidr_block_association.this",
            "module.vpc.aws_vpn_gateway.this",
            "module.vpc.aws_vpn_gateway_attachment.this",
            "module.vpc.aws_vpn_gateway_route_propagation.intra",
            "module.vpc.aws_vpn_gateway_route_propagation.private",
            "module.vpc.aws_vpn_gateway_route_propagation.public",
            "module.vpc.data.aws_iam_policy_document.flow_log_cloudwatch_assume_role",
            "module.vpc.data.aws_iam_policy_document.vpc_flow_log_cloudwatch",
            "random_id.cluster-suffix"
          ],
          "create_before_destroy": true
        }
      ]
    },
    {
      "module": "module.eks",
      "mode": "managed",
      "type": "aws_security_group_rule",
      "name": "workers_ingress_self",
      "provider": "provider[\"registry.terraform.io/hashicorp/aws\"]",
      "instances": [
        {
          "index_key": 0,
          "schema_version": 2,
          "attributes": {
            "cidr_blocks": null,
            "description": "Allow node to communicate with each other.",
            "from_port": 0,
            "id": "sgrule-2799307728",
            "ipv6_cidr_blocks": null,
            "prefix_list_ids": null,
            "protocol": "-1",
            "security_group_id": "sg-050ca57dae3ff17dc",
            "self": false,
            "source_security_group_id": "sg-050ca57dae3ff17dc",
            "to_port": 65535,
            "type": "ingress"
          },
          "sensitive_attributes": [],
          "private": "eyJzY2hlbWFfdmVyc2lvbiI6IjIifQ==",
          "dependencies": [
            "data.aws_availability_zones.available",
            "module.eks.aws_security_group.workers",
            "module.vpc.aws_cloudwatch_log_group.flow_log",
            "module.vpc.aws_customer_gateway.this",
            "module.vpc.aws_db_subnet_group.database",
            "module.vpc.aws_default_network_acl.this",
            "module.vpc.aws_default_route_table.default",
            "module.vpc.aws_default_security_group.this",
            "module.vpc.aws_default_vpc.this",
            "module.vpc.aws_egress_only_internet_gateway.this",
            "module.vpc.aws_eip.nat",
            "module.vpc.aws_elasticache_subnet_group.elasticache",
            "module.vpc.aws_flow_log.this",
            "module.vpc.aws_iam_policy.vpc_flow_log_cloudwatch",
            "module.vpc.aws_iam_role.vpc_flow_log_cloudwatch",
            "module.vpc.aws_iam_role_policy_attachment.vpc_flow_log_cloudwatch",
            "module.vpc.aws_internet_gateway.this",
            "module.vpc.aws_nat_gateway.this",
            "module.vpc.aws_network_acl.database",
            "module.vpc.aws_network_acl.elasticache",
            "module.vpc.aws_network_acl.intra",
            "module.vpc.aws_network_acl.outpost",
            "module.vpc.aws_network_acl.private",
            "module.vpc.aws_network_acl.public",
            "module.vpc.aws_network_acl.redshift",
            "module.vpc.aws_network_acl_rule.database_inbound",
            "module.vpc.aws_network_acl_rule.database_outbound",
            "module.vpc.aws_network_acl_rule.elasticache_inbound",
            "module.vpc.aws_network_acl_rule.elasticache_outbound",
            "module.vpc.aws_network_acl_rule.intra_inbound",
            "module.vpc.aws_network_acl_rule.intra_outbound",
            "module.vpc.aws_network_acl_rule.outpost_inbound",
            "module.vpc.aws_network_acl_rule.outpost_outbound",
            "module.vpc.aws_network_acl_rule.private_inbound",
            "module.vpc.aws_network_acl_rule.private_outbound",
            "module.vpc.aws_network_acl_rule.public_inbound",
            "module.vpc.aws_network_acl_rule.public_outbound",
            "module.vpc.aws_network_acl_rule.redshift_inbound",
            "module.vpc.aws_network_acl_rule.redshift_outbound",
            "module.vpc.aws_redshift_subnet_group.redshift",
            "module.vpc.aws_route.database_internet_gateway",
            "module.vpc.aws_route.database_ipv6_egress",
            "module.vpc.aws_route.database_nat_gateway",
            "module.vpc.aws_route.private_ipv6_egress",
            "module.vpc.aws_route.private_nat_gateway",
            "module.vpc.aws_route.public_internet_gateway",
            "module.vpc.aws_route.public_internet_gateway_ipv6",
            "module.vpc.aws_route_table.database",
            "module.vpc.aws_route_table.elasticache",
            "module.vpc.aws_route_table.intra",
            "module.vpc.aws_route_table.private",
            "module.vpc.aws_route_table.public",
            "module.vpc.aws_route_table.redshift",
            "module.vpc.aws_route_table_association.database",
            "module.vpc.aws_route_table_association.elasticache",
            "module.vpc.aws_route_table_association.intra",
            "module.vpc.aws_route_table_association.outpost",
            "module.vpc.aws_route_table_association.private",
            "module.vpc.aws_route_table_association.public",
            "module.vpc.aws_route_table_association.redshift",
            "module.vpc.aws_route_table_association.redshift_public",
            "module.vpc.aws_subnet.database",
            "module.vpc.aws_subnet.elasticache",
            "module.vpc.aws_subnet.intra",
            "module.vpc.aws_subnet.outpost",
            "module.vpc.aws_subnet.private",
            "module.vpc.aws_subnet.public",
            "module.vpc.aws_subnet.redshift",
            "module.vpc.aws_vpc.this",
            "module.vpc.aws_vpc_dhcp_options.this",
            "module.vpc.aws_vpc_dhcp_options_association.this",
            "module.vpc.aws_vpc_ipv4_cidr_block_association.this",
            "module.vpc.aws_vpn_gateway.this",
            "module.vpc.aws_vpn_gateway_attachment.this",
            "module.vpc.aws_vpn_gateway_route_propagation.intra",
            "module.vpc.aws_vpn_gateway_route_propagation.private",
            "module.vpc.aws_vpn_gateway_route_propagation.public",
            "module.vpc.data.aws_iam_policy_document.flow_log_cloudwatch_assume_role",
            "module.vpc.data.aws_iam_policy_document.vpc_flow_log_cloudwatch",
            "random_id.cluster-suffix"
          ],
          "create_before_destroy": true
        }
      ]
    },
    {
      "module": "module.eks",
      "mode": "managed",
      "type": "kubernetes_config_map",
      "name": "aws_auth",
      "provider": "provider[\"registry.terraform.io/hashicorp/kubernetes\"]",
      "instances": [
        {
          "index_key": 0,
          "schema_version": 0,
          "attributes": {
            "binary_data": null,
            "data": {
              "mapAccounts": "[]\n",
              "mapRoles": "- \"groups\":\n  - \"system:bootstrappers\"\n  - \"system:nodes\"\n  \"rolearn\": \"arn:aws:iam::100072912756:role/swimstack-gg20210923220329243200000009\"\n  \"username\": \"system:node:{{EC2PrivateDNSName}}\"\n",
              "mapUsers": "[]\n"
            },
            "id": "kube-system/aws-auth",
            "metadata": [
              {
                "annotations": null,
                "generate_name": "",
                "generation": 0,
                "labels": {
                  "app.kubernetes.io/managed-by": "Terraform",
                  "terraform.io/module": "terraform-aws-modules.eks.aws"
                },
                "name": "aws-auth",
                "namespace": "kube-system",
                "resource_version": "832",
                "uid": "4deeba43-2bf8-48d3-a68c-f0ec3c4ae0f6"
              }
            ]
          },
          "sensitive_attributes": [],
          "private": "bnVsbA==",
          "dependencies": [
            "data.aws_availability_zones.available",
            "data.aws_eks_cluster.cluster",
            "data.aws_eks_cluster_auth.cluster",
            "module.eks.aws_cloudwatch_log_group.this",
            "module.eks.aws_eks_cluster.this",
            "module.eks.aws_iam_instance_profile.workers",
            "module.eks.aws_iam_instance_profile.workers_launch_template",
            "module.eks.aws_iam_role.cluster",
            "module.eks.aws_iam_role.workers",
            "module.eks.aws_iam_role_policy_attachment.cluster_AmazonEKSClusterPolicy",
            "module.eks.aws_iam_role_policy_attachment.cluster_AmazonEKSServicePolicy",
            "module.eks.aws_iam_role_policy_attachment.cluster_AmazonEKSVPCResourceControllerPolicy",
            "module.eks.aws_security_group.cluster",
            "module.eks.aws_security_group.workers",
            "module.eks.aws_security_group_rule.cluster_egress_internet",
            "module.eks.aws_security_group_rule.cluster_https_worker_ingress",
            "module.eks.aws_security_group_rule.cluster_private_access_cidrs_source",
            "module.eks.aws_security_group_rule.cluster_private_access_sg_source",
            "module.eks.data.aws_ami.eks_worker",
            "module.eks.data.aws_ami.eks_worker_windows",
            "module.eks.data.aws_caller_identity.current",
            "module.eks.data.aws_iam_instance_profile.custom_worker_group_iam_instance_profile",
            "module.eks.data.aws_iam_instance_profile.custom_worker_group_launch_template_iam_instance_profile",
            "module.eks.data.aws_iam_policy_document.cluster_assume_role_policy",
            "module.eks.data.aws_iam_policy_document.workers_assume_role_policy",
            "module.eks.data.aws_iam_role.custom_cluster_iam_role",
            "module.eks.data.aws_partition.current",
            "module.eks.data.http.wait_for_cluster",
            "module.eks.module.fargate.aws_iam_role.eks_fargate_pod",
            "module.eks.module.fargate.data.aws_iam_role.custom_fargate_iam_role",
            "module.vpc.aws_cloudwatch_log_group.flow_log",
            "module.vpc.aws_customer_gateway.this",
            "module.vpc.aws_db_subnet_group.database",
            "module.vpc.aws_default_network_acl.this",
            "module.vpc.aws_default_route_table.default",
            "module.vpc.aws_default_security_group.this",
            "module.vpc.aws_default_vpc.this",
            "module.vpc.aws_egress_only_internet_gateway.this",
            "module.vpc.aws_eip.nat",
            "module.vpc.aws_elasticache_subnet_group.elasticache",
            "module.vpc.aws_flow_log.this",
            "module.vpc.aws_iam_policy.vpc_flow_log_cloudwatch",
            "module.vpc.aws_iam_role.vpc_flow_log_cloudwatch",
            "module.vpc.aws_iam_role_policy_attachment.vpc_flow_log_cloudwatch",
            "module.vpc.aws_internet_gateway.this",
            "module.vpc.aws_nat_gateway.this",
            "module.vpc.aws_network_acl.database",
            "module.vpc.aws_network_acl.elasticache",
            "module.vpc.aws_network_acl.intra",
            "module.vpc.aws_network_acl.outpost",
            "module.vpc.aws_network_acl.private",
            "module.vpc.aws_network_acl.public",
            "module.vpc.aws_network_acl.redshift",
            "module.vpc.aws_network_acl_rule.database_inbound",
            "module.vpc.aws_network_acl_rule.database_outbound",
            "module.vpc.aws_network_acl_rule.elasticache_inbound",
            "module.vpc.aws_network_acl_rule.elasticache_outbound",
            "module.vpc.aws_network_acl_rule.intra_inbound",
            "module.vpc.aws_network_acl_rule.intra_outbound",
            "module.vpc.aws_network_acl_rule.outpost_inbound",
            "module.vpc.aws_network_acl_rule.outpost_outbound",
            "module.vpc.aws_network_acl_rule.private_inbound",
            "module.vpc.aws_network_acl_rule.private_outbound",
            "module.vpc.aws_network_acl_rule.public_inbound",
            "module.vpc.aws_network_acl_rule.public_outbound",
            "module.vpc.aws_network_acl_rule.redshift_inbound",
            "module.vpc.aws_network_acl_rule.redshift_outbound",
            "module.vpc.aws_redshift_subnet_group.redshift",
            "module.vpc.aws_route.database_internet_gateway",
            "module.vpc.aws_route.database_ipv6_egress",
            "module.vpc.aws_route.database_nat_gateway",
            "module.vpc.aws_route.private_ipv6_egress",
            "module.vpc.aws_route.private_nat_gateway",
            "module.vpc.aws_route.public_internet_gateway",
            "module.vpc.aws_route.public_internet_gateway_ipv6",
            "module.vpc.aws_route_table.database",
            "module.vpc.aws_route_table.elasticache",
            "module.vpc.aws_route_table.intra",
            "module.vpc.aws_route_table.private",
            "module.vpc.aws_route_table.public",
            "module.vpc.aws_route_table.redshift",
            "module.vpc.aws_route_table_association.database",
            "module.vpc.aws_route_table_association.elasticache",
            "module.vpc.aws_route_table_association.intra",
            "module.vpc.aws_route_table_association.outpost",
            "module.vpc.aws_route_table_association.private",
            "module.vpc.aws_route_table_association.public",
            "module.vpc.aws_route_table_association.redshift",
            "module.vpc.aws_route_table_association.redshift_public",
            "module.vpc.aws_subnet.database",
            "module.vpc.aws_subnet.elasticache",
            "module.vpc.aws_subnet.intra",
            "module.vpc.aws_subnet.outpost",
            "module.vpc.aws_subnet.private",
            "module.vpc.aws_subnet.public",
            "module.vpc.aws_subnet.redshift",
            "module.vpc.aws_vpc.this",
            "module.vpc.aws_vpc_dhcp_options.this",
            "module.vpc.aws_vpc_dhcp_options_association.this",
            "module.vpc.aws_vpc_ipv4_cidr_block_association.this",
            "module.vpc.aws_vpn_gateway.this",
            "module.vpc.aws_vpn_gateway_attachment.this",
            "module.vpc.aws_vpn_gateway_route_propagation.intra",
            "module.vpc.aws_vpn_gateway_route_propagation.private",
            "module.vpc.aws_vpn_gateway_route_propagation.public",
            "module.vpc.data.aws_iam_policy_document.flow_log_cloudwatch_assume_role",
            "module.vpc.data.aws_iam_policy_document.vpc_flow_log_cloudwatch",
            "random_id.cluster-suffix"
          ]
        }
      ]
    },
    {
      "module": "module.eks",
      "mode": "managed",
      "type": "local_file",
      "name": "kubeconfig",
      "provider": "provider[\"registry.terraform.io/hashicorp/local\"]",
      "instances": [
        {
          "index_key": 0,
          "schema_version": 0,
          "attributes": {
            "content": "apiVersion: v1\npreferences: {}\nkind: Config\n\nclusters:\n- cluster:\n    server: https://144A6218991C0B57620CBAF3A5F8569D.gr7.us-west-2.eks.amazonaws.com\n    certificate-authority-data: LS0tLS1CRUdJTiBDRVJUSUZJQ0FURS0tLS0tCk1JSUM1ekNDQWMrZ0F3SUJBZ0lCQURBTkJna3Foa2lHOXcwQkFRc0ZBREFWTVJNd0VRWURWUVFERXdwcmRXSmwKY201bGRHVnpNQjRYRFRJeE1Ea3lNekl4TlRneE5Gb1hEVE14TURreU1USXhOVGd4TkZvd0ZURVRNQkVHQTFVRQpBeE1LYTNWaVpYSnVaWFJsY3pDQ0FTSXdEUVlKS29aSWh2Y05BUUVCQlFBRGdnRVBBRENDQVFvQ2dnRUJBTUNaCmFKWFVvN2FMSnVmRkpidXNMSEtzblE0SnRBSTgrSTVrM21NdEFwaHB5dHIxd2dJbThYMWZwbVFFcUxid1o2a2oKQmhDM3c3a1c1U08yVk9BWVd0Q2pZT1UvRHBSTGxIUE9RV0VkK1NGVnlhakZPd1BMNjJRM004a2VjOW9rbEc2UgpzcVBzaWZPbmxPcGdSMzc3OWQySTE4cGxYYURaUE51cmF1aFUvUzF6d0ZHUkN4R0Ixak1qeHdLbFJNNzBOUHRoCjBmWnpZVFc3ZmxWcDNjL3lZR2VtU0xXWjFDS2lrYzNqT1VZS0NQTEpBbzNJdTZJU0JLaFNudHZwdTBzL1lwc0YKMmdRdE13TGZuRVI0QzE3Z3lMN2hWcUU4K25vb1NaMFBIdUtrNWRtbEFLMGxSaTlDRWp4ZFdPaVNKdjRpMXNuMQpiRXk1Lzh2bWp2Qk5TZXZYWElrQ0F3RUFBYU5DTUVBd0RnWURWUjBQQVFIL0JBUURBZ0trTUE4R0ExVWRFd0VCCi93UUZNQU1CQWY4d0hRWURWUjBPQkJZRUZKVlhyeE5NbVRzbjNyTisrZTJEaTRRV0svUWxNQTBHQ1NxR1NJYjMKRFFFQkN3VUFBNElCQVFCSFVqOEl6NVN2UmJXM2dWb2xadTZyRVlLRDhPYVJZOFNNMm5hcEcxS1V3T282UnJxNgpIVmZvRUh5aUI1cndIOHgrWXhaZ3NYT1RYZWhuRzI5bEdPdzUwWVNSdCsvTnJOemFybVJUckhJL1UrbHlRengxCjV6MWlYditCK1ZFb3pvcktrY05XQU1kdENLOFFRQWdZOWdPejZlV2hjcmhKTTkybEIwZUxaQ3h0YUpGNnFsMEsKU1ZuMDRSVlZySGhVelJVT21HRVk4bXRxV0srRzU3R1BGTXZLaWg4ZUdkOXM5UldqcEFaNUpGVlM5bjA1TXBnUAo4TDgvTm5zR1d2TEVLY09LUFUzd3Z5clYzWXhENXAxM1JyQnRnaHdBWGQrVnJQeTNlMjRTTUJnTElNVFVLeC9vCjREcXJCV2FUN3A0Zy9RRjBtM1B3TkxPSnZrdXBlekY1dG01WQotLS0tLUVORCBDRVJUSUZJQ0FURS0tLS0tCg==\n  name: eks_swimstack-gg\n\ncontexts:\n- context:\n    cluster: eks_swimstack-gg\n    user: eks_swimstack-gg\n  name: eks_swimstack-gg\n\ncurrent-context: eks_swimstack-gg\n\nusers:\n- name: eks_swimstack-gg\n  user:\n    exec:\n      apiVersion: client.authentication.k8s.io/v1alpha1\n      command: aws-iam-authenticator\n      args:\n        - \"token\"\n        - \"-i\"\n        - \"swimstack-gg\"\n",
            "content_base64": null,
            "directory_permission": "0755",
            "file_permission": "0600",
            "filename": "./kubeconfig_swimstack-gg",
            "id": "4c1dd9d2ce64acfe34eec6810bfee1f1ee9b1dd1",
            "sensitive_content": null,
            "source": null
          },
          "sensitive_attributes": [],
          "private": "bnVsbA==",
          "dependencies": [
            "data.aws_availability_zones.available",
            "module.eks.aws_cloudwatch_log_group.this",
            "module.eks.aws_eks_cluster.this",
            "module.eks.aws_iam_role.cluster",
            "module.eks.aws_iam_role_policy_attachment.cluster_AmazonEKSClusterPolicy",
            "module.eks.aws_iam_role_policy_attachment.cluster_AmazonEKSServicePolicy",
            "module.eks.aws_iam_role_policy_attachment.cluster_AmazonEKSVPCResourceControllerPolicy",
            "module.eks.aws_security_group.cluster",
            "module.eks.aws_security_group.workers",
            "module.eks.aws_security_group_rule.cluster_egress_internet",
            "module.eks.aws_security_group_rule.cluster_https_worker_ingress",
            "module.eks.data.aws_iam_policy_document.cluster_assume_role_policy",
            "module.eks.data.aws_iam_role.custom_cluster_iam_role",
            "module.eks.data.aws_partition.current",
            "module.vpc.aws_cloudwatch_log_group.flow_log",
            "module.vpc.aws_customer_gateway.this",
            "module.vpc.aws_db_subnet_group.database",
            "module.vpc.aws_default_network_acl.this",
            "module.vpc.aws_default_route_table.default",
            "module.vpc.aws_default_security_group.this",
            "module.vpc.aws_default_vpc.this",
            "module.vpc.aws_egress_only_internet_gateway.this",
            "module.vpc.aws_eip.nat",
            "module.vpc.aws_elasticache_subnet_group.elasticache",
            "module.vpc.aws_flow_log.this",
            "module.vpc.aws_iam_policy.vpc_flow_log_cloudwatch",
            "module.vpc.aws_iam_role.vpc_flow_log_cloudwatch",
            "module.vpc.aws_iam_role_policy_attachment.vpc_flow_log_cloudwatch",
            "module.vpc.aws_internet_gateway.this",
            "module.vpc.aws_nat_gateway.this",
            "module.vpc.aws_network_acl.database",
            "module.vpc.aws_network_acl.elasticache",
            "module.vpc.aws_network_acl.intra",
            "module.vpc.aws_network_acl.outpost",
            "module.vpc.aws_network_acl.private",
            "module.vpc.aws_network_acl.public",
            "module.vpc.aws_network_acl.redshift",
            "module.vpc.aws_network_acl_rule.database_inbound",
            "module.vpc.aws_network_acl_rule.database_outbound",
            "module.vpc.aws_network_acl_rule.elasticache_inbound",
            "module.vpc.aws_network_acl_rule.elasticache_outbound",
            "module.vpc.aws_network_acl_rule.intra_inbound",
            "module.vpc.aws_network_acl_rule.intra_outbound",
            "module.vpc.aws_network_acl_rule.outpost_inbound",
            "module.vpc.aws_network_acl_rule.outpost_outbound",
            "module.vpc.aws_network_acl_rule.private_inbound",
            "module.vpc.aws_network_acl_rule.private_outbound",
            "module.vpc.aws_network_acl_rule.public_inbound",
            "module.vpc.aws_network_acl_rule.public_outbound",
            "module.vpc.aws_network_acl_rule.redshift_inbound",
            "module.vpc.aws_network_acl_rule.redshift_outbound",
            "module.vpc.aws_redshift_subnet_group.redshift",
            "module.vpc.aws_route.database_internet_gateway",
            "module.vpc.aws_route.database_ipv6_egress",
            "module.vpc.aws_route.database_nat_gateway",
            "module.vpc.aws_route.private_ipv6_egress",
            "module.vpc.aws_route.private_nat_gateway",
            "module.vpc.aws_route.public_internet_gateway",
            "module.vpc.aws_route.public_internet_gateway_ipv6",
            "module.vpc.aws_route_table.database",
            "module.vpc.aws_route_table.elasticache",
            "module.vpc.aws_route_table.intra",
            "module.vpc.aws_route_table.private",
            "module.vpc.aws_route_table.public",
            "module.vpc.aws_route_table.redshift",
            "module.vpc.aws_route_table_association.database",
            "module.vpc.aws_route_table_association.elasticache",
            "module.vpc.aws_route_table_association.intra",
            "module.vpc.aws_route_table_association.outpost",
            "module.vpc.aws_route_table_association.private",
            "module.vpc.aws_route_table_association.public",
            "module.vpc.aws_route_table_association.redshift",
            "module.vpc.aws_route_table_association.redshift_public",
            "module.vpc.aws_subnet.database",
            "module.vpc.aws_subnet.elasticache",
            "module.vpc.aws_subnet.intra",
            "module.vpc.aws_subnet.outpost",
            "module.vpc.aws_subnet.private",
            "module.vpc.aws_subnet.public",
            "module.vpc.aws_subnet.redshift",
            "module.vpc.aws_vpc.this",
            "module.vpc.aws_vpc_dhcp_options.this",
            "module.vpc.aws_vpc_dhcp_options_association.this",
            "module.vpc.aws_vpc_ipv4_cidr_block_association.this",
            "module.vpc.aws_vpn_gateway.this",
            "module.vpc.aws_vpn_gateway_attachment.this",
            "module.vpc.aws_vpn_gateway_route_propagation.intra",
            "module.vpc.aws_vpn_gateway_route_propagation.private",
            "module.vpc.aws_vpn_gateway_route_propagation.public",
            "module.vpc.data.aws_iam_policy_document.flow_log_cloudwatch_assume_role",
            "module.vpc.data.aws_iam_policy_document.vpc_flow_log_cloudwatch",
            "random_id.cluster-suffix"
          ]
        }
      ]
    },
    {
      "module": "module.eks.module.fargate",
      "mode": "data",
      "type": "aws_partition",
      "name": "current",
      "provider": "provider[\"registry.terraform.io/hashicorp/aws\"]",
      "instances": [
        {
          "schema_version": 0,
          "attributes": {
            "dns_suffix": "amazonaws.com",
            "id": "aws",
            "partition": "aws",
            "reverse_dns_prefix": "com.amazonaws"
          },
          "sensitive_attributes": []
        }
      ]
    },
    {
      "module": "module.vpc",
      "mode": "managed",
      "type": "aws_eip",
      "name": "nat",
      "provider": "provider[\"registry.terraform.io/hashicorp/aws\"]",
      "instances": [
        {
          "index_key": 0,
          "schema_version": 0,
          "attributes": {
            "address": null,
            "allocation_id": null,
            "associate_with_private_ip": null,
            "association_id": "",
            "carrier_ip": "",
            "customer_owned_ip": "",
            "customer_owned_ipv4_pool": "",
            "domain": "vpc",
            "id": "eipalloc-0591d12608cd39b30",
            "instance": "",
            "network_border_group": "us-west-2",
            "network_interface": "",
            "private_dns": null,
            "private_ip": "",
            "public_dns": "ec2-35-166-44-30.us-west-2.compute.amazonaws.com",
            "public_ip": "35.166.44.30",
            "public_ipv4_pool": "amazon",
            "tags": {
              "Name": "swimstack-vpc-us-west-2a",
              "kubernetes.io/cluster/swimstack-gg": "shared"
            },
            "tags_all": {
              "Name": "swimstack-vpc-us-west-2a",
              "kubernetes.io/cluster/swimstack-gg": "shared"
            },
            "timeouts": null,
            "vpc": true
          },
          "sensitive_attributes": [],
          "private": "eyJlMmJmYjczMC1lY2FhLTExZTYtOGY4OC0zNDM2M2JjN2M0YzAiOnsiZGVsZXRlIjoxODAwMDAwMDAwMDAsInJlYWQiOjkwMDAwMDAwMDAwMCwidXBkYXRlIjozMDAwMDAwMDAwMDB9fQ==",
          "dependencies": [
            "data.aws_availability_zones.available",
            "random_id.cluster-suffix"
          ],
          "create_before_destroy": true
        },
        {
          "index_key": 1,
          "schema_version": 0,
          "attributes": {
            "address": null,
            "allocation_id": null,
            "associate_with_private_ip": null,
            "association_id": "",
            "carrier_ip": "",
            "customer_owned_ip": "",
            "customer_owned_ipv4_pool": "",
            "domain": "vpc",
            "id": "eipalloc-07f6393127b7bddca",
            "instance": "",
            "network_border_group": "us-west-2",
            "network_interface": "",
            "private_dns": null,
            "private_ip": "",
            "public_dns": "ec2-54-68-23-226.us-west-2.compute.amazonaws.com",
            "public_ip": "54.68.23.226",
            "public_ipv4_pool": "amazon",
            "tags": {
              "Name": "swimstack-vpc-us-west-2b",
              "kubernetes.io/cluster/swimstack-gg": "shared"
            },
            "tags_all": {
              "Name": "swimstack-vpc-us-west-2b",
              "kubernetes.io/cluster/swimstack-gg": "shared"
            },
            "timeouts": null,
            "vpc": true
          },
          "sensitive_attributes": [],
          "private": "eyJlMmJmYjczMC1lY2FhLTExZTYtOGY4OC0zNDM2M2JjN2M0YzAiOnsiZGVsZXRlIjoxODAwMDAwMDAwMDAsInJlYWQiOjkwMDAwMDAwMDAwMCwidXBkYXRlIjozMDAwMDAwMDAwMDB9fQ==",
          "dependencies": [
            "data.aws_availability_zones.available",
            "random_id.cluster-suffix"
          ],
          "create_before_destroy": true
        },
        {
          "index_key": 2,
          "schema_version": 0,
          "attributes": {
            "address": null,
            "allocation_id": null,
            "associate_with_private_ip": null,
            "association_id": "",
            "carrier_ip": "",
            "customer_owned_ip": "",
            "customer_owned_ipv4_pool": "",
            "domain": "vpc",
            "id": "eipalloc-0ce928f97c04043f9",
            "instance": "",
            "network_border_group": "us-west-2",
            "network_interface": "",
            "private_dns": null,
            "private_ip": "",
            "public_dns": "ec2-35-166-188-225.us-west-2.compute.amazonaws.com",
            "public_ip": "35.166.188.225",
            "public_ipv4_pool": "amazon",
            "tags": {
              "Name": "swimstack-vpc-us-west-2c",
              "kubernetes.io/cluster/swimstack-gg": "shared"
            },
            "tags_all": {
              "Name": "swimstack-vpc-us-west-2c",
              "kubernetes.io/cluster/swimstack-gg": "shared"
            },
            "timeouts": null,
            "vpc": true
          },
          "sensitive_attributes": [],
          "private": "eyJlMmJmYjczMC1lY2FhLTExZTYtOGY4OC0zNDM2M2JjN2M0YzAiOnsiZGVsZXRlIjoxODAwMDAwMDAwMDAsInJlYWQiOjkwMDAwMDAwMDAwMCwidXBkYXRlIjozMDAwMDAwMDAwMDB9fQ==",
          "dependencies": [
            "data.aws_availability_zones.available",
            "random_id.cluster-suffix"
          ],
          "create_before_destroy": true
        }
      ]
    },
    {
      "module": "module.vpc",
      "mode": "managed",
      "type": "aws_internet_gateway",
      "name": "this",
      "provider": "provider[\"registry.terraform.io/hashicorp/aws\"]",
      "instances": [
        {
          "index_key": 0,
          "schema_version": 0,
          "attributes": {
            "arn": "arn:aws:ec2:us-west-2:100072912756:internet-gateway/igw-049b0cbe0a921c12e",
            "id": "igw-049b0cbe0a921c12e",
            "owner_id": "100072912756",
            "tags": {
              "Name": "swimstack-vpc",
              "kubernetes.io/cluster/swimstack-gg": "shared"
            },
            "tags_all": {
              "Name": "swimstack-vpc",
              "kubernetes.io/cluster/swimstack-gg": "shared"
            },
            "vpc_id": "vpc-0c7625e0e5fb7aa3d"
          },
          "sensitive_attributes": [],
          "private": "bnVsbA==",
          "dependencies": [
            "module.vpc.aws_vpc.this",
            "module.vpc.aws_vpc_ipv4_cidr_block_association.this",
            "random_id.cluster-suffix"
          ],
          "create_before_destroy": true
        }
      ]
    },
    {
      "module": "module.vpc",
      "mode": "managed",
      "type": "aws_nat_gateway",
      "name": "this",
      "provider": "provider[\"registry.terraform.io/hashicorp/aws\"]",
      "instances": [
        {
          "index_key": 0,
          "schema_version": 0,
          "attributes": {
            "allocation_id": "eipalloc-0591d12608cd39b30",
            "connectivity_type": "public",
            "id": "nat-0e3d65184c1213044",
            "network_interface_id": "eni-024bc46a638097304",
            "private_ip": "10.0.0.224",
            "public_ip": "35.166.44.30",
            "subnet_id": "subnet-0105a03453ac8a648",
            "tags": {
              "Name": "swimstack-vpc-us-west-2a",
              "kubernetes.io/cluster/swimstack-gg": "shared"
            },
            "tags_all": {
              "Name": "swimstack-vpc-us-west-2a",
              "kubernetes.io/cluster/swimstack-gg": "shared"
            }
          },
          "sensitive_attributes": [],
          "private": "bnVsbA==",
          "dependencies": [
            "data.aws_availability_zones.available",
            "module.vpc.aws_eip.nat",
            "module.vpc.aws_internet_gateway.this",
            "module.vpc.aws_subnet.public",
            "module.vpc.aws_vpc.this",
            "module.vpc.aws_vpc_ipv4_cidr_block_association.this",
            "random_id.cluster-suffix"
          ],
          "create_before_destroy": true
        },
        {
          "index_key": 1,
          "schema_version": 0,
          "attributes": {
            "allocation_id": "eipalloc-07f6393127b7bddca",
            "connectivity_type": "public",
            "id": "nat-062ea84359fa12010",
            "network_interface_id": "eni-0145b2c73426dc3a1",
            "private_ip": "10.0.1.46",
            "public_ip": "54.68.23.226",
            "subnet_id": "subnet-00bf534c39c0358b8",
            "tags": {
              "Name": "swimstack-vpc-us-west-2b",
              "kubernetes.io/cluster/swimstack-gg": "shared"
            },
            "tags_all": {
              "Name": "swimstack-vpc-us-west-2b",
              "kubernetes.io/cluster/swimstack-gg": "shared"
            }
          },
          "sensitive_attributes": [],
          "private": "bnVsbA==",
          "dependencies": [
            "data.aws_availability_zones.available",
            "module.vpc.aws_eip.nat",
            "module.vpc.aws_internet_gateway.this",
            "module.vpc.aws_subnet.public",
            "module.vpc.aws_vpc.this",
            "module.vpc.aws_vpc_ipv4_cidr_block_association.this",
            "random_id.cluster-suffix"
          ],
          "create_before_destroy": true
        },
        {
          "index_key": 2,
          "schema_version": 0,
          "attributes": {
            "allocation_id": "eipalloc-0ce928f97c04043f9",
            "connectivity_type": "public",
            "id": "nat-0cbb42dba5bb13f7d",
            "network_interface_id": "eni-0f55f5298fce7c1ab",
            "private_ip": "10.0.1.122",
            "public_ip": "35.166.188.225",
            "subnet_id": "subnet-04f3854f5bd52cc00",
            "tags": {
              "Name": "swimstack-vpc-us-west-2c",
              "kubernetes.io/cluster/swimstack-gg": "shared"
            },
            "tags_all": {
              "Name": "swimstack-vpc-us-west-2c",
              "kubernetes.io/cluster/swimstack-gg": "shared"
            }
          },
          "sensitive_attributes": [],
          "private": "bnVsbA==",
          "dependencies": [
            "data.aws_availability_zones.available",
            "module.vpc.aws_eip.nat",
            "module.vpc.aws_internet_gateway.this",
            "module.vpc.aws_subnet.public",
            "module.vpc.aws_vpc.this",
            "module.vpc.aws_vpc_ipv4_cidr_block_association.this",
            "random_id.cluster-suffix"
          ],
          "create_before_destroy": true
        }
      ]
    },
    {
      "module": "module.vpc",
      "mode": "managed",
      "type": "aws_route",
      "name": "private_nat_gateway",
      "provider": "provider[\"registry.terraform.io/hashicorp/aws\"]",
      "instances": [
        {
          "index_key": 0,
          "schema_version": 0,
          "attributes": {
            "carrier_gateway_id": "",
            "destination_cidr_block": "0.0.0.0/0",
            "destination_ipv6_cidr_block": "",
            "destination_prefix_list_id": "",
            "egress_only_gateway_id": "",
            "gateway_id": "",
            "id": "r-rtb-00fbeacbd353917781080289494",
            "instance_id": "",
            "instance_owner_id": "",
            "local_gateway_id": "",
            "nat_gateway_id": "nat-0e3d65184c1213044",
            "network_interface_id": "",
            "origin": "CreateRoute",
            "route_table_id": "rtb-00fbeacbd35391778",
            "state": "active",
            "timeouts": {
              "create": "5m",
              "delete": null
            },
            "transit_gateway_id": "",
            "vpc_endpoint_id": "",
            "vpc_peering_connection_id": ""
          },
          "sensitive_attributes": [],
          "private": "eyJlMmJmYjczMC1lY2FhLTExZTYtOGY4OC0zNDM2M2JjN2M0YzAiOnsiY3JlYXRlIjozMDAwMDAwMDAwMDAsImRlbGV0ZSI6MzAwMDAwMDAwMDAwfX0=",
          "dependencies": [
            "data.aws_availability_zones.available",
            "module.vpc.aws_eip.nat",
            "module.vpc.aws_internet_gateway.this",
            "module.vpc.aws_nat_gateway.this",
            "module.vpc.aws_route_table.private",
            "module.vpc.aws_subnet.public",
            "module.vpc.aws_vpc.this",
            "module.vpc.aws_vpc_ipv4_cidr_block_association.this",
            "random_id.cluster-suffix"
          ],
          "create_before_destroy": true
        },
        {
          "index_key": 1,
          "schema_version": 0,
          "attributes": {
            "carrier_gateway_id": "",
            "destination_cidr_block": "0.0.0.0/0",
            "destination_ipv6_cidr_block": "",
            "destination_prefix_list_id": "",
            "egress_only_gateway_id": "",
            "gateway_id": "",
            "id": "r-rtb-0724dce5378c5a9fd1080289494",
            "instance_id": "",
            "instance_owner_id": "",
            "local_gateway_id": "",
            "nat_gateway_id": "nat-062ea84359fa12010",
            "network_interface_id": "",
            "origin": "CreateRoute",
            "route_table_id": "rtb-0724dce5378c5a9fd",
            "state": "active",
            "timeouts": {
              "create": "5m",
              "delete": null
            },
            "transit_gateway_id": "",
            "vpc_endpoint_id": "",
            "vpc_peering_connection_id": ""
          },
          "sensitive_attributes": [],
          "private": "eyJlMmJmYjczMC1lY2FhLTExZTYtOGY4OC0zNDM2M2JjN2M0YzAiOnsiY3JlYXRlIjozMDAwMDAwMDAwMDAsImRlbGV0ZSI6MzAwMDAwMDAwMDAwfX0=",
          "dependencies": [
            "data.aws_availability_zones.available",
            "module.vpc.aws_eip.nat",
            "module.vpc.aws_internet_gateway.this",
            "module.vpc.aws_nat_gateway.this",
            "module.vpc.aws_route_table.private",
            "module.vpc.aws_subnet.public",
            "module.vpc.aws_vpc.this",
            "module.vpc.aws_vpc_ipv4_cidr_block_association.this",
            "random_id.cluster-suffix"
          ],
          "create_before_destroy": true
        },
        {
          "index_key": 2,
          "schema_version": 0,
          "attributes": {
            "carrier_gateway_id": "",
            "destination_cidr_block": "0.0.0.0/0",
            "destination_ipv6_cidr_block": "",
            "destination_prefix_list_id": "",
            "egress_only_gateway_id": "",
            "gateway_id": "",
            "id": "r-rtb-08348ef6d2745ba651080289494",
            "instance_id": "",
            "instance_owner_id": "",
            "local_gateway_id": "",
            "nat_gateway_id": "nat-0cbb42dba5bb13f7d",
            "network_interface_id": "",
            "origin": "CreateRoute",
            "route_table_id": "rtb-08348ef6d2745ba65",
            "state": "active",
            "timeouts": {
              "create": "5m",
              "delete": null
            },
            "transit_gateway_id": "",
            "vpc_endpoint_id": "",
            "vpc_peering_connection_id": ""
          },
          "sensitive_attributes": [],
          "private": "eyJlMmJmYjczMC1lY2FhLTExZTYtOGY4OC0zNDM2M2JjN2M0YzAiOnsiY3JlYXRlIjozMDAwMDAwMDAwMDAsImRlbGV0ZSI6MzAwMDAwMDAwMDAwfX0=",
          "dependencies": [
            "data.aws_availability_zones.available",
            "module.vpc.aws_eip.nat",
            "module.vpc.aws_internet_gateway.this",
            "module.vpc.aws_nat_gateway.this",
            "module.vpc.aws_route_table.private",
            "module.vpc.aws_subnet.public",
            "module.vpc.aws_vpc.this",
            "module.vpc.aws_vpc_ipv4_cidr_block_association.this",
            "random_id.cluster-suffix"
          ],
          "create_before_destroy": true
        }
      ]
    },
    {
      "module": "module.vpc",
      "mode": "managed",
      "type": "aws_route",
      "name": "public_internet_gateway",
      "provider": "provider[\"registry.terraform.io/hashicorp/aws\"]",
      "instances": [
        {
          "index_key": 0,
          "schema_version": 0,
          "attributes": {
            "carrier_gateway_id": "",
            "destination_cidr_block": "0.0.0.0/0",
            "destination_ipv6_cidr_block": "",
            "destination_prefix_list_id": "",
            "egress_only_gateway_id": "",
            "gateway_id": "igw-049b0cbe0a921c12e",
            "id": "r-rtb-0a6895581142cb4751080289494",
            "instance_id": "",
            "instance_owner_id": "",
            "local_gateway_id": "",
            "nat_gateway_id": "",
            "network_interface_id": "",
            "origin": "CreateRoute",
            "route_table_id": "rtb-0a6895581142cb475",
            "state": "active",
            "timeouts": {
              "create": "5m",
              "delete": null
            },
            "transit_gateway_id": "",
            "vpc_endpoint_id": "",
            "vpc_peering_connection_id": ""
          },
          "sensitive_attributes": [],
          "private": "eyJlMmJmYjczMC1lY2FhLTExZTYtOGY4OC0zNDM2M2JjN2M0YzAiOnsiY3JlYXRlIjozMDAwMDAwMDAwMDAsImRlbGV0ZSI6MzAwMDAwMDAwMDAwfX0=",
          "dependencies": [
            "module.vpc.aws_internet_gateway.this",
            "module.vpc.aws_route_table.public",
            "module.vpc.aws_vpc.this",
            "module.vpc.aws_vpc_ipv4_cidr_block_association.this",
            "random_id.cluster-suffix"
          ],
          "create_before_destroy": true
        }
      ]
    },
    {
      "module": "module.vpc",
      "mode": "managed",
      "type": "aws_route_table",
      "name": "private",
      "provider": "provider[\"registry.terraform.io/hashicorp/aws\"]",
      "instances": [
        {
          "index_key": 0,
          "schema_version": 0,
          "attributes": {
            "arn": "arn:aws:ec2:us-west-2:100072912756:route-table/rtb-00fbeacbd35391778",
            "id": "rtb-00fbeacbd35391778",
            "owner_id": "100072912756",
            "propagating_vgws": [],
            "route": [],
            "tags": {
              "Name": "swimstack-vpc-private-us-west-2a",
              "kubernetes.io/cluster/swimstack-gg": "shared"
            },
            "tags_all": {
              "Name": "swimstack-vpc-private-us-west-2a",
              "kubernetes.io/cluster/swimstack-gg": "shared"
            },
            "vpc_id": "vpc-0c7625e0e5fb7aa3d"
          },
          "sensitive_attributes": [],
          "private": "bnVsbA==",
          "dependencies": [
            "data.aws_availability_zones.available",
            "module.vpc.aws_vpc.this",
            "module.vpc.aws_vpc_ipv4_cidr_block_association.this",
            "random_id.cluster-suffix"
          ],
          "create_before_destroy": true
        },
        {
          "index_key": 1,
          "schema_version": 0,
          "attributes": {
            "arn": "arn:aws:ec2:us-west-2:100072912756:route-table/rtb-0724dce5378c5a9fd",
            "id": "rtb-0724dce5378c5a9fd",
            "owner_id": "100072912756",
            "propagating_vgws": [],
            "route": [],
            "tags": {
              "Name": "swimstack-vpc-private-us-west-2b",
              "kubernetes.io/cluster/swimstack-gg": "shared"
            },
            "tags_all": {
              "Name": "swimstack-vpc-private-us-west-2b",
              "kubernetes.io/cluster/swimstack-gg": "shared"
            },
            "vpc_id": "vpc-0c7625e0e5fb7aa3d"
          },
          "sensitive_attributes": [],
          "private": "bnVsbA==",
          "dependencies": [
            "data.aws_availability_zones.available",
            "module.vpc.aws_vpc.this",
            "module.vpc.aws_vpc_ipv4_cidr_block_association.this",
            "random_id.cluster-suffix"
          ],
          "create_before_destroy": true
        },
        {
          "index_key": 2,
          "schema_version": 0,
          "attributes": {
            "arn": "arn:aws:ec2:us-west-2:100072912756:route-table/rtb-08348ef6d2745ba65",
            "id": "rtb-08348ef6d2745ba65",
            "owner_id": "100072912756",
            "propagating_vgws": [],
            "route": [],
            "tags": {
              "Name": "swimstack-vpc-private-us-west-2c",
              "kubernetes.io/cluster/swimstack-gg": "shared"
            },
            "tags_all": {
              "Name": "swimstack-vpc-private-us-west-2c",
              "kubernetes.io/cluster/swimstack-gg": "shared"
            },
            "vpc_id": "vpc-0c7625e0e5fb7aa3d"
          },
          "sensitive_attributes": [],
          "private": "bnVsbA==",
          "dependencies": [
            "data.aws_availability_zones.available",
            "module.vpc.aws_vpc.this",
            "module.vpc.aws_vpc_ipv4_cidr_block_association.this",
            "random_id.cluster-suffix"
          ],
          "create_before_destroy": true
        }
      ]
    },
    {
      "module": "module.vpc",
      "mode": "managed",
      "type": "aws_route_table",
      "name": "public",
      "provider": "provider[\"registry.terraform.io/hashicorp/aws\"]",
      "instances": [
        {
          "index_key": 0,
          "schema_version": 0,
          "attributes": {
            "arn": "arn:aws:ec2:us-west-2:100072912756:route-table/rtb-0a6895581142cb475",
            "id": "rtb-0a6895581142cb475",
            "owner_id": "100072912756",
            "propagating_vgws": [],
            "route": [],
            "tags": {
              "Name": "swimstack-vpc-public",
              "kubernetes.io/cluster/swimstack-gg": "shared"
            },
            "tags_all": {
              "Name": "swimstack-vpc-public",
              "kubernetes.io/cluster/swimstack-gg": "shared"
            },
            "vpc_id": "vpc-0c7625e0e5fb7aa3d"
          },
          "sensitive_attributes": [],
          "private": "bnVsbA==",
          "dependencies": [
            "module.vpc.aws_vpc.this",
            "module.vpc.aws_vpc_ipv4_cidr_block_association.this",
            "random_id.cluster-suffix"
          ],
          "create_before_destroy": true
        }
      ]
    },
    {
      "module": "module.vpc",
      "mode": "managed",
      "type": "aws_route_table_association",
      "name": "private",
      "provider": "provider[\"registry.terraform.io/hashicorp/aws\"]",
      "instances": [
        {
          "index_key": 0,
          "schema_version": 0,
          "attributes": {
            "gateway_id": "",
            "id": "rtbassoc-0686a98da3a488f39",
            "route_table_id": "rtb-00fbeacbd35391778",
            "subnet_id": "subnet-079e8836120f76834"
          },
          "sensitive_attributes": [],
          "private": "bnVsbA==",
          "dependencies": [
            "data.aws_availability_zones.available",
            "module.vpc.aws_route_table.private",
            "module.vpc.aws_subnet.private",
            "module.vpc.aws_vpc.this",
            "module.vpc.aws_vpc_ipv4_cidr_block_association.this",
            "random_id.cluster-suffix"
          ],
          "create_before_destroy": true
        },
        {
          "index_key": 1,
          "schema_version": 0,
          "attributes": {
            "gateway_id": "",
            "id": "rtbassoc-0eeb463c7055f3b0f",
            "route_table_id": "rtb-0724dce5378c5a9fd",
            "subnet_id": "subnet-01c46ab3e5c4279d2"
          },
          "sensitive_attributes": [],
          "private": "bnVsbA==",
          "dependencies": [
            "data.aws_availability_zones.available",
            "module.vpc.aws_route_table.private",
            "module.vpc.aws_subnet.private",
            "module.vpc.aws_vpc.this",
            "module.vpc.aws_vpc_ipv4_cidr_block_association.this",
            "random_id.cluster-suffix"
          ],
          "create_before_destroy": true
        },
        {
          "index_key": 2,
          "schema_version": 0,
          "attributes": {
            "gateway_id": "",
            "id": "rtbassoc-0551b7419bfe557aa",
            "route_table_id": "rtb-08348ef6d2745ba65",
            "subnet_id": "subnet-0c3747b32ff3d9c54"
          },
          "sensitive_attributes": [],
          "private": "bnVsbA==",
          "dependencies": [
            "data.aws_availability_zones.available",
            "module.vpc.aws_route_table.private",
            "module.vpc.aws_subnet.private",
            "module.vpc.aws_vpc.this",
            "module.vpc.aws_vpc_ipv4_cidr_block_association.this",
            "random_id.cluster-suffix"
          ],
          "create_before_destroy": true
        }
      ]
    },
    {
      "module": "module.vpc",
      "mode": "managed",
      "type": "aws_route_table_association",
      "name": "public",
      "provider": "provider[\"registry.terraform.io/hashicorp/aws\"]",
      "instances": [
        {
          "index_key": 0,
          "schema_version": 0,
          "attributes": {
            "gateway_id": "",
            "id": "rtbassoc-0059119b415004223",
            "route_table_id": "rtb-0a6895581142cb475",
            "subnet_id": "subnet-0105a03453ac8a648"
          },
          "sensitive_attributes": [],
          "private": "bnVsbA==",
          "dependencies": [
            "data.aws_availability_zones.available",
            "module.vpc.aws_route_table.public",
            "module.vpc.aws_subnet.public",
            "module.vpc.aws_vpc.this",
            "module.vpc.aws_vpc_ipv4_cidr_block_association.this",
            "random_id.cluster-suffix"
          ],
          "create_before_destroy": true
        },
        {
          "index_key": 1,
          "schema_version": 0,
          "attributes": {
            "gateway_id": "",
            "id": "rtbassoc-0766bf958293bccc2",
            "route_table_id": "rtb-0a6895581142cb475",
            "subnet_id": "subnet-00bf534c39c0358b8"
          },
          "sensitive_attributes": [],
          "private": "bnVsbA==",
          "dependencies": [
            "data.aws_availability_zones.available",
            "module.vpc.aws_route_table.public",
            "module.vpc.aws_subnet.public",
            "module.vpc.aws_vpc.this",
            "module.vpc.aws_vpc_ipv4_cidr_block_association.this",
            "random_id.cluster-suffix"
          ],
          "create_before_destroy": true
        },
        {
          "index_key": 2,
          "schema_version": 0,
          "attributes": {
            "gateway_id": "",
            "id": "rtbassoc-0fc0b3c514757d4b7",
            "route_table_id": "rtb-0a6895581142cb475",
            "subnet_id": "subnet-04f3854f5bd52cc00"
          },
          "sensitive_attributes": [],
          "private": "bnVsbA==",
          "dependencies": [
            "data.aws_availability_zones.available",
            "module.vpc.aws_route_table.public",
            "module.vpc.aws_subnet.public",
            "module.vpc.aws_vpc.this",
            "module.vpc.aws_vpc_ipv4_cidr_block_association.this",
            "random_id.cluster-suffix"
          ],
          "create_before_destroy": true
        }
      ]
    },
    {
      "module": "module.vpc",
      "mode": "managed",
      "type": "aws_subnet",
      "name": "private",
      "provider": "provider[\"registry.terraform.io/hashicorp/aws\"]",
      "instances": [
        {
          "index_key": 0,
          "schema_version": 1,
          "attributes": {
            "arn": "arn:aws:ec2:us-west-2:100072912756:subnet/subnet-079e8836120f76834",
            "assign_ipv6_address_on_creation": false,
            "availability_zone": "us-west-2a",
            "availability_zone_id": "usw2-az2",
            "cidr_block": "10.0.0.0/26",
            "customer_owned_ipv4_pool": "",
            "id": "subnet-079e8836120f76834",
            "ipv6_cidr_block": "",
            "ipv6_cidr_block_association_id": "",
            "map_customer_owned_ip_on_launch": false,
            "map_public_ip_on_launch": false,
            "outpost_arn": "",
            "owner_id": "100072912756",
            "tags": {
              "Name": "swimstack-vpc-private-us-west-2a",
              "kubernetes.io/cluster/swimstack-gg": "shared",
              "kubernetes.io/role/internal-elb": "1"
            },
            "tags_all": {
              "Name": "swimstack-vpc-private-us-west-2a",
              "kubernetes.io/cluster/swimstack-gg": "shared",
              "kubernetes.io/role/internal-elb": "1"
            },
            "timeouts": null,
            "vpc_id": "vpc-0c7625e0e5fb7aa3d"
          },
          "sensitive_attributes": [],
          "private": "eyJlMmJmYjczMC1lY2FhLTExZTYtOGY4OC0zNDM2M2JjN2M0YzAiOnsiY3JlYXRlIjo2MDAwMDAwMDAwMDAsImRlbGV0ZSI6MTIwMDAwMDAwMDAwMH0sInNjaGVtYV92ZXJzaW9uIjoiMSJ9",
          "dependencies": [
            "data.aws_availability_zones.available",
            "module.vpc.aws_vpc.this",
            "module.vpc.aws_vpc_ipv4_cidr_block_association.this",
            "random_id.cluster-suffix"
          ],
          "create_before_destroy": true
        },
        {
          "index_key": 1,
          "schema_version": 1,
          "attributes": {
            "arn": "arn:aws:ec2:us-west-2:100072912756:subnet/subnet-01c46ab3e5c4279d2",
            "assign_ipv6_address_on_creation": false,
            "availability_zone": "us-west-2b",
            "availability_zone_id": "usw2-az1",
            "cidr_block": "10.0.0.64/26",
            "customer_owned_ipv4_pool": "",
            "id": "subnet-01c46ab3e5c4279d2",
            "ipv6_cidr_block": "",
            "ipv6_cidr_block_association_id": "",
            "map_customer_owned_ip_on_launch": false,
            "map_public_ip_on_launch": false,
            "outpost_arn": "",
            "owner_id": "100072912756",
            "tags": {
              "Name": "swimstack-vpc-private-us-west-2b",
              "kubernetes.io/cluster/swimstack-gg": "shared",
              "kubernetes.io/role/internal-elb": "1"
            },
            "tags_all": {
              "Name": "swimstack-vpc-private-us-west-2b",
              "kubernetes.io/cluster/swimstack-gg": "shared",
              "kubernetes.io/role/internal-elb": "1"
            },
            "timeouts": null,
            "vpc_id": "vpc-0c7625e0e5fb7aa3d"
          },
          "sensitive_attributes": [],
          "private": "eyJlMmJmYjczMC1lY2FhLTExZTYtOGY4OC0zNDM2M2JjN2M0YzAiOnsiY3JlYXRlIjo2MDAwMDAwMDAwMDAsImRlbGV0ZSI6MTIwMDAwMDAwMDAwMH0sInNjaGVtYV92ZXJzaW9uIjoiMSJ9",
          "dependencies": [
            "data.aws_availability_zones.available",
            "module.vpc.aws_vpc.this",
            "module.vpc.aws_vpc_ipv4_cidr_block_association.this",
            "random_id.cluster-suffix"
          ],
          "create_before_destroy": true
        },
        {
          "index_key": 2,
          "schema_version": 1,
          "attributes": {
            "arn": "arn:aws:ec2:us-west-2:100072912756:subnet/subnet-0c3747b32ff3d9c54",
            "assign_ipv6_address_on_creation": false,
            "availability_zone": "us-west-2c",
            "availability_zone_id": "usw2-az3",
            "cidr_block": "10.0.0.128/26",
            "customer_owned_ipv4_pool": "",
            "id": "subnet-0c3747b32ff3d9c54",
            "ipv6_cidr_block": "",
            "ipv6_cidr_block_association_id": "",
            "map_customer_owned_ip_on_launch": false,
            "map_public_ip_on_launch": false,
            "outpost_arn": "",
            "owner_id": "100072912756",
            "tags": {
              "Name": "swimstack-vpc-private-us-west-2c",
              "kubernetes.io/cluster/swimstack-gg": "shared",
              "kubernetes.io/role/internal-elb": "1"
            },
            "tags_all": {
              "Name": "swimstack-vpc-private-us-west-2c",
              "kubernetes.io/cluster/swimstack-gg": "shared",
              "kubernetes.io/role/internal-elb": "1"
            },
            "timeouts": null,
            "vpc_id": "vpc-0c7625e0e5fb7aa3d"
          },
          "sensitive_attributes": [],
          "private": "eyJlMmJmYjczMC1lY2FhLTExZTYtOGY4OC0zNDM2M2JjN2M0YzAiOnsiY3JlYXRlIjo2MDAwMDAwMDAwMDAsImRlbGV0ZSI6MTIwMDAwMDAwMDAwMH0sInNjaGVtYV92ZXJzaW9uIjoiMSJ9",
          "dependencies": [
            "data.aws_availability_zones.available",
            "module.vpc.aws_vpc.this",
            "module.vpc.aws_vpc_ipv4_cidr_block_association.this",
            "random_id.cluster-suffix"
          ],
          "create_before_destroy": true
        }
      ]
    },
    {
      "module": "module.vpc",
      "mode": "managed",
      "type": "aws_subnet",
      "name": "public",
      "provider": "provider[\"registry.terraform.io/hashicorp/aws\"]",
      "instances": [
        {
          "index_key": 0,
          "schema_version": 1,
          "attributes": {
            "arn": "arn:aws:ec2:us-west-2:100072912756:subnet/subnet-0105a03453ac8a648",
            "assign_ipv6_address_on_creation": false,
            "availability_zone": "us-west-2a",
            "availability_zone_id": "usw2-az2",
            "cidr_block": "10.0.0.192/26",
            "customer_owned_ipv4_pool": "",
            "id": "subnet-0105a03453ac8a648",
            "ipv6_cidr_block": "",
            "ipv6_cidr_block_association_id": "",
            "map_customer_owned_ip_on_launch": false,
            "map_public_ip_on_launch": true,
            "outpost_arn": "",
            "owner_id": "100072912756",
            "tags": {
              "Name": "swimstack-vpc-public-us-west-2a",
              "kubernetes.io/cluster/swimstack-gg": "shared",
              "kubernetes.io/role/elb": "1"
            },
            "tags_all": {
              "Name": "swimstack-vpc-public-us-west-2a",
              "kubernetes.io/cluster/swimstack-gg": "shared",
              "kubernetes.io/role/elb": "1"
            },
            "timeouts": null,
            "vpc_id": "vpc-0c7625e0e5fb7aa3d"
          },
          "sensitive_attributes": [],
          "private": "eyJlMmJmYjczMC1lY2FhLTExZTYtOGY4OC0zNDM2M2JjN2M0YzAiOnsiY3JlYXRlIjo2MDAwMDAwMDAwMDAsImRlbGV0ZSI6MTIwMDAwMDAwMDAwMH0sInNjaGVtYV92ZXJzaW9uIjoiMSJ9",
          "dependencies": [
            "data.aws_availability_zones.available",
            "module.vpc.aws_vpc.this",
            "module.vpc.aws_vpc_ipv4_cidr_block_association.this",
            "random_id.cluster-suffix"
          ],
          "create_before_destroy": true
        },
        {
          "index_key": 1,
          "schema_version": 1,
          "attributes": {
            "arn": "arn:aws:ec2:us-west-2:100072912756:subnet/subnet-00bf534c39c0358b8",
            "assign_ipv6_address_on_creation": false,
            "availability_zone": "us-west-2b",
            "availability_zone_id": "usw2-az1",
            "cidr_block": "10.0.1.0/26",
            "customer_owned_ipv4_pool": "",
            "id": "subnet-00bf534c39c0358b8",
            "ipv6_cidr_block": "",
            "ipv6_cidr_block_association_id": "",
            "map_customer_owned_ip_on_launch": false,
            "map_public_ip_on_launch": true,
            "outpost_arn": "",
            "owner_id": "100072912756",
            "tags": {
              "Name": "swimstack-vpc-public-us-west-2b",
              "kubernetes.io/cluster/swimstack-gg": "shared",
              "kubernetes.io/role/elb": "1"
            },
            "tags_all": {
              "Name": "swimstack-vpc-public-us-west-2b",
              "kubernetes.io/cluster/swimstack-gg": "shared",
              "kubernetes.io/role/elb": "1"
            },
            "timeouts": null,
            "vpc_id": "vpc-0c7625e0e5fb7aa3d"
          },
          "sensitive_attributes": [],
          "private": "eyJlMmJmYjczMC1lY2FhLTExZTYtOGY4OC0zNDM2M2JjN2M0YzAiOnsiY3JlYXRlIjo2MDAwMDAwMDAwMDAsImRlbGV0ZSI6MTIwMDAwMDAwMDAwMH0sInNjaGVtYV92ZXJzaW9uIjoiMSJ9",
          "dependencies": [
            "data.aws_availability_zones.available",
            "module.vpc.aws_vpc.this",
            "module.vpc.aws_vpc_ipv4_cidr_block_association.this",
            "random_id.cluster-suffix"
          ],
          "create_before_destroy": true
        },
        {
          "index_key": 2,
          "schema_version": 1,
          "attributes": {
            "arn": "arn:aws:ec2:us-west-2:100072912756:subnet/subnet-04f3854f5bd52cc00",
            "assign_ipv6_address_on_creation": false,
            "availability_zone": "us-west-2c",
            "availability_zone_id": "usw2-az3",
            "cidr_block": "10.0.1.64/26",
            "customer_owned_ipv4_pool": "",
            "id": "subnet-04f3854f5bd52cc00",
            "ipv6_cidr_block": "",
            "ipv6_cidr_block_association_id": "",
            "map_customer_owned_ip_on_launch": false,
            "map_public_ip_on_launch": true,
            "outpost_arn": "",
            "owner_id": "100072912756",
            "tags": {
              "Name": "swimstack-vpc-public-us-west-2c",
              "kubernetes.io/cluster/swimstack-gg": "shared",
              "kubernetes.io/role/elb": "1"
            },
            "tags_all": {
              "Name": "swimstack-vpc-public-us-west-2c",
              "kubernetes.io/cluster/swimstack-gg": "shared",
              "kubernetes.io/role/elb": "1"
            },
            "timeouts": null,
            "vpc_id": "vpc-0c7625e0e5fb7aa3d"
          },
          "sensitive_attributes": [],
          "private": "eyJlMmJmYjczMC1lY2FhLTExZTYtOGY4OC0zNDM2M2JjN2M0YzAiOnsiY3JlYXRlIjo2MDAwMDAwMDAwMDAsImRlbGV0ZSI6MTIwMDAwMDAwMDAwMH0sInNjaGVtYV92ZXJzaW9uIjoiMSJ9",
          "dependencies": [
            "data.aws_availability_zones.available",
            "module.vpc.aws_vpc.this",
            "module.vpc.aws_vpc_ipv4_cidr_block_association.this",
            "random_id.cluster-suffix"
          ],
          "create_before_destroy": true
        }
      ]
    },
    {
      "module": "module.vpc",
      "mode": "managed",
      "type": "aws_vpc",
      "name": "this",
      "provider": "provider[\"registry.terraform.io/hashicorp/aws\"]",
      "instances": [
        {
          "index_key": 0,
          "schema_version": 1,
          "attributes": {
            "arn": "arn:aws:ec2:us-west-2:100072912756:vpc/vpc-0c7625e0e5fb7aa3d",
            "assign_generated_ipv6_cidr_block": false,
            "cidr_block": "10.0.0.0/22",
            "default_network_acl_id": "acl-0a791f7307d9004bb",
            "default_route_table_id": "rtb-07d8aa77c1496a309",
            "default_security_group_id": "sg-040c77711f533bc95",
            "dhcp_options_id": "dopt-0d12a25b4fd789cd3",
            "enable_classiclink": false,
            "enable_classiclink_dns_support": false,
            "enable_dns_hostnames": true,
            "enable_dns_support": true,
            "id": "vpc-0c7625e0e5fb7aa3d",
            "instance_tenancy": "default",
            "ipv6_association_id": "",
            "ipv6_cidr_block": "",
            "main_route_table_id": "rtb-07d8aa77c1496a309",
            "owner_id": "100072912756",
            "tags": {
              "Name": "swimstack-vpc",
              "kubernetes.io/cluster/swimstack-gg": "shared"
            },
            "tags_all": {
              "Name": "swimstack-vpc",
              "kubernetes.io/cluster/swimstack-gg": "shared"
            }
          },
          "sensitive_attributes": [],
          "private": "eyJzY2hlbWFfdmVyc2lvbiI6IjEifQ==",
          "dependencies": [
            "random_id.cluster-suffix"
          ],
          "create_before_destroy": true
        }
      ]
    }
  ]
}
