{
  "version": 4,
  "terraform_version": "1.0.7",
  "serial": 368,
  "lineage": "b3d9bd55-0c54-034f-947e-eee3294b0dea",
  "outputs": {},
  "resources": [
    {
      "mode": "data",
      "type": "aws_availability_zones",
      "name": "available",
      "provider": "provider[\"registry.terraform.io/hashicorp/aws\"]",
      "instances": [
        {
          "schema_version": 0,
          "attributes": {
            "all_availability_zones": null,
            "exclude_names": null,
            "exclude_zone_ids": null,
            "filter": null,
            "group_names": [
              "us-west-2"
            ],
            "id": "us-west-2",
            "names": [
              "us-west-2a",
              "us-west-2b",
              "us-west-2c",
              "us-west-2d"
            ],
            "state": null,
            "zone_ids": [
              "usw2-az2",
              "usw2-az1",
              "usw2-az3",
              "usw2-az4"
            ]
          },
          "sensitive_attributes": []
        }
      ]
    },
    {
      "mode": "data",
      "type": "aws_eks_cluster",
      "name": "cluster",
      "provider": "provider[\"registry.terraform.io/hashicorp/aws\"]",
      "instances": [
        {
          "schema_version": 0,
          "attributes": {
            "arn": "arn:aws:eks:us-west-2:100072912756:cluster/swimstack-9w",
            "certificate_authority": [
              {
                "data": "LS0tLS1CRUdJTiBDRVJUSUZJQ0FURS0tLS0tCk1JSUM1ekNDQWMrZ0F3SUJBZ0lCQURBTkJna3Foa2lHOXcwQkFRc0ZBREFWTVJNd0VRWURWUVFERXdwcmRXSmwKY201bGRHVnpNQjRYRFRJeE1Ea3lNekE0TXpFd00xb1hEVE14TURreU1UQTRNekV3TTFvd0ZURVRNQkVHQTFVRQpBeE1LYTNWaVpYSnVaWFJsY3pDQ0FTSXdEUVlKS29aSWh2Y05BUUVCQlFBRGdnRVBBRENDQVFvQ2dnRUJBSjZzClVyQTBCbHRPc1dkMFo5TTRSNk01c251MmgzY0liQ1B0UGhEWENwZlB0andiZHI3cEVxT1NRVmMza0Q1aWFpYWMKV2RkTGI0bitENlBDRHBpZEtwVEpXbUlkSlg5SEtCelFJVGg0dWoyQXpFMXk4Nk12Z3A3dUEzcE1XYVVRdU5CLworRUxoczJiVjRoRnNDY2dtbnBYK1p5VDN0U0N5bWgydXZPeHR6bjVIT0pVbkhQeUUrcDhtQ1ZDTGdOeE5sQ1kwCmQrdWdVZFBNNzYxdHJkLzBVNUxJeXRRWE9rL0IvRHhKVlVLWnEzdFFIeFRZVjVFMFp0citWRURXYUJLTmtOMk4KYXFUS2ZtMG1HMzZ0L2VrdG55V3BtMFNhNFlvSnNXdW43Wnd3VjFlcHlzc2JDRDJFZlFLS1lCbnpnUzRUMEZ1WgpGeGkvcDEwOGNUNDNST05tS2tzQ0F3RUFBYU5DTUVBd0RnWURWUjBQQVFIL0JBUURBZ0trTUE4R0ExVWRFd0VCCi93UUZNQU1CQWY4d0hRWURWUjBPQkJZRUZHRVhIQTVjQ3BtNHpXZWxscmlCODl3TlpVcndNQTBHQ1NxR1NJYjMKRFFFQkN3VUFBNElCQVFBdHpUYU1JTUNHZkp5Qi9Db0ZxbmpSeHdpSWxtTGlnQ1M5OVRTY2I4bjBvWi9UUXE5NwpaYjFSL3FEcmF2ekpjczFRWUlYajhzcmh6ekxwRGpJajZWZUJ5emZ0ZzBPMG5RQmdsY2R1RWhKcG83ZW9YYmlNCjFCSUtlYm55aDZja09Pc2RnWXZ0UkJudTl2V0FoNUllcDJocVNhbTNORUxvQUlrY0d4aW1ZNjJrM2paSkIxYTIKZFp3NnhGL2oyUlQ4UnNSbDZQVkcrNlRoaU1nb1p2REFyckpmam9YdDVsV2FtWXRXNlhIYWR6a0plVzcrZlhTVwpONlVnOTNhb3ZKQmtuMW5ZalIzeGYrK0doU0ZkZzNELzJWYkhVRjBtR0VteW14RGZWcUVTTnVnRHJPYnlpM3FXCkhjWFo3TmVzVGVMQU5wYjBtdzZ1RFgvOU1uQ0VpQmxnTzIvWgotLS0tLUVORCBDRVJUSUZJQ0FURS0tLS0tCg=="
              }
            ],
            "created_at": "2021-09-23 08:24:01.757 +0000 UTC",
            "enabled_cluster_log_types": [],
            "endpoint": "https://C1C20886D6CA4A064166CE36EE56B820.gr7.us-west-2.eks.amazonaws.com",
            "id": "swimstack-9w",
            "identity": [
              {
                "oidc": [
                  {
                    "issuer": "https://oidc.eks.us-west-2.amazonaws.com/id/C1C20886D6CA4A064166CE36EE56B820"
                  }
                ]
              }
            ],
            "kubernetes_network_config": [
              {
                "service_ipv4_cidr": "172.20.0.0/16"
              }
            ],
            "name": "swimstack-9w",
            "platform_version": "eks.2",
            "role_arn": "arn:aws:iam::100072912756:role/swimstack-9w20210923082342318500000001",
            "status": "ACTIVE",
            "tags": {
              "Environment": "swimstack"
            },
            "version": "1.21",
            "vpc_config": [
              {
                "cluster_security_group_id": "sg-0a97e3465d94982d1",
                "endpoint_private_access": false,
                "endpoint_public_access": true,
                "public_access_cidrs": [
                  "0.0.0.0/0"
                ],
                "security_group_ids": [
                  "sg-037b3620500416525"
                ],
                "subnet_ids": [
                  "subnet-027e5553507c29a17",
                  "subnet-03a3851a5baed0a8c",
                  "subnet-06d2fd1c45c8ef2fb"
                ],
                "vpc_id": "vpc-0d6152ccf164a00c2"
              }
            ]
          },
          "sensitive_attributes": []
        }
      ]
    },
    {
      "mode": "data",
      "type": "aws_eks_cluster_auth",
      "name": "cluster",
      "provider": "provider[\"registry.terraform.io/hashicorp/aws\"]",
      "instances": [
        {
          "schema_version": 0,
          "attributes": {
            "id": "swimstack-9w",
            "name": "swimstack-9w",
            "token": "k8s-aws-v1.aHR0cHM6Ly9zdHMuYW1hem9uYXdzLmNvbS8_QWN0aW9uPUdldENhbGxlcklkZW50aXR5JlZlcnNpb249MjAxMS0wNi0xNSZYLUFtei1BbGdvcml0aG09QVdTNC1ITUFDLVNIQTI1NiZYLUFtei1DcmVkZW50aWFsPUFLSUFST1RHUE81MkJIREZYUVVSJTJGMjAyMTA5MjMlMkZ1cy1lYXN0LTElMkZzdHMlMkZhd3M0X3JlcXVlc3QmWC1BbXotRGF0ZT0yMDIxMDkyM1QwOTQ1NTFaJlgtQW16LUV4cGlyZXM9MCZYLUFtei1TaWduZWRIZWFkZXJzPWhvc3QlM0J4LWs4cy1hd3MtaWQmWC1BbXotU2lnbmF0dXJlPWQ5ZWZiNWJmZTZjZDIzM2Q1YTlhMTAxZjZlY2MxOGQzMmVmNzM0MTAxMDAzNmRmN2ZmMDY1NjY5MzJlMDk2ZDg"
          },
          "sensitive_attributes": []
        }
      ]
    },
    {
      "mode": "managed",
      "type": "aws_ecr_repository",
      "name": "devops-practical",
      "provider": "provider[\"registry.terraform.io/hashicorp/aws\"]",
      "instances": [
        {
          "schema_version": 0,
          "attributes": {
            "arn": "arn:aws:ecr:us-west-2:100072912756:repository/devops-practical",
            "encryption_configuration": [
              {
                "encryption_type": "AES256",
                "kms_key": ""
              }
            ],
            "id": "devops-practical",
            "image_scanning_configuration": [
              {
                "scan_on_push": true
              }
            ],
            "image_tag_mutability": "MUTABLE",
            "name": "devops-practical",
            "registry_id": "100072912756",
            "repository_url": "100072912756.dkr.ecr.us-west-2.amazonaws.com/devops-practical",
            "tags": {},
            "tags_all": {},
            "timeouts": null
          },
          "sensitive_attributes": [],
          "private": "eyJlMmJmYjczMC1lY2FhLTExZTYtOGY4OC0zNDM2M2JjN2M0YzAiOnsiZGVsZXRlIjoxMjAwMDAwMDAwMDAwfX0="
        }
      ]
    },
    {
      "mode": "managed",
      "type": "helm_release",
      "name": "ingress-nginx",
      "provider": "provider[\"registry.terraform.io/hashicorp/helm\"]",
      "instances": [
        {
          "schema_version": 0,
          "attributes": {
            "atomic": false,
            "chart": "ingress-nginx",
            "cleanup_on_fail": false,
            "create_namespace": false,
            "dependency_update": false,
            "description": null,
            "devel": null,
            "disable_crd_hooks": false,
            "disable_openapi_validation": false,
            "disable_webhooks": false,
            "force_update": false,
            "id": "ingress-nginx",
            "keyring": null,
            "lint": false,
            "manifest": null,
            "max_history": 0,
            "metadata": [
              {
                "app_version": "1.0.1",
                "chart": "ingress-nginx",
                "name": "ingress-nginx",
                "namespace": "default",
                "revision": 1,
                "values": "null",
                "version": "4.0.2"
              }
            ],
            "name": "ingress-nginx",
            "namespace": "default",
            "postrender": [],
            "recreate_pods": false,
            "render_subchart_notes": true,
            "replace": false,
            "repository": "https://kubernetes.github.io/ingress-nginx",
            "repository_ca_file": null,
            "repository_cert_file": null,
            "repository_key_file": null,
            "repository_password": null,
            "repository_username": null,
            "reset_values": false,
            "reuse_values": false,
            "set": [],
            "set_sensitive": [],
            "skip_crds": false,
            "status": "deployed",
            "timeout": 300,
            "values": null,
            "verify": false,
            "version": "4.0.2",
            "wait": true,
            "wait_for_jobs": false
          },
          "sensitive_attributes": [],
          "private": "bnVsbA==",
          "dependencies": [
            "data.aws_eks_cluster.cluster",
            "module.eks.aws_iam_role_policy_attachment.cluster_AmazonEKSServicePolicy",
            "module.eks.aws_iam_role_policy_attachment.workers_AmazonEKSWorkerNodePolicy",
            "module.eks.module.fargate.data.aws_iam_role.custom_fargate_iam_role",
            "module.eks.aws_security_group_rule.cluster_egress_internet",
            "module.eks.data.aws_partition.current",
            "module.eks.aws_iam_instance_profile.workers",
            "module.eks.aws_iam_openid_connect_provider.oidc_provider",
            "module.eks.data.aws_iam_role.custom_cluster_iam_role",
            "module.eks.data.http.wait_for_cluster",
            "module.eks.kubernetes_config_map.aws_auth",
            "data.aws_eks_cluster_auth.cluster",
            "module.eks.aws_security_group_rule.workers_ingress_self",
            "module.eks.data.aws_iam_instance_profile.custom_worker_group_iam_instance_profile",
            "module.eks.module.node_groups.aws_launch_template.workers",
            "module.eks.aws_iam_policy.cluster_elb_sl_role_creation",
            "module.eks.aws_iam_role.cluster",
            "module.eks.aws_iam_role_policy_attachment.cluster_AmazonEKSClusterPolicy",
            "module.eks.aws_security_group_rule.workers_egress_internet",
            "module.eks.data.aws_iam_instance_profile.custom_worker_group_launch_template_iam_instance_profile",
            "module.eks.module.fargate.data.aws_partition.current",
            "module.eks.aws_eks_cluster.this",
            "module.eks.aws_security_group_rule.cluster_private_access_cidrs_source",
            "module.eks.module.fargate.aws_eks_fargate_profile.this",
            "module.eks.module.fargate.data.aws_iam_policy_document.eks_fargate_pod_assume_role",
            "module.eks.module.node_groups.aws_eks_node_group.workers",
            "module.eks.aws_iam_role_policy_attachment.workers_AmazonEC2ContainerRegistryReadOnly",
            "module.eks.aws_launch_configuration.workers",
            "random_id.cluster-suffix",
            "module.eks.data.aws_iam_policy_document.workers_assume_role_policy",
            "module.eks.aws_iam_role_policy_attachment.workers_additional_policies",
            "module.eks.data.aws_iam_policy_document.cluster_elb_sl_role_creation",
            "module.eks.module.fargate.aws_iam_role.eks_fargate_pod",
            "module.eks.module.node_groups.data.cloudinit_config.workers_userdata",
            "module.eks.aws_security_group_rule.workers_ingress_cluster_https",
            "module.eks.data.aws_caller_identity.current",
            "module.eks.aws_iam_instance_profile.workers_launch_template",
            "module.eks.aws_iam_role_policy_attachment.cluster_AmazonEKSVPCResourceControllerPolicy",
            "module.eks.aws_iam_role_policy_attachment.workers_AmazonEKS_CNI_Policy",
            "module.eks.aws_security_group_rule.cluster_https_worker_ingress",
            "module.eks.aws_security_group_rule.cluster_primary_ingress_workers",
            "module.eks.aws_security_group_rule.workers_ingress_cluster",
            "module.eks.data.aws_iam_policy_document.cluster_assume_role_policy",
            "module.vpc.aws_vpc.this",
            "module.eks.aws_autoscaling_group.workers",
            "module.eks.aws_autoscaling_group.workers_launch_template",
            "module.eks.data.aws_ami.eks_worker",
            "module.eks.aws_iam_role_policy_attachment.cluster_elb_sl_role_creation",
            "module.eks.aws_security_group.cluster",
            "module.eks.module.fargate.aws_iam_role_policy_attachment.eks_fargate_pod",
            "module.eks.aws_security_group.workers",
            "module.eks.aws_security_group_rule.workers_ingress_cluster_kubelet",
            "data.aws_availability_zones.available",
            "module.eks.aws_iam_role.workers",
            "module.eks.aws_security_group_rule.cluster_private_access_sg_source",
            "module.eks.aws_security_group_rule.workers_ingress_cluster_primary",
            "module.vpc.aws_vpc_ipv4_cidr_block_association.this",
            "module.eks.aws_cloudwatch_log_group.this",
            "module.eks.data.aws_ami.eks_worker_windows",
            "module.eks.local_file.kubeconfig",
            "module.eks.aws_launch_template.workers_launch_template",
            "module.vpc.aws_subnet.private"
          ]
        }
      ]
    },
    {
      "mode": "managed",
      "type": "helm_release",
      "name": "letsencrypt",
      "provider": "provider[\"registry.terraform.io/hashicorp/helm\"]",
      "instances": [
        {
          "schema_version": 0,
          "attributes": {
            "atomic": false,
            "chart": "./letsencrypt",
            "cleanup_on_fail": false,
            "create_namespace": false,
            "dependency_update": false,
            "description": null,
            "devel": null,
            "disable_crd_hooks": false,
            "disable_openapi_validation": false,
            "disable_webhooks": false,
            "force_update": false,
            "id": "letsencrypt",
            "keyring": null,
            "lint": false,
            "manifest": null,
            "max_history": 0,
            "metadata": [
              {
                "app_version": "1.16.0",
                "chart": "letsencrypt",
                "name": "letsencrypt",
                "namespace": "swimlane",
                "revision": 2,
                "values": "null",
                "version": "0.1.0"
              }
            ],
            "name": "letsencrypt",
            "namespace": "swimlane",
            "postrender": [],
            "recreate_pods": false,
            "render_subchart_notes": true,
            "replace": false,
            "repository": null,
            "repository_ca_file": null,
            "repository_cert_file": null,
            "repository_key_file": null,
            "repository_password": null,
            "repository_username": null,
            "reset_values": false,
            "reuse_values": false,
            "set": [],
            "set_sensitive": [],
            "skip_crds": false,
            "status": "deployed",
            "timeout": 300,
            "values": null,
            "verify": false,
            "version": "0.1.0",
            "wait": true,
            "wait_for_jobs": false
          },
          "sensitive_attributes": [],
          "private": "bnVsbA==",
          "dependencies": [
            "module.eks.data.aws_iam_role.custom_cluster_iam_role",
            "module.eks.aws_security_group_rule.cluster_https_worker_ingress",
            "module.eks.data.http.wait_for_cluster",
            "module.cert_manager.kubernetes_namespace.cert_manager",
            "module.cert_manager.time_sleep.wait",
            "module.eks.aws_security_group_rule.cluster_egress_internet",
            "module.eks.aws_security_group_rule.cluster_private_access_cidrs_source",
            "data.aws_availability_zones.available",
            "module.eks.aws_security_group.workers",
            "module.eks.aws_iam_role_policy_attachment.cluster_AmazonEKSServicePolicy",
            "data.aws_eks_cluster_auth.cluster",
            "module.eks.aws_iam_role_policy_attachment.cluster_AmazonEKSVPCResourceControllerPolicy",
            "module.eks.aws_security_group.cluster",
            "module.eks.aws_security_group_rule.cluster_private_access_sg_source",
            "module.eks.data.aws_iam_policy_document.cluster_assume_role_policy",
            "data.aws_eks_cluster.cluster",
            "module.cert_manager.kubectl_manifest.cluster_issuer",
            "module.eks.aws_eks_cluster.this",
            "module.eks.aws_iam_role_policy_attachment.cluster_AmazonEKSClusterPolicy",
            "module.eks.data.aws_partition.current",
            "module.vpc.aws_subnet.private",
            "random_id.cluster-suffix",
            "module.cert_manager.helm_release.cert_manager",
            "module.eks.aws_cloudwatch_log_group.this",
            "module.cert_manager.data.template_file.cluster_issuer",
            "module.vpc.aws_vpc.this",
            "module.vpc.aws_vpc_ipv4_cidr_block_association.this",
            "module.eks.aws_iam_role.cluster"
          ]
        }
      ]
    },
    {
      "mode": "managed",
      "type": "kubernetes_namespace",
      "name": "swimlane",
      "provider": "provider[\"registry.terraform.io/hashicorp/kubernetes\"]",
      "instances": [
        {
          "schema_version": 0,
          "attributes": {
            "id": "swimlane",
            "metadata": [
              {
                "annotations": {
                  "name": "swimlane"
                },
                "generate_name": "",
                "generation": 0,
                "labels": {
                  "name": "swimlane"
                },
                "name": "swimlane",
                "resource_version": "1019",
                "uid": "99f891f6-6cf3-4a56-9474-10950b1846b4"
              }
            ],
            "timeouts": null
          },
          "sensitive_attributes": [],
          "private": "eyJlMmJmYjczMC1lY2FhLTExZTYtOGY4OC0zNDM2M2JjN2M0YzAiOnsiZGVsZXRlIjozMDAwMDAwMDAwMDB9fQ==",
          "dependencies": [
            "data.aws_eks_cluster_auth.cluster",
            "module.eks.aws_iam_policy.cluster_elb_sl_role_creation",
            "module.eks.data.aws_ami.eks_worker",
            "module.eks.module.fargate.aws_eks_fargate_profile.this",
            "module.eks.data.http.wait_for_cluster",
            "module.eks.aws_iam_openid_connect_provider.oidc_provider",
            "module.eks.aws_iam_role_policy_attachment.workers_AmazonEKS_CNI_Policy",
            "module.eks.aws_security_group_rule.workers_ingress_cluster",
            "module.eks.aws_security_group_rule.workers_ingress_cluster_primary",
            "module.eks.data.aws_partition.current",
            "module.eks.aws_security_group.workers",
            "module.eks.aws_security_group_rule.cluster_https_worker_ingress",
            "module.eks.aws_security_group_rule.workers_ingress_cluster_https",
            "module.eks.data.aws_iam_instance_profile.custom_worker_group_iam_instance_profile",
            "module.eks.module.fargate.aws_iam_role.eks_fargate_pod",
            "module.eks.module.fargate.data.aws_iam_policy_document.eks_fargate_pod_assume_role",
            "module.eks.module.fargate.aws_iam_role_policy_attachment.eks_fargate_pod",
            "module.eks.aws_cloudwatch_log_group.this",
            "module.eks.aws_iam_role_policy_attachment.workers_additional_policies",
            "module.eks.aws_security_group_rule.workers_egress_internet",
            "module.eks.data.aws_ami.eks_worker_windows",
            "module.eks.data.aws_iam_role.custom_cluster_iam_role",
            "module.eks.aws_iam_instance_profile.workers",
            "module.eks.data.aws_iam_instance_profile.custom_worker_group_launch_template_iam_instance_profile",
            "module.eks.module.node_groups.data.cloudinit_config.workers_userdata",
            "data.aws_eks_cluster.cluster",
            "module.eks.aws_iam_instance_profile.workers_launch_template",
            "module.eks.aws_security_group.cluster",
            "module.eks.module.fargate.data.aws_iam_role.custom_fargate_iam_role",
            "module.eks.aws_iam_role_policy_attachment.cluster_elb_sl_role_creation",
            "module.eks.aws_autoscaling_group.workers",
            "module.eks.aws_iam_role_policy_attachment.cluster_AmazonEKSClusterPolicy",
            "module.eks.aws_launch_template.workers_launch_template",
            "module.vpc.aws_vpc.this",
            "module.eks.aws_security_group_rule.cluster_egress_internet",
            "module.eks.data.aws_iam_policy_document.cluster_elb_sl_role_creation",
            "module.eks.module.node_groups.aws_launch_template.workers",
            "random_id.cluster-suffix",
            "module.eks.data.aws_iam_policy_document.workers_assume_role_policy",
            "module.eks.module.node_groups.aws_eks_node_group.workers",
            "data.aws_availability_zones.available",
            "module.eks.aws_launch_configuration.workers",
            "module.eks.aws_security_group_rule.workers_ingress_cluster_kubelet",
            "module.eks.module.fargate.data.aws_partition.current",
            "module.vpc.aws_vpc_ipv4_cidr_block_association.this",
            "module.vpc.aws_subnet.private",
            "module.eks.aws_iam_role_policy_attachment.workers_AmazonEKSWorkerNodePolicy",
            "module.eks.aws_security_group_rule.cluster_primary_ingress_workers",
            "module.eks.aws_security_group_rule.cluster_private_access_cidrs_source",
            "module.eks.kubernetes_config_map.aws_auth",
            "module.eks.local_file.kubeconfig",
            "module.eks.aws_autoscaling_group.workers_launch_template",
            "module.eks.aws_eks_cluster.this",
            "module.eks.aws_iam_role.workers",
            "module.eks.aws_iam_role_policy_attachment.cluster_AmazonEKSVPCResourceControllerPolicy",
            "module.eks.aws_security_group_rule.workers_ingress_self",
            "module.eks.aws_iam_role.cluster",
            "module.eks.aws_iam_role_policy_attachment.cluster_AmazonEKSServicePolicy",
            "module.eks.aws_iam_role_policy_attachment.workers_AmazonEC2ContainerRegistryReadOnly",
            "module.eks.data.aws_iam_policy_document.cluster_assume_role_policy",
            "module.eks.aws_security_group_rule.cluster_private_access_sg_source",
            "module.eks.data.aws_caller_identity.current"
          ]
        }
      ]
    },
    {
      "mode": "managed",
      "type": "random_id",
      "name": "cluster-suffix",
      "provider": "provider[\"registry.terraform.io/hashicorp/random\"]",
      "instances": [
        {
          "schema_version": 0,
          "attributes": {
            "b64_std": "9w==",
            "b64_url": "9w",
            "byte_length": 1,
            "dec": "247",
            "hex": "f7",
            "id": "9w",
            "keepers": null,
            "prefix": null
          },
          "sensitive_attributes": [],
          "private": "bnVsbA==",
          "create_before_destroy": true
        }
      ]
    },
    {
      "module": "module.cert_manager",
      "mode": "data",
      "type": "template_file",
      "name": "cluster_issuer",
      "provider": "provider[\"registry.terraform.io/hashicorp/template\"]",
      "instances": [
        {
          "schema_version": 0,
          "attributes": {
            "filename": null,
            "id": "0e651d15f566d3ffddf91efe7128362b7417c4e73e062f0a2df17768ce3c24c4",
            "rendered": "apiVersion: cert-manager.io/v1\nkind: ClusterIssuer\nmetadata:\n  name: cert-manager-global\nspec:\n  acme:\n    # The ACME server URL\n    server: https://acme-v02.api.letsencrypt.org/directory\n    # Email address used for ACME registration\n    email: isaacsmothers@yahoo.com\n    # Name of a secret used to store the ACME account private key\n    privateKeySecretRef:\n      name: cert-manager-private-key\n    # Enable the HTTP-01 challenge provider\n    solvers:\n      - http01:\n          ingress:\n            class:  nginx",
            "template": "apiVersion: cert-manager.io/v1\nkind: ClusterIssuer\nmetadata:\n  name: ${name}\nspec:\n  acme:\n    # The ACME server URL\n    server: ${server}\n    # Email address used for ACME registration\n    email: ${email}\n    # Name of a secret used to store the ACME account private key\n    privateKeySecretRef:\n      name: ${private_key_secret_name}\n    # Enable the HTTP-01 challenge provider\n    solvers:\n      - http01:\n          ingress:\n            class:  nginx",
            "vars": {
              "email": "isaacsmothers@yahoo.com",
              "name": "cert-manager-global",
              "private_key_secret_name": "cert-manager-private-key",
              "server": "https://acme-v02.api.letsencrypt.org/directory"
            }
          },
          "sensitive_attributes": []
        }
      ]
    },
    {
      "module": "module.cert_manager",
      "mode": "managed",
      "type": "helm_release",
      "name": "cert_manager",
      "provider": "provider[\"registry.terraform.io/hashicorp/helm\"]",
      "instances": [
        {
          "schema_version": 0,
          "attributes": {
            "atomic": false,
            "chart": "cert-manager",
            "cleanup_on_fail": false,
            "create_namespace": false,
            "dependency_update": false,
            "description": null,
            "devel": null,
            "disable_crd_hooks": false,
            "disable_openapi_validation": false,
            "disable_webhooks": false,
            "force_update": false,
            "id": "cert-manager",
            "keyring": null,
            "lint": false,
            "manifest": null,
            "max_history": 0,
            "metadata": [
              {
                "app_version": "v1.5.3",
                "chart": "cert-manager",
                "name": "cert-manager",
                "namespace": "cert-manager",
                "revision": 1,
                "values": "{\"installCRDs\":true}",
                "version": "v1.5.3"
              }
            ],
            "name": "cert-manager",
            "namespace": "cert-manager",
            "postrender": [],
            "recreate_pods": false,
            "render_subchart_notes": true,
            "replace": false,
            "repository": "https://charts.jetstack.io",
            "repository_ca_file": null,
            "repository_cert_file": null,
            "repository_key_file": null,
            "repository_password": null,
            "repository_username": null,
            "reset_values": false,
            "reuse_values": false,
            "set": [
              {
                "name": "installCRDs",
                "type": "",
                "value": "true"
              }
            ],
            "set_sensitive": [],
            "skip_crds": false,
            "status": "deployed",
            "timeout": 300,
            "values": null,
            "verify": false,
            "version": "v1.5.3",
            "wait": true,
            "wait_for_jobs": false
          },
          "sensitive_attributes": [],
          "private": "bnVsbA==",
          "dependencies": [
            "random_id.cluster-suffix",
            "module.eks.aws_eks_cluster.this",
            "module.eks.aws_iam_role_policy_attachment.cluster_AmazonEKSVPCResourceControllerPolicy",
            "module.eks.aws_security_group_rule.cluster_private_access_sg_source",
            "module.eks.data.aws_partition.current",
            "module.eks.aws_security_group_rule.cluster_private_access_cidrs_source",
            "module.eks.data.aws_iam_policy_document.cluster_assume_role_policy",
            "module.vpc.aws_vpc.this",
            "module.vpc.aws_vpc_ipv4_cidr_block_association.this",
            "data.aws_availability_zones.available",
            "module.eks.aws_cloudwatch_log_group.this",
            "module.eks.aws_security_group.cluster",
            "module.eks.aws_security_group_rule.cluster_egress_internet",
            "module.eks.data.aws_iam_role.custom_cluster_iam_role",
            "module.eks.data.http.wait_for_cluster",
            "data.aws_eks_cluster.cluster",
            "data.aws_eks_cluster_auth.cluster",
            "module.eks.aws_iam_role_policy_attachment.cluster_AmazonEKSClusterPolicy",
            "module.eks.aws_iam_role_policy_attachment.cluster_AmazonEKSServicePolicy",
            "module.vpc.aws_subnet.private",
            "module.cert_manager.kubernetes_namespace.cert_manager",
            "module.eks.aws_iam_role.cluster",
            "module.eks.aws_security_group.workers",
            "module.eks.aws_security_group_rule.cluster_https_worker_ingress"
          ]
        }
      ]
    },
    {
      "module": "module.cert_manager",
      "mode": "managed",
      "type": "kubectl_manifest",
      "name": "cluster_issuer",
      "provider": "provider[\"registry.terraform.io/gavinbunney/kubectl\"]",
      "instances": [
        {
          "index_key": 0,
          "schema_version": 0,
          "attributes": {
            "api_version": "cert-manager.io/v1",
            "force_new": false,
            "id": "/apis/cert-manager.io/v1/clusterissuers/cert-manager-global",
            "ignore_fields": null,
            "kind": "ClusterIssuer",
            "live_manifest_incluster": "apiVersion=cert-manager.io/v1,kind=ClusterIssuer,metadata.name=cert-manager-global,spec.acme.email=isaacsmothers@yahoo.com,spec.acme.privateKeySecretRef.name=cert-manager-private-key,spec.acme.server=https://acme-v02.api.letsencrypt.org/directory,spec.acme.solvers.#=1,spec.acme.solvers.0.http01.ingress.class=nginx",
            "live_resource_version": "10064",
            "live_uid": "4891d57f-3a62-463d-9ff1-97d719819b2f",
            "name": "cert-manager-global",
            "namespace": null,
            "override_namespace": null,
            "resource_version": "10060",
            "sensitive_fields": null,
            "server_side_apply": false,
            "timeouts": null,
            "uid": "4891d57f-3a62-463d-9ff1-97d719819b2f",
            "validate_schema": false,
            "wait": null,
            "wait_for_rollout": true,
            "yaml_body": "apiVersion: cert-manager.io/v1\nkind: ClusterIssuer\nmetadata:\n  name: cert-manager-global\nspec:\n  acme:\n    # The ACME server URL\n    server: https://acme-v02.api.letsencrypt.org/directory\n    # Email address used for ACME registration\n    email: isaacsmothers@yahoo.com\n    # Name of a secret used to store the ACME account private key\n    privateKeySecretRef:\n      name: cert-manager-private-key\n    # Enable the HTTP-01 challenge provider\n    solvers:\n      - http01:\n          ingress:\n            class:  nginx",
            "yaml_body_parsed": "apiVersion: cert-manager.io/v1\nkind: ClusterIssuer\nmetadata:\n  name: cert-manager-global\nspec:\n  acme:\n    email: isaacsmothers@yahoo.com\n    privateKeySecretRef:\n      name: cert-manager-private-key\n    server: https://acme-v02.api.letsencrypt.org/directory\n    solvers:\n    - http01:\n        ingress:\n          class: nginx\n",
            "yaml_incluster": "apiVersion=cert-manager.io/v1,kind=ClusterIssuer,metadata.name=cert-manager-global,spec.acme.email=isaacsmothers@yahoo.com,spec.acme.privateKeySecretRef.name=cert-manager-private-key,spec.acme.server=https://acme-v02.api.letsencrypt.org/directory,spec.acme.solvers.#=1,spec.acme.solvers.0.http01.ingress.class=nginx"
          },
          "sensitive_attributes": [],
          "private": "eyJlMmJmYjczMC1lY2FhLTExZTYtOGY4OC0zNDM2M2JjN2M0YzAiOnsiY3JlYXRlIjo2MDAwMDAwMDAwMDB9fQ==",
          "dependencies": [
            "data.aws_availability_zones.available",
            "module.eks.aws_iam_role_policy_attachment.cluster_AmazonEKSVPCResourceControllerPolicy",
            "data.aws_eks_cluster.cluster",
            "module.cert_manager.data.template_file.cluster_issuer",
            "module.eks.aws_security_group.cluster",
            "module.eks.aws_security_group_rule.cluster_egress_internet",
            "module.eks.aws_security_group_rule.cluster_https_worker_ingress",
            "module.eks.aws_security_group_rule.cluster_private_access_cidrs_source",
            "module.eks.data.aws_iam_policy_document.cluster_assume_role_policy",
            "module.eks.data.aws_partition.current",
            "module.eks.aws_eks_cluster.this",
            "module.eks.aws_security_group_rule.cluster_private_access_sg_source",
            "module.eks.data.http.wait_for_cluster",
            "module.vpc.aws_subnet.private",
            "module.cert_manager.helm_release.cert_manager",
            "module.cert_manager.time_sleep.wait",
            "module.eks.aws_iam_role_policy_attachment.cluster_AmazonEKSServicePolicy",
            "module.cert_manager.kubernetes_namespace.cert_manager",
            "module.eks.aws_iam_role.cluster",
            "module.eks.data.aws_iam_role.custom_cluster_iam_role",
            "module.vpc.aws_vpc.this",
            "random_id.cluster-suffix",
            "data.aws_eks_cluster_auth.cluster",
            "module.eks.aws_cloudwatch_log_group.this",
            "module.eks.aws_iam_role_policy_attachment.cluster_AmazonEKSClusterPolicy",
            "module.eks.aws_security_group.workers",
            "module.vpc.aws_vpc_ipv4_cidr_block_association.this"
          ]
        }
      ]
    },
    {
      "module": "module.cert_manager",
      "mode": "managed",
      "type": "kubernetes_namespace",
      "name": "cert_manager",
      "provider": "provider[\"registry.terraform.io/hashicorp/kubernetes\"]",
      "instances": [
        {
          "schema_version": 0,
          "attributes": {
            "id": "cert-manager",
            "metadata": [
              {
                "annotations": {
                  "name": "cert-manager"
                },
                "generate_name": "",
                "generation": 0,
                "labels": {},
                "name": "cert-manager",
                "resource_version": "723",
                "uid": "3359c8b4-d578-4d80-9db1-47e430ce3cc6"
              }
            ],
            "timeouts": null
          },
          "sensitive_attributes": [],
          "private": "eyJlMmJmYjczMC1lY2FhLTExZTYtOGY4OC0zNDM2M2JjN2M0YzAiOnsiZGVsZXRlIjozMDAwMDAwMDAwMDB9fQ==",
          "dependencies": [
            "module.eks.aws_security_group_rule.cluster_egress_internet",
            "module.eks.aws_security_group_rule.cluster_https_worker_ingress",
            "module.eks.aws_security_group_rule.cluster_private_access_sg_source",
            "module.eks.data.aws_iam_policy_document.cluster_assume_role_policy",
            "module.eks.data.aws_iam_role.custom_cluster_iam_role",
            "random_id.cluster-suffix",
            "data.aws_eks_cluster_auth.cluster",
            "module.eks.aws_iam_role_policy_attachment.cluster_AmazonEKSClusterPolicy",
            "module.eks.aws_security_group.workers",
            "data.aws_availability_zones.available",
            "module.eks.aws_iam_role_policy_attachment.cluster_AmazonEKSServicePolicy",
            "module.eks.data.aws_partition.current",
            "module.eks.data.http.wait_for_cluster",
            "module.vpc.aws_subnet.private",
            "module.eks.aws_eks_cluster.this",
            "module.eks.aws_security_group_rule.cluster_private_access_cidrs_source",
            "module.eks.aws_iam_role.cluster",
            "module.eks.aws_iam_role_policy_attachment.cluster_AmazonEKSVPCResourceControllerPolicy",
            "module.eks.aws_security_group.cluster",
            "module.vpc.aws_vpc.this",
            "module.vpc.aws_vpc_ipv4_cidr_block_association.this",
            "data.aws_eks_cluster.cluster",
            "module.eks.aws_cloudwatch_log_group.this"
          ]
        }
      ]
    },
    {
      "module": "module.cert_manager",
      "mode": "managed",
      "type": "time_sleep",
      "name": "wait",
      "provider": "provider[\"registry.terraform.io/hashicorp/time\"]",
      "instances": [
        {
          "schema_version": 0,
          "attributes": {
            "create_duration": "60s",
            "destroy_duration": null,
            "id": "2021-09-23T08:38:33Z",
            "triggers": null
          },
          "sensitive_attributes": [],
          "private": "bnVsbA==",
          "dependencies": [
            "data.aws_eks_cluster_auth.cluster",
            "module.eks.aws_iam_role.cluster",
            "module.eks.aws_security_group_rule.cluster_https_worker_ingress",
            "module.eks.data.aws_iam_policy_document.cluster_assume_role_policy",
            "module.eks.data.http.wait_for_cluster",
            "module.vpc.aws_vpc.this",
            "data.aws_availability_zones.available",
            "module.cert_manager.helm_release.cert_manager",
            "module.eks.aws_cloudwatch_log_group.this",
            "module.eks.aws_iam_role_policy_attachment.cluster_AmazonEKSVPCResourceControllerPolicy",
            "module.eks.aws_security_group.workers",
            "module.eks.aws_security_group_rule.cluster_private_access_sg_source",
            "module.eks.data.aws_iam_role.custom_cluster_iam_role",
            "module.eks.data.aws_partition.current",
            "module.vpc.aws_subnet.private",
            "module.cert_manager.kubernetes_namespace.cert_manager",
            "module.eks.aws_eks_cluster.this",
            "module.eks.aws_iam_role_policy_attachment.cluster_AmazonEKSClusterPolicy",
            "module.eks.aws_iam_role_policy_attachment.cluster_AmazonEKSServicePolicy",
            "module.vpc.aws_vpc_ipv4_cidr_block_association.this",
            "random_id.cluster-suffix",
            "data.aws_eks_cluster.cluster",
            "module.eks.aws_security_group.cluster",
            "module.eks.aws_security_group_rule.cluster_egress_internet",
            "module.eks.aws_security_group_rule.cluster_private_access_cidrs_source"
          ]
        }
      ]
    },
    {
      "module": "module.eks",
      "mode": "data",
      "type": "aws_ami",
      "name": "eks_worker",
      "provider": "provider[\"registry.terraform.io/hashicorp/aws\"]",
      "instances": [
        {
          "index_key": 0,
          "schema_version": 0,
          "attributes": {
            "architecture": "x86_64",
            "arn": "arn:aws:ec2:us-west-2::image/ami-0cb182e3037115aa0",
            "block_device_mappings": [
              {
                "device_name": "/dev/xvda",
                "ebs": {
                  "delete_on_termination": "true",
                  "encrypted": "false",
                  "iops": "0",
                  "snapshot_id": "snap-0d7f3912be255d01e",
                  "throughput": "0",
                  "volume_size": "20",
                  "volume_type": "gp2"
                },
                "no_device": "",
                "virtual_name": ""
              }
            ],
            "creation_date": "2021-09-14T21:50:12.000Z",
            "description": "EKS Kubernetes Worker AMI with AmazonLinux2 image, (k8s: 1.21.2, docker: 19.03.13ce-1.amzn2, containerd: 1.4.6-2.amzn2)",
            "ena_support": true,
            "executable_users": null,
            "filter": [
              {
                "name": "name",
                "values": [
                  "amazon-eks-node-1.21-v*"
                ]
              }
            ],
            "hypervisor": "xen",
            "id": "ami-0cb182e3037115aa0",
            "image_id": "ami-0cb182e3037115aa0",
            "image_location": "amazon/amazon-eks-node-1.21-v20210914",
            "image_owner_alias": "amazon",
            "image_type": "machine",
            "kernel_id": null,
            "most_recent": true,
            "name": "amazon-eks-node-1.21-v20210914",
            "name_regex": null,
            "owner_id": "602401143452",
            "owners": [
              "amazon"
            ],
            "platform": null,
            "platform_details": "Linux/UNIX",
            "product_codes": [],
            "public": true,
            "ramdisk_id": null,
            "root_device_name": "/dev/xvda",
            "root_device_type": "ebs",
            "root_snapshot_id": "snap-0d7f3912be255d01e",
            "sriov_net_support": "simple",
            "state": "available",
            "state_reason": {
              "code": "UNSET",
              "message": "UNSET"
            },
            "tags": {},
            "usage_operation": "RunInstances",
            "virtualization_type": "hvm"
          },
          "sensitive_attributes": []
        }
      ]
    },
    {
      "module": "module.eks",
      "mode": "data",
      "type": "aws_caller_identity",
      "name": "current",
      "provider": "provider[\"registry.terraform.io/hashicorp/aws\"]",
      "instances": [
        {
          "schema_version": 0,
          "attributes": {
            "account_id": "100072912756",
            "arn": "arn:aws:iam::100072912756:root",
            "id": "100072912756",
            "user_id": "100072912756"
          },
          "sensitive_attributes": []
        }
      ]
    },
    {
      "module": "module.eks",
      "mode": "data",
      "type": "aws_iam_policy_document",
      "name": "cluster_assume_role_policy",
      "provider": "provider[\"registry.terraform.io/hashicorp/aws\"]",
      "instances": [
        {
          "schema_version": 0,
          "attributes": {
            "id": "2764486067",
            "json": "{\n  \"Version\": \"2012-10-17\",\n  \"Statement\": [\n    {\n      \"Sid\": \"EKSClusterAssumeRole\",\n      \"Effect\": \"Allow\",\n      \"Action\": \"sts:AssumeRole\",\n      \"Principal\": {\n        \"Service\": \"eks.amazonaws.com\"\n      }\n    }\n  ]\n}",
            "override_json": null,
            "override_policy_documents": null,
            "policy_id": null,
            "source_json": null,
            "source_policy_documents": null,
            "statement": [
              {
                "actions": [
                  "sts:AssumeRole"
                ],
                "condition": [],
                "effect": "Allow",
                "not_actions": [],
                "not_principals": [],
                "not_resources": [],
                "principals": [
                  {
                    "identifiers": [
                      "eks.amazonaws.com"
                    ],
                    "type": "Service"
                  }
                ],
                "resources": [],
                "sid": "EKSClusterAssumeRole"
              }
            ],
            "version": "2012-10-17"
          },
          "sensitive_attributes": []
        }
      ]
    },
    {
      "module": "module.eks",
      "mode": "data",
      "type": "aws_iam_policy_document",
      "name": "cluster_elb_sl_role_creation",
      "provider": "provider[\"registry.terraform.io/hashicorp/aws\"]",
      "instances": [
        {
          "index_key": 0,
          "schema_version": 0,
          "attributes": {
            "id": "3709839417",
            "json": "{\n  \"Version\": \"2012-10-17\",\n  \"Statement\": [\n    {\n      \"Sid\": \"\",\n      \"Effect\": \"Allow\",\n      \"Action\": [\n        \"ec2:DescribeInternetGateways\",\n        \"ec2:DescribeAddresses\",\n        \"ec2:DescribeAccountAttributes\"\n      ],\n      \"Resource\": \"*\"\n    }\n  ]\n}",
            "override_json": null,
            "override_policy_documents": null,
            "policy_id": null,
            "source_json": null,
            "source_policy_documents": null,
            "statement": [
              {
                "actions": [
                  "ec2:DescribeAccountAttributes",
                  "ec2:DescribeAddresses",
                  "ec2:DescribeInternetGateways"
                ],
                "condition": [],
                "effect": "Allow",
                "not_actions": [],
                "not_principals": [],
                "not_resources": [],
                "principals": [],
                "resources": [
                  "*"
                ],
                "sid": ""
              }
            ],
            "version": "2012-10-17"
          },
          "sensitive_attributes": []
        }
      ]
    },
    {
      "module": "module.eks",
      "mode": "data",
      "type": "aws_iam_policy_document",
      "name": "workers_assume_role_policy",
      "provider": "provider[\"registry.terraform.io/hashicorp/aws\"]",
      "instances": [
        {
          "schema_version": 0,
          "attributes": {
            "id": "3778018924",
            "json": "{\n  \"Version\": \"2012-10-17\",\n  \"Statement\": [\n    {\n      \"Sid\": \"EKSWorkerAssumeRole\",\n      \"Effect\": \"Allow\",\n      \"Action\": \"sts:AssumeRole\",\n      \"Principal\": {\n        \"Service\": \"ec2.amazonaws.com\"\n      }\n    }\n  ]\n}",
            "override_json": null,
            "override_policy_documents": null,
            "policy_id": null,
            "source_json": null,
            "source_policy_documents": null,
            "statement": [
              {
                "actions": [
                  "sts:AssumeRole"
                ],
                "condition": [],
                "effect": "Allow",
                "not_actions": [],
                "not_principals": [],
                "not_resources": [],
                "principals": [
                  {
                    "identifiers": [
                      "ec2.amazonaws.com"
                    ],
                    "type": "Service"
                  }
                ],
                "resources": [],
                "sid": "EKSWorkerAssumeRole"
              }
            ],
            "version": "2012-10-17"
          },
          "sensitive_attributes": []
        }
      ]
    },
    {
      "module": "module.eks",
      "mode": "data",
      "type": "aws_partition",
      "name": "current",
      "provider": "provider[\"registry.terraform.io/hashicorp/aws\"]",
      "instances": [
        {
          "schema_version": 0,
          "attributes": {
            "dns_suffix": "amazonaws.com",
            "id": "aws",
            "partition": "aws",
            "reverse_dns_prefix": "com.amazonaws"
          },
          "sensitive_attributes": []
        }
      ]
    },
    {
      "module": "module.eks",
      "mode": "data",
      "type": "http",
      "name": "wait_for_cluster",
      "provider": "provider[\"registry.terraform.io/terraform-aws-modules/http\"]",
      "instances": [
        {
          "index_key": 0,
          "schema_version": 0,
          "attributes": {
            "body": "ok",
            "ca_certificate": "-----BEGIN CERTIFICATE-----\nMIIC5zCCAc+gAwIBAgIBADANBgkqhkiG9w0BAQsFADAVMRMwEQYDVQQDEwprdWJl\ncm5ldGVzMB4XDTIxMDkyMzA4MzEwM1oXDTMxMDkyMTA4MzEwM1owFTETMBEGA1UE\nAxMKa3ViZXJuZXRlczCCASIwDQYJKoZIhvcNAQEBBQADggEPADCCAQoCggEBAJ6s\nUrA0BltOsWd0Z9M4R6M5snu2h3cIbCPtPhDXCpfPtjwbdr7pEqOSQVc3kD5iaiac\nWddLb4n+D6PCDpidKpTJWmIdJX9HKBzQITh4uj2AzE1y86Mvgp7uA3pMWaUQuNB/\n+ELhs2bV4hFsCcgmnpX+ZyT3tSCymh2uvOxtzn5HOJUnHPyE+p8mCVCLgNxNlCY0\nd+ugUdPM761trd/0U5LIytQXOk/B/DxJVUKZq3tQHxTYV5E0Ztr+VEDWaBKNkN2N\naqTKfm0mG36t/ektnyWpm0Sa4YoJsWun7ZwwV1epyssbCD2EfQKKYBnzgS4T0FuZ\nFxi/p108cT43RONmKksCAwEAAaNCMEAwDgYDVR0PAQH/BAQDAgKkMA8GA1UdEwEB\n/wQFMAMBAf8wHQYDVR0OBBYEFGEXHA5cCpm4zWellriB89wNZUrwMA0GCSqGSIb3\nDQEBCwUAA4IBAQAtzTaMIMCGfJyB/CoFqnjRxwiIlmLigCS99TScb8n0oZ/TQq97\nZb1R/qDravzJcs1QYIXj8srhzzLpDjIj6VeByzftg0O0nQBglcduEhJpo7eoXbiM\n1BIKebnyh6ckOOsdgYvtRBnu9vWAh5Iep2hqSam3NELoAIkcGximY62k3jZJB1a2\ndZw6xF/j2RT8RsRl6PVG+6ThiMgoZvDArrJfjoXt5lWamYtW6XHadzkJeW7+fXSW\nN6Ug93aovJBkn1nYjR3xf++GhSFdg3D/2VbHUF0mGEmymxDfVqESNugDrObyi3qW\nHcXZ7NesTeLANpb0mw6uDX/9MnCEiBlgO2/Z\n-----END CERTIFICATE-----\n",
            "id": "https://C1C20886D6CA4A064166CE36EE56B820.gr7.us-west-2.eks.amazonaws.com/healthz",
            "insecure": false,
            "request_headers": null,
            "response_headers": {
              "Cache-Control": "no-cache, private",
              "Content-Length": "2",
              "Content-Type": "text/plain; charset=utf-8",
              "Date": "Thu, 23 Sep 2021 09:45:51 GMT",
              "X-Content-Type-Options": "nosniff",
              "X-Kubernetes-Pf-Flowschema-Uid": "e5a111a5-db6d-4287-963e-129473d7a53e",
              "X-Kubernetes-Pf-Prioritylevel-Uid": "7c506329-13e3-475c-ad31-77e4c243ba11"
            },
            "timeout": 300,
            "url": "https://C1C20886D6CA4A064166CE36EE56B820.gr7.us-west-2.eks.amazonaws.com/healthz"
          },
          "sensitive_attributes": []
        }
      ]
    },
    {
      "module": "module.eks",
      "mode": "managed",
      "type": "aws_autoscaling_group",
      "name": "workers",
      "provider": "provider[\"registry.terraform.io/hashicorp/aws\"]",
      "instances": [
        {
          "index_key": 0,
          "schema_version": 0,
          "attributes": {
            "arn": "arn:aws:autoscaling:us-west-2:100072912756:autoScalingGroup:abb1ba76-7fac-422d-8658-fc3cfb1a9b5e:autoScalingGroupName/swimstack-9w-nodegroup-12021092308345742270000000f",
            "availability_zones": [
              "us-west-2a",
              "us-west-2b",
              "us-west-2c"
            ],
            "capacity_rebalance": false,
            "default_cooldown": 300,
            "desired_capacity": 3,
            "enabled_metrics": [],
            "force_delete": false,
            "force_delete_warm_pool": false,
            "health_check_grace_period": 300,
            "health_check_type": "EC2",
            "id": "swimstack-9w-nodegroup-12021092308345742270000000f",
            "initial_lifecycle_hook": [],
            "instance_refresh": [],
            "launch_configuration": "swimstack-9w-nodegroup-12021092308344730190000000e",
            "launch_template": [],
            "load_balancers": [],
            "max_instance_lifetime": 0,
            "max_size": 3,
            "metrics_granularity": "1Minute",
            "min_elb_capacity": null,
            "min_size": 1,
            "mixed_instances_policy": [],
            "name": "swimstack-9w-nodegroup-12021092308345742270000000f",
            "name_prefix": "swimstack-9w-nodegroup-1",
            "placement_group": "",
            "protect_from_scale_in": false,
            "service_linked_role_arn": "arn:aws:iam::100072912756:role/aws-service-role/autoscaling.amazonaws.com/AWSServiceRoleForAutoScaling",
            "suspended_processes": [
              "AZRebalance"
            ],
            "tag": [
              {
                "key": "Environment",
                "propagate_at_launch": true,
                "value": "swimstack"
              },
              {
                "key": "Name",
                "propagate_at_launch": true,
                "value": "swimstack-9w-nodegroup-1-eks_asg"
              },
              {
                "key": "k8s.io/cluster/swimstack-9w",
                "propagate_at_launch": true,
                "value": "owned"
              },
              {
                "key": "kubernetes.io/cluster/swimstack-9w",
                "propagate_at_launch": true,
                "value": "owned"
              }
            ],
            "tags": null,
            "target_group_arns": [],
            "termination_policies": [],
            "timeouts": null,
            "vpc_zone_identifier": [
              "subnet-027e5553507c29a17",
              "subnet-03a3851a5baed0a8c",
              "subnet-06d2fd1c45c8ef2fb"
            ],
            "wait_for_capacity_timeout": "10m",
            "wait_for_elb_capacity": null,
            "warm_pool": []
          },
          "sensitive_attributes": [],
          "private": "eyJlMmJmYjczMC1lY2FhLTExZTYtOGY4OC0zNDM2M2JjN2M0YzAiOnsiZGVsZXRlIjo2MDAwMDAwMDAwMDB9fQ==",
          "dependencies": [
            "module.vpc.aws_vpc.this",
            "module.eks.aws_iam_role.cluster",
            "module.eks.aws_iam_role_policy_attachment.workers_AmazonEKSWorkerNodePolicy",
            "module.eks.aws_iam_role_policy_attachment.workers_additional_policies",
            "module.eks.aws_security_group.workers",
            "module.eks.aws_security_group_rule.workers_egress_internet",
            "module.eks.data.aws_ami.eks_worker_windows",
            "module.eks.data.aws_partition.current",
            "random_id.cluster-suffix",
            "module.eks.aws_cloudwatch_log_group.this",
            "module.eks.aws_security_group_rule.workers_ingress_cluster",
            "module.eks.aws_security_group_rule.workers_ingress_cluster_https",
            "module.eks.aws_security_group_rule.workers_ingress_cluster_kubelet",
            "module.eks.data.aws_iam_instance_profile.custom_worker_group_iam_instance_profile",
            "module.eks.data.aws_iam_policy_document.cluster_assume_role_policy",
            "module.eks.data.aws_iam_policy_document.workers_assume_role_policy",
            "module.eks.aws_iam_role.workers",
            "module.eks.data.aws_ami.eks_worker",
            "module.vpc.aws_subnet.private",
            "module.eks.data.aws_iam_role.custom_cluster_iam_role",
            "data.aws_availability_zones.available",
            "module.eks.aws_iam_instance_profile.workers",
            "module.eks.aws_iam_role_policy_attachment.cluster_AmazonEKSClusterPolicy",
            "module.eks.aws_launch_configuration.workers",
            "module.eks.aws_security_group.cluster",
            "module.eks.aws_security_group_rule.cluster_egress_internet",
            "module.eks.aws_security_group_rule.cluster_primary_ingress_workers",
            "module.eks.aws_eks_cluster.this",
            "module.eks.aws_iam_role_policy_attachment.cluster_AmazonEKSServicePolicy",
            "module.eks.aws_iam_role_policy_attachment.workers_AmazonEC2ContainerRegistryReadOnly",
            "module.eks.aws_security_group_rule.cluster_https_worker_ingress",
            "module.eks.aws_security_group_rule.workers_ingress_cluster_primary",
            "module.vpc.aws_vpc_ipv4_cidr_block_association.this",
            "module.eks.aws_security_group_rule.workers_ingress_self",
            "module.eks.aws_iam_role_policy_attachment.cluster_AmazonEKSVPCResourceControllerPolicy",
            "module.eks.aws_iam_role_policy_attachment.workers_AmazonEKS_CNI_Policy"
          ],
          "create_before_destroy": true
        }
      ]
    },
    {
      "module": "module.eks",
      "mode": "managed",
      "type": "aws_eks_cluster",
      "name": "this",
      "provider": "provider[\"registry.terraform.io/hashicorp/aws\"]",
      "instances": [
        {
          "index_key": 0,
          "schema_version": 0,
          "attributes": {
            "arn": "arn:aws:eks:us-west-2:100072912756:cluster/swimstack-9w",
            "certificate_authority": [
              {
                "data": "LS0tLS1CRUdJTiBDRVJUSUZJQ0FURS0tLS0tCk1JSUM1ekNDQWMrZ0F3SUJBZ0lCQURBTkJna3Foa2lHOXcwQkFRc0ZBREFWTVJNd0VRWURWUVFERXdwcmRXSmwKY201bGRHVnpNQjRYRFRJeE1Ea3lNekE0TXpFd00xb1hEVE14TURreU1UQTRNekV3TTFvd0ZURVRNQkVHQTFVRQpBeE1LYTNWaVpYSnVaWFJsY3pDQ0FTSXdEUVlKS29aSWh2Y05BUUVCQlFBRGdnRVBBRENDQVFvQ2dnRUJBSjZzClVyQTBCbHRPc1dkMFo5TTRSNk01c251MmgzY0liQ1B0UGhEWENwZlB0andiZHI3cEVxT1NRVmMza0Q1aWFpYWMKV2RkTGI0bitENlBDRHBpZEtwVEpXbUlkSlg5SEtCelFJVGg0dWoyQXpFMXk4Nk12Z3A3dUEzcE1XYVVRdU5CLworRUxoczJiVjRoRnNDY2dtbnBYK1p5VDN0U0N5bWgydXZPeHR6bjVIT0pVbkhQeUUrcDhtQ1ZDTGdOeE5sQ1kwCmQrdWdVZFBNNzYxdHJkLzBVNUxJeXRRWE9rL0IvRHhKVlVLWnEzdFFIeFRZVjVFMFp0citWRURXYUJLTmtOMk4KYXFUS2ZtMG1HMzZ0L2VrdG55V3BtMFNhNFlvSnNXdW43Wnd3VjFlcHlzc2JDRDJFZlFLS1lCbnpnUzRUMEZ1WgpGeGkvcDEwOGNUNDNST05tS2tzQ0F3RUFBYU5DTUVBd0RnWURWUjBQQVFIL0JBUURBZ0trTUE4R0ExVWRFd0VCCi93UUZNQU1CQWY4d0hRWURWUjBPQkJZRUZHRVhIQTVjQ3BtNHpXZWxscmlCODl3TlpVcndNQTBHQ1NxR1NJYjMKRFFFQkN3VUFBNElCQVFBdHpUYU1JTUNHZkp5Qi9Db0ZxbmpSeHdpSWxtTGlnQ1M5OVRTY2I4bjBvWi9UUXE5NwpaYjFSL3FEcmF2ekpjczFRWUlYajhzcmh6ekxwRGpJajZWZUJ5emZ0ZzBPMG5RQmdsY2R1RWhKcG83ZW9YYmlNCjFCSUtlYm55aDZja09Pc2RnWXZ0UkJudTl2V0FoNUllcDJocVNhbTNORUxvQUlrY0d4aW1ZNjJrM2paSkIxYTIKZFp3NnhGL2oyUlQ4UnNSbDZQVkcrNlRoaU1nb1p2REFyckpmam9YdDVsV2FtWXRXNlhIYWR6a0plVzcrZlhTVwpONlVnOTNhb3ZKQmtuMW5ZalIzeGYrK0doU0ZkZzNELzJWYkhVRjBtR0VteW14RGZWcUVTTnVnRHJPYnlpM3FXCkhjWFo3TmVzVGVMQU5wYjBtdzZ1RFgvOU1uQ0VpQmxnTzIvWgotLS0tLUVORCBDRVJUSUZJQ0FURS0tLS0tCg=="
              }
            ],
            "created_at": "2021-09-23 08:24:01.757 +0000 UTC",
            "enabled_cluster_log_types": [],
            "encryption_config": [],
            "endpoint": "https://C1C20886D6CA4A064166CE36EE56B820.gr7.us-west-2.eks.amazonaws.com",
            "id": "swimstack-9w",
            "identity": [
              {
                "oidc": [
                  {
                    "issuer": "https://oidc.eks.us-west-2.amazonaws.com/id/C1C20886D6CA4A064166CE36EE56B820"
                  }
                ]
              }
            ],
            "kubernetes_network_config": [
              {
                "service_ipv4_cidr": "172.20.0.0/16"
              }
            ],
            "name": "swimstack-9w",
            "platform_version": "eks.2",
            "role_arn": "arn:aws:iam::100072912756:role/swimstack-9w20210923082342318500000001",
            "status": "ACTIVE",
            "tags": {
              "Environment": "swimstack"
            },
            "tags_all": {
              "Environment": "swimstack"
            },
            "timeouts": {
              "create": "30m",
              "delete": "15m",
              "update": "60m"
            },
            "version": "1.21",
            "vpc_config": [
              {
                "cluster_security_group_id": "sg-0a97e3465d94982d1",
                "endpoint_private_access": false,
                "endpoint_public_access": true,
                "public_access_cidrs": [
                  "0.0.0.0/0"
                ],
                "security_group_ids": [
                  "sg-037b3620500416525"
                ],
                "subnet_ids": [
                  "subnet-027e5553507c29a17",
                  "subnet-03a3851a5baed0a8c",
                  "subnet-06d2fd1c45c8ef2fb"
                ],
                "vpc_id": "vpc-0d6152ccf164a00c2"
              }
            ]
          },
          "sensitive_attributes": [],
          "private": "eyJlMmJmYjczMC1lY2FhLTExZTYtOGY4OC0zNDM2M2JjN2M0YzAiOnsiY3JlYXRlIjoxODAwMDAwMDAwMDAwLCJkZWxldGUiOjkwMDAwMDAwMDAwMCwidXBkYXRlIjozNjAwMDAwMDAwMDAwfX0=",
          "dependencies": [
            "module.eks.aws_iam_role.cluster",
            "module.eks.aws_security_group.workers",
            "module.eks.data.aws_partition.current",
            "random_id.cluster-suffix",
            "data.aws_availability_zones.available",
            "module.eks.aws_security_group_rule.cluster_egress_internet",
            "module.eks.aws_iam_role_policy_attachment.cluster_AmazonEKSVPCResourceControllerPolicy",
            "module.eks.aws_security_group.cluster",
            "module.eks.data.aws_iam_role.custom_cluster_iam_role",
            "module.eks.aws_iam_role_policy_attachment.cluster_AmazonEKSServicePolicy",
            "module.eks.aws_iam_role_policy_attachment.cluster_AmazonEKSClusterPolicy",
            "module.eks.aws_security_group_rule.cluster_https_worker_ingress",
            "module.eks.data.aws_iam_policy_document.cluster_assume_role_policy",
            "module.vpc.aws_subnet.private",
            "module.vpc.aws_vpc.this",
            "module.vpc.aws_vpc_ipv4_cidr_block_association.this",
            "module.eks.aws_cloudwatch_log_group.this"
          ],
          "create_before_destroy": true
        }
      ]
    },
    {
      "module": "module.eks",
      "mode": "managed",
      "type": "aws_iam_instance_profile",
      "name": "workers",
      "provider": "provider[\"registry.terraform.io/hashicorp/aws\"]",
      "instances": [
        {
          "index_key": 0,
          "schema_version": 0,
          "attributes": {
            "arn": "arn:aws:iam::100072912756:instance-profile/swimstack-9w2021092308344548660000000a",
            "create_date": "2021-09-23T08:34:45Z",
            "id": "swimstack-9w2021092308344548660000000a",
            "name": "swimstack-9w2021092308344548660000000a",
            "name_prefix": "swimstack-9w",
            "path": "/",
            "role": "swimstack-9w20210923083443425800000009",
            "tags": {
              "Environment": "swimstack"
            },
            "tags_all": {
              "Environment": "swimstack"
            },
            "unique_id": "AIPAROTGPO52G6SSPZBND"
          },
          "sensitive_attributes": [],
          "private": "bnVsbA==",
          "dependencies": [
            "module.eks.aws_eks_cluster.this",
            "module.eks.data.aws_iam_policy_document.workers_assume_role_policy",
            "module.eks.data.aws_partition.current",
            "module.eks.data.aws_iam_policy_document.cluster_assume_role_policy",
            "module.vpc.aws_subnet.private",
            "module.vpc.aws_vpc_ipv4_cidr_block_association.this",
            "data.aws_availability_zones.available",
            "module.eks.aws_iam_role.workers",
            "module.eks.aws_iam_role_policy_attachment.cluster_AmazonEKSClusterPolicy",
            "module.eks.aws_security_group_rule.cluster_https_worker_ingress",
            "random_id.cluster-suffix",
            "module.eks.aws_cloudwatch_log_group.this",
            "module.eks.aws_security_group.workers",
            "module.eks.aws_security_group_rule.cluster_egress_internet",
            "module.eks.data.aws_iam_role.custom_cluster_iam_role",
            "module.vpc.aws_vpc.this",
            "module.eks.aws_iam_role.cluster",
            "module.eks.aws_iam_role_policy_attachment.cluster_AmazonEKSServicePolicy",
            "module.eks.aws_iam_role_policy_attachment.cluster_AmazonEKSVPCResourceControllerPolicy",
            "module.eks.aws_security_group.cluster"
          ],
          "create_before_destroy": true
        }
      ]
    },
    {
      "module": "module.eks",
      "mode": "managed",
      "type": "aws_iam_policy",
      "name": "cluster_elb_sl_role_creation",
      "provider": "provider[\"registry.terraform.io/hashicorp/aws\"]",
      "instances": [
        {
          "index_key": 0,
          "schema_version": 0,
          "attributes": {
            "arn": "arn:aws:iam::100072912756:policy/swimstack-9w-elb-sl-role-creation20210923082342318600000002",
            "description": "Permissions for EKS to create AWSServiceRoleForElasticLoadBalancing service-linked role",
            "id": "arn:aws:iam::100072912756:policy/swimstack-9w-elb-sl-role-creation20210923082342318600000002",
            "name": "swimstack-9w-elb-sl-role-creation20210923082342318600000002",
            "name_prefix": "swimstack-9w-elb-sl-role-creation",
            "path": "/",
            "policy": "{\n  \"Version\": \"2012-10-17\",\n  \"Statement\": [\n    {\n      \"Sid\": \"\",\n      \"Effect\": \"Allow\",\n      \"Action\": [\n        \"ec2:DescribeInternetGateways\",\n        \"ec2:DescribeAddresses\",\n        \"ec2:DescribeAccountAttributes\"\n      ],\n      \"Resource\": \"*\"\n    }\n  ]\n}",
            "policy_id": "ANPAROTGPO52AW732AN32",
            "tags": {
              "Environment": "swimstack"
            },
            "tags_all": {
              "Environment": "swimstack"
            }
          },
          "sensitive_attributes": [],
          "private": "bnVsbA==",
          "dependencies": [
            "random_id.cluster-suffix",
            "module.eks.data.aws_iam_policy_document.cluster_elb_sl_role_creation"
          ]
        }
      ]
    },
    {
      "module": "module.eks",
      "mode": "managed",
      "type": "aws_iam_role",
      "name": "cluster",
      "provider": "provider[\"registry.terraform.io/hashicorp/aws\"]",
      "instances": [
        {
          "index_key": 0,
          "schema_version": 0,
          "attributes": {
            "arn": "arn:aws:iam::100072912756:role/swimstack-9w20210923082342318500000001",
            "assume_role_policy": "{\"Version\":\"2012-10-17\",\"Statement\":[{\"Sid\":\"EKSClusterAssumeRole\",\"Effect\":\"Allow\",\"Principal\":{\"Service\":\"eks.amazonaws.com\"},\"Action\":\"sts:AssumeRole\"}]}",
            "create_date": "2021-09-23T08:23:42Z",
            "description": "",
            "force_detach_policies": true,
            "id": "swimstack-9w20210923082342318500000001",
            "inline_policy": [
              {
                "name": "",
                "policy": ""
              }
            ],
            "managed_policy_arns": [
              "arn:aws:iam::100072912756:policy/swimstack-9w-elb-sl-role-creation20210923082342318600000002",
              "arn:aws:iam::aws:policy/AmazonEKSClusterPolicy",
              "arn:aws:iam::aws:policy/AmazonEKSServicePolicy",
              "arn:aws:iam::aws:policy/AmazonEKSVPCResourceController"
            ],
            "max_session_duration": 3600,
            "name": "swimstack-9w20210923082342318500000001",
            "name_prefix": "swimstack-9w",
            "path": "/",
            "permissions_boundary": null,
            "tags": {
              "Environment": "swimstack"
            },
            "tags_all": {
              "Environment": "swimstack"
            },
            "unique_id": "AROAROTGPO52DXIWQB6VA"
          },
          "sensitive_attributes": [],
          "private": "bnVsbA==",
          "dependencies": [
            "module.eks.data.aws_iam_policy_document.cluster_assume_role_policy",
            "random_id.cluster-suffix"
          ],
          "create_before_destroy": true
        }
      ]
    },
    {
      "module": "module.eks",
      "mode": "managed",
      "type": "aws_iam_role",
      "name": "workers",
      "provider": "provider[\"registry.terraform.io/hashicorp/aws\"]",
      "instances": [
        {
          "index_key": 0,
          "schema_version": 0,
          "attributes": {
            "arn": "arn:aws:iam::100072912756:role/swimstack-9w20210923083443425800000009",
            "assume_role_policy": "{\"Version\":\"2012-10-17\",\"Statement\":[{\"Sid\":\"EKSWorkerAssumeRole\",\"Effect\":\"Allow\",\"Principal\":{\"Service\":\"ec2.amazonaws.com\"},\"Action\":\"sts:AssumeRole\"}]}",
            "create_date": "2021-09-23T08:34:43Z",
            "description": "",
            "force_detach_policies": true,
            "id": "swimstack-9w20210923083443425800000009",
            "inline_policy": [
              {
                "name": "",
                "policy": ""
              }
            ],
            "managed_policy_arns": [
              "arn:aws:iam::aws:policy/AmazonEC2ContainerRegistryReadOnly",
              "arn:aws:iam::aws:policy/AmazonEKSWorkerNodePolicy",
              "arn:aws:iam::aws:policy/AmazonEKS_CNI_Policy"
            ],
            "max_session_duration": 3600,
            "name": "swimstack-9w20210923083443425800000009",
            "name_prefix": "swimstack-9w",
            "path": "/",
            "permissions_boundary": null,
            "tags": {
              "Environment": "swimstack"
            },
            "tags_all": {
              "Environment": "swimstack"
            },
            "unique_id": "AROAROTGPO52FVU237ITJ"
          },
          "sensitive_attributes": [],
          "private": "bnVsbA==",
          "dependencies": [
            "module.eks.aws_security_group.cluster",
            "module.eks.aws_security_group.workers",
            "data.aws_availability_zones.available",
            "module.eks.aws_iam_role_policy_attachment.cluster_AmazonEKSClusterPolicy",
            "module.eks.aws_security_group_rule.cluster_egress_internet",
            "module.eks.data.aws_iam_policy_document.cluster_assume_role_policy",
            "module.eks.data.aws_iam_policy_document.workers_assume_role_policy",
            "module.eks.data.aws_partition.current",
            "module.vpc.aws_subnet.private",
            "module.eks.aws_iam_role.cluster",
            "module.vpc.aws_vpc.this",
            "module.eks.aws_eks_cluster.this",
            "module.eks.aws_iam_role_policy_attachment.cluster_AmazonEKSServicePolicy",
            "module.eks.aws_iam_role_policy_attachment.cluster_AmazonEKSVPCResourceControllerPolicy",
            "module.eks.aws_security_group_rule.cluster_https_worker_ingress",
            "module.eks.data.aws_iam_role.custom_cluster_iam_role",
            "module.vpc.aws_vpc_ipv4_cidr_block_association.this",
            "random_id.cluster-suffix",
            "module.eks.aws_cloudwatch_log_group.this"
          ],
          "create_before_destroy": true
        }
      ]
    },
    {
      "module": "module.eks",
      "mode": "managed",
      "type": "aws_iam_role_policy_attachment",
      "name": "cluster_AmazonEKSClusterPolicy",
      "provider": "provider[\"registry.terraform.io/hashicorp/aws\"]",
      "instances": [
        {
          "index_key": 0,
          "schema_version": 0,
          "attributes": {
            "id": "swimstack-9w20210923082342318500000001-20210923082345076300000006",
            "policy_arn": "arn:aws:iam::aws:policy/AmazonEKSClusterPolicy",
            "role": "swimstack-9w20210923082342318500000001"
          },
          "sensitive_attributes": [],
          "private": "bnVsbA==",
          "dependencies": [
            "module.eks.aws_iam_role.cluster",
            "module.eks.data.aws_iam_policy_document.cluster_assume_role_policy",
            "module.eks.data.aws_partition.current",
            "random_id.cluster-suffix"
          ],
          "create_before_destroy": true
        }
      ]
    },
    {
      "module": "module.eks",
      "mode": "managed",
      "type": "aws_iam_role_policy_attachment",
      "name": "cluster_AmazonEKSServicePolicy",
      "provider": "provider[\"registry.terraform.io/hashicorp/aws\"]",
      "instances": [
        {
          "index_key": 0,
          "schema_version": 0,
          "attributes": {
            "id": "swimstack-9w20210923082342318500000001-20210923082345058100000003",
            "policy_arn": "arn:aws:iam::aws:policy/AmazonEKSServicePolicy",
            "role": "swimstack-9w20210923082342318500000001"
          },
          "sensitive_attributes": [],
          "private": "bnVsbA==",
          "dependencies": [
            "module.eks.aws_iam_role.cluster",
            "module.eks.data.aws_iam_policy_document.cluster_assume_role_policy",
            "module.eks.data.aws_partition.current",
            "random_id.cluster-suffix"
          ],
          "create_before_destroy": true
        }
      ]
    },
    {
      "module": "module.eks",
      "mode": "managed",
      "type": "aws_iam_role_policy_attachment",
      "name": "cluster_AmazonEKSVPCResourceControllerPolicy",
      "provider": "provider[\"registry.terraform.io/hashicorp/aws\"]",
      "instances": [
        {
          "index_key": 0,
          "schema_version": 0,
          "attributes": {
            "id": "swimstack-9w20210923082342318500000001-20210923082345059200000004",
            "policy_arn": "arn:aws:iam::aws:policy/AmazonEKSVPCResourceController",
            "role": "swimstack-9w20210923082342318500000001"
          },
          "sensitive_attributes": [],
          "private": "bnVsbA==",
          "dependencies": [
            "module.eks.data.aws_partition.current",
            "random_id.cluster-suffix",
            "module.eks.aws_iam_role.cluster",
            "module.eks.data.aws_iam_policy_document.cluster_assume_role_policy"
          ],
          "create_before_destroy": true
        }
      ]
    },
    {
      "module": "module.eks",
      "mode": "managed",
      "type": "aws_iam_role_policy_attachment",
      "name": "cluster_elb_sl_role_creation",
      "provider": "provider[\"registry.terraform.io/hashicorp/aws\"]",
      "instances": [
        {
          "index_key": 0,
          "schema_version": 0,
          "attributes": {
            "id": "swimstack-9w20210923082342318500000001-20210923082345061500000005",
            "policy_arn": "arn:aws:iam::100072912756:policy/swimstack-9w-elb-sl-role-creation20210923082342318600000002",
            "role": "swimstack-9w20210923082342318500000001"
          },
          "sensitive_attributes": [],
          "private": "bnVsbA==",
          "dependencies": [
            "module.eks.aws_iam_policy.cluster_elb_sl_role_creation",
            "module.eks.aws_iam_role.cluster",
            "module.eks.data.aws_iam_policy_document.cluster_assume_role_policy",
            "module.eks.data.aws_iam_policy_document.cluster_elb_sl_role_creation",
            "random_id.cluster-suffix"
          ]
        }
      ]
    },
    {
      "module": "module.eks",
      "mode": "managed",
      "type": "aws_iam_role_policy_attachment",
      "name": "workers_AmazonEC2ContainerRegistryReadOnly",
      "provider": "provider[\"registry.terraform.io/hashicorp/aws\"]",
      "instances": [
        {
          "index_key": 0,
          "schema_version": 0,
          "attributes": {
            "id": "swimstack-9w20210923083443425800000009-2021092308344594010000000b",
            "policy_arn": "arn:aws:iam::aws:policy/AmazonEC2ContainerRegistryReadOnly",
            "role": "swimstack-9w20210923083443425800000009"
          },
          "sensitive_attributes": [],
          "private": "bnVsbA==",
          "dependencies": [
            "data.aws_availability_zones.available",
            "module.eks.aws_iam_role_policy_attachment.cluster_AmazonEKSServicePolicy",
            "module.eks.aws_security_group.cluster",
            "module.vpc.aws_vpc_ipv4_cidr_block_association.this",
            "module.eks.aws_iam_role.workers",
            "module.eks.data.aws_iam_role.custom_cluster_iam_role",
            "module.eks.aws_eks_cluster.this",
            "module.eks.aws_iam_role.cluster",
            "module.eks.aws_security_group_rule.cluster_egress_internet",
            "module.eks.data.aws_iam_policy_document.workers_assume_role_policy",
            "module.vpc.aws_subnet.private",
            "module.eks.aws_cloudwatch_log_group.this",
            "module.eks.aws_iam_role_policy_attachment.cluster_AmazonEKSClusterPolicy",
            "module.eks.aws_iam_role_policy_attachment.cluster_AmazonEKSVPCResourceControllerPolicy",
            "module.eks.aws_security_group.workers",
            "module.eks.aws_security_group_rule.cluster_https_worker_ingress",
            "module.eks.data.aws_iam_policy_document.cluster_assume_role_policy",
            "module.eks.data.aws_partition.current",
            "module.vpc.aws_vpc.this",
            "random_id.cluster-suffix"
          ],
          "create_before_destroy": true
        }
      ]
    },
    {
      "module": "module.eks",
      "mode": "managed",
      "type": "aws_iam_role_policy_attachment",
      "name": "workers_AmazonEKSWorkerNodePolicy",
      "provider": "provider[\"registry.terraform.io/hashicorp/aws\"]",
      "instances": [
        {
          "index_key": 0,
          "schema_version": 0,
          "attributes": {
            "id": "swimstack-9w20210923083443425800000009-2021092308344594390000000d",
            "policy_arn": "arn:aws:iam::aws:policy/AmazonEKSWorkerNodePolicy",
            "role": "swimstack-9w20210923083443425800000009"
          },
          "sensitive_attributes": [],
          "private": "bnVsbA==",
          "dependencies": [
            "module.eks.aws_iam_role.workers",
            "module.eks.data.aws_partition.current",
            "module.vpc.aws_subnet.private",
            "random_id.cluster-suffix",
            "data.aws_availability_zones.available",
            "module.eks.aws_cloudwatch_log_group.this",
            "module.eks.data.aws_iam_policy_document.workers_assume_role_policy",
            "module.eks.aws_iam_role_policy_attachment.cluster_AmazonEKSClusterPolicy",
            "module.eks.aws_iam_role_policy_attachment.cluster_AmazonEKSServicePolicy",
            "module.eks.aws_security_group.workers",
            "module.eks.aws_security_group_rule.cluster_https_worker_ingress",
            "module.eks.data.aws_iam_policy_document.cluster_assume_role_policy",
            "module.eks.data.aws_iam_role.custom_cluster_iam_role",
            "module.vpc.aws_vpc.this",
            "module.vpc.aws_vpc_ipv4_cidr_block_association.this",
            "module.eks.aws_eks_cluster.this",
            "module.eks.aws_iam_role.cluster",
            "module.eks.aws_iam_role_policy_attachment.cluster_AmazonEKSVPCResourceControllerPolicy",
            "module.eks.aws_security_group.cluster",
            "module.eks.aws_security_group_rule.cluster_egress_internet"
          ],
          "create_before_destroy": true
        }
      ]
    },
    {
      "module": "module.eks",
      "mode": "managed",
      "type": "aws_iam_role_policy_attachment",
      "name": "workers_AmazonEKS_CNI_Policy",
      "provider": "provider[\"registry.terraform.io/hashicorp/aws\"]",
      "instances": [
        {
          "index_key": 0,
          "schema_version": 0,
          "attributes": {
            "id": "swimstack-9w20210923083443425800000009-2021092308344594270000000c",
            "policy_arn": "arn:aws:iam::aws:policy/AmazonEKS_CNI_Policy",
            "role": "swimstack-9w20210923083443425800000009"
          },
          "sensitive_attributes": [],
          "private": "bnVsbA==",
          "dependencies": [
            "module.eks.aws_iam_role_policy_attachment.cluster_AmazonEKSClusterPolicy",
            "module.eks.aws_iam_role_policy_attachment.cluster_AmazonEKSServicePolicy",
            "module.eks.aws_security_group.workers",
            "module.eks.aws_security_group_rule.cluster_https_worker_ingress",
            "module.vpc.aws_subnet.private",
            "module.vpc.aws_vpc_ipv4_cidr_block_association.this",
            "data.aws_availability_zones.available",
            "module.eks.aws_eks_cluster.this",
            "module.eks.aws_iam_role.cluster",
            "module.eks.data.aws_iam_role.custom_cluster_iam_role",
            "module.eks.aws_iam_role_policy_attachment.cluster_AmazonEKSVPCResourceControllerPolicy",
            "module.eks.data.aws_partition.current",
            "module.vpc.aws_vpc.this",
            "random_id.cluster-suffix",
            "module.eks.aws_cloudwatch_log_group.this",
            "module.eks.aws_iam_role.workers",
            "module.eks.aws_security_group.cluster",
            "module.eks.aws_security_group_rule.cluster_egress_internet",
            "module.eks.data.aws_iam_policy_document.cluster_assume_role_policy",
            "module.eks.data.aws_iam_policy_document.workers_assume_role_policy"
          ],
          "create_before_destroy": true
        }
      ]
    },
    {
      "module": "module.eks",
      "mode": "managed",
      "type": "aws_launch_configuration",
      "name": "workers",
      "provider": "provider[\"registry.terraform.io/hashicorp/aws\"]",
      "instances": [
        {
          "index_key": 0,
          "schema_version": 0,
          "attributes": {
            "arn": "arn:aws:autoscaling:us-west-2:100072912756:launchConfiguration:4238d2b0-508a-49fa-a895-f9f0bd366415:launchConfigurationName/swimstack-9w-nodegroup-12021092308344730190000000e",
            "associate_public_ip_address": false,
            "ebs_block_device": [],
            "ebs_optimized": false,
            "enable_monitoring": true,
            "ephemeral_block_device": [],
            "iam_instance_profile": "swimstack-9w2021092308344548660000000a",
            "id": "swimstack-9w-nodegroup-12021092308344730190000000e",
            "image_id": "ami-0cb182e3037115aa0",
            "instance_type": "t2.small",
            "key_name": "",
            "metadata_options": [
              {
                "http_endpoint": "enabled",
                "http_put_response_hop_limit": 1,
                "http_tokens": "optional"
              }
            ],
            "name": "swimstack-9w-nodegroup-12021092308344730190000000e",
            "name_prefix": "swimstack-9w-nodegroup-1",
            "placement_tenancy": "",
            "root_block_device": [
              {
                "delete_on_termination": true,
                "encrypted": false,
                "iops": 0,
                "throughput": 0,
                "volume_size": 100,
                "volume_type": "gp2"
              }
            ],
            "security_groups": [
              "sg-052ab85490c4ccc1f"
            ],
            "spot_price": "",
            "user_data": null,
            "user_data_base64": "IyEvYmluL2Jhc2ggLWUKCiMgQWxsb3cgdXNlciBzdXBwbGllZCBwcmUgdXNlcmRhdGEgY29kZQoKCiMgQm9vdHN0cmFwIGFuZCBqb2luIHRoZSBjbHVzdGVyCi9ldGMvZWtzL2Jvb3RzdHJhcC5zaCAtLWI2NC1jbHVzdGVyLWNhICdMUzB0TFMxQ1JVZEpUaUJEUlZKVVNVWkpRMEZVUlMwdExTMHRDazFKU1VNMWVrTkRRV01yWjBGM1NVSkJaMGxDUVVSQlRrSm5hM0ZvYTJsSE9YY3dRa0ZSYzBaQlJFRldUVkpOZDBWUldVUldVVkZFUlhkd2NtUlhTbXdLWTIwMWJHUkhWbnBOUWpSWVJGUkplRTFFYTNsTmVrRTBUWHBGZDAweGIxaEVWRTE0VFVScmVVMVVRVFJOZWtWM1RURnZkMFpVUlZSTlFrVkhRVEZWUlFwQmVFMUxZVE5XYVZwWVNuVmFXRkpzWTNwRFEwRlRTWGRFVVZsS1MyOWFTV2gyWTA1QlVVVkNRbEZCUkdkblJWQkJSRU5EUVZGdlEyZG5SVUpCU2paekNsVnlRVEJDYkhSUGMxZGtNRm81VFRSU05rMDFjMjUxTW1nelkwbGlRMUIwVUdoRVdFTndabEIwYW5kaVpISTNjRVZ4VDFOUlZtTXphMFExYVdGcFlXTUtWMlJrVEdJMGJpdEVObEJEUkhCcFpFdHdWRXBYYlVsa1NsZzVTRXRDZWxGSlZHZzBkV295UVhwRk1YazROazEyWjNBM2RVRXpjRTFYWVZWUmRVNUNMd29yUlV4b2N6SmlWalJvUm5ORFkyZHRibkJZSzFwNVZETjBVME41YldneWRYWlBlSFI2YmpWSVQwcFZia2hRZVVVcmNEaHRRMVpEVEdkT2VFNXNRMWt3Q21RcmRXZFZaRkJOTnpZeGRISmtMekJWTlV4SmVYUlJXRTlyTDBJdlJIaEtWbFZMV25FemRGRkllRlJaVmpWRk1GcDBjaXRXUlVSWFlVSkxUbXRPTWs0S1lYRlVTMlp0TUcxSE16WjBMMlZyZEc1NVYzQnRNRk5oTkZsdlNuTlhkVzQzV25kM1ZqRmxjSGx6YzJKRFJESkZabEZMUzFsQ2JucG5VelJVTUVaMVdncEdlR2t2Y0RFd09HTlVORE5TVDA1dFMydHpRMEYzUlVGQllVNURUVVZCZDBSbldVUldVakJRUVZGSUwwSkJVVVJCWjB0clRVRTRSMEV4VldSRmQwVkNDaTkzVVVaTlFVMUNRV1k0ZDBoUldVUldVakJQUWtKWlJVWkhSVmhJUVRWalEzQnROSHBYWld4c2NtbENPRGwzVGxwVmNuZE5RVEJIUTFOeFIxTkpZak1LUkZGRlFrTjNWVUZCTkVsQ1FWRkJkSHBVWVUxSlRVTkhaa3A1UWk5RGIwWnhibXBTZUhkcFNXeHRUR2xuUTFNNU9WUlRZMkk0YmpCdldpOVVVWEU1TndwYVlqRlNMM0ZFY21GMmVrcGpjekZSV1VsWWFqaHpjbWg2ZWt4d1JHcEphalpXWlVKNWVtWjBaekJQTUc1UlFtZHNZMlIxUldoS2NHODNaVzlZWW1sTkNqRkNTVXRsWW01NWFEWmphMDlQYzJSbldYWjBVa0p1ZFRsMlYwRm9OVWxsY0RKb2NWTmhiVE5PUlV4dlFVbHJZMGQ0YVcxWk5qSnJNMnBhU2tJeFlUSUtaRnAzTm5oR0wyb3lVbFE0VW5OU2JEWlFWa2NyTmxSb2FVMW5iMXAyUkVGeWNrcG1hbTlZZERWc1YyRnRXWFJYTmxoSVlXUjZhMHBsVnpjclpsaFRWd3BPTmxWbk9UTmhiM1pLUW10dU1XNVphbEl6ZUdZckswZG9VMFprWnpORUx6SldZa2hWUmpCdFIwVnRlVzE0UkdaV2NVVlRUblZuUkhKUFlubHBNM0ZYQ2toaldGbzNUbVZ6VkdWTVFVNXdZakJ0ZHpaMVJGZ3ZPVTF1UTBWcFFteG5Uekl2V2dvdExTMHRMVVZPUkNCRFJWSlVTVVpKUTBGVVJTMHRMUzB0Q2c9PScgLS1hcGlzZXJ2ZXItZW5kcG9pbnQgJ2h0dHBzOi8vQzFDMjA4ODZENkNBNEEwNjQxNjZDRTM2RUU1NkI4MjAuZ3I3LnVzLXdlc3QtMi5la3MuYW1hem9uYXdzLmNvbScgIC0ta3ViZWxldC1leHRyYS1hcmdzICIiICdzd2ltc3RhY2stOXcnCgojIEFsbG93IHVzZXIgc3VwcGxpZWQgdXNlcmRhdGEgY29kZQoK",
            "vpc_classic_link_id": "",
            "vpc_classic_link_security_groups": []
          },
          "sensitive_attributes": [],
          "private": "bnVsbA==",
          "dependencies": [
            "module.eks.aws_iam_role.workers",
            "module.eks.aws_security_group_rule.workers_ingress_cluster_kubelet",
            "module.eks.data.aws_iam_policy_document.cluster_assume_role_policy",
            "module.vpc.aws_subnet.private",
            "module.eks.aws_security_group.cluster",
            "module.eks.aws_security_group.workers",
            "data.aws_availability_zones.available",
            "module.eks.aws_iam_role.cluster",
            "module.eks.aws_iam_role_policy_attachment.workers_AmazonEC2ContainerRegistryReadOnly",
            "module.eks.aws_security_group_rule.workers_egress_internet",
            "module.eks.aws_security_group_rule.workers_ingress_cluster_https",
            "module.eks.data.aws_ami.eks_worker_windows",
            "module.eks.aws_cloudwatch_log_group.this",
            "module.eks.aws_iam_role_policy_attachment.cluster_AmazonEKSClusterPolicy",
            "module.eks.aws_iam_role_policy_attachment.workers_AmazonEKS_CNI_Policy",
            "module.eks.aws_security_group_rule.cluster_https_worker_ingress",
            "module.eks.aws_security_group_rule.workers_ingress_self",
            "module.eks.data.aws_iam_instance_profile.custom_worker_group_iam_instance_profile",
            "module.eks.aws_iam_instance_profile.workers",
            "module.eks.aws_iam_role_policy_attachment.cluster_AmazonEKSServicePolicy",
            "module.eks.aws_iam_role_policy_attachment.cluster_AmazonEKSVPCResourceControllerPolicy",
            "module.eks.aws_iam_role_policy_attachment.workers_additional_policies",
            "module.eks.aws_security_group_rule.workers_ingress_cluster",
            "module.vpc.aws_vpc_ipv4_cidr_block_association.this",
            "module.eks.aws_security_group_rule.cluster_primary_ingress_workers",
            "module.eks.aws_security_group_rule.cluster_egress_internet",
            "module.eks.aws_security_group_rule.workers_ingress_cluster_primary",
            "module.eks.data.aws_iam_role.custom_cluster_iam_role",
            "module.vpc.aws_vpc.this",
            "module.eks.aws_eks_cluster.this",
            "module.eks.aws_iam_role_policy_attachment.workers_AmazonEKSWorkerNodePolicy",
            "module.eks.data.aws_ami.eks_worker",
            "module.eks.data.aws_iam_policy_document.workers_assume_role_policy",
            "module.eks.data.aws_partition.current",
            "random_id.cluster-suffix"
          ],
          "create_before_destroy": true
        }
      ]
    },
    {
      "module": "module.eks",
      "mode": "managed",
      "type": "aws_security_group",
      "name": "cluster",
      "provider": "provider[\"registry.terraform.io/hashicorp/aws\"]",
      "instances": [
        {
          "index_key": 0,
          "schema_version": 1,
          "attributes": {
            "arn": "arn:aws:ec2:us-west-2:100072912756:security-group/sg-037b3620500416525",
            "description": "EKS cluster security group.",
            "egress": [
              {
                "cidr_blocks": [
                  "0.0.0.0/0"
                ],
                "description": "Allow cluster egress access to the Internet.",
                "from_port": 0,
                "ipv6_cidr_blocks": [],
                "prefix_list_ids": [],
                "protocol": "-1",
                "security_groups": [],
                "self": false,
                "to_port": 0
              }
            ],
            "id": "sg-037b3620500416525",
            "ingress": [
              {
                "cidr_blocks": [],
                "description": "Allow pods to communicate with the EKS cluster API.",
                "from_port": 443,
                "ipv6_cidr_blocks": [],
                "prefix_list_ids": [],
                "protocol": "tcp",
                "security_groups": [
                  "sg-052ab85490c4ccc1f"
                ],
                "self": false,
                "to_port": 443
              }
            ],
            "name": "swimstack-9w20210923082356475800000007",
            "name_prefix": "swimstack-9w",
            "owner_id": "100072912756",
            "revoke_rules_on_delete": false,
            "tags": {
              "Environment": "swimstack",
              "Name": "swimstack-9w-eks_cluster_sg"
            },
            "tags_all": {
              "Environment": "swimstack",
              "Name": "swimstack-9w-eks_cluster_sg"
            },
            "timeouts": null,
            "vpc_id": "vpc-0d6152ccf164a00c2"
          },
          "sensitive_attributes": [],
          "private": "eyJlMmJmYjczMC1lY2FhLTExZTYtOGY4OC0zNDM2M2JjN2M0YzAiOnsiY3JlYXRlIjo2MDAwMDAwMDAwMDAsImRlbGV0ZSI6OTAwMDAwMDAwMDAwfSwic2NoZW1hX3ZlcnNpb24iOiIxIn0=",
          "dependencies": [
            "module.vpc.aws_vpc.this",
            "random_id.cluster-suffix"
          ],
          "create_before_destroy": true
        }
      ]
    },
    {
      "module": "module.eks",
      "mode": "managed",
      "type": "aws_security_group",
      "name": "workers",
      "provider": "provider[\"registry.terraform.io/hashicorp/aws\"]",
      "instances": [
        {
          "index_key": 0,
          "schema_version": 1,
          "attributes": {
            "arn": "arn:aws:ec2:us-west-2:100072912756:security-group/sg-052ab85490c4ccc1f",
            "description": "Security group for all nodes in the cluster.",
            "egress": [
              {
                "cidr_blocks": [
                  "0.0.0.0/0"
                ],
                "description": "Allow nodes all egress to the Internet.",
                "from_port": 0,
                "ipv6_cidr_blocks": [],
                "prefix_list_ids": [],
                "protocol": "-1",
                "security_groups": [],
                "self": false,
                "to_port": 0
              }
            ],
            "id": "sg-052ab85490c4ccc1f",
            "ingress": [
              {
                "cidr_blocks": [],
                "description": "",
                "from_port": 0,
                "ipv6_cidr_blocks": [],
                "prefix_list_ids": [],
                "protocol": "-1",
                "security_groups": [
                  "sg-0a2779fa383ac7d28"
                ],
                "self": false,
                "to_port": 0
              },
              {
                "cidr_blocks": [],
                "description": "Allow node to communicate with each other.",
                "from_port": 0,
                "ipv6_cidr_blocks": [],
                "prefix_list_ids": [],
                "protocol": "-1",
                "security_groups": [],
                "self": true,
                "to_port": 0
              },
              {
                "cidr_blocks": [],
                "description": "Allow pods running extension API servers on port 443 to receive communication from cluster control plane.",
                "from_port": 443,
                "ipv6_cidr_blocks": [],
                "prefix_list_ids": [],
                "protocol": "tcp",
                "security_groups": [
                  "sg-037b3620500416525"
                ],
                "self": false,
                "to_port": 443
              },
              {
                "cidr_blocks": [],
                "description": "Allow workers pods to receive communication from the cluster control plane.",
                "from_port": 1025,
                "ipv6_cidr_blocks": [],
                "prefix_list_ids": [],
                "protocol": "tcp",
                "security_groups": [
                  "sg-037b3620500416525"
                ],
                "self": false,
                "to_port": 65535
              }
            ],
            "name": "swimstack-9w20210923082356479700000008",
            "name_prefix": "swimstack-9w",
            "owner_id": "100072912756",
            "revoke_rules_on_delete": false,
            "tags": {
              "Environment": "swimstack",
              "Name": "swimstack-9w-eks_worker_sg",
              "kubernetes.io/cluster/swimstack-9w": "owned"
            },
            "tags_all": {
              "Environment": "swimstack",
              "Name": "swimstack-9w-eks_worker_sg",
              "kubernetes.io/cluster/swimstack-9w": "owned"
            },
            "timeouts": null,
            "vpc_id": "vpc-0d6152ccf164a00c2"
          },
          "sensitive_attributes": [],
          "private": "eyJlMmJmYjczMC1lY2FhLTExZTYtOGY4OC0zNDM2M2JjN2M0YzAiOnsiY3JlYXRlIjo2MDAwMDAwMDAwMDAsImRlbGV0ZSI6OTAwMDAwMDAwMDAwfSwic2NoZW1hX3ZlcnNpb24iOiIxIn0=",
          "dependencies": [
            "module.vpc.aws_vpc.this",
            "random_id.cluster-suffix"
          ],
          "create_before_destroy": true
        }
      ]
    },
    {
      "module": "module.eks",
      "mode": "managed",
      "type": "aws_security_group_rule",
      "name": "cluster_egress_internet",
      "provider": "provider[\"registry.terraform.io/hashicorp/aws\"]",
      "instances": [
        {
          "index_key": 0,
          "schema_version": 2,
          "attributes": {
            "cidr_blocks": [
              "0.0.0.0/0"
            ],
            "description": "Allow cluster egress access to the Internet.",
            "from_port": 0,
            "id": "sgrule-142442384",
            "ipv6_cidr_blocks": [],
            "prefix_list_ids": [],
            "protocol": "-1",
            "security_group_id": "sg-037b3620500416525",
            "self": false,
            "source_security_group_id": null,
            "to_port": 0,
            "type": "egress"
          },
          "sensitive_attributes": [],
          "private": "eyJzY2hlbWFfdmVyc2lvbiI6IjIifQ==",
          "dependencies": [
            "random_id.cluster-suffix",
            "module.eks.aws_security_group.cluster",
            "module.vpc.aws_vpc.this"
          ],
          "create_before_destroy": true
        }
      ]
    },
    {
      "module": "module.eks",
      "mode": "managed",
      "type": "aws_security_group_rule",
      "name": "cluster_https_worker_ingress",
      "provider": "provider[\"registry.terraform.io/hashicorp/aws\"]",
      "instances": [
        {
          "index_key": 0,
          "schema_version": 2,
          "attributes": {
            "cidr_blocks": [],
            "description": "Allow pods to communicate with the EKS cluster API.",
            "from_port": 443,
            "id": "sgrule-1250327252",
            "ipv6_cidr_blocks": [],
            "prefix_list_ids": [],
            "protocol": "tcp",
            "security_group_id": "sg-037b3620500416525",
            "self": false,
            "source_security_group_id": "sg-052ab85490c4ccc1f",
            "to_port": 443,
            "type": "ingress"
          },
          "sensitive_attributes": [],
          "private": "eyJzY2hlbWFfdmVyc2lvbiI6IjIifQ==",
          "dependencies": [
            "random_id.cluster-suffix",
            "module.eks.aws_security_group.cluster",
            "module.eks.aws_security_group.workers",
            "module.vpc.aws_vpc.this"
          ],
          "create_before_destroy": true
        }
      ]
    },
    {
      "module": "module.eks",
      "mode": "managed",
      "type": "aws_security_group_rule",
      "name": "workers_egress_internet",
      "provider": "provider[\"registry.terraform.io/hashicorp/aws\"]",
      "instances": [
        {
          "index_key": 0,
          "schema_version": 2,
          "attributes": {
            "cidr_blocks": [
              "0.0.0.0/0"
            ],
            "description": "Allow nodes all egress to the Internet.",
            "from_port": 0,
            "id": "sgrule-3926652819",
            "ipv6_cidr_blocks": [],
            "prefix_list_ids": [],
            "protocol": "-1",
            "security_group_id": "sg-052ab85490c4ccc1f",
            "self": false,
            "source_security_group_id": null,
            "to_port": 0,
            "type": "egress"
          },
          "sensitive_attributes": [],
          "private": "eyJzY2hlbWFfdmVyc2lvbiI6IjIifQ==",
          "dependencies": [
            "random_id.cluster-suffix",
            "module.eks.aws_security_group.workers",
            "module.vpc.aws_vpc.this"
          ],
          "create_before_destroy": true
        }
      ]
    },
    {
      "module": "module.eks",
      "mode": "managed",
      "type": "aws_security_group_rule",
      "name": "workers_ingress_cluster",
      "provider": "provider[\"registry.terraform.io/hashicorp/aws\"]",
      "instances": [
        {
          "index_key": 0,
          "schema_version": 2,
          "attributes": {
            "cidr_blocks": [],
            "description": "Allow workers pods to receive communication from the cluster control plane.",
            "from_port": 1025,
            "id": "sgrule-1122651465",
            "ipv6_cidr_blocks": [],
            "prefix_list_ids": [],
            "protocol": "tcp",
            "security_group_id": "sg-052ab85490c4ccc1f",
            "self": false,
            "source_security_group_id": "sg-037b3620500416525",
            "to_port": 65535,
            "type": "ingress"
          },
          "sensitive_attributes": [],
          "private": "eyJzY2hlbWFfdmVyc2lvbiI6IjIifQ==",
          "dependencies": [
            "module.eks.aws_security_group.cluster",
            "module.eks.aws_security_group.workers",
            "module.vpc.aws_vpc.this",
            "random_id.cluster-suffix"
          ],
          "create_before_destroy": true
        }
      ]
    },
    {
      "module": "module.eks",
      "mode": "managed",
      "type": "aws_security_group_rule",
      "name": "workers_ingress_cluster_https",
      "provider": "provider[\"registry.terraform.io/hashicorp/aws\"]",
      "instances": [
        {
          "index_key": 0,
          "schema_version": 2,
          "attributes": {
            "cidr_blocks": [],
            "description": "Allow pods running extension API servers on port 443 to receive communication from cluster control plane.",
            "from_port": 443,
            "id": "sgrule-2570189173",
            "ipv6_cidr_blocks": [],
            "prefix_list_ids": [],
            "protocol": "tcp",
            "security_group_id": "sg-052ab85490c4ccc1f",
            "self": false,
            "source_security_group_id": "sg-037b3620500416525",
            "to_port": 443,
            "type": "ingress"
          },
          "sensitive_attributes": [],
          "private": "eyJzY2hlbWFfdmVyc2lvbiI6IjIifQ==",
          "dependencies": [
            "random_id.cluster-suffix",
            "module.eks.aws_security_group.cluster",
            "module.eks.aws_security_group.workers",
            "module.vpc.aws_vpc.this"
          ],
          "create_before_destroy": true
        }
      ]
    },
    {
      "module": "module.eks",
      "mode": "managed",
      "type": "aws_security_group_rule",
      "name": "workers_ingress_self",
      "provider": "provider[\"registry.terraform.io/hashicorp/aws\"]",
      "instances": [
        {
          "index_key": 0,
          "schema_version": 2,
          "attributes": {
            "cidr_blocks": [],
            "description": "Allow node to communicate with each other.",
            "from_port": 0,
            "id": "sgrule-3383244031",
            "ipv6_cidr_blocks": [],
            "prefix_list_ids": [],
            "protocol": "-1",
            "security_group_id": "sg-052ab85490c4ccc1f",
            "self": false,
            "source_security_group_id": "sg-052ab85490c4ccc1f",
            "to_port": 0,
            "type": "ingress"
          },
          "sensitive_attributes": [],
          "private": "eyJzY2hlbWFfdmVyc2lvbiI6IjIifQ==",
          "dependencies": [
            "module.eks.aws_security_group.workers",
            "module.vpc.aws_vpc.this",
            "random_id.cluster-suffix"
          ],
          "create_before_destroy": true
        }
      ]
    },
    {
      "module": "module.eks",
      "mode": "managed",
      "type": "kubernetes_config_map",
      "name": "aws_auth",
      "provider": "provider[\"registry.terraform.io/hashicorp/kubernetes\"]",
      "instances": [
        {
          "index_key": 0,
          "schema_version": 0,
          "attributes": {
            "binary_data": {},
            "data": {
              "mapAccounts": "[]\n",
              "mapRoles": "- \"groups\":\n  - \"system:bootstrappers\"\n  - \"system:nodes\"\n  \"rolearn\": \"arn:aws:iam::100072912756:role/swimstack-9w20210923083443425800000009\"\n  \"username\": \"system:node:{{EC2PrivateDNSName}}\"\n",
              "mapUsers": "[]\n"
            },
            "id": "kube-system/aws-auth",
            "metadata": [
              {
                "annotations": {},
                "generate_name": "",
                "generation": 0,
                "labels": {
                  "app.kubernetes.io/managed-by": "Terraform",
                  "terraform.io/module": "terraform-aws-modules.eks.aws"
                },
                "name": "aws-auth",
                "namespace": "kube-system",
                "resource_version": "731",
                "uid": "0e456e4b-f635-4524-8a8e-c995c6b92521"
              }
            ]
          },
          "sensitive_attributes": [],
          "private": "bnVsbA==",
          "dependencies": [
            "module.eks.data.aws_partition.current",
            "module.vpc.aws_vpc.this",
            "module.eks.aws_iam_role.workers",
            "module.eks.data.aws_iam_role.custom_cluster_iam_role",
            "module.eks.data.aws_ami.eks_worker_windows",
            "module.eks.data.aws_iam_instance_profile.custom_worker_group_launch_template_iam_instance_profile",
            "random_id.cluster-suffix",
            "module.eks.aws_iam_instance_profile.workers_launch_template",
            "module.eks.aws_iam_role_policy_attachment.cluster_AmazonEKSVPCResourceControllerPolicy",
            "data.aws_eks_cluster_auth.cluster",
            "module.eks.data.http.wait_for_cluster",
            "module.eks.data.aws_iam_instance_profile.custom_worker_group_iam_instance_profile",
            "data.aws_eks_cluster.cluster",
            "module.eks.aws_iam_role.cluster",
            "module.eks.aws_iam_role_policy_attachment.cluster_AmazonEKSServicePolicy",
            "module.eks.aws_security_group.cluster",
            "module.eks.data.aws_caller_identity.current",
            "module.eks.module.fargate.aws_iam_role.eks_fargate_pod",
            "module.vpc.aws_vpc_ipv4_cidr_block_association.this",
            "data.aws_availability_zones.available",
            "module.eks.aws_eks_cluster.this",
            "module.eks.data.aws_iam_policy_document.cluster_assume_role_policy",
            "module.eks.data.aws_iam_policy_document.workers_assume_role_policy",
            "module.eks.module.fargate.data.aws_iam_role.custom_fargate_iam_role",
            "module.vpc.aws_subnet.private",
            "module.eks.aws_iam_role_policy_attachment.cluster_AmazonEKSClusterPolicy",
            "module.eks.aws_security_group_rule.cluster_private_access_cidrs_source",
            "module.eks.aws_security_group_rule.cluster_https_worker_ingress",
            "module.eks.aws_security_group_rule.cluster_private_access_sg_source",
            "module.eks.aws_cloudwatch_log_group.this",
            "module.eks.aws_security_group_rule.cluster_egress_internet",
            "module.eks.data.aws_ami.eks_worker",
            "module.eks.module.fargate.data.aws_iam_policy_document.eks_fargate_pod_assume_role",
            "module.eks.aws_iam_instance_profile.workers",
            "module.eks.aws_security_group.workers"
          ],
          "create_before_destroy": true
        }
      ]
    },
    {
      "module": "module.eks",
      "mode": "managed",
      "type": "local_file",
      "name": "kubeconfig",
      "provider": "provider[\"registry.terraform.io/hashicorp/local\"]",
      "instances": [
        {
          "index_key": 0,
          "schema_version": 0,
          "attributes": {
            "content": "apiVersion: v1\npreferences: {}\nkind: Config\n\nclusters:\n- cluster:\n    server: https://C1C20886D6CA4A064166CE36EE56B820.gr7.us-west-2.eks.amazonaws.com\n    certificate-authority-data: LS0tLS1CRUdJTiBDRVJUSUZJQ0FURS0tLS0tCk1JSUM1ekNDQWMrZ0F3SUJBZ0lCQURBTkJna3Foa2lHOXcwQkFRc0ZBREFWTVJNd0VRWURWUVFERXdwcmRXSmwKY201bGRHVnpNQjRYRFRJeE1Ea3lNekE0TXpFd00xb1hEVE14TURreU1UQTRNekV3TTFvd0ZURVRNQkVHQTFVRQpBeE1LYTNWaVpYSnVaWFJsY3pDQ0FTSXdEUVlKS29aSWh2Y05BUUVCQlFBRGdnRVBBRENDQVFvQ2dnRUJBSjZzClVyQTBCbHRPc1dkMFo5TTRSNk01c251MmgzY0liQ1B0UGhEWENwZlB0andiZHI3cEVxT1NRVmMza0Q1aWFpYWMKV2RkTGI0bitENlBDRHBpZEtwVEpXbUlkSlg5SEtCelFJVGg0dWoyQXpFMXk4Nk12Z3A3dUEzcE1XYVVRdU5CLworRUxoczJiVjRoRnNDY2dtbnBYK1p5VDN0U0N5bWgydXZPeHR6bjVIT0pVbkhQeUUrcDhtQ1ZDTGdOeE5sQ1kwCmQrdWdVZFBNNzYxdHJkLzBVNUxJeXRRWE9rL0IvRHhKVlVLWnEzdFFIeFRZVjVFMFp0citWRURXYUJLTmtOMk4KYXFUS2ZtMG1HMzZ0L2VrdG55V3BtMFNhNFlvSnNXdW43Wnd3VjFlcHlzc2JDRDJFZlFLS1lCbnpnUzRUMEZ1WgpGeGkvcDEwOGNUNDNST05tS2tzQ0F3RUFBYU5DTUVBd0RnWURWUjBQQVFIL0JBUURBZ0trTUE4R0ExVWRFd0VCCi93UUZNQU1CQWY4d0hRWURWUjBPQkJZRUZHRVhIQTVjQ3BtNHpXZWxscmlCODl3TlpVcndNQTBHQ1NxR1NJYjMKRFFFQkN3VUFBNElCQVFBdHpUYU1JTUNHZkp5Qi9Db0ZxbmpSeHdpSWxtTGlnQ1M5OVRTY2I4bjBvWi9UUXE5NwpaYjFSL3FEcmF2ekpjczFRWUlYajhzcmh6ekxwRGpJajZWZUJ5emZ0ZzBPMG5RQmdsY2R1RWhKcG83ZW9YYmlNCjFCSUtlYm55aDZja09Pc2RnWXZ0UkJudTl2V0FoNUllcDJocVNhbTNORUxvQUlrY0d4aW1ZNjJrM2paSkIxYTIKZFp3NnhGL2oyUlQ4UnNSbDZQVkcrNlRoaU1nb1p2REFyckpmam9YdDVsV2FtWXRXNlhIYWR6a0plVzcrZlhTVwpONlVnOTNhb3ZKQmtuMW5ZalIzeGYrK0doU0ZkZzNELzJWYkhVRjBtR0VteW14RGZWcUVTTnVnRHJPYnlpM3FXCkhjWFo3TmVzVGVMQU5wYjBtdzZ1RFgvOU1uQ0VpQmxnTzIvWgotLS0tLUVORCBDRVJUSUZJQ0FURS0tLS0tCg==\n  name: eks_swimstack-9w\n\ncontexts:\n- context:\n    cluster: eks_swimstack-9w\n    user: eks_swimstack-9w\n  name: eks_swimstack-9w\n\ncurrent-context: eks_swimstack-9w\n\nusers:\n- name: eks_swimstack-9w\n  user:\n    exec:\n      apiVersion: client.authentication.k8s.io/v1alpha1\n      command: aws-iam-authenticator\n      args:\n        - \"token\"\n        - \"-i\"\n        - \"swimstack-9w\"\n",
            "content_base64": null,
            "directory_permission": "0755",
            "file_permission": "0600",
            "filename": "./kubeconfig_swimstack-9w",
            "id": "c569bc3b5102fbfeeab581c82ec29dabd6b587a7",
            "sensitive_content": null,
            "source": null
          },
          "sensitive_attributes": [],
          "private": "bnVsbA==",
          "dependencies": [
            "module.eks.aws_iam_role_policy_attachment.cluster_AmazonEKSClusterPolicy",
            "module.eks.aws_iam_role_policy_attachment.cluster_AmazonEKSServicePolicy",
            "module.eks.aws_security_group.cluster",
            "module.vpc.aws_vpc_ipv4_cidr_block_association.this",
            "module.eks.aws_iam_role.cluster",
            "module.eks.aws_security_group_rule.cluster_https_worker_ingress",
            "module.eks.data.aws_partition.current",
            "module.vpc.aws_vpc.this",
            "data.aws_availability_zones.available",
            "module.eks.aws_eks_cluster.this",
            "module.eks.aws_iam_role_policy_attachment.cluster_AmazonEKSVPCResourceControllerPolicy",
            "module.eks.aws_security_group_rule.cluster_egress_internet",
            "module.eks.data.aws_iam_role.custom_cluster_iam_role",
            "module.eks.aws_cloudwatch_log_group.this",
            "module.eks.aws_security_group.workers",
            "module.eks.data.aws_iam_policy_document.cluster_assume_role_policy",
            "module.vpc.aws_subnet.private",
            "random_id.cluster-suffix"
          ]
        }
      ]
    },
    {
      "module": "module.eks.module.fargate",
      "mode": "data",
      "type": "aws_partition",
      "name": "current",
      "provider": "provider[\"registry.terraform.io/hashicorp/aws\"]",
      "instances": [
        {
          "schema_version": 0,
          "attributes": {
            "dns_suffix": "amazonaws.com",
            "id": "aws",
            "partition": "aws",
            "reverse_dns_prefix": "com.amazonaws"
          },
          "sensitive_attributes": []
        }
      ]
    },
    {
      "module": "module.vpc",
      "mode": "managed",
      "type": "aws_eip",
      "name": "nat",
      "provider": "provider[\"registry.terraform.io/hashicorp/aws\"]",
      "instances": [
        {
          "index_key": 0,
          "schema_version": 0,
          "attributes": {
            "address": null,
            "allocation_id": null,
            "associate_with_private_ip": null,
            "association_id": "eipassoc-06efdb833b742e108",
            "carrier_ip": "",
            "customer_owned_ip": "",
            "customer_owned_ipv4_pool": "",
            "domain": "vpc",
            "id": "eipalloc-01b436f7b5e943c7d",
            "instance": "",
            "network_border_group": "us-west-2",
            "network_interface": "eni-079e482b2530e3054",
            "private_dns": "ip-10-0-0-245.us-west-2.compute.internal",
            "private_ip": "10.0.0.245",
            "public_dns": "ec2-52-25-163-153.us-west-2.compute.amazonaws.com",
            "public_ip": "52.25.163.153",
            "public_ipv4_pool": "amazon",
            "tags": {
              "Name": "swimstack-vpc-us-west-2a",
              "kubernetes.io/cluster/swimstack-9w": "shared"
            },
            "tags_all": {
              "Name": "swimstack-vpc-us-west-2a",
              "kubernetes.io/cluster/swimstack-9w": "shared"
            },
            "timeouts": null,
            "vpc": true
          },
          "sensitive_attributes": [],
          "private": "eyJlMmJmYjczMC1lY2FhLTExZTYtOGY4OC0zNDM2M2JjN2M0YzAiOnsiZGVsZXRlIjoxODAwMDAwMDAwMDAsInJlYWQiOjkwMDAwMDAwMDAwMCwidXBkYXRlIjozMDAwMDAwMDAwMDB9fQ==",
          "dependencies": [
            "data.aws_availability_zones.available",
            "random_id.cluster-suffix"
          ]
        },
        {
          "index_key": 1,
          "schema_version": 0,
          "attributes": {
            "address": null,
            "allocation_id": null,
            "associate_with_private_ip": null,
            "association_id": "eipassoc-0bc2c0f5cef363cad",
            "carrier_ip": "",
            "customer_owned_ip": "",
            "customer_owned_ipv4_pool": "",
            "domain": "vpc",
            "id": "eipalloc-0333e2292554206a2",
            "instance": "",
            "network_border_group": "us-west-2",
            "network_interface": "eni-0a3f089075dfd1159",
            "private_dns": "ip-10-0-1-51.us-west-2.compute.internal",
            "private_ip": "10.0.1.51",
            "public_dns": "ec2-100-20-28-239.us-west-2.compute.amazonaws.com",
            "public_ip": "100.20.28.239",
            "public_ipv4_pool": "amazon",
            "tags": {
              "Name": "swimstack-vpc-us-west-2b",
              "kubernetes.io/cluster/swimstack-9w": "shared"
            },
            "tags_all": {
              "Name": "swimstack-vpc-us-west-2b",
              "kubernetes.io/cluster/swimstack-9w": "shared"
            },
            "timeouts": null,
            "vpc": true
          },
          "sensitive_attributes": [],
          "private": "eyJlMmJmYjczMC1lY2FhLTExZTYtOGY4OC0zNDM2M2JjN2M0YzAiOnsiZGVsZXRlIjoxODAwMDAwMDAwMDAsInJlYWQiOjkwMDAwMDAwMDAwMCwidXBkYXRlIjozMDAwMDAwMDAwMDB9fQ==",
          "dependencies": [
            "data.aws_availability_zones.available",
            "random_id.cluster-suffix"
          ]
        },
        {
          "index_key": 2,
          "schema_version": 0,
          "attributes": {
            "address": null,
            "allocation_id": null,
            "associate_with_private_ip": null,
            "association_id": "eipassoc-09f4948f01e752d47",
            "carrier_ip": "",
            "customer_owned_ip": "",
            "customer_owned_ipv4_pool": "",
            "domain": "vpc",
            "id": "eipalloc-0ed5a7f1f7626e084",
            "instance": "",
            "network_border_group": "us-west-2",
            "network_interface": "eni-084c45e3b5104e446",
            "private_dns": "ip-10-0-1-113.us-west-2.compute.internal",
            "private_ip": "10.0.1.113",
            "public_dns": "ec2-35-84-201-38.us-west-2.compute.amazonaws.com",
            "public_ip": "35.84.201.38",
            "public_ipv4_pool": "amazon",
            "tags": {
              "Name": "swimstack-vpc-us-west-2c",
              "kubernetes.io/cluster/swimstack-9w": "shared"
            },
            "tags_all": {
              "Name": "swimstack-vpc-us-west-2c",
              "kubernetes.io/cluster/swimstack-9w": "shared"
            },
            "timeouts": null,
            "vpc": true
          },
          "sensitive_attributes": [],
          "private": "eyJlMmJmYjczMC1lY2FhLTExZTYtOGY4OC0zNDM2M2JjN2M0YzAiOnsiZGVsZXRlIjoxODAwMDAwMDAwMDAsInJlYWQiOjkwMDAwMDAwMDAwMCwidXBkYXRlIjozMDAwMDAwMDAwMDB9fQ==",
          "dependencies": [
            "data.aws_availability_zones.available",
            "random_id.cluster-suffix"
          ]
        }
      ]
    },
    {
      "module": "module.vpc",
      "mode": "managed",
      "type": "aws_internet_gateway",
      "name": "this",
      "provider": "provider[\"registry.terraform.io/hashicorp/aws\"]",
      "instances": [
        {
          "index_key": 0,
          "schema_version": 0,
          "attributes": {
            "arn": "arn:aws:ec2:us-west-2:100072912756:internet-gateway/igw-0a02cca3967b4c1ca",
            "id": "igw-0a02cca3967b4c1ca",
            "owner_id": "100072912756",
            "tags": {
              "Name": "swimstack-vpc",
              "kubernetes.io/cluster/swimstack-9w": "shared"
            },
            "tags_all": {
              "Name": "swimstack-vpc",
              "kubernetes.io/cluster/swimstack-9w": "shared"
            },
            "vpc_id": "vpc-0d6152ccf164a00c2"
          },
          "sensitive_attributes": [],
          "private": "bnVsbA==",
          "dependencies": [
            "module.vpc.aws_vpc.this",
            "module.vpc.aws_vpc_ipv4_cidr_block_association.this",
            "random_id.cluster-suffix"
          ]
        }
      ]
    },
    {
      "module": "module.vpc",
      "mode": "managed",
      "type": "aws_nat_gateway",
      "name": "this",
      "provider": "provider[\"registry.terraform.io/hashicorp/aws\"]",
      "instances": [
        {
          "index_key": 0,
          "schema_version": 0,
          "attributes": {
            "allocation_id": "eipalloc-01b436f7b5e943c7d",
            "connectivity_type": "public",
            "id": "nat-09c49a49afb09f67d",
            "network_interface_id": "eni-079e482b2530e3054",
            "private_ip": "10.0.0.245",
            "public_ip": "52.25.163.153",
            "subnet_id": "subnet-0994b6bf86e60c184",
            "tags": {
              "Name": "swimstack-vpc-us-west-2a",
              "kubernetes.io/cluster/swimstack-9w": "shared"
            },
            "tags_all": {
              "Name": "swimstack-vpc-us-west-2a",
              "kubernetes.io/cluster/swimstack-9w": "shared"
            }
          },
          "sensitive_attributes": [],
          "private": "bnVsbA==",
          "dependencies": [
            "module.vpc.aws_subnet.public",
            "module.vpc.aws_vpc.this",
            "module.vpc.aws_vpc_ipv4_cidr_block_association.this",
            "random_id.cluster-suffix",
            "data.aws_availability_zones.available",
            "module.vpc.aws_eip.nat",
            "module.vpc.aws_internet_gateway.this"
          ]
        },
        {
          "index_key": 1,
          "schema_version": 0,
          "attributes": {
            "allocation_id": "eipalloc-0333e2292554206a2",
            "connectivity_type": "public",
            "id": "nat-060c40506a53dddd4",
            "network_interface_id": "eni-0a3f089075dfd1159",
            "private_ip": "10.0.1.51",
            "public_ip": "100.20.28.239",
            "subnet_id": "subnet-01332099c2c89dd6d",
            "tags": {
              "Name": "swimstack-vpc-us-west-2b",
              "kubernetes.io/cluster/swimstack-9w": "shared"
            },
            "tags_all": {
              "Name": "swimstack-vpc-us-west-2b",
              "kubernetes.io/cluster/swimstack-9w": "shared"
            }
          },
          "sensitive_attributes": [],
          "private": "bnVsbA==",
          "dependencies": [
            "module.vpc.aws_subnet.public",
            "module.vpc.aws_vpc.this",
            "module.vpc.aws_vpc_ipv4_cidr_block_association.this",
            "random_id.cluster-suffix",
            "data.aws_availability_zones.available",
            "module.vpc.aws_eip.nat",
            "module.vpc.aws_internet_gateway.this"
          ]
        },
        {
          "index_key": 2,
          "schema_version": 0,
          "attributes": {
            "allocation_id": "eipalloc-0ed5a7f1f7626e084",
            "connectivity_type": "public",
            "id": "nat-02a7470019e051176",
            "network_interface_id": "eni-084c45e3b5104e446",
            "private_ip": "10.0.1.113",
            "public_ip": "35.84.201.38",
            "subnet_id": "subnet-05476bcf6d5aab3fe",
            "tags": {
              "Name": "swimstack-vpc-us-west-2c",
              "kubernetes.io/cluster/swimstack-9w": "shared"
            },
            "tags_all": {
              "Name": "swimstack-vpc-us-west-2c",
              "kubernetes.io/cluster/swimstack-9w": "shared"
            }
          },
          "sensitive_attributes": [],
          "private": "bnVsbA==",
          "dependencies": [
            "module.vpc.aws_vpc.this",
            "module.vpc.aws_vpc_ipv4_cidr_block_association.this",
            "random_id.cluster-suffix",
            "data.aws_availability_zones.available",
            "module.vpc.aws_eip.nat",
            "module.vpc.aws_internet_gateway.this",
            "module.vpc.aws_subnet.public"
          ]
        }
      ]
    },
    {
      "module": "module.vpc",
      "mode": "managed",
      "type": "aws_route",
      "name": "private_nat_gateway",
      "provider": "provider[\"registry.terraform.io/hashicorp/aws\"]",
      "instances": [
        {
          "index_key": 0,
          "schema_version": 0,
          "attributes": {
            "carrier_gateway_id": "",
            "destination_cidr_block": "0.0.0.0/0",
            "destination_ipv6_cidr_block": "",
            "destination_prefix_list_id": "",
            "egress_only_gateway_id": "",
            "gateway_id": "",
            "id": "r-rtb-0db3089e71c7583461080289494",
            "instance_id": "",
            "instance_owner_id": "",
            "local_gateway_id": "",
            "nat_gateway_id": "nat-09c49a49afb09f67d",
            "network_interface_id": "",
            "origin": "CreateRoute",
            "route_table_id": "rtb-0db3089e71c758346",
            "state": "active",
            "timeouts": {
              "create": "5m",
              "delete": null
            },
            "transit_gateway_id": "",
            "vpc_endpoint_id": "",
            "vpc_peering_connection_id": ""
          },
          "sensitive_attributes": [],
          "private": "eyJlMmJmYjczMC1lY2FhLTExZTYtOGY4OC0zNDM2M2JjN2M0YzAiOnsiY3JlYXRlIjozMDAwMDAwMDAwMDAsImRlbGV0ZSI6MzAwMDAwMDAwMDAwfX0=",
          "dependencies": [
            "module.vpc.aws_subnet.public",
            "module.vpc.aws_vpc_ipv4_cidr_block_association.this",
            "random_id.cluster-suffix",
            "module.vpc.aws_eip.nat",
            "module.vpc.aws_route_table.private",
            "module.vpc.aws_nat_gateway.this",
            "module.vpc.aws_vpc.this",
            "data.aws_availability_zones.available",
            "module.vpc.aws_internet_gateway.this"
          ]
        },
        {
          "index_key": 1,
          "schema_version": 0,
          "attributes": {
            "carrier_gateway_id": "",
            "destination_cidr_block": "0.0.0.0/0",
            "destination_ipv6_cidr_block": "",
            "destination_prefix_list_id": "",
            "egress_only_gateway_id": "",
            "gateway_id": "",
            "id": "r-rtb-084e5171227cc95191080289494",
            "instance_id": "",
            "instance_owner_id": "",
            "local_gateway_id": "",
            "nat_gateway_id": "nat-060c40506a53dddd4",
            "network_interface_id": "",
            "origin": "CreateRoute",
            "route_table_id": "rtb-084e5171227cc9519",
            "state": "active",
            "timeouts": {
              "create": "5m",
              "delete": null
            },
            "transit_gateway_id": "",
            "vpc_endpoint_id": "",
            "vpc_peering_connection_id": ""
          },
          "sensitive_attributes": [],
          "private": "eyJlMmJmYjczMC1lY2FhLTExZTYtOGY4OC0zNDM2M2JjN2M0YzAiOnsiY3JlYXRlIjozMDAwMDAwMDAwMDAsImRlbGV0ZSI6MzAwMDAwMDAwMDAwfX0=",
          "dependencies": [
            "module.vpc.aws_eip.nat",
            "module.vpc.aws_internet_gateway.this",
            "module.vpc.aws_nat_gateway.this",
            "module.vpc.aws_subnet.public",
            "module.vpc.aws_vpc.this",
            "module.vpc.aws_vpc_ipv4_cidr_block_association.this",
            "random_id.cluster-suffix",
            "data.aws_availability_zones.available",
            "module.vpc.aws_route_table.private"
          ]
        },
        {
          "index_key": 2,
          "schema_version": 0,
          "attributes": {
            "carrier_gateway_id": "",
            "destination_cidr_block": "0.0.0.0/0",
            "destination_ipv6_cidr_block": "",
            "destination_prefix_list_id": "",
            "egress_only_gateway_id": "",
            "gateway_id": "",
            "id": "r-rtb-00a44a3d4fc1a2e4c1080289494",
            "instance_id": "",
            "instance_owner_id": "",
            "local_gateway_id": "",
            "nat_gateway_id": "nat-02a7470019e051176",
            "network_interface_id": "",
            "origin": "CreateRoute",
            "route_table_id": "rtb-00a44a3d4fc1a2e4c",
            "state": "active",
            "timeouts": {
              "create": "5m",
              "delete": null
            },
            "transit_gateway_id": "",
            "vpc_endpoint_id": "",
            "vpc_peering_connection_id": ""
          },
          "sensitive_attributes": [],
          "private": "eyJlMmJmYjczMC1lY2FhLTExZTYtOGY4OC0zNDM2M2JjN2M0YzAiOnsiY3JlYXRlIjozMDAwMDAwMDAwMDAsImRlbGV0ZSI6MzAwMDAwMDAwMDAwfX0=",
          "dependencies": [
            "data.aws_availability_zones.available",
            "module.vpc.aws_internet_gateway.this",
            "module.vpc.aws_nat_gateway.this",
            "module.vpc.aws_vpc.this",
            "random_id.cluster-suffix",
            "module.vpc.aws_eip.nat",
            "module.vpc.aws_route_table.private",
            "module.vpc.aws_subnet.public",
            "module.vpc.aws_vpc_ipv4_cidr_block_association.this"
          ]
        }
      ]
    },
    {
      "module": "module.vpc",
      "mode": "managed",
      "type": "aws_route",
      "name": "public_internet_gateway",
      "provider": "provider[\"registry.terraform.io/hashicorp/aws\"]",
      "instances": [
        {
          "index_key": 0,
          "schema_version": 0,
          "attributes": {
            "carrier_gateway_id": "",
            "destination_cidr_block": "0.0.0.0/0",
            "destination_ipv6_cidr_block": "",
            "destination_prefix_list_id": "",
            "egress_only_gateway_id": "",
            "gateway_id": "igw-0a02cca3967b4c1ca",
            "id": "r-rtb-0a59f0bd9288d71b21080289494",
            "instance_id": "",
            "instance_owner_id": "",
            "local_gateway_id": "",
            "nat_gateway_id": "",
            "network_interface_id": "",
            "origin": "CreateRoute",
            "route_table_id": "rtb-0a59f0bd9288d71b2",
            "state": "active",
            "timeouts": {
              "create": "5m",
              "delete": null
            },
            "transit_gateway_id": "",
            "vpc_endpoint_id": "",
            "vpc_peering_connection_id": ""
          },
          "sensitive_attributes": [],
          "private": "eyJlMmJmYjczMC1lY2FhLTExZTYtOGY4OC0zNDM2M2JjN2M0YzAiOnsiY3JlYXRlIjozMDAwMDAwMDAwMDAsImRlbGV0ZSI6MzAwMDAwMDAwMDAwfX0=",
          "dependencies": [
            "module.vpc.aws_internet_gateway.this",
            "module.vpc.aws_route_table.public",
            "module.vpc.aws_vpc.this",
            "module.vpc.aws_vpc_ipv4_cidr_block_association.this",
            "random_id.cluster-suffix"
          ]
        }
      ]
    },
    {
      "module": "module.vpc",
      "mode": "managed",
      "type": "aws_route_table",
      "name": "private",
      "provider": "provider[\"registry.terraform.io/hashicorp/aws\"]",
      "instances": [
        {
          "index_key": 0,
          "schema_version": 0,
          "attributes": {
            "arn": "arn:aws:ec2:us-west-2:100072912756:route-table/rtb-0db3089e71c758346",
            "id": "rtb-0db3089e71c758346",
            "owner_id": "100072912756",
            "propagating_vgws": [],
            "route": [
              {
                "carrier_gateway_id": "",
                "cidr_block": "0.0.0.0/0",
                "destination_prefix_list_id": "",
                "egress_only_gateway_id": "",
                "gateway_id": "",
                "instance_id": "",
                "ipv6_cidr_block": "",
                "local_gateway_id": "",
                "nat_gateway_id": "nat-09c49a49afb09f67d",
                "network_interface_id": "",
                "transit_gateway_id": "",
                "vpc_endpoint_id": "",
                "vpc_peering_connection_id": ""
              }
            ],
            "tags": {
              "Name": "swimstack-vpc-private-us-west-2a",
              "kubernetes.io/cluster/swimstack-9w": "shared"
            },
            "tags_all": {
              "Name": "swimstack-vpc-private-us-west-2a",
              "kubernetes.io/cluster/swimstack-9w": "shared"
            },
            "vpc_id": "vpc-0d6152ccf164a00c2"
          },
          "sensitive_attributes": [],
          "private": "bnVsbA==",
          "dependencies": [
            "data.aws_availability_zones.available",
            "module.vpc.aws_vpc.this",
            "module.vpc.aws_vpc_ipv4_cidr_block_association.this",
            "random_id.cluster-suffix"
          ]
        },
        {
          "index_key": 1,
          "schema_version": 0,
          "attributes": {
            "arn": "arn:aws:ec2:us-west-2:100072912756:route-table/rtb-084e5171227cc9519",
            "id": "rtb-084e5171227cc9519",
            "owner_id": "100072912756",
            "propagating_vgws": [],
            "route": [
              {
                "carrier_gateway_id": "",
                "cidr_block": "0.0.0.0/0",
                "destination_prefix_list_id": "",
                "egress_only_gateway_id": "",
                "gateway_id": "",
                "instance_id": "",
                "ipv6_cidr_block": "",
                "local_gateway_id": "",
                "nat_gateway_id": "nat-060c40506a53dddd4",
                "network_interface_id": "",
                "transit_gateway_id": "",
                "vpc_endpoint_id": "",
                "vpc_peering_connection_id": ""
              }
            ],
            "tags": {
              "Name": "swimstack-vpc-private-us-west-2b",
              "kubernetes.io/cluster/swimstack-9w": "shared"
            },
            "tags_all": {
              "Name": "swimstack-vpc-private-us-west-2b",
              "kubernetes.io/cluster/swimstack-9w": "shared"
            },
            "vpc_id": "vpc-0d6152ccf164a00c2"
          },
          "sensitive_attributes": [],
          "private": "bnVsbA==",
          "dependencies": [
            "module.vpc.aws_vpc_ipv4_cidr_block_association.this",
            "random_id.cluster-suffix",
            "data.aws_availability_zones.available",
            "module.vpc.aws_vpc.this"
          ]
        },
        {
          "index_key": 2,
          "schema_version": 0,
          "attributes": {
            "arn": "arn:aws:ec2:us-west-2:100072912756:route-table/rtb-00a44a3d4fc1a2e4c",
            "id": "rtb-00a44a3d4fc1a2e4c",
            "owner_id": "100072912756",
            "propagating_vgws": [],
            "route": [
              {
                "carrier_gateway_id": "",
                "cidr_block": "0.0.0.0/0",
                "destination_prefix_list_id": "",
                "egress_only_gateway_id": "",
                "gateway_id": "",
                "instance_id": "",
                "ipv6_cidr_block": "",
                "local_gateway_id": "",
                "nat_gateway_id": "nat-02a7470019e051176",
                "network_interface_id": "",
                "transit_gateway_id": "",
                "vpc_endpoint_id": "",
                "vpc_peering_connection_id": ""
              }
            ],
            "tags": {
              "Name": "swimstack-vpc-private-us-west-2c",
              "kubernetes.io/cluster/swimstack-9w": "shared"
            },
            "tags_all": {
              "Name": "swimstack-vpc-private-us-west-2c",
              "kubernetes.io/cluster/swimstack-9w": "shared"
            },
            "vpc_id": "vpc-0d6152ccf164a00c2"
          },
          "sensitive_attributes": [],
          "private": "bnVsbA==",
          "dependencies": [
            "data.aws_availability_zones.available",
            "module.vpc.aws_vpc.this",
            "module.vpc.aws_vpc_ipv4_cidr_block_association.this",
            "random_id.cluster-suffix"
          ]
        }
      ]
    },
    {
      "module": "module.vpc",
      "mode": "managed",
      "type": "aws_route_table",
      "name": "public",
      "provider": "provider[\"registry.terraform.io/hashicorp/aws\"]",
      "instances": [
        {
          "index_key": 0,
          "schema_version": 0,
          "attributes": {
            "arn": "arn:aws:ec2:us-west-2:100072912756:route-table/rtb-0a59f0bd9288d71b2",
            "id": "rtb-0a59f0bd9288d71b2",
            "owner_id": "100072912756",
            "propagating_vgws": [],
            "route": [
              {
                "carrier_gateway_id": "",
                "cidr_block": "0.0.0.0/0",
                "destination_prefix_list_id": "",
                "egress_only_gateway_id": "",
                "gateway_id": "igw-0a02cca3967b4c1ca",
                "instance_id": "",
                "ipv6_cidr_block": "",
                "local_gateway_id": "",
                "nat_gateway_id": "",
                "network_interface_id": "",
                "transit_gateway_id": "",
                "vpc_endpoint_id": "",
                "vpc_peering_connection_id": ""
              }
            ],
            "tags": {
              "Name": "swimstack-vpc-public",
              "kubernetes.io/cluster/swimstack-9w": "shared"
            },
            "tags_all": {
              "Name": "swimstack-vpc-public",
              "kubernetes.io/cluster/swimstack-9w": "shared"
            },
            "vpc_id": "vpc-0d6152ccf164a00c2"
          },
          "sensitive_attributes": [],
          "private": "bnVsbA==",
          "dependencies": [
            "module.vpc.aws_vpc_ipv4_cidr_block_association.this",
            "random_id.cluster-suffix",
            "module.vpc.aws_vpc.this"
          ]
        }
      ]
    },
    {
      "module": "module.vpc",
      "mode": "managed",
      "type": "aws_route_table_association",
      "name": "private",
      "provider": "provider[\"registry.terraform.io/hashicorp/aws\"]",
      "instances": [
        {
          "index_key": 0,
          "schema_version": 0,
          "attributes": {
            "gateway_id": "",
            "id": "rtbassoc-0d51dcaf1c19def95",
            "route_table_id": "rtb-0db3089e71c758346",
            "subnet_id": "subnet-027e5553507c29a17"
          },
          "sensitive_attributes": [],
          "private": "bnVsbA==",
          "dependencies": [
            "module.vpc.aws_vpc.this",
            "module.vpc.aws_vpc_ipv4_cidr_block_association.this",
            "random_id.cluster-suffix",
            "data.aws_availability_zones.available",
            "module.vpc.aws_route_table.private",
            "module.vpc.aws_subnet.private"
          ]
        },
        {
          "index_key": 1,
          "schema_version": 0,
          "attributes": {
            "gateway_id": "",
            "id": "rtbassoc-063a996a63a79b165",
            "route_table_id": "rtb-084e5171227cc9519",
            "subnet_id": "subnet-03a3851a5baed0a8c"
          },
          "sensitive_attributes": [],
          "private": "bnVsbA==",
          "dependencies": [
            "module.vpc.aws_subnet.private",
            "module.vpc.aws_vpc.this",
            "module.vpc.aws_vpc_ipv4_cidr_block_association.this",
            "random_id.cluster-suffix",
            "data.aws_availability_zones.available",
            "module.vpc.aws_route_table.private"
          ]
        },
        {
          "index_key": 2,
          "schema_version": 0,
          "attributes": {
            "gateway_id": "",
            "id": "rtbassoc-0bbb0a2b063651153",
            "route_table_id": "rtb-00a44a3d4fc1a2e4c",
            "subnet_id": "subnet-06d2fd1c45c8ef2fb"
          },
          "sensitive_attributes": [],
          "private": "bnVsbA==",
          "dependencies": [
            "data.aws_availability_zones.available",
            "module.vpc.aws_route_table.private",
            "module.vpc.aws_subnet.private",
            "module.vpc.aws_vpc.this",
            "module.vpc.aws_vpc_ipv4_cidr_block_association.this",
            "random_id.cluster-suffix"
          ]
        }
      ]
    },
    {
      "module": "module.vpc",
      "mode": "managed",
      "type": "aws_route_table_association",
      "name": "public",
      "provider": "provider[\"registry.terraform.io/hashicorp/aws\"]",
      "instances": [
        {
          "index_key": 0,
          "schema_version": 0,
          "attributes": {
            "gateway_id": "",
            "id": "rtbassoc-0a7933d61b9b3a184",
            "route_table_id": "rtb-0a59f0bd9288d71b2",
            "subnet_id": "subnet-0994b6bf86e60c184"
          },
          "sensitive_attributes": [],
          "private": "bnVsbA==",
          "dependencies": [
            "module.vpc.aws_vpc_ipv4_cidr_block_association.this",
            "random_id.cluster-suffix",
            "data.aws_availability_zones.available",
            "module.vpc.aws_route_table.public",
            "module.vpc.aws_subnet.public",
            "module.vpc.aws_vpc.this"
          ]
        },
        {
          "index_key": 1,
          "schema_version": 0,
          "attributes": {
            "gateway_id": "",
            "id": "rtbassoc-09ee541cd36389884",
            "route_table_id": "rtb-0a59f0bd9288d71b2",
            "subnet_id": "subnet-01332099c2c89dd6d"
          },
          "sensitive_attributes": [],
          "private": "bnVsbA==",
          "dependencies": [
            "data.aws_availability_zones.available",
            "module.vpc.aws_route_table.public",
            "module.vpc.aws_subnet.public",
            "module.vpc.aws_vpc.this",
            "module.vpc.aws_vpc_ipv4_cidr_block_association.this",
            "random_id.cluster-suffix"
          ]
        },
        {
          "index_key": 2,
          "schema_version": 0,
          "attributes": {
            "gateway_id": "",
            "id": "rtbassoc-0dcedfbc3ada0f217",
            "route_table_id": "rtb-0a59f0bd9288d71b2",
            "subnet_id": "subnet-05476bcf6d5aab3fe"
          },
          "sensitive_attributes": [],
          "private": "bnVsbA==",
          "dependencies": [
            "data.aws_availability_zones.available",
            "module.vpc.aws_route_table.public",
            "module.vpc.aws_subnet.public",
            "module.vpc.aws_vpc.this",
            "module.vpc.aws_vpc_ipv4_cidr_block_association.this",
            "random_id.cluster-suffix"
          ]
        }
      ]
    },
    {
      "module": "module.vpc",
      "mode": "managed",
      "type": "aws_subnet",
      "name": "private",
      "provider": "provider[\"registry.terraform.io/hashicorp/aws\"]",
      "instances": [
        {
          "index_key": 0,
          "schema_version": 1,
          "attributes": {
            "arn": "arn:aws:ec2:us-west-2:100072912756:subnet/subnet-027e5553507c29a17",
            "assign_ipv6_address_on_creation": false,
            "availability_zone": "us-west-2a",
            "availability_zone_id": "usw2-az2",
            "cidr_block": "10.0.0.0/26",
            "customer_owned_ipv4_pool": "",
            "id": "subnet-027e5553507c29a17",
            "ipv6_cidr_block": "",
            "ipv6_cidr_block_association_id": "",
            "map_customer_owned_ip_on_launch": false,
            "map_public_ip_on_launch": false,
            "outpost_arn": "",
            "owner_id": "100072912756",
            "tags": {
              "Name": "swimstack-vpc-private-us-west-2a",
              "kubernetes.io/cluster/swimstack-9w": "shared",
              "kubernetes.io/role/internal-elb": "1"
            },
            "tags_all": {
              "Name": "swimstack-vpc-private-us-west-2a",
              "kubernetes.io/cluster/swimstack-9w": "shared",
              "kubernetes.io/role/internal-elb": "1"
            },
            "timeouts": null,
            "vpc_id": "vpc-0d6152ccf164a00c2"
          },
          "sensitive_attributes": [],
          "private": "eyJlMmJmYjczMC1lY2FhLTExZTYtOGY4OC0zNDM2M2JjN2M0YzAiOnsiY3JlYXRlIjo2MDAwMDAwMDAwMDAsImRlbGV0ZSI6MTIwMDAwMDAwMDAwMH0sInNjaGVtYV92ZXJzaW9uIjoiMSJ9",
          "dependencies": [
            "data.aws_availability_zones.available",
            "module.vpc.aws_vpc.this",
            "module.vpc.aws_vpc_ipv4_cidr_block_association.this",
            "random_id.cluster-suffix"
          ],
          "create_before_destroy": true
        },
        {
          "index_key": 1,
          "schema_version": 1,
          "attributes": {
            "arn": "arn:aws:ec2:us-west-2:100072912756:subnet/subnet-03a3851a5baed0a8c",
            "assign_ipv6_address_on_creation": false,
            "availability_zone": "us-west-2b",
            "availability_zone_id": "usw2-az1",
            "cidr_block": "10.0.0.64/26",
            "customer_owned_ipv4_pool": "",
            "id": "subnet-03a3851a5baed0a8c",
            "ipv6_cidr_block": "",
            "ipv6_cidr_block_association_id": "",
            "map_customer_owned_ip_on_launch": false,
            "map_public_ip_on_launch": false,
            "outpost_arn": "",
            "owner_id": "100072912756",
            "tags": {
              "Name": "swimstack-vpc-private-us-west-2b",
              "kubernetes.io/cluster/swimstack-9w": "shared",
              "kubernetes.io/role/internal-elb": "1"
            },
            "tags_all": {
              "Name": "swimstack-vpc-private-us-west-2b",
              "kubernetes.io/cluster/swimstack-9w": "shared",
              "kubernetes.io/role/internal-elb": "1"
            },
            "timeouts": null,
            "vpc_id": "vpc-0d6152ccf164a00c2"
          },
          "sensitive_attributes": [],
          "private": "eyJlMmJmYjczMC1lY2FhLTExZTYtOGY4OC0zNDM2M2JjN2M0YzAiOnsiY3JlYXRlIjo2MDAwMDAwMDAwMDAsImRlbGV0ZSI6MTIwMDAwMDAwMDAwMH0sInNjaGVtYV92ZXJzaW9uIjoiMSJ9",
          "dependencies": [
            "module.vpc.aws_vpc_ipv4_cidr_block_association.this",
            "random_id.cluster-suffix",
            "data.aws_availability_zones.available",
            "module.vpc.aws_vpc.this"
          ],
          "create_before_destroy": true
        },
        {
          "index_key": 2,
          "schema_version": 1,
          "attributes": {
            "arn": "arn:aws:ec2:us-west-2:100072912756:subnet/subnet-06d2fd1c45c8ef2fb",
            "assign_ipv6_address_on_creation": false,
            "availability_zone": "us-west-2c",
            "availability_zone_id": "usw2-az3",
            "cidr_block": "10.0.0.128/26",
            "customer_owned_ipv4_pool": "",
            "id": "subnet-06d2fd1c45c8ef2fb",
            "ipv6_cidr_block": "",
            "ipv6_cidr_block_association_id": "",
            "map_customer_owned_ip_on_launch": false,
            "map_public_ip_on_launch": false,
            "outpost_arn": "",
            "owner_id": "100072912756",
            "tags": {
              "Name": "swimstack-vpc-private-us-west-2c",
              "kubernetes.io/cluster/swimstack-9w": "shared",
              "kubernetes.io/role/internal-elb": "1"
            },
            "tags_all": {
              "Name": "swimstack-vpc-private-us-west-2c",
              "kubernetes.io/cluster/swimstack-9w": "shared",
              "kubernetes.io/role/internal-elb": "1"
            },
            "timeouts": null,
            "vpc_id": "vpc-0d6152ccf164a00c2"
          },
          "sensitive_attributes": [],
          "private": "eyJlMmJmYjczMC1lY2FhLTExZTYtOGY4OC0zNDM2M2JjN2M0YzAiOnsiY3JlYXRlIjo2MDAwMDAwMDAwMDAsImRlbGV0ZSI6MTIwMDAwMDAwMDAwMH0sInNjaGVtYV92ZXJzaW9uIjoiMSJ9",
          "dependencies": [
            "data.aws_availability_zones.available",
            "module.vpc.aws_vpc.this",
            "module.vpc.aws_vpc_ipv4_cidr_block_association.this",
            "random_id.cluster-suffix"
          ],
          "create_before_destroy": true
        }
      ]
    },
    {
      "module": "module.vpc",
      "mode": "managed",
      "type": "aws_subnet",
      "name": "public",
      "provider": "provider[\"registry.terraform.io/hashicorp/aws\"]",
      "instances": [
        {
          "index_key": 0,
          "schema_version": 1,
          "attributes": {
            "arn": "arn:aws:ec2:us-west-2:100072912756:subnet/subnet-0994b6bf86e60c184",
            "assign_ipv6_address_on_creation": false,
            "availability_zone": "us-west-2a",
            "availability_zone_id": "usw2-az2",
            "cidr_block": "10.0.0.192/26",
            "customer_owned_ipv4_pool": "",
            "id": "subnet-0994b6bf86e60c184",
            "ipv6_cidr_block": "",
            "ipv6_cidr_block_association_id": "",
            "map_customer_owned_ip_on_launch": false,
            "map_public_ip_on_launch": true,
            "outpost_arn": "",
            "owner_id": "100072912756",
            "tags": {
              "Name": "swimstack-vpc-public-us-west-2a",
              "kubernetes.io/cluster/swimstack-9w": "shared",
              "kubernetes.io/role/elb": "1"
            },
            "tags_all": {
              "Name": "swimstack-vpc-public-us-west-2a",
              "kubernetes.io/cluster/swimstack-9w": "shared",
              "kubernetes.io/role/elb": "1"
            },
            "timeouts": null,
            "vpc_id": "vpc-0d6152ccf164a00c2"
          },
          "sensitive_attributes": [],
          "private": "eyJlMmJmYjczMC1lY2FhLTExZTYtOGY4OC0zNDM2M2JjN2M0YzAiOnsiY3JlYXRlIjo2MDAwMDAwMDAwMDAsImRlbGV0ZSI6MTIwMDAwMDAwMDAwMH0sInNjaGVtYV92ZXJzaW9uIjoiMSJ9",
          "dependencies": [
            "data.aws_availability_zones.available",
            "module.vpc.aws_vpc.this",
            "module.vpc.aws_vpc_ipv4_cidr_block_association.this",
            "random_id.cluster-suffix"
          ]
        },
        {
          "index_key": 1,
          "schema_version": 1,
          "attributes": {
            "arn": "arn:aws:ec2:us-west-2:100072912756:subnet/subnet-01332099c2c89dd6d",
            "assign_ipv6_address_on_creation": false,
            "availability_zone": "us-west-2b",
            "availability_zone_id": "usw2-az1",
            "cidr_block": "10.0.1.0/26",
            "customer_owned_ipv4_pool": "",
            "id": "subnet-01332099c2c89dd6d",
            "ipv6_cidr_block": "",
            "ipv6_cidr_block_association_id": "",
            "map_customer_owned_ip_on_launch": false,
            "map_public_ip_on_launch": true,
            "outpost_arn": "",
            "owner_id": "100072912756",
            "tags": {
              "Name": "swimstack-vpc-public-us-west-2b",
              "kubernetes.io/cluster/swimstack-9w": "shared",
              "kubernetes.io/role/elb": "1"
            },
            "tags_all": {
              "Name": "swimstack-vpc-public-us-west-2b",
              "kubernetes.io/cluster/swimstack-9w": "shared",
              "kubernetes.io/role/elb": "1"
            },
            "timeouts": null,
            "vpc_id": "vpc-0d6152ccf164a00c2"
          },
          "sensitive_attributes": [],
          "private": "eyJlMmJmYjczMC1lY2FhLTExZTYtOGY4OC0zNDM2M2JjN2M0YzAiOnsiY3JlYXRlIjo2MDAwMDAwMDAwMDAsImRlbGV0ZSI6MTIwMDAwMDAwMDAwMH0sInNjaGVtYV92ZXJzaW9uIjoiMSJ9",
          "dependencies": [
            "data.aws_availability_zones.available",
            "module.vpc.aws_vpc.this",
            "module.vpc.aws_vpc_ipv4_cidr_block_association.this",
            "random_id.cluster-suffix"
          ]
        },
        {
          "index_key": 2,
          "schema_version": 1,
          "attributes": {
            "arn": "arn:aws:ec2:us-west-2:100072912756:subnet/subnet-05476bcf6d5aab3fe",
            "assign_ipv6_address_on_creation": false,
            "availability_zone": "us-west-2c",
            "availability_zone_id": "usw2-az3",
            "cidr_block": "10.0.1.64/26",
            "customer_owned_ipv4_pool": "",
            "id": "subnet-05476bcf6d5aab3fe",
            "ipv6_cidr_block": "",
            "ipv6_cidr_block_association_id": "",
            "map_customer_owned_ip_on_launch": false,
            "map_public_ip_on_launch": true,
            "outpost_arn": "",
            "owner_id": "100072912756",
            "tags": {
              "Name": "swimstack-vpc-public-us-west-2c",
              "kubernetes.io/cluster/swimstack-9w": "shared",
              "kubernetes.io/role/elb": "1"
            },
            "tags_all": {
              "Name": "swimstack-vpc-public-us-west-2c",
              "kubernetes.io/cluster/swimstack-9w": "shared",
              "kubernetes.io/role/elb": "1"
            },
            "timeouts": null,
            "vpc_id": "vpc-0d6152ccf164a00c2"
          },
          "sensitive_attributes": [],
          "private": "eyJlMmJmYjczMC1lY2FhLTExZTYtOGY4OC0zNDM2M2JjN2M0YzAiOnsiY3JlYXRlIjo2MDAwMDAwMDAwMDAsImRlbGV0ZSI6MTIwMDAwMDAwMDAwMH0sInNjaGVtYV92ZXJzaW9uIjoiMSJ9",
          "dependencies": [
            "data.aws_availability_zones.available",
            "module.vpc.aws_vpc.this",
            "module.vpc.aws_vpc_ipv4_cidr_block_association.this",
            "random_id.cluster-suffix"
          ]
        }
      ]
    },
    {
      "module": "module.vpc",
      "mode": "managed",
      "type": "aws_vpc",
      "name": "this",
      "provider": "provider[\"registry.terraform.io/hashicorp/aws\"]",
      "instances": [
        {
          "index_key": 0,
          "schema_version": 1,
          "attributes": {
            "arn": "arn:aws:ec2:us-west-2:100072912756:vpc/vpc-0d6152ccf164a00c2",
            "assign_generated_ipv6_cidr_block": false,
            "cidr_block": "10.0.0.0/22",
            "default_network_acl_id": "acl-0ff50d5dd9b4385d9",
            "default_route_table_id": "rtb-02ef35db35677dc46",
            "default_security_group_id": "sg-09e35c6d9ee14ad69",
            "dhcp_options_id": "dopt-0d12a25b4fd789cd3",
            "enable_classiclink": false,
            "enable_classiclink_dns_support": false,
            "enable_dns_hostnames": true,
            "enable_dns_support": true,
            "id": "vpc-0d6152ccf164a00c2",
            "instance_tenancy": "default",
            "ipv6_association_id": "",
            "ipv6_cidr_block": "",
            "main_route_table_id": "rtb-02ef35db35677dc46",
            "owner_id": "100072912756",
            "tags": {
              "Name": "swimstack-vpc",
              "kubernetes.io/cluster/swimstack-9w": "shared"
            },
            "tags_all": {
              "Name": "swimstack-vpc",
              "kubernetes.io/cluster/swimstack-9w": "shared"
            }
          },
          "sensitive_attributes": [],
          "private": "eyJzY2hlbWFfdmVyc2lvbiI6IjEifQ==",
          "dependencies": [
            "random_id.cluster-suffix"
          ],
          "create_before_destroy": true
        }
      ]
    }
  ]
}
